{
  "version": 4,
  "terraform_version": "1.9.7",
  "serial": 80,
  "lineage": "9c0ee9d2-e70c-3c5a-4cb9-67c7d8333839",
  "outputs": {
    "api_gateway_url": {
      "value": "https://y72urr4312.execute-api.us-east-1.amazonaws.com/prod",
      "type": "string"
    },
    "dynamodb_mesas_name": {
      "value": "MESAS",
      "type": "string"
    },
    "dynamodb_reservas_name": {
      "value": "RESERVAS",
      "type": "string"
    },
    "dynamodb_restaurantes_name": {
      "value": "RESTAURANTES",
      "type": "string"
    },
    "dynamodb_usuarios_name": {
      "value": "USUARIOS",
      "type": "string"
    },
    "s3_bucket_name": {
      "value": "frontend-bucket-cloudbooktable-marcos",
      "type": "string"
    },
    "website_endpoint": {
      "value": "frontend-bucket-cloudbooktable-marcos.s3-website-us-east-1.amazonaws.com",
      "type": "string"
    }
  },
  "resources": [
    {
      "mode": "data",
      "type": "archive_file",
      "name": "admin_crear_mesa_zip",
      "provider": "provider[\"registry.terraform.io/hashicorp/archive\"]",
      "instances": [
        {
          "schema_version": 0,
          "attributes": {
            "exclude_symlink_directories": null,
            "excludes": null,
            "id": "3af01da8de01dc141d076405e03ecf9640e6f34c",
            "output_base64sha256": "lg05LxTPGnmvtse1J4l2cRcM5/pxIrEtcgL53Q8pIV0=",
            "output_base64sha512": "IrDToIRYxCYdEblER+cIR5uGK26PARqEzlLAXGCdlS5264KpSQZKWIjAge77ht6I+FgrNKDEyApx+VaJ0nXZXw==",
            "output_file_mode": null,
            "output_md5": "8d0500d5d8bd04917c423c543695f337",
            "output_path": "./../backend/admin-crear-mesa/admin_crear_mesa.zip",
            "output_sha": "3af01da8de01dc141d076405e03ecf9640e6f34c",
            "output_sha256": "960d392f14cf1a79afb6c7b527897671170ce7fa7122b12d7202f9dd0f29215d",
            "output_sha512": "22b0d3a08458c4261d11b94447e708479b862b6e8f011a84ce52c05c609d952e76eb82a949064a5888c081eefb86de88f8582b34a0c4c80a71f95689d275d95f",
            "output_size": 1071,
            "source": [],
            "source_content": null,
            "source_content_filename": null,
            "source_dir": "./../backend/admin-crear-mesa",
            "source_file": null,
            "type": "zip"
          },
          "sensitive_attributes": []
        }
      ]
    },
    {
      "mode": "data",
      "type": "archive_file",
      "name": "admin_crear_restaurant_zip",
      "provider": "provider[\"registry.terraform.io/hashicorp/archive\"]",
      "instances": [
        {
          "schema_version": 0,
          "attributes": {
            "exclude_symlink_directories": null,
            "excludes": null,
            "id": "5904ecea753800b9b3190b866d73acbfa44113b2",
            "output_base64sha256": "H9cQJqe/yrtgPIBPQc9gzZWz9RzPqys/Uhf205aLC2I=",
            "output_base64sha512": "1xtlxroNbnJaEhU/gcaD3fXRiDuKIlXB3+5u3pa/BFQlZyyeh1CEAsxqGvCLEA5gcDdFr3yqD2Dl71GkVpRddQ==",
            "output_file_mode": null,
            "output_md5": "57e14fccab4251a4b52b8911af2bf634",
            "output_path": "./../backend/admin-crear-restaurant/admin_crear_restaurant.zip",
            "output_sha": "5904ecea753800b9b3190b866d73acbfa44113b2",
            "output_sha256": "1fd71026a7bfcabb603c804f41cf60cd95b3f51ccfab2b3f5217f6d3968b0b62",
            "output_sha512": "d71b65c6ba0d6e725a12153f81c683ddf5d1883b8a2255c1dfee6ede96bf045425672c9e87508402cc6a1af08b100e60703745af7caa0f60e5ef51a456945d75",
            "output_size": 1747,
            "source": [],
            "source_content": null,
            "source_content_filename": null,
            "source_dir": "./../backend/admin-crear-restaurant",
            "source_file": null,
            "type": "zip"
          },
          "sensitive_attributes": []
        }
      ]
    },
    {
      "mode": "data",
      "type": "archive_file",
      "name": "admin_obtener_reservas_zip",
      "provider": "provider[\"registry.terraform.io/hashicorp/archive\"]",
      "instances": [
        {
          "schema_version": 0,
          "attributes": {
            "exclude_symlink_directories": null,
            "excludes": null,
            "id": "c7fc37d3169d3c311876284b8ed8fc7e03df0530",
            "output_base64sha256": "ySl+JS27NV8BpMspCUGRkmB8bNfQS93gBPLLJNtyTHw=",
            "output_base64sha512": "8QsX6EwdLuDYRe7Nov468DwiwAd2WpT7SYsUAtBVVScC4YcmfsWfWqp5CWBvyYqkED4jWQFoKzNZI5zDZSq0mA==",
            "output_file_mode": null,
            "output_md5": "86b6cda546759907d7c64a75f9050e7a",
            "output_path": "./../backend/admin-obtener-reservas/admin_obtener_reservas.zip",
            "output_sha": "c7fc37d3169d3c311876284b8ed8fc7e03df0530",
            "output_sha256": "c9297e252dbb355f01a4cb2909419192607c6cd7d04bdde004f2cb24db724c7c",
            "output_sha512": "f10b17e84c1d2ee0d845eecda2fe3af03c22c007765a94fb498b1402d055552702e187267ec59f5aaa7909606fc98aa4103e235901682b3359239cc3652ab498",
            "output_size": 1087,
            "source": [],
            "source_content": null,
            "source_content_filename": null,
            "source_dir": "./../backend/admin-obtener-reservas",
            "source_file": null,
            "type": "zip"
          },
          "sensitive_attributes": []
        }
      ]
    },
    {
      "mode": "data",
      "type": "archive_file",
      "name": "crear_reserva_zip",
      "provider": "provider[\"registry.terraform.io/hashicorp/archive\"]",
      "instances": [
        {
          "schema_version": 0,
          "attributes": {
            "exclude_symlink_directories": null,
            "excludes": null,
            "id": "81da77d5752ca491ffa2ef0bd47fde1b518b77ee",
            "output_base64sha256": "BrZZXC7xsLxHkUy7kP+HgDDSmMz0cm7Uy3eYhZWgiAA=",
            "output_base64sha512": "mSyvdEmSt7kzsFN1cPKMz7gQ5Cpc5D4PcXyght2gyf/iNrIgdOhnrpc8AIQd6V0ku0HPMuItLqD2qx6F1y5W9g==",
            "output_file_mode": null,
            "output_md5": "4ba6aab93c50d46baebb645afe0928b4",
            "output_path": "./../backend/crear-reserva/crear_reserva.zip",
            "output_sha": "81da77d5752ca491ffa2ef0bd47fde1b518b77ee",
            "output_sha256": "06b6595c2ef1b0bc47914cbb90ff878030d298ccf4726ed4cb77988595a08800",
            "output_sha512": "992caf744992b7b933b0537570f28ccfb810e42a5ce43e0f717ca086dda0c9ffe236b22074e867ae973c00841de95d24bb41cf32e22d2ea0f6ab1e85d72e56f6",
            "output_size": 478,
            "source": [],
            "source_content": null,
            "source_content_filename": null,
            "source_dir": "./../backend/crear-reserva",
            "source_file": null,
            "type": "zip"
          },
          "sensitive_attributes": []
        }
      ]
    },
    {
      "mode": "data",
      "type": "archive_file",
      "name": "delete_reserva_zip",
      "provider": "provider[\"registry.terraform.io/hashicorp/archive\"]",
      "instances": [
        {
          "schema_version": 0,
          "attributes": {
            "exclude_symlink_directories": null,
            "excludes": null,
            "id": "26bc7b31e34bfdc988c3d0a0671e76137bccc521",
            "output_base64sha256": "CzPxB5on/hEsYckB7p2kQGdlEHSncKfshphPsAwDxuQ=",
            "output_base64sha512": "FL6ZMHmHpglE/FFAquQ63I8jwQCnuUEv0KPxJGAqO95zMmVWvwd4pI91m/OIpsU7xzsZvIrh3XsVdaNRf7Oong==",
            "output_file_mode": null,
            "output_md5": "c14606bbb4e2d3a43baed1de405d246a",
            "output_path": "./../backend/delete-reserva/delete_reserva.zip",
            "output_sha": "26bc7b31e34bfdc988c3d0a0671e76137bccc521",
            "output_sha256": "0b33f1079a27fe112c61c901ee9da44067651074a770a7ec86984fb00c03c6e4",
            "output_sha512": "14be99307987a60944fc5140aae43adc8f23c100a7b9412fd0a3f124602a3bde73326556bf0778a48f759bf388a6c53bc73b19bc8ae1dd7b1575a3517fb3a89e",
            "output_size": 483,
            "source": [],
            "source_content": null,
            "source_content_filename": null,
            "source_dir": "./../backend/delete-reserva",
            "source_file": null,
            "type": "zip"
          },
          "sensitive_attributes": []
        }
      ]
    },
    {
      "mode": "data",
      "type": "archive_file",
      "name": "frontend",
      "provider": "provider[\"registry.terraform.io/hashicorp/archive\"]",
      "instances": [
        {
          "schema_version": 0,
          "attributes": {
            "exclude_symlink_directories": null,
            "excludes": null,
            "id": "00dd0aa6e5996380aaafcd6ff9accdf92c9dd706",
            "output_base64sha256": "CIP/YNDeqXJmJjsESFF5rvekeLsXHI/JkznYC2ZX5mU=",
            "output_base64sha512": "Cxr/CCmqvlIEp1NdJSoTOskx/V7LEWw//hx7mccFyfezMUptJG5YqInZKIz9aJU0PDhJArRMbePM1S3yLEFzZA==",
            "output_file_mode": null,
            "output_md5": "93f851da775b1f7aff625d86b870d2c5",
            "output_path": "./../frontend/frontend.zip",
            "output_sha": "00dd0aa6e5996380aaafcd6ff9accdf92c9dd706",
            "output_sha256": "0883ff60d0dea97266263b04485179aef7a478bb171c8fc99339d80b6657e665",
            "output_sha512": "0b1aff0829aabe5204a7535d252a133ac931fd5ecb116c3ffe1c7b99c705c9f7b3314a6d246e58a889d9288cfd6895343c384902b44c6de3ccd52df22c417364",
            "output_size": 275054756,
            "source": [],
            "source_content": null,
            "source_content_filename": null,
            "source_dir": "./../frontend",
            "source_file": null,
            "type": "zip"
          },
          "sensitive_attributes": []
        }
      ]
    },
    {
      "mode": "data",
      "type": "archive_file",
      "name": "obtener_reservas_zip",
      "provider": "provider[\"registry.terraform.io/hashicorp/archive\"]",
      "instances": [
        {
          "schema_version": 0,
          "attributes": {
            "exclude_symlink_directories": null,
            "excludes": null,
            "id": "2da1d5f870fadf2217ced1ba0ac823b424fc5844",
            "output_base64sha256": "iKJcNyHRA3utf6ZiNffMcTayU3DZC6677Cj2djtlC0s=",
            "output_base64sha512": "h1TgxAM2y4sKMp24yk/2de9LiY8om9214FBbgWhBIXT/Bk6EBXIob0X0dYtpMo+/W8kt4S28F4WpCcoUrsOnkA==",
            "output_file_mode": null,
            "output_md5": "825b60fe3baacaed5e883cdffb3a020e",
            "output_path": "./../backend/obtener-reservas/obtener_reservas.zip",
            "output_sha": "2da1d5f870fadf2217ced1ba0ac823b424fc5844",
            "output_sha256": "88a25c3721d1037bad7fa66235f7cc7136b25370d90baebbec28f6763b650b4b",
            "output_sha512": "8754e0c40336cb8b0a329db8ca4ff675ef4b898f289bddb5e0505b8168412174ff064e840572286f45f4758b69328fbf5bc92de12dbc1785a909ca14aec3a790",
            "output_size": 492,
            "source": [],
            "source_content": null,
            "source_content_filename": null,
            "source_dir": "./../backend/obtener-reservas",
            "source_file": null,
            "type": "zip"
          },
          "sensitive_attributes": []
        }
      ]
    },
    {
      "mode": "managed",
      "type": "aws_api_gateway_deployment",
      "name": "my_api_deployment",
      "provider": "provider[\"registry.terraform.io/hashicorp/aws\"]",
      "instances": [
        {
          "schema_version": 0,
          "attributes": {
            "canary_settings": [],
            "created_date": "2024-10-22T04:40:04Z",
            "description": "",
            "execution_arn": "arn:aws:execute-api:us-east-1:557988741594:y72urr4312/prod",
            "id": "eoln90",
            "invoke_url": "https://y72urr4312.execute-api.us-east-1.amazonaws.com/prod",
            "rest_api_id": "y72urr4312",
            "stage_description": null,
            "stage_name": "prod",
            "triggers": {
              "redeployment": "dd53deb98c50b0233b4e93a0c9c75c672b570d07"
            },
            "variables": null
          },
          "sensitive_attributes": [],
          "private": "bnVsbA==",
          "dependencies": [
            "aws_api_gateway_resource.admin",
            "aws_api_gateway_resource.admin_mesas",
            "aws_api_gateway_resource.admin_reservas",
            "aws_api_gateway_resource.admin_restaurant",
            "aws_api_gateway_resource.delete_reserva",
            "aws_api_gateway_resource.reservas",
            "aws_api_gateway_rest_api.my_api",
            "aws_lambda_function.admin_crear_mesa_lambda",
            "aws_lambda_function.admin_crear_restaurant_lambda",
            "aws_lambda_function.admin_obtener_reservas_lambda",
            "aws_lambda_function.crear_reserva_lambda",
            "aws_lambda_function.obtener_reservas_lambda",
            "aws_security_group.lambda_sg",
            "data.archive_file.admin_crear_mesa_zip",
            "data.archive_file.admin_crear_restaurant_zip",
            "data.archive_file.admin_obtener_reservas_zip",
            "data.archive_file.crear_reserva_zip",
            "data.archive_file.obtener_reservas_zip",
            "module.admin_mesas.aws_api_gateway_integration.lambda_integration",
            "module.admin_mesas.aws_api_gateway_integration.options_integration_lambda",
            "module.admin_mesas.aws_api_gateway_integration_response.options_integration_response",
            "module.admin_mesas.aws_api_gateway_method.options_lambda",
            "module.admin_mesas.aws_api_gateway_method.resource_method",
            "module.admin_mesas.aws_api_gateway_method_response.cors_method_response_200",
            "module.admin_mesas.aws_api_gateway_method_response.options_method_response",
            "module.admin_mesas.aws_lambda_permission.api_gateway_permission",
            "module.admin_reservas.aws_api_gateway_integration.lambda_integration",
            "module.admin_reservas.aws_api_gateway_integration.options_integration_lambda",
            "module.admin_reservas.aws_api_gateway_integration_response.options_integration_response",
            "module.admin_reservas.aws_api_gateway_method.options_lambda",
            "module.admin_reservas.aws_api_gateway_method.resource_method",
            "module.admin_reservas.aws_api_gateway_method_response.cors_method_response_200",
            "module.admin_reservas.aws_api_gateway_method_response.options_method_response",
            "module.admin_reservas.aws_lambda_permission.api_gateway_permission",
            "module.admin_restaurant.aws_api_gateway_integration.lambda_integration",
            "module.admin_restaurant.aws_api_gateway_integration.options_integration_lambda",
            "module.admin_restaurant.aws_api_gateway_integration_response.options_integration_response",
            "module.admin_restaurant.aws_api_gateway_method.options_lambda",
            "module.admin_restaurant.aws_api_gateway_method.resource_method",
            "module.admin_restaurant.aws_api_gateway_method_response.cors_method_response_200",
            "module.admin_restaurant.aws_api_gateway_method_response.options_method_response",
            "module.admin_restaurant.aws_lambda_permission.api_gateway_permission",
            "module.delete_reserva.aws_api_gateway_integration.lambda_integration",
            "module.delete_reserva.aws_api_gateway_integration.options_integration_lambda",
            "module.delete_reserva.aws_api_gateway_integration_response.options_integration_response",
            "module.delete_reserva.aws_api_gateway_method.options_lambda",
            "module.delete_reserva.aws_api_gateway_method.resource_method",
            "module.delete_reserva.aws_api_gateway_method_response.cors_method_response_200",
            "module.delete_reserva.aws_api_gateway_method_response.options_method_response",
            "module.delete_reserva.aws_lambda_permission.api_gateway_permission",
            "module.reserva.aws_api_gateway_integration.lambda_integration",
            "module.reserva.aws_api_gateway_integration.options_integration_lambda",
            "module.reserva.aws_api_gateway_integration_response.options_integration_response",
            "module.reserva.aws_api_gateway_method.options_lambda",
            "module.reserva.aws_api_gateway_method.resource_method",
            "module.reserva.aws_api_gateway_method_response.cors_method_response_200",
            "module.reserva.aws_api_gateway_method_response.options_method_response",
            "module.reserva.aws_lambda_permission.api_gateway_permission",
            "module.vpc.aws_subnet.private",
            "module.vpc.aws_vpc.this",
            "module.vpc.aws_vpc_ipv4_cidr_block_association.this"
          ],
          "create_before_destroy": true
        }
      ]
    },
    {
      "mode": "managed",
      "type": "aws_api_gateway_resource",
      "name": "admin",
      "provider": "provider[\"registry.terraform.io/hashicorp/aws\"]",
      "instances": [
        {
          "schema_version": 0,
          "attributes": {
            "id": "7wb41h",
            "parent_id": "4h8bs5m1ij",
            "path": "/admin",
            "path_part": "admin",
            "rest_api_id": "y72urr4312"
          },
          "sensitive_attributes": [],
          "private": "bnVsbA==",
          "dependencies": [
            "aws_api_gateway_rest_api.my_api"
          ],
          "create_before_destroy": true
        }
      ]
    },
    {
      "mode": "managed",
      "type": "aws_api_gateway_resource",
      "name": "admin_mesas",
      "provider": "provider[\"registry.terraform.io/hashicorp/aws\"]",
      "instances": [
        {
          "schema_version": 0,
          "attributes": {
            "id": "ff2mbf",
            "parent_id": "7wb41h",
            "path": "/admin/mesas",
            "path_part": "mesas",
            "rest_api_id": "y72urr4312"
          },
          "sensitive_attributes": [],
          "private": "bnVsbA==",
          "dependencies": [
            "aws_api_gateway_resource.admin",
            "aws_api_gateway_rest_api.my_api"
          ],
          "create_before_destroy": true
        }
      ]
    },
    {
      "mode": "managed",
      "type": "aws_api_gateway_resource",
      "name": "admin_reservas",
      "provider": "provider[\"registry.terraform.io/hashicorp/aws\"]",
      "instances": [
        {
          "schema_version": 0,
          "attributes": {
            "id": "xkgu4w",
            "parent_id": "7wb41h",
            "path": "/admin/reservas",
            "path_part": "reservas",
            "rest_api_id": "y72urr4312"
          },
          "sensitive_attributes": [],
          "private": "bnVsbA==",
          "dependencies": [
            "aws_api_gateway_resource.admin",
            "aws_api_gateway_rest_api.my_api"
          ],
          "create_before_destroy": true
        }
      ]
    },
    {
      "mode": "managed",
      "type": "aws_api_gateway_resource",
      "name": "admin_restaurant",
      "provider": "provider[\"registry.terraform.io/hashicorp/aws\"]",
      "instances": [
        {
          "schema_version": 0,
          "attributes": {
            "id": "5304a2",
            "parent_id": "7wb41h",
            "path": "/admin/restaurant",
            "path_part": "restaurant",
            "rest_api_id": "y72urr4312"
          },
          "sensitive_attributes": [],
          "private": "bnVsbA==",
          "dependencies": [
            "aws_api_gateway_resource.admin",
            "aws_api_gateway_rest_api.my_api"
          ],
          "create_before_destroy": true
        }
      ]
    },
    {
      "mode": "managed",
      "type": "aws_api_gateway_resource",
      "name": "delete_reserva",
      "provider": "provider[\"registry.terraform.io/hashicorp/aws\"]",
      "instances": [
        {
          "schema_version": 0,
          "attributes": {
            "id": "rklh1q",
            "parent_id": "4wpuc1",
            "path": "/reservas/{id}",
            "path_part": "{id}",
            "rest_api_id": "y72urr4312"
          },
          "sensitive_attributes": [],
          "private": "bnVsbA==",
          "dependencies": [
            "aws_api_gateway_resource.reservas",
            "aws_api_gateway_rest_api.my_api"
          ],
          "create_before_destroy": true
        }
      ]
    },
    {
      "mode": "managed",
      "type": "aws_api_gateway_resource",
      "name": "reservas",
      "provider": "provider[\"registry.terraform.io/hashicorp/aws\"]",
      "instances": [
        {
          "schema_version": 0,
          "attributes": {
            "id": "4wpuc1",
            "parent_id": "4h8bs5m1ij",
            "path": "/reservas",
            "path_part": "reservas",
            "rest_api_id": "y72urr4312"
          },
          "sensitive_attributes": [],
          "private": "bnVsbA==",
          "dependencies": [
            "aws_api_gateway_rest_api.my_api"
          ],
          "create_before_destroy": true
        }
      ]
    },
    {
      "mode": "managed",
      "type": "aws_api_gateway_rest_api",
      "name": "my_api",
      "provider": "provider[\"registry.terraform.io/hashicorp/aws\"]",
      "instances": [
        {
          "schema_version": 0,
          "attributes": {
            "api_key_source": "HEADER",
            "arn": "arn:aws:apigateway:us-east-1::/restapis/y72urr4312",
            "binary_media_types": [],
            "body": null,
            "created_date": "2024-10-22T04:35:28Z",
            "description": "API Gateway para mi aplicación",
            "disable_execute_api_endpoint": false,
            "endpoint_configuration": [
              {
                "types": [
                  "EDGE"
                ],
                "vpc_endpoint_ids": []
              }
            ],
            "execution_arn": "arn:aws:execute-api:us-east-1:557988741594:y72urr4312",
            "fail_on_warnings": null,
            "id": "y72urr4312",
            "minimum_compression_size": "",
            "name": "MiAPI",
            "parameters": null,
            "policy": "",
            "put_rest_api_mode": null,
            "root_resource_id": "4h8bs5m1ij",
            "tags": null,
            "tags_all": {}
          },
          "sensitive_attributes": [],
          "private": "bnVsbA==",
          "create_before_destroy": true
        }
      ]
    },
    {
      "mode": "managed",
      "type": "aws_dynamodb_table",
      "name": "mesas_table",
      "provider": "provider[\"registry.terraform.io/hashicorp/aws\"]",
      "instances": [
        {
          "schema_version": 1,
          "attributes": {
            "arn": "arn:aws:dynamodb:us-east-1:557988741594:table/MESAS",
            "attribute": [
              {
                "name": "Capacidad",
                "type": "N"
              },
              {
                "name": "Nombre_restaurant",
                "type": "S"
              }
            ],
            "billing_mode": "PAY_PER_REQUEST",
            "deletion_protection_enabled": false,
            "global_secondary_index": [],
            "hash_key": "Nombre_restaurant",
            "id": "MESAS",
            "import_table": [],
            "local_secondary_index": [],
            "name": "MESAS",
            "on_demand_throughput": [],
            "point_in_time_recovery": [
              {
                "enabled": false
              }
            ],
            "range_key": "Capacidad",
            "read_capacity": 0,
            "replica": [],
            "restore_date_time": null,
            "restore_source_name": null,
            "restore_source_table_arn": null,
            "restore_to_latest_time": null,
            "server_side_encryption": [],
            "stream_arn": "",
            "stream_enabled": false,
            "stream_label": "",
            "stream_view_type": "",
            "table_class": "STANDARD",
            "tags": {
              "Environment": "Dev",
              "Name": "Tabla Mesas"
            },
            "tags_all": {
              "Environment": "Dev",
              "Name": "Tabla Mesas"
            },
            "timeouts": null,
            "ttl": [
              {
                "attribute_name": "",
                "enabled": false
              }
            ],
            "write_capacity": 0
          },
          "sensitive_attributes": [],
          "private": "eyJlMmJmYjczMC1lY2FhLTExZTYtOGY4OC0zNDM2M2JjN2M0YzAiOnsiY3JlYXRlIjoxODAwMDAwMDAwMDAwLCJkZWxldGUiOjYwMDAwMDAwMDAwMCwidXBkYXRlIjozNjAwMDAwMDAwMDAwfSwic2NoZW1hX3ZlcnNpb24iOiIxIn0="
        }
      ]
    },
    {
      "mode": "managed",
      "type": "aws_dynamodb_table",
      "name": "reservas_table",
      "provider": "provider[\"registry.terraform.io/hashicorp/aws\"]",
      "instances": [
        {
          "schema_version": 1,
          "attributes": {
            "arn": "arn:aws:dynamodb:us-east-1:557988741594:table/RESERVAS",
            "attribute": [
              {
                "name": "Fecha_hora",
                "type": "N"
              },
              {
                "name": "Nombre_restaurant",
                "type": "S"
              }
            ],
            "billing_mode": "PAY_PER_REQUEST",
            "deletion_protection_enabled": false,
            "global_secondary_index": [],
            "hash_key": "Nombre_restaurant",
            "id": "RESERVAS",
            "import_table": [],
            "local_secondary_index": [],
            "name": "RESERVAS",
            "on_demand_throughput": [],
            "point_in_time_recovery": [
              {
                "enabled": false
              }
            ],
            "range_key": "Fecha_hora",
            "read_capacity": 0,
            "replica": [],
            "restore_date_time": null,
            "restore_source_name": null,
            "restore_source_table_arn": null,
            "restore_to_latest_time": null,
            "server_side_encryption": [],
            "stream_arn": "",
            "stream_enabled": false,
            "stream_label": "",
            "stream_view_type": "",
            "table_class": "STANDARD",
            "tags": {
              "Environment": "Dev",
              "Name": "Tabla Reservas"
            },
            "tags_all": {
              "Environment": "Dev",
              "Name": "Tabla Reservas"
            },
            "timeouts": null,
            "ttl": [
              {
                "attribute_name": "",
                "enabled": false
              }
            ],
            "write_capacity": 0
          },
          "sensitive_attributes": [],
          "private": "eyJlMmJmYjczMC1lY2FhLTExZTYtOGY4OC0zNDM2M2JjN2M0YzAiOnsiY3JlYXRlIjoxODAwMDAwMDAwMDAwLCJkZWxldGUiOjYwMDAwMDAwMDAwMCwidXBkYXRlIjozNjAwMDAwMDAwMDAwfSwic2NoZW1hX3ZlcnNpb24iOiIxIn0="
        }
      ]
    },
    {
      "mode": "managed",
      "type": "aws_dynamodb_table",
      "name": "restaurantes_table",
      "provider": "provider[\"registry.terraform.io/hashicorp/aws\"]",
      "instances": [
        {
          "schema_version": 1,
          "attributes": {
            "arn": "arn:aws:dynamodb:us-east-1:557988741594:table/RESTAURANTES",
            "attribute": [
              {
                "name": "Categoria_Restaurant",
                "type": "S"
              },
              {
                "name": "Localidad",
                "type": "S"
              }
            ],
            "billing_mode": "PAY_PER_REQUEST",
            "deletion_protection_enabled": false,
            "global_secondary_index": [],
            "hash_key": "Localidad",
            "id": "RESTAURANTES",
            "import_table": [],
            "local_secondary_index": [],
            "name": "RESTAURANTES",
            "on_demand_throughput": [],
            "point_in_time_recovery": [
              {
                "enabled": false
              }
            ],
            "range_key": "Categoria_Restaurant",
            "read_capacity": 0,
            "replica": [],
            "restore_date_time": null,
            "restore_source_name": null,
            "restore_source_table_arn": null,
            "restore_to_latest_time": null,
            "server_side_encryption": [],
            "stream_arn": "",
            "stream_enabled": false,
            "stream_label": "",
            "stream_view_type": "",
            "table_class": "STANDARD",
            "tags": {
              "Environment": "Dev",
              "Name": "Tabla Restaurantes"
            },
            "tags_all": {
              "Environment": "Dev",
              "Name": "Tabla Restaurantes"
            },
            "timeouts": null,
            "ttl": [
              {
                "attribute_name": "",
                "enabled": false
              }
            ],
            "write_capacity": 0
          },
          "sensitive_attributes": [],
          "private": "eyJlMmJmYjczMC1lY2FhLTExZTYtOGY4OC0zNDM2M2JjN2M0YzAiOnsiY3JlYXRlIjoxODAwMDAwMDAwMDAwLCJkZWxldGUiOjYwMDAwMDAwMDAwMCwidXBkYXRlIjozNjAwMDAwMDAwMDAwfSwic2NoZW1hX3ZlcnNpb24iOiIxIn0="
        }
      ]
    },
    {
      "mode": "managed",
      "type": "aws_dynamodb_table",
      "name": "usuarios_table",
      "provider": "provider[\"registry.terraform.io/hashicorp/aws\"]",
      "instances": [
        {
          "schema_version": 1,
          "attributes": {
            "arn": "arn:aws:dynamodb:us-east-1:557988741594:table/USUARIOS",
            "attribute": [
              {
                "name": "Fecha_hora",
                "type": "N"
              },
              {
                "name": "ID_Usuario",
                "type": "S"
              }
            ],
            "billing_mode": "PAY_PER_REQUEST",
            "deletion_protection_enabled": false,
            "global_secondary_index": [],
            "hash_key": "ID_Usuario",
            "id": "USUARIOS",
            "import_table": [],
            "local_secondary_index": [],
            "name": "USUARIOS",
            "on_demand_throughput": [],
            "point_in_time_recovery": [
              {
                "enabled": false
              }
            ],
            "range_key": "Fecha_hora",
            "read_capacity": 0,
            "replica": [],
            "restore_date_time": null,
            "restore_source_name": null,
            "restore_source_table_arn": null,
            "restore_to_latest_time": null,
            "server_side_encryption": [],
            "stream_arn": "",
            "stream_enabled": false,
            "stream_label": "",
            "stream_view_type": "",
            "table_class": "STANDARD",
            "tags": {
              "Environment": "Dev",
              "Name": "Tabla Usuarios"
            },
            "tags_all": {
              "Environment": "Dev",
              "Name": "Tabla Usuarios"
            },
            "timeouts": null,
            "ttl": [
              {
                "attribute_name": "",
                "enabled": false
              }
            ],
            "write_capacity": 0
          },
          "sensitive_attributes": [],
          "private": "eyJlMmJmYjczMC1lY2FhLTExZTYtOGY4OC0zNDM2M2JjN2M0YzAiOnsiY3JlYXRlIjoxODAwMDAwMDAwMDAwLCJkZWxldGUiOjYwMDAwMDAwMDAwMCwidXBkYXRlIjozNjAwMDAwMDAwMDAwfSwic2NoZW1hX3ZlcnNpb24iOiIxIn0="
        }
      ]
    },
    {
      "mode": "managed",
      "type": "aws_lambda_function",
      "name": "admin_crear_mesa_lambda",
      "provider": "provider[\"registry.terraform.io/hashicorp/aws\"]",
      "instances": [
        {
          "schema_version": 0,
          "attributes": {
            "architectures": [
              "x86_64"
            ],
            "arn": "arn:aws:lambda:us-east-1:557988741594:function:CrearMesaLambda",
            "code_sha256": "lg05LxTPGnmvtse1J4l2cRcM5/pxIrEtcgL53Q8pIV0=",
            "code_signing_config_arn": "",
            "dead_letter_config": [],
            "description": "",
            "environment": [],
            "ephemeral_storage": [
              {
                "size": 512
              }
            ],
            "file_system_config": [],
            "filename": "./../backend/admin-crear-mesa/admin_crear_mesa.zip",
            "function_name": "CrearMesaLambda",
            "handler": "admin_crear_mesa.admin_crear_mesa",
            "id": "CrearMesaLambda",
            "image_config": [],
            "image_uri": "",
            "invoke_arn": "arn:aws:apigateway:us-east-1:lambda:path/2015-03-31/functions/arn:aws:lambda:us-east-1:557988741594:function:CrearMesaLambda/invocations",
            "kms_key_arn": "",
            "last_modified": "2024-10-22T04:39:48.583+0000",
            "layers": null,
            "logging_config": [
              {
                "application_log_level": "",
                "log_format": "Text",
                "log_group": "/aws/lambda/CrearMesaLambda",
                "system_log_level": ""
              }
            ],
            "memory_size": 128,
            "package_type": "Zip",
            "publish": false,
            "qualified_arn": "arn:aws:lambda:us-east-1:557988741594:function:CrearMesaLambda:$LATEST",
            "qualified_invoke_arn": "arn:aws:apigateway:us-east-1:lambda:path/2015-03-31/functions/arn:aws:lambda:us-east-1:557988741594:function:CrearMesaLambda:$LATEST/invocations",
            "replace_security_groups_on_destroy": null,
            "replacement_security_group_ids": null,
            "reserved_concurrent_executions": -1,
            "role": "arn:aws:iam::557988741594:role/LabRole",
            "runtime": "python3.12",
            "s3_bucket": null,
            "s3_key": null,
            "s3_object_version": null,
            "signing_job_arn": "",
            "signing_profile_version_arn": "",
            "skip_destroy": false,
            "snap_start": [],
            "source_code_hash": "lg05LxTPGnmvtse1J4l2cRcM5/pxIrEtcgL53Q8pIV0=",
            "source_code_size": 1071,
            "tags": {
              "Environment": "Dev",
              "Name": "Crear Mesa Lambda"
            },
            "tags_all": {
              "Environment": "Dev",
              "Name": "Crear Mesa Lambda"
            },
            "timeout": 3,
            "timeouts": null,
            "tracing_config": [
              {
                "mode": "PassThrough"
              }
            ],
            "version": "$LATEST",
            "vpc_config": [
              {
                "ipv6_allowed_for_dual_stack": false,
                "security_group_ids": [
                  "sg-01067bdccbcf8d8ae"
                ],
                "subnet_ids": [
                  "subnet-05fcdeaf054716ba4",
                  "subnet-0aacdb281bc9ff6f9"
                ],
                "vpc_id": "vpc-089de6f812c8d9b40"
              }
            ]
          },
          "sensitive_attributes": [],
          "private": "eyJlMmJmYjczMC1lY2FhLTExZTYtOGY4OC0zNDM2M2JjN2M0YzAiOnsiY3JlYXRlIjo2MDAwMDAwMDAwMDAsImRlbGV0ZSI6NjAwMDAwMDAwMDAwLCJ1cGRhdGUiOjYwMDAwMDAwMDAwMH19",
          "dependencies": [
            "aws_security_group.lambda_sg",
            "data.archive_file.admin_crear_mesa_zip",
            "module.vpc.aws_subnet.private",
            "module.vpc.aws_vpc.this",
            "module.vpc.aws_vpc_ipv4_cidr_block_association.this"
          ],
          "create_before_destroy": true
        }
      ]
    },
    {
      "mode": "managed",
      "type": "aws_lambda_function",
      "name": "admin_crear_restaurant_lambda",
      "provider": "provider[\"registry.terraform.io/hashicorp/aws\"]",
      "instances": [
        {
          "schema_version": 0,
          "attributes": {
            "architectures": [
              "x86_64"
            ],
            "arn": "arn:aws:lambda:us-east-1:557988741594:function:CrearRestaurantLambda",
            "code_sha256": "H9cQJqe/yrtgPIBPQc9gzZWz9RzPqys/Uhf205aLC2I=",
            "code_signing_config_arn": "",
            "dead_letter_config": [],
            "description": "",
            "environment": [],
            "ephemeral_storage": [
              {
                "size": 512
              }
            ],
            "file_system_config": [],
            "filename": "./../backend/admin-crear-restaurant/admin_crear_restaurant.zip",
            "function_name": "CrearRestaurantLambda",
            "handler": "admin_crear_restaurant.admin_crear_restaurant",
            "id": "CrearRestaurantLambda",
            "image_config": [],
            "image_uri": "",
            "invoke_arn": "arn:aws:apigateway:us-east-1:lambda:path/2015-03-31/functions/arn:aws:lambda:us-east-1:557988741594:function:CrearRestaurantLambda/invocations",
            "kms_key_arn": "",
            "last_modified": "2024-10-22T04:39:33.944+0000",
            "layers": null,
            "logging_config": [
              {
                "application_log_level": "",
                "log_format": "Text",
                "log_group": "/aws/lambda/CrearRestaurantLambda",
                "system_log_level": ""
              }
            ],
            "memory_size": 128,
            "package_type": "Zip",
            "publish": false,
            "qualified_arn": "arn:aws:lambda:us-east-1:557988741594:function:CrearRestaurantLambda:$LATEST",
            "qualified_invoke_arn": "arn:aws:apigateway:us-east-1:lambda:path/2015-03-31/functions/arn:aws:lambda:us-east-1:557988741594:function:CrearRestaurantLambda:$LATEST/invocations",
            "replace_security_groups_on_destroy": null,
            "replacement_security_group_ids": null,
            "reserved_concurrent_executions": -1,
            "role": "arn:aws:iam::557988741594:role/LabRole",
            "runtime": "python3.12",
            "s3_bucket": null,
            "s3_key": null,
            "s3_object_version": null,
            "signing_job_arn": "",
            "signing_profile_version_arn": "",
            "skip_destroy": false,
            "snap_start": [],
            "source_code_hash": "H9cQJqe/yrtgPIBPQc9gzZWz9RzPqys/Uhf205aLC2I=",
            "source_code_size": 1747,
            "tags": {
              "Environment": "Dev",
              "Name": "Crear Restaurant Lambda"
            },
            "tags_all": {
              "Environment": "Dev",
              "Name": "Crear Restaurant Lambda"
            },
            "timeout": 3,
            "timeouts": null,
            "tracing_config": [
              {
                "mode": "PassThrough"
              }
            ],
            "version": "$LATEST",
            "vpc_config": [
              {
                "ipv6_allowed_for_dual_stack": false,
                "security_group_ids": [
                  "sg-01067bdccbcf8d8ae"
                ],
                "subnet_ids": [
                  "subnet-05fcdeaf054716ba4",
                  "subnet-0aacdb281bc9ff6f9"
                ],
                "vpc_id": "vpc-089de6f812c8d9b40"
              }
            ]
          },
          "sensitive_attributes": [],
          "private": "eyJlMmJmYjczMC1lY2FhLTExZTYtOGY4OC0zNDM2M2JjN2M0YzAiOnsiY3JlYXRlIjo2MDAwMDAwMDAwMDAsImRlbGV0ZSI6NjAwMDAwMDAwMDAwLCJ1cGRhdGUiOjYwMDAwMDAwMDAwMH19",
          "dependencies": [
            "aws_security_group.lambda_sg",
            "data.archive_file.admin_crear_restaurant_zip",
            "module.vpc.aws_subnet.private",
            "module.vpc.aws_vpc.this",
            "module.vpc.aws_vpc_ipv4_cidr_block_association.this"
          ],
          "create_before_destroy": true
        }
      ]
    },
    {
      "mode": "managed",
      "type": "aws_lambda_function",
      "name": "admin_obtener_reservas_lambda",
      "provider": "provider[\"registry.terraform.io/hashicorp/aws\"]",
      "instances": [
        {
          "schema_version": 0,
          "attributes": {
            "architectures": [
              "x86_64"
            ],
            "arn": "arn:aws:lambda:us-east-1:557988741594:function:AdminObtenerReservasLambda",
            "code_sha256": "ySl+JS27NV8BpMspCUGRkmB8bNfQS93gBPLLJNtyTHw=",
            "code_signing_config_arn": "",
            "dead_letter_config": [],
            "description": "",
            "environment": [],
            "ephemeral_storage": [
              {
                "size": 512
              }
            ],
            "file_system_config": [],
            "filename": "./../backend/admin-obtener-reservas/admin_obtener_reservas.zip",
            "function_name": "AdminObtenerReservasLambda",
            "handler": "admin_obtener_reserva.admin_obtener_reserva",
            "id": "AdminObtenerReservasLambda",
            "image_config": [],
            "image_uri": "",
            "invoke_arn": "arn:aws:apigateway:us-east-1:lambda:path/2015-03-31/functions/arn:aws:lambda:us-east-1:557988741594:function:AdminObtenerReservasLambda/invocations",
            "kms_key_arn": "",
            "last_modified": "2024-10-22T04:35:47.588+0000",
            "layers": null,
            "logging_config": [
              {
                "application_log_level": "",
                "log_format": "Text",
                "log_group": "/aws/lambda/AdminObtenerReservasLambda",
                "system_log_level": ""
              }
            ],
            "memory_size": 128,
            "package_type": "Zip",
            "publish": false,
            "qualified_arn": "arn:aws:lambda:us-east-1:557988741594:function:AdminObtenerReservasLambda:$LATEST",
            "qualified_invoke_arn": "arn:aws:apigateway:us-east-1:lambda:path/2015-03-31/functions/arn:aws:lambda:us-east-1:557988741594:function:AdminObtenerReservasLambda:$LATEST/invocations",
            "replace_security_groups_on_destroy": null,
            "replacement_security_group_ids": null,
            "reserved_concurrent_executions": -1,
            "role": "arn:aws:iam::557988741594:role/LabRole",
            "runtime": "python3.12",
            "s3_bucket": null,
            "s3_key": null,
            "s3_object_version": null,
            "signing_job_arn": "",
            "signing_profile_version_arn": "",
            "skip_destroy": false,
            "snap_start": [],
            "source_code_hash": "ySl+JS27NV8BpMspCUGRkmB8bNfQS93gBPLLJNtyTHw=",
            "source_code_size": 1087,
            "tags": {
              "Environment": "Dev",
              "Name": "Obtener Reservas del Restaurnt del dia Lambda"
            },
            "tags_all": {
              "Environment": "Dev",
              "Name": "Obtener Reservas del Restaurnt del dia Lambda"
            },
            "timeout": 3,
            "timeouts": null,
            "tracing_config": [
              {
                "mode": "PassThrough"
              }
            ],
            "version": "$LATEST",
            "vpc_config": [
              {
                "ipv6_allowed_for_dual_stack": false,
                "security_group_ids": [
                  "sg-01067bdccbcf8d8ae"
                ],
                "subnet_ids": [
                  "subnet-05fcdeaf054716ba4",
                  "subnet-0aacdb281bc9ff6f9"
                ],
                "vpc_id": "vpc-089de6f812c8d9b40"
              }
            ]
          },
          "sensitive_attributes": [],
          "private": "eyJlMmJmYjczMC1lY2FhLTExZTYtOGY4OC0zNDM2M2JjN2M0YzAiOnsiY3JlYXRlIjo2MDAwMDAwMDAwMDAsImRlbGV0ZSI6NjAwMDAwMDAwMDAwLCJ1cGRhdGUiOjYwMDAwMDAwMDAwMH19",
          "dependencies": [
            "aws_security_group.lambda_sg",
            "data.archive_file.admin_obtener_reservas_zip",
            "module.vpc.aws_subnet.private",
            "module.vpc.aws_vpc.this",
            "module.vpc.aws_vpc_ipv4_cidr_block_association.this"
          ],
          "create_before_destroy": true
        }
      ]
    },
    {
      "mode": "managed",
      "type": "aws_lambda_function",
      "name": "crear_reserva_lambda",
      "provider": "provider[\"registry.terraform.io/hashicorp/aws\"]",
      "instances": [
        {
          "schema_version": 0,
          "attributes": {
            "architectures": [
              "x86_64"
            ],
            "arn": "arn:aws:lambda:us-east-1:557988741594:function:CrearReservaLambda",
            "code_sha256": "BrZZXC7xsLxHkUy7kP+HgDDSmMz0cm7Uy3eYhZWgiAA=",
            "code_signing_config_arn": "",
            "dead_letter_config": [],
            "description": "",
            "environment": [],
            "ephemeral_storage": [
              {
                "size": 512
              }
            ],
            "file_system_config": [],
            "filename": "./../backend/crear-reserva/crear_reserva.zip",
            "function_name": "CrearReservaLambda",
            "handler": "crear_reserva.crear_reserva",
            "id": "CrearReservaLambda",
            "image_config": [],
            "image_uri": "",
            "invoke_arn": "arn:aws:apigateway:us-east-1:lambda:path/2015-03-31/functions/arn:aws:lambda:us-east-1:557988741594:function:CrearReservaLambda/invocations",
            "kms_key_arn": "",
            "last_modified": "2024-10-22T04:39:41.243+0000",
            "layers": null,
            "logging_config": [
              {
                "application_log_level": "",
                "log_format": "Text",
                "log_group": "/aws/lambda/CrearReservaLambda",
                "system_log_level": ""
              }
            ],
            "memory_size": 128,
            "package_type": "Zip",
            "publish": false,
            "qualified_arn": "arn:aws:lambda:us-east-1:557988741594:function:CrearReservaLambda:$LATEST",
            "qualified_invoke_arn": "arn:aws:apigateway:us-east-1:lambda:path/2015-03-31/functions/arn:aws:lambda:us-east-1:557988741594:function:CrearReservaLambda:$LATEST/invocations",
            "replace_security_groups_on_destroy": null,
            "replacement_security_group_ids": null,
            "reserved_concurrent_executions": -1,
            "role": "arn:aws:iam::557988741594:role/LabRole",
            "runtime": "python3.12",
            "s3_bucket": null,
            "s3_key": null,
            "s3_object_version": null,
            "signing_job_arn": "",
            "signing_profile_version_arn": "",
            "skip_destroy": false,
            "snap_start": [],
            "source_code_hash": "BrZZXC7xsLxHkUy7kP+HgDDSmMz0cm7Uy3eYhZWgiAA=",
            "source_code_size": 478,
            "tags": {
              "Environment": "Dev",
              "Name": "Crear Reserva Lambda"
            },
            "tags_all": {
              "Environment": "Dev",
              "Name": "Crear Reserva Lambda"
            },
            "timeout": 3,
            "timeouts": null,
            "tracing_config": [
              {
                "mode": "PassThrough"
              }
            ],
            "version": "$LATEST",
            "vpc_config": [
              {
                "ipv6_allowed_for_dual_stack": false,
                "security_group_ids": [
                  "sg-01067bdccbcf8d8ae"
                ],
                "subnet_ids": [
                  "subnet-05fcdeaf054716ba4",
                  "subnet-0aacdb281bc9ff6f9"
                ],
                "vpc_id": "vpc-089de6f812c8d9b40"
              }
            ]
          },
          "sensitive_attributes": [],
          "private": "eyJlMmJmYjczMC1lY2FhLTExZTYtOGY4OC0zNDM2M2JjN2M0YzAiOnsiY3JlYXRlIjo2MDAwMDAwMDAwMDAsImRlbGV0ZSI6NjAwMDAwMDAwMDAwLCJ1cGRhdGUiOjYwMDAwMDAwMDAwMH19",
          "dependencies": [
            "aws_security_group.lambda_sg",
            "data.archive_file.crear_reserva_zip",
            "module.vpc.aws_subnet.private",
            "module.vpc.aws_vpc.this",
            "module.vpc.aws_vpc_ipv4_cidr_block_association.this"
          ],
          "create_before_destroy": true
        }
      ]
    },
    {
      "mode": "managed",
      "type": "aws_lambda_function",
      "name": "delete_reserva_lambda",
      "provider": "provider[\"registry.terraform.io/hashicorp/aws\"]",
      "instances": [
        {
          "schema_version": 0,
          "attributes": {
            "architectures": [
              "x86_64"
            ],
            "arn": "arn:aws:lambda:us-east-1:557988741594:function:DeleteReservaLambda",
            "code_sha256": "CzPxB5on/hEsYckB7p2kQGdlEHSncKfshphPsAwDxuQ=",
            "code_signing_config_arn": "",
            "dead_letter_config": [],
            "description": "",
            "environment": [],
            "ephemeral_storage": [
              {
                "size": 512
              }
            ],
            "file_system_config": [],
            "filename": "./../backend/delete-reserva/delete_reserva.zip",
            "function_name": "DeleteReservaLambda",
            "handler": "delete_reserva.delete_reserva",
            "id": "DeleteReservaLambda",
            "image_config": [],
            "image_uri": "",
            "invoke_arn": "arn:aws:apigateway:us-east-1:lambda:path/2015-03-31/functions/arn:aws:lambda:us-east-1:557988741594:function:DeleteReservaLambda/invocations",
            "kms_key_arn": "",
            "last_modified": "2024-10-22T04:40:03.187+0000",
            "layers": null,
            "logging_config": [
              {
                "application_log_level": "",
                "log_format": "Text",
                "log_group": "/aws/lambda/DeleteReservaLambda",
                "system_log_level": ""
              }
            ],
            "memory_size": 128,
            "package_type": "Zip",
            "publish": false,
            "qualified_arn": "arn:aws:lambda:us-east-1:557988741594:function:DeleteReservaLambda:$LATEST",
            "qualified_invoke_arn": "arn:aws:apigateway:us-east-1:lambda:path/2015-03-31/functions/arn:aws:lambda:us-east-1:557988741594:function:DeleteReservaLambda:$LATEST/invocations",
            "replace_security_groups_on_destroy": null,
            "replacement_security_group_ids": null,
            "reserved_concurrent_executions": -1,
            "role": "arn:aws:iam::557988741594:role/LabRole",
            "runtime": "python3.12",
            "s3_bucket": null,
            "s3_key": null,
            "s3_object_version": null,
            "signing_job_arn": "",
            "signing_profile_version_arn": "",
            "skip_destroy": false,
            "snap_start": [],
            "source_code_hash": "CzPxB5on/hEsYckB7p2kQGdlEHSncKfshphPsAwDxuQ=",
            "source_code_size": 483,
            "tags": {
              "Environment": "Dev",
              "Name": "Delete Reserva Lambda"
            },
            "tags_all": {
              "Environment": "Dev",
              "Name": "Delete Reserva Lambda"
            },
            "timeout": 3,
            "timeouts": null,
            "tracing_config": [
              {
                "mode": "PassThrough"
              }
            ],
            "version": "$LATEST",
            "vpc_config": [
              {
                "ipv6_allowed_for_dual_stack": false,
                "security_group_ids": [
                  "sg-01067bdccbcf8d8ae"
                ],
                "subnet_ids": [
                  "subnet-05fcdeaf054716ba4",
                  "subnet-0aacdb281bc9ff6f9"
                ],
                "vpc_id": "vpc-089de6f812c8d9b40"
              }
            ]
          },
          "sensitive_attributes": [],
          "private": "eyJlMmJmYjczMC1lY2FhLTExZTYtOGY4OC0zNDM2M2JjN2M0YzAiOnsiY3JlYXRlIjo2MDAwMDAwMDAwMDAsImRlbGV0ZSI6NjAwMDAwMDAwMDAwLCJ1cGRhdGUiOjYwMDAwMDAwMDAwMH19",
          "dependencies": [
            "aws_security_group.lambda_sg",
            "data.archive_file.delete_reserva_zip",
            "module.vpc.aws_subnet.private",
            "module.vpc.aws_vpc.this",
            "module.vpc.aws_vpc_ipv4_cidr_block_association.this"
          ]
        }
      ]
    },
    {
      "mode": "managed",
      "type": "aws_lambda_function",
      "name": "obtener_reservas_lambda",
      "provider": "provider[\"registry.terraform.io/hashicorp/aws\"]",
      "instances": [
        {
          "schema_version": 0,
          "attributes": {
            "architectures": [
              "x86_64"
            ],
            "arn": "arn:aws:lambda:us-east-1:557988741594:function:ObtenerReservasLambda",
            "code_sha256": "iKJcNyHRA3utf6ZiNffMcTayU3DZC6677Cj2djtlC0s=",
            "code_signing_config_arn": "",
            "dead_letter_config": [],
            "description": "",
            "environment": [],
            "ephemeral_storage": [
              {
                "size": 512
              }
            ],
            "file_system_config": [],
            "filename": "./../backend/obtener-reservas/obtener_reservas.zip",
            "function_name": "ObtenerReservasLambda",
            "handler": "obtener_reserva.obtener_reserva",
            "id": "ObtenerReservasLambda",
            "image_config": [],
            "image_uri": "",
            "invoke_arn": "arn:aws:apigateway:us-east-1:lambda:path/2015-03-31/functions/arn:aws:lambda:us-east-1:557988741594:function:ObtenerReservasLambda/invocations",
            "kms_key_arn": "",
            "last_modified": "2024-10-22T04:39:55.835+0000",
            "layers": null,
            "logging_config": [
              {
                "application_log_level": "",
                "log_format": "Text",
                "log_group": "/aws/lambda/ObtenerReservasLambda",
                "system_log_level": ""
              }
            ],
            "memory_size": 128,
            "package_type": "Zip",
            "publish": false,
            "qualified_arn": "arn:aws:lambda:us-east-1:557988741594:function:ObtenerReservasLambda:$LATEST",
            "qualified_invoke_arn": "arn:aws:apigateway:us-east-1:lambda:path/2015-03-31/functions/arn:aws:lambda:us-east-1:557988741594:function:ObtenerReservasLambda:$LATEST/invocations",
            "replace_security_groups_on_destroy": null,
            "replacement_security_group_ids": null,
            "reserved_concurrent_executions": -1,
            "role": "arn:aws:iam::557988741594:role/LabRole",
            "runtime": "python3.12",
            "s3_bucket": null,
            "s3_key": null,
            "s3_object_version": null,
            "signing_job_arn": "",
            "signing_profile_version_arn": "",
            "skip_destroy": false,
            "snap_start": [],
            "source_code_hash": "iKJcNyHRA3utf6ZiNffMcTayU3DZC6677Cj2djtlC0s=",
            "source_code_size": 492,
            "tags": {
              "Environment": "Dev",
              "Name": "Obtener Reservas del Usuario Lambda"
            },
            "tags_all": {
              "Environment": "Dev",
              "Name": "Obtener Reservas del Usuario Lambda"
            },
            "timeout": 3,
            "timeouts": null,
            "tracing_config": [
              {
                "mode": "PassThrough"
              }
            ],
            "version": "$LATEST",
            "vpc_config": [
              {
                "ipv6_allowed_for_dual_stack": false,
                "security_group_ids": [
                  "sg-01067bdccbcf8d8ae"
                ],
                "subnet_ids": [
                  "subnet-05fcdeaf054716ba4",
                  "subnet-0aacdb281bc9ff6f9"
                ],
                "vpc_id": "vpc-089de6f812c8d9b40"
              }
            ]
          },
          "sensitive_attributes": [],
          "private": "eyJlMmJmYjczMC1lY2FhLTExZTYtOGY4OC0zNDM2M2JjN2M0YzAiOnsiY3JlYXRlIjo2MDAwMDAwMDAwMDAsImRlbGV0ZSI6NjAwMDAwMDAwMDAwLCJ1cGRhdGUiOjYwMDAwMDAwMDAwMH19",
          "dependencies": [
            "aws_security_group.lambda_sg",
            "data.archive_file.obtener_reservas_zip",
            "module.vpc.aws_subnet.private",
            "module.vpc.aws_vpc.this",
            "module.vpc.aws_vpc_ipv4_cidr_block_association.this"
          ],
          "create_before_destroy": true
        }
      ]
    },
    {
      "mode": "managed",
      "type": "aws_s3_bucket",
      "name": "frontend_bucket",
      "provider": "provider[\"registry.terraform.io/hashicorp/aws\"]",
      "instances": [
        {
          "schema_version": 0,
          "attributes": {
            "acceleration_status": "",
            "acl": null,
            "arn": "arn:aws:s3:::frontend-bucket-cloudbooktable-marcos",
            "bucket": "frontend-bucket-cloudbooktable-marcos",
            "bucket_domain_name": "frontend-bucket-cloudbooktable-marcos.s3.amazonaws.com",
            "bucket_prefix": "",
            "bucket_regional_domain_name": "frontend-bucket-cloudbooktable-marcos.s3.us-east-1.amazonaws.com",
            "cors_rule": [],
            "force_destroy": false,
            "grant": [
              {
                "id": "00092c3c77e50d3f3742d0abc58f9a2c424e74a2d258ae2d3a6e262ad755a422",
                "permissions": [
                  "FULL_CONTROL"
                ],
                "type": "CanonicalUser",
                "uri": ""
              }
            ],
            "hosted_zone_id": "Z3AQBSTGFYJSTF",
            "id": "frontend-bucket-cloudbooktable-marcos",
            "lifecycle_rule": [],
            "logging": [],
            "object_lock_configuration": [],
            "object_lock_enabled": false,
            "policy": "",
            "region": "us-east-1",
            "replication_configuration": [],
            "request_payer": "BucketOwner",
            "server_side_encryption_configuration": [
              {
                "rule": [
                  {
                    "apply_server_side_encryption_by_default": [
                      {
                        "kms_master_key_id": "",
                        "sse_algorithm": "AES256"
                      }
                    ],
                    "bucket_key_enabled": false
                  }
                ]
              }
            ],
            "tags": {
              "Environment": "Dev",
              "Name": "Frontend Bucket"
            },
            "tags_all": {
              "Environment": "Dev",
              "Name": "Frontend Bucket"
            },
            "timeouts": null,
            "versioning": [
              {
                "enabled": false,
                "mfa_delete": false
              }
            ],
            "website": [],
            "website_domain": null,
            "website_endpoint": null
          },
          "sensitive_attributes": [],
          "private": "eyJlMmJmYjczMC1lY2FhLTExZTYtOGY4OC0zNDM2M2JjN2M0YzAiOnsiY3JlYXRlIjoxMjAwMDAwMDAwMDAwLCJkZWxldGUiOjM2MDAwMDAwMDAwMDAsInJlYWQiOjEyMDAwMDAwMDAwMDAsInVwZGF0ZSI6MTIwMDAwMDAwMDAwMH19"
        }
      ]
    },
    {
      "mode": "managed",
      "type": "aws_s3_bucket_policy",
      "name": "frontend_bucket_policy",
      "provider": "provider[\"registry.terraform.io/hashicorp/aws\"]",
      "instances": [
        {
          "schema_version": 0,
          "attributes": {
            "bucket": "frontend-bucket-cloudbooktable-marcos",
            "id": "frontend-bucket-cloudbooktable-marcos",
            "policy": "{\"Statement\":[{\"Action\":\"s3:GetObject\",\"Effect\":\"Allow\",\"Principal\":\"*\",\"Resource\":\"arn:aws:s3:::frontend-bucket-cloudbooktable-marcos/*\",\"Sid\":\"PublicReadGetObject\"}],\"Version\":\"2012-10-17\"}"
          },
          "sensitive_attributes": [],
          "private": "bnVsbA==",
          "dependencies": [
            "aws_s3_bucket.frontend_bucket",
            "aws_s3_bucket_public_access_block.frontend_bucket_public_access"
          ]
        }
      ]
    },
    {
      "mode": "managed",
      "type": "aws_s3_bucket_public_access_block",
      "name": "frontend_bucket_public_access",
      "provider": "provider[\"registry.terraform.io/hashicorp/aws\"]",
      "instances": [
        {
          "schema_version": 0,
          "attributes": {
            "block_public_acls": false,
            "block_public_policy": false,
            "bucket": "frontend-bucket-cloudbooktable-marcos",
            "id": "frontend-bucket-cloudbooktable-marcos",
            "ignore_public_acls": false,
            "restrict_public_buckets": false
          },
          "sensitive_attributes": [],
          "private": "bnVsbA==",
          "dependencies": [
            "aws_s3_bucket.frontend_bucket"
          ]
        }
      ]
    },
    {
      "mode": "managed",
      "type": "aws_s3_bucket_website_configuration",
      "name": "frontend_bucket",
      "provider": "provider[\"registry.terraform.io/hashicorp/aws\"]",
      "instances": [
        {
          "schema_version": 0,
          "attributes": {
            "bucket": "frontend-bucket-cloudbooktable-marcos",
            "error_document": [
              {
                "key": "error.html"
              }
            ],
            "expected_bucket_owner": "",
            "id": "frontend-bucket-cloudbooktable-marcos",
            "index_document": [
              {
                "suffix": "index.html"
              }
            ],
            "redirect_all_requests_to": [],
            "routing_rule": [],
            "routing_rules": "",
            "website_domain": "s3-website-us-east-1.amazonaws.com",
            "website_endpoint": "frontend-bucket-cloudbooktable-marcos.s3-website-us-east-1.amazonaws.com"
          },
          "sensitive_attributes": [],
          "private": "bnVsbA==",
          "dependencies": [
            "aws_s3_bucket.frontend_bucket"
          ]
        }
      ]
    },
    {
      "mode": "managed",
      "type": "aws_security_group",
      "name": "lambda_sg",
      "provider": "provider[\"registry.terraform.io/hashicorp/aws\"]",
      "instances": [
        {
          "schema_version": 1,
          "attributes": {
            "arn": "arn:aws:ec2:us-east-1:557988741594:security-group/sg-01067bdccbcf8d8ae",
            "description": "Security group for Lambda functions",
            "egress": [
              {
                "cidr_blocks": [
                  "0.0.0.0/0"
                ],
                "description": "",
                "from_port": 0,
                "ipv6_cidr_blocks": [],
                "prefix_list_ids": [],
                "protocol": "tcp",
                "security_groups": [],
                "self": false,
                "to_port": 443
              }
            ],
            "id": "sg-01067bdccbcf8d8ae",
            "ingress": [
              {
                "cidr_blocks": [
                  "10.0.0.0/16"
                ],
                "description": "",
                "from_port": 0,
                "ipv6_cidr_blocks": [],
                "prefix_list_ids": [],
                "protocol": "-1",
                "security_groups": [],
                "self": false,
                "to_port": 0
              }
            ],
            "name": "lambda_sg",
            "name_prefix": "",
            "owner_id": "557988741594",
            "revoke_rules_on_delete": false,
            "tags": {
              "Name": "Lambda Security Group"
            },
            "tags_all": {
              "Name": "Lambda Security Group"
            },
            "timeouts": null,
            "vpc_id": "vpc-089de6f812c8d9b40"
          },
          "sensitive_attributes": [],
          "private": "eyJlMmJmYjczMC1lY2FhLTExZTYtOGY4OC0zNDM2M2JjN2M0YzAiOnsiY3JlYXRlIjo2MDAwMDAwMDAwMDAsImRlbGV0ZSI6OTAwMDAwMDAwMDAwfSwic2NoZW1hX3ZlcnNpb24iOiIxIn0=",
          "dependencies": [
            "module.vpc.aws_vpc.this"
          ],
          "create_before_destroy": true
        }
      ]
    },
    {
      "mode": "managed",
      "type": "aws_vpc_endpoint",
      "name": "dynamodb",
      "provider": "provider[\"registry.terraform.io/hashicorp/aws\"]",
      "instances": [
        {
          "schema_version": 0,
          "attributes": {
            "arn": "arn:aws:ec2:us-east-1:557988741594:vpc-endpoint/vpce-008d4dcc1b520c481",
            "auto_accept": null,
            "cidr_blocks": [
              "35.71.70.0/24",
              "3.218.182.0/24",
              "3.218.180.0/23",
              "35.71.68.0/23",
              "52.94.0.0/22",
              "52.119.224.0/20"
            ],
            "dns_entry": [],
            "dns_options": [],
            "id": "vpce-008d4dcc1b520c481",
            "ip_address_type": "",
            "network_interface_ids": [],
            "owner_id": "557988741594",
            "policy": "{\"Statement\":[{\"Action\":\"*\",\"Effect\":\"Allow\",\"Principal\":\"*\",\"Resource\":\"*\"}],\"Version\":\"2008-10-17\"}",
            "prefix_list_id": "pl-02cd2c6b",
            "private_dns_enabled": false,
            "requester_managed": false,
            "route_table_ids": [
              "rtb-0dd398376eb446e7d",
              "rtb-0f13c25b8e4279932"
            ],
            "security_group_ids": [],
            "service_name": "com.amazonaws.us-east-1.dynamodb",
            "state": "available",
            "subnet_configuration": [],
            "subnet_ids": [],
            "tags": {
              "Name": "DynamoDB VPC Endpoint"
            },
            "tags_all": {
              "Name": "DynamoDB VPC Endpoint"
            },
            "timeouts": null,
            "vpc_endpoint_type": "Gateway",
            "vpc_id": "vpc-089de6f812c8d9b40"
          },
          "sensitive_attributes": [],
          "private": "eyJlMmJmYjczMC1lY2FhLTExZTYtOGY4OC0zNDM2M2JjN2M0YzAiOnsiY3JlYXRlIjo2MDAwMDAwMDAwMDAsImRlbGV0ZSI6NjAwMDAwMDAwMDAwLCJ1cGRhdGUiOjYwMDAwMDAwMDAwMH19",
          "dependencies": [
            "module.vpc.aws_route_table.private",
            "module.vpc.aws_vpc.this",
            "module.vpc.aws_vpc_ipv4_cidr_block_association.this"
          ]
        }
      ]
    },
    {
      "mode": "managed",
      "type": "null_resource",
      "name": "frontend_deployment",
      "provider": "provider[\"registry.terraform.io/hashicorp/null\"]",
      "instances": [
        {
          "schema_version": 0,
          "attributes": {
            "id": "937416509568748160",
            "triggers": {
              "api_gateway_url": "https://y72urr4312.execute-api.us-east-1.amazonaws.com/prod",
              "file_hash": "CIP/YNDeqXJmJjsESFF5rvekeLsXHI/JkznYC2ZX5mU="
            }
          },
          "sensitive_attributes": [],
          "dependencies": [
            "aws_api_gateway_deployment.my_api_deployment",
            "aws_api_gateway_resource.admin",
            "aws_api_gateway_resource.admin_mesas",
            "aws_api_gateway_resource.admin_reservas",
            "aws_api_gateway_resource.admin_restaurant",
            "aws_api_gateway_resource.delete_reserva",
            "aws_api_gateway_resource.reservas",
            "aws_api_gateway_rest_api.my_api",
            "aws_lambda_function.admin_crear_mesa_lambda",
            "aws_lambda_function.admin_crear_restaurant_lambda",
            "aws_lambda_function.admin_obtener_reservas_lambda",
            "aws_lambda_function.crear_reserva_lambda",
            "aws_lambda_function.obtener_reservas_lambda",
            "aws_s3_bucket.frontend_bucket",
            "aws_s3_bucket_policy.frontend_bucket_policy",
            "aws_s3_bucket_public_access_block.frontend_bucket_public_access",
            "aws_security_group.lambda_sg",
            "data.archive_file.admin_crear_mesa_zip",
            "data.archive_file.admin_crear_restaurant_zip",
            "data.archive_file.admin_obtener_reservas_zip",
            "data.archive_file.crear_reserva_zip",
            "data.archive_file.frontend",
            "data.archive_file.obtener_reservas_zip",
            "module.admin_mesas.aws_api_gateway_integration.lambda_integration",
            "module.admin_mesas.aws_api_gateway_integration.options_integration_lambda",
            "module.admin_mesas.aws_api_gateway_integration_response.options_integration_response",
            "module.admin_mesas.aws_api_gateway_method.options_lambda",
            "module.admin_mesas.aws_api_gateway_method.resource_method",
            "module.admin_mesas.aws_api_gateway_method_response.cors_method_response_200",
            "module.admin_mesas.aws_api_gateway_method_response.options_method_response",
            "module.admin_mesas.aws_lambda_permission.api_gateway_permission",
            "module.admin_reservas.aws_api_gateway_integration.lambda_integration",
            "module.admin_reservas.aws_api_gateway_integration.options_integration_lambda",
            "module.admin_reservas.aws_api_gateway_integration_response.options_integration_response",
            "module.admin_reservas.aws_api_gateway_method.options_lambda",
            "module.admin_reservas.aws_api_gateway_method.resource_method",
            "module.admin_reservas.aws_api_gateway_method_response.cors_method_response_200",
            "module.admin_reservas.aws_api_gateway_method_response.options_method_response",
            "module.admin_reservas.aws_lambda_permission.api_gateway_permission",
            "module.admin_restaurant.aws_api_gateway_integration.lambda_integration",
            "module.admin_restaurant.aws_api_gateway_integration.options_integration_lambda",
            "module.admin_restaurant.aws_api_gateway_integration_response.options_integration_response",
            "module.admin_restaurant.aws_api_gateway_method.options_lambda",
            "module.admin_restaurant.aws_api_gateway_method.resource_method",
            "module.admin_restaurant.aws_api_gateway_method_response.cors_method_response_200",
            "module.admin_restaurant.aws_api_gateway_method_response.options_method_response",
            "module.admin_restaurant.aws_lambda_permission.api_gateway_permission",
            "module.delete_reserva.aws_api_gateway_integration.lambda_integration",
            "module.delete_reserva.aws_api_gateway_integration.options_integration_lambda",
            "module.delete_reserva.aws_api_gateway_integration_response.options_integration_response",
            "module.delete_reserva.aws_api_gateway_method.options_lambda",
            "module.delete_reserva.aws_api_gateway_method.resource_method",
            "module.delete_reserva.aws_api_gateway_method_response.cors_method_response_200",
            "module.delete_reserva.aws_api_gateway_method_response.options_method_response",
            "module.delete_reserva.aws_lambda_permission.api_gateway_permission",
            "module.reserva.aws_api_gateway_integration.lambda_integration",
            "module.reserva.aws_api_gateway_integration.options_integration_lambda",
            "module.reserva.aws_api_gateway_integration_response.options_integration_response",
            "module.reserva.aws_api_gateway_method.options_lambda",
            "module.reserva.aws_api_gateway_method.resource_method",
            "module.reserva.aws_api_gateway_method_response.cors_method_response_200",
            "module.reserva.aws_api_gateway_method_response.options_method_response",
            "module.reserva.aws_lambda_permission.api_gateway_permission",
            "module.vpc.aws_subnet.private",
            "module.vpc.aws_vpc.this",
            "module.vpc.aws_vpc_ipv4_cidr_block_association.this"
          ]
        }
      ]
    },
    {
      "module": "module.admin_mesas",
      "mode": "managed",
      "type": "aws_api_gateway_integration",
      "name": "lambda_integration",
      "provider": "provider[\"registry.terraform.io/hashicorp/aws\"]",
      "instances": [
        {
          "index_key": "POST",
          "schema_version": 0,
          "attributes": {
            "cache_key_parameters": null,
            "cache_namespace": "ff2mbf",
            "connection_id": "",
            "connection_type": "INTERNET",
            "content_handling": "",
            "credentials": "",
            "http_method": "POST",
            "id": "agi-y72urr4312-ff2mbf-POST",
            "integration_http_method": "POST",
            "passthrough_behavior": "WHEN_NO_MATCH",
            "request_parameters": null,
            "request_templates": null,
            "resource_id": "ff2mbf",
            "rest_api_id": "y72urr4312",
            "timeout_milliseconds": 29000,
            "tls_config": [],
            "type": "AWS_PROXY",
            "uri": "arn:aws:apigateway:us-east-1:lambda:path/2015-03-31/functions/arn:aws:lambda:us-east-1:557988741594:function:CrearMesaLambda/invocations"
          },
          "sensitive_attributes": [],
          "private": "bnVsbA==",
          "dependencies": [
            "aws_api_gateway_resource.admin",
            "aws_api_gateway_resource.admin_mesas",
            "aws_api_gateway_rest_api.my_api",
            "aws_lambda_function.admin_crear_mesa_lambda",
            "aws_security_group.lambda_sg",
            "data.archive_file.admin_crear_mesa_zip",
            "module.admin_mesas.aws_api_gateway_method.resource_method",
            "module.vpc.aws_subnet.private",
            "module.vpc.aws_vpc.this",
            "module.vpc.aws_vpc_ipv4_cidr_block_association.this"
          ],
          "create_before_destroy": true
        }
      ]
    },
    {
      "module": "module.admin_mesas",
      "mode": "managed",
      "type": "aws_api_gateway_integration",
      "name": "options_integration_lambda",
      "provider": "provider[\"registry.terraform.io/hashicorp/aws\"]",
      "instances": [
        {
          "schema_version": 0,
          "attributes": {
            "cache_key_parameters": null,
            "cache_namespace": "ff2mbf",
            "connection_id": "",
            "connection_type": "INTERNET",
            "content_handling": "",
            "credentials": "",
            "http_method": "OPTIONS",
            "id": "agi-y72urr4312-ff2mbf-OPTIONS",
            "integration_http_method": "",
            "passthrough_behavior": "WHEN_NO_MATCH",
            "request_parameters": null,
            "request_templates": {
              "application/json": "{\"statusCode\": 200}"
            },
            "resource_id": "ff2mbf",
            "rest_api_id": "y72urr4312",
            "timeout_milliseconds": 29000,
            "tls_config": [],
            "type": "MOCK",
            "uri": ""
          },
          "sensitive_attributes": [],
          "private": "bnVsbA==",
          "dependencies": [
            "aws_api_gateway_resource.admin",
            "aws_api_gateway_resource.admin_mesas",
            "aws_api_gateway_rest_api.my_api",
            "module.admin_mesas.aws_api_gateway_method.options_lambda"
          ],
          "create_before_destroy": true
        }
      ]
    },
    {
      "module": "module.admin_mesas",
      "mode": "managed",
      "type": "aws_api_gateway_integration_response",
      "name": "options_integration_response",
      "provider": "provider[\"registry.terraform.io/hashicorp/aws\"]",
      "instances": [
        {
          "schema_version": 0,
          "attributes": {
            "content_handling": "",
            "http_method": "OPTIONS",
            "id": "agir-y72urr4312-ff2mbf-OPTIONS-200",
            "resource_id": "ff2mbf",
            "response_parameters": {
              "method.response.header.Access-Control-Allow-Headers": "'Content-Type,X-Amz-Date,Authorization,X-Api-Key,X-Amz-Security-Token'",
              "method.response.header.Access-Control-Allow-Methods": "'POST,OPTIONS'",
              "method.response.header.Access-Control-Allow-Origin": "'*'"
            },
            "response_templates": null,
            "rest_api_id": "y72urr4312",
            "selection_pattern": "",
            "status_code": "200"
          },
          "sensitive_attributes": [],
          "private": "bnVsbA==",
          "dependencies": [
            "aws_api_gateway_resource.admin",
            "aws_api_gateway_resource.admin_mesas",
            "aws_api_gateway_rest_api.my_api",
            "aws_lambda_function.admin_crear_mesa_lambda",
            "aws_security_group.lambda_sg",
            "data.archive_file.admin_crear_mesa_zip",
            "module.admin_mesas.aws_api_gateway_method.options_lambda",
            "module.admin_mesas.aws_api_gateway_method_response.options_method_response",
            "module.vpc.aws_subnet.private",
            "module.vpc.aws_vpc.this",
            "module.vpc.aws_vpc_ipv4_cidr_block_association.this"
          ],
          "create_before_destroy": true
        }
      ]
    },
    {
      "module": "module.admin_mesas",
      "mode": "managed",
      "type": "aws_api_gateway_method",
      "name": "options_lambda",
      "provider": "provider[\"registry.terraform.io/hashicorp/aws\"]",
      "instances": [
        {
          "schema_version": 0,
          "attributes": {
            "api_key_required": false,
            "authorization": "NONE",
            "authorization_scopes": null,
            "authorizer_id": null,
            "http_method": "OPTIONS",
            "id": "agm-y72urr4312-ff2mbf-OPTIONS",
            "operation_name": null,
            "request_models": null,
            "request_parameters": null,
            "request_validator_id": null,
            "resource_id": "ff2mbf",
            "rest_api_id": "y72urr4312"
          },
          "sensitive_attributes": [],
          "private": "bnVsbA==",
          "dependencies": [
            "aws_api_gateway_resource.admin",
            "aws_api_gateway_resource.admin_mesas",
            "aws_api_gateway_rest_api.my_api"
          ],
          "create_before_destroy": true
        }
      ]
    },
    {
      "module": "module.admin_mesas",
      "mode": "managed",
      "type": "aws_api_gateway_method",
      "name": "resource_method",
      "provider": "provider[\"registry.terraform.io/hashicorp/aws\"]",
      "instances": [
        {
          "index_key": "POST",
          "schema_version": 0,
          "attributes": {
            "api_key_required": false,
            "authorization": "NONE",
            "authorization_scopes": null,
            "authorizer_id": null,
            "http_method": "POST",
            "id": "agm-y72urr4312-ff2mbf-POST",
            "operation_name": null,
            "request_models": null,
            "request_parameters": null,
            "request_validator_id": null,
            "resource_id": "ff2mbf",
            "rest_api_id": "y72urr4312"
          },
          "sensitive_attributes": [],
          "private": "bnVsbA==",
          "dependencies": [
            "aws_api_gateway_resource.admin",
            "aws_api_gateway_resource.admin_mesas",
            "aws_api_gateway_rest_api.my_api",
            "aws_lambda_function.admin_crear_mesa_lambda",
            "aws_security_group.lambda_sg",
            "data.archive_file.admin_crear_mesa_zip",
            "module.vpc.aws_subnet.private",
            "module.vpc.aws_vpc.this",
            "module.vpc.aws_vpc_ipv4_cidr_block_association.this"
          ],
          "create_before_destroy": true
        }
      ]
    },
    {
      "module": "module.admin_mesas",
      "mode": "managed",
      "type": "aws_api_gateway_method_response",
      "name": "cors_method_response_200",
      "provider": "provider[\"registry.terraform.io/hashicorp/aws\"]",
      "instances": [
        {
          "index_key": "POST",
          "schema_version": 0,
          "attributes": {
            "http_method": "POST",
            "id": "agmr-y72urr4312-ff2mbf-POST-200",
            "resource_id": "ff2mbf",
            "response_models": null,
            "response_parameters": {
              "method.response.header.Access-Control-Allow-Origin": true
            },
            "rest_api_id": "y72urr4312",
            "status_code": "200"
          },
          "sensitive_attributes": [],
          "private": "bnVsbA==",
          "dependencies": [
            "aws_api_gateway_resource.admin",
            "aws_api_gateway_resource.admin_mesas",
            "aws_api_gateway_rest_api.my_api",
            "aws_lambda_function.admin_crear_mesa_lambda",
            "aws_security_group.lambda_sg",
            "data.archive_file.admin_crear_mesa_zip",
            "module.admin_mesas.aws_api_gateway_method.resource_method",
            "module.vpc.aws_subnet.private",
            "module.vpc.aws_vpc.this",
            "module.vpc.aws_vpc_ipv4_cidr_block_association.this"
          ],
          "create_before_destroy": true
        }
      ]
    },
    {
      "module": "module.admin_mesas",
      "mode": "managed",
      "type": "aws_api_gateway_method_response",
      "name": "options_method_response",
      "provider": "provider[\"registry.terraform.io/hashicorp/aws\"]",
      "instances": [
        {
          "schema_version": 0,
          "attributes": {
            "http_method": "OPTIONS",
            "id": "agmr-y72urr4312-ff2mbf-OPTIONS-200",
            "resource_id": "ff2mbf",
            "response_models": {
              "application/json": "Empty"
            },
            "response_parameters": {
              "method.response.header.Access-Control-Allow-Headers": true,
              "method.response.header.Access-Control-Allow-Methods": true,
              "method.response.header.Access-Control-Allow-Origin": true
            },
            "rest_api_id": "y72urr4312",
            "status_code": "200"
          },
          "sensitive_attributes": [],
          "private": "bnVsbA==",
          "dependencies": [
            "aws_api_gateway_resource.admin",
            "aws_api_gateway_resource.admin_mesas",
            "aws_api_gateway_rest_api.my_api",
            "module.admin_mesas.aws_api_gateway_method.options_lambda"
          ],
          "create_before_destroy": true
        }
      ]
    },
    {
      "module": "module.admin_mesas",
      "mode": "managed",
      "type": "aws_lambda_permission",
      "name": "api_gateway_permission",
      "provider": "provider[\"registry.terraform.io/hashicorp/aws\"]",
      "instances": [
        {
          "index_key": "POST",
          "schema_version": 0,
          "attributes": {
            "action": "lambda:InvokeFunction",
            "event_source_token": null,
            "function_name": "CrearMesaLambda",
            "function_url_auth_type": null,
            "id": "AllowAPIGatewayInvokeCrearMesa_POST",
            "principal": "apigateway.amazonaws.com",
            "principal_org_id": null,
            "qualifier": "",
            "source_account": null,
            "source_arn": "arn:aws:execute-api:us-east-1:557988741594:y72urr4312/prod/POST//admin/mesas",
            "statement_id": "AllowAPIGatewayInvokeCrearMesa_POST",
            "statement_id_prefix": ""
          },
          "sensitive_attributes": [],
          "private": "bnVsbA==",
          "dependencies": [
            "aws_api_gateway_rest_api.my_api",
            "aws_lambda_function.admin_crear_mesa_lambda",
            "aws_security_group.lambda_sg",
            "data.archive_file.admin_crear_mesa_zip",
            "module.vpc.aws_subnet.private",
            "module.vpc.aws_vpc.this",
            "module.vpc.aws_vpc_ipv4_cidr_block_association.this"
          ],
          "create_before_destroy": true
        }
      ]
    },
    {
      "module": "module.admin_reservas",
      "mode": "managed",
      "type": "aws_api_gateway_integration",
      "name": "lambda_integration",
      "provider": "provider[\"registry.terraform.io/hashicorp/aws\"]",
      "instances": [
        {
          "index_key": "GET",
          "schema_version": 0,
          "attributes": {
            "cache_key_parameters": null,
            "cache_namespace": "xkgu4w",
            "connection_id": "",
            "connection_type": "INTERNET",
            "content_handling": "",
            "credentials": "",
            "http_method": "GET",
            "id": "agi-y72urr4312-xkgu4w-GET",
            "integration_http_method": "POST",
            "passthrough_behavior": "WHEN_NO_MATCH",
            "request_parameters": null,
            "request_templates": null,
            "resource_id": "xkgu4w",
            "rest_api_id": "y72urr4312",
            "timeout_milliseconds": 29000,
            "tls_config": [],
            "type": "AWS_PROXY",
            "uri": "arn:aws:apigateway:us-east-1:lambda:path/2015-03-31/functions/arn:aws:lambda:us-east-1:557988741594:function:AdminObtenerReservasLambda/invocations"
          },
          "sensitive_attributes": [],
          "private": "bnVsbA==",
          "dependencies": [
            "aws_api_gateway_resource.admin",
            "aws_api_gateway_resource.admin_reservas",
            "aws_api_gateway_rest_api.my_api",
            "aws_lambda_function.admin_obtener_reservas_lambda",
            "aws_security_group.lambda_sg",
            "data.archive_file.admin_obtener_reservas_zip",
            "module.admin_reservas.aws_api_gateway_method.resource_method",
            "module.vpc.aws_subnet.private",
            "module.vpc.aws_vpc.this",
            "module.vpc.aws_vpc_ipv4_cidr_block_association.this"
          ],
          "create_before_destroy": true
        }
      ]
    },
    {
      "module": "module.admin_reservas",
      "mode": "managed",
      "type": "aws_api_gateway_integration",
      "name": "options_integration_lambda",
      "provider": "provider[\"registry.terraform.io/hashicorp/aws\"]",
      "instances": [
        {
          "schema_version": 0,
          "attributes": {
            "cache_key_parameters": null,
            "cache_namespace": "xkgu4w",
            "connection_id": "",
            "connection_type": "INTERNET",
            "content_handling": "",
            "credentials": "",
            "http_method": "OPTIONS",
            "id": "agi-y72urr4312-xkgu4w-OPTIONS",
            "integration_http_method": "",
            "passthrough_behavior": "WHEN_NO_MATCH",
            "request_parameters": null,
            "request_templates": {
              "application/json": "{\"statusCode\": 200}"
            },
            "resource_id": "xkgu4w",
            "rest_api_id": "y72urr4312",
            "timeout_milliseconds": 29000,
            "tls_config": [],
            "type": "MOCK",
            "uri": ""
          },
          "sensitive_attributes": [],
          "private": "bnVsbA==",
          "dependencies": [
            "aws_api_gateway_resource.admin",
            "aws_api_gateway_resource.admin_reservas",
            "aws_api_gateway_rest_api.my_api",
            "module.admin_reservas.aws_api_gateway_method.options_lambda"
          ],
          "create_before_destroy": true
        }
      ]
    },
    {
      "module": "module.admin_reservas",
      "mode": "managed",
      "type": "aws_api_gateway_integration_response",
      "name": "options_integration_response",
      "provider": "provider[\"registry.terraform.io/hashicorp/aws\"]",
      "instances": [
        {
          "schema_version": 0,
          "attributes": {
            "content_handling": "",
            "http_method": "OPTIONS",
            "id": "agir-y72urr4312-xkgu4w-OPTIONS-200",
            "resource_id": "xkgu4w",
            "response_parameters": {
              "method.response.header.Access-Control-Allow-Headers": "'Content-Type,X-Amz-Date,Authorization,X-Api-Key,X-Amz-Security-Token'",
              "method.response.header.Access-Control-Allow-Methods": "'GET,OPTIONS'",
              "method.response.header.Access-Control-Allow-Origin": "'*'"
            },
            "response_templates": null,
            "rest_api_id": "y72urr4312",
            "selection_pattern": "",
            "status_code": "200"
          },
          "sensitive_attributes": [],
          "private": "bnVsbA==",
          "dependencies": [
            "aws_api_gateway_resource.admin",
            "aws_api_gateway_resource.admin_reservas",
            "aws_api_gateway_rest_api.my_api",
            "aws_lambda_function.admin_obtener_reservas_lambda",
            "aws_security_group.lambda_sg",
            "data.archive_file.admin_obtener_reservas_zip",
            "module.admin_reservas.aws_api_gateway_method.options_lambda",
            "module.admin_reservas.aws_api_gateway_method_response.options_method_response",
            "module.vpc.aws_subnet.private",
            "module.vpc.aws_vpc.this",
            "module.vpc.aws_vpc_ipv4_cidr_block_association.this"
          ],
          "create_before_destroy": true
        }
      ]
    },
    {
      "module": "module.admin_reservas",
      "mode": "managed",
      "type": "aws_api_gateway_method",
      "name": "options_lambda",
      "provider": "provider[\"registry.terraform.io/hashicorp/aws\"]",
      "instances": [
        {
          "schema_version": 0,
          "attributes": {
            "api_key_required": false,
            "authorization": "NONE",
            "authorization_scopes": null,
            "authorizer_id": null,
            "http_method": "OPTIONS",
            "id": "agm-y72urr4312-xkgu4w-OPTIONS",
            "operation_name": null,
            "request_models": null,
            "request_parameters": null,
            "request_validator_id": null,
            "resource_id": "xkgu4w",
            "rest_api_id": "y72urr4312"
          },
          "sensitive_attributes": [],
          "private": "bnVsbA==",
          "dependencies": [
            "aws_api_gateway_resource.admin",
            "aws_api_gateway_resource.admin_reservas",
            "aws_api_gateway_rest_api.my_api"
          ],
          "create_before_destroy": true
        }
      ]
    },
    {
      "module": "module.admin_reservas",
      "mode": "managed",
      "type": "aws_api_gateway_method",
      "name": "resource_method",
      "provider": "provider[\"registry.terraform.io/hashicorp/aws\"]",
      "instances": [
        {
          "index_key": "GET",
          "schema_version": 0,
          "attributes": {
            "api_key_required": false,
            "authorization": "NONE",
            "authorization_scopes": null,
            "authorizer_id": null,
            "http_method": "GET",
            "id": "agm-y72urr4312-xkgu4w-GET",
            "operation_name": null,
            "request_models": null,
            "request_parameters": null,
            "request_validator_id": null,
            "resource_id": "xkgu4w",
            "rest_api_id": "y72urr4312"
          },
          "sensitive_attributes": [],
          "private": "bnVsbA==",
          "dependencies": [
            "aws_api_gateway_resource.admin",
            "aws_api_gateway_resource.admin_reservas",
            "aws_api_gateway_rest_api.my_api",
            "aws_lambda_function.admin_obtener_reservas_lambda",
            "aws_security_group.lambda_sg",
            "data.archive_file.admin_obtener_reservas_zip",
            "module.vpc.aws_subnet.private",
            "module.vpc.aws_vpc.this",
            "module.vpc.aws_vpc_ipv4_cidr_block_association.this"
          ],
          "create_before_destroy": true
        }
      ]
    },
    {
      "module": "module.admin_reservas",
      "mode": "managed",
      "type": "aws_api_gateway_method_response",
      "name": "cors_method_response_200",
      "provider": "provider[\"registry.terraform.io/hashicorp/aws\"]",
      "instances": [
        {
          "index_key": "GET",
          "schema_version": 0,
          "attributes": {
            "http_method": "GET",
            "id": "agmr-y72urr4312-xkgu4w-GET-200",
            "resource_id": "xkgu4w",
            "response_models": null,
            "response_parameters": {
              "method.response.header.Access-Control-Allow-Origin": true
            },
            "rest_api_id": "y72urr4312",
            "status_code": "200"
          },
          "sensitive_attributes": [],
          "private": "bnVsbA==",
          "dependencies": [
            "aws_api_gateway_resource.admin",
            "aws_api_gateway_resource.admin_reservas",
            "aws_api_gateway_rest_api.my_api",
            "aws_lambda_function.admin_obtener_reservas_lambda",
            "aws_security_group.lambda_sg",
            "data.archive_file.admin_obtener_reservas_zip",
            "module.admin_reservas.aws_api_gateway_method.resource_method",
            "module.vpc.aws_subnet.private",
            "module.vpc.aws_vpc.this",
            "module.vpc.aws_vpc_ipv4_cidr_block_association.this"
          ],
          "create_before_destroy": true
        }
      ]
    },
    {
      "module": "module.admin_reservas",
      "mode": "managed",
      "type": "aws_api_gateway_method_response",
      "name": "options_method_response",
      "provider": "provider[\"registry.terraform.io/hashicorp/aws\"]",
      "instances": [
        {
          "schema_version": 0,
          "attributes": {
            "http_method": "OPTIONS",
            "id": "agmr-y72urr4312-xkgu4w-OPTIONS-200",
            "resource_id": "xkgu4w",
            "response_models": {
              "application/json": "Empty"
            },
            "response_parameters": {
              "method.response.header.Access-Control-Allow-Headers": true,
              "method.response.header.Access-Control-Allow-Methods": true,
              "method.response.header.Access-Control-Allow-Origin": true
            },
            "rest_api_id": "y72urr4312",
            "status_code": "200"
          },
          "sensitive_attributes": [],
          "private": "bnVsbA==",
          "dependencies": [
            "aws_api_gateway_resource.admin",
            "aws_api_gateway_resource.admin_reservas",
            "aws_api_gateway_rest_api.my_api",
            "module.admin_reservas.aws_api_gateway_method.options_lambda"
          ],
          "create_before_destroy": true
        }
      ]
    },
    {
      "module": "module.admin_reservas",
      "mode": "managed",
      "type": "aws_lambda_permission",
      "name": "api_gateway_permission",
      "provider": "provider[\"registry.terraform.io/hashicorp/aws\"]",
      "instances": [
        {
          "index_key": "GET",
          "schema_version": 0,
          "attributes": {
            "action": "lambda:InvokeFunction",
            "event_source_token": null,
            "function_name": "AdminObtenerReservasLambda",
            "function_url_auth_type": null,
            "id": "AllowAPIGatewayInvokeAdminObtenerReservas_GET",
            "principal": "apigateway.amazonaws.com",
            "principal_org_id": null,
            "qualifier": "",
            "source_account": null,
            "source_arn": "arn:aws:execute-api:us-east-1:557988741594:y72urr4312/prod/GET//admin/reservas",
            "statement_id": "AllowAPIGatewayInvokeAdminObtenerReservas_GET",
            "statement_id_prefix": ""
          },
          "sensitive_attributes": [],
          "private": "bnVsbA==",
          "dependencies": [
            "aws_api_gateway_rest_api.my_api",
            "aws_lambda_function.admin_obtener_reservas_lambda",
            "aws_security_group.lambda_sg",
            "data.archive_file.admin_obtener_reservas_zip",
            "module.vpc.aws_subnet.private",
            "module.vpc.aws_vpc.this",
            "module.vpc.aws_vpc_ipv4_cidr_block_association.this"
          ],
          "create_before_destroy": true
        }
      ]
    },
    {
      "module": "module.admin_restaurant",
      "mode": "managed",
      "type": "aws_api_gateway_integration",
      "name": "lambda_integration",
      "provider": "provider[\"registry.terraform.io/hashicorp/aws\"]",
      "instances": [
        {
          "index_key": "POST",
          "schema_version": 0,
          "attributes": {
            "cache_key_parameters": null,
            "cache_namespace": "5304a2",
            "connection_id": "",
            "connection_type": "INTERNET",
            "content_handling": "",
            "credentials": "",
            "http_method": "POST",
            "id": "agi-y72urr4312-5304a2-POST",
            "integration_http_method": "POST",
            "passthrough_behavior": "WHEN_NO_MATCH",
            "request_parameters": null,
            "request_templates": null,
            "resource_id": "5304a2",
            "rest_api_id": "y72urr4312",
            "timeout_milliseconds": 29000,
            "tls_config": [],
            "type": "AWS_PROXY",
            "uri": "arn:aws:apigateway:us-east-1:lambda:path/2015-03-31/functions/arn:aws:lambda:us-east-1:557988741594:function:CrearRestaurantLambda/invocations"
          },
          "sensitive_attributes": [],
          "private": "bnVsbA==",
          "dependencies": [
            "aws_api_gateway_resource.admin",
            "aws_api_gateway_resource.admin_restaurant",
            "aws_api_gateway_rest_api.my_api",
            "aws_lambda_function.admin_crear_restaurant_lambda",
            "aws_security_group.lambda_sg",
            "data.archive_file.admin_crear_restaurant_zip",
            "module.admin_restaurant.aws_api_gateway_method.resource_method",
            "module.vpc.aws_subnet.private",
            "module.vpc.aws_vpc.this",
            "module.vpc.aws_vpc_ipv4_cidr_block_association.this"
          ],
          "create_before_destroy": true
        }
      ]
    },
    {
      "module": "module.admin_restaurant",
      "mode": "managed",
      "type": "aws_api_gateway_integration",
      "name": "options_integration_lambda",
      "provider": "provider[\"registry.terraform.io/hashicorp/aws\"]",
      "instances": [
        {
          "schema_version": 0,
          "attributes": {
            "cache_key_parameters": null,
            "cache_namespace": "5304a2",
            "connection_id": "",
            "connection_type": "INTERNET",
            "content_handling": "",
            "credentials": "",
            "http_method": "OPTIONS",
            "id": "agi-y72urr4312-5304a2-OPTIONS",
            "integration_http_method": "",
            "passthrough_behavior": "WHEN_NO_MATCH",
            "request_parameters": null,
            "request_templates": {
              "application/json": "{\"statusCode\": 200}"
            },
            "resource_id": "5304a2",
            "rest_api_id": "y72urr4312",
            "timeout_milliseconds": 29000,
            "tls_config": [],
            "type": "MOCK",
            "uri": ""
          },
          "sensitive_attributes": [],
          "private": "bnVsbA==",
          "dependencies": [
            "aws_api_gateway_resource.admin",
            "aws_api_gateway_resource.admin_restaurant",
            "aws_api_gateway_rest_api.my_api",
            "module.admin_restaurant.aws_api_gateway_method.options_lambda"
          ],
          "create_before_destroy": true
        }
      ]
    },
    {
      "module": "module.admin_restaurant",
      "mode": "managed",
      "type": "aws_api_gateway_integration_response",
      "name": "options_integration_response",
      "provider": "provider[\"registry.terraform.io/hashicorp/aws\"]",
      "instances": [
        {
          "schema_version": 0,
          "attributes": {
            "content_handling": "",
            "http_method": "OPTIONS",
            "id": "agir-y72urr4312-5304a2-OPTIONS-200",
            "resource_id": "5304a2",
            "response_parameters": {
              "method.response.header.Access-Control-Allow-Headers": "'Content-Type,X-Amz-Date,Authorization,X-Api-Key,X-Amz-Security-Token'",
              "method.response.header.Access-Control-Allow-Methods": "'POST,OPTIONS'",
              "method.response.header.Access-Control-Allow-Origin": "'*'"
            },
            "response_templates": null,
            "rest_api_id": "y72urr4312",
            "selection_pattern": "",
            "status_code": "200"
          },
          "sensitive_attributes": [],
          "private": "bnVsbA==",
          "dependencies": [
            "aws_api_gateway_resource.admin",
            "aws_api_gateway_resource.admin_restaurant",
            "aws_api_gateway_rest_api.my_api",
            "aws_lambda_function.admin_crear_restaurant_lambda",
            "aws_security_group.lambda_sg",
            "data.archive_file.admin_crear_restaurant_zip",
            "module.admin_restaurant.aws_api_gateway_method.options_lambda",
            "module.admin_restaurant.aws_api_gateway_method_response.options_method_response",
            "module.vpc.aws_subnet.private",
            "module.vpc.aws_vpc.this",
            "module.vpc.aws_vpc_ipv4_cidr_block_association.this"
          ],
          "create_before_destroy": true
        }
      ]
    },
    {
      "module": "module.admin_restaurant",
      "mode": "managed",
      "type": "aws_api_gateway_method",
      "name": "options_lambda",
      "provider": "provider[\"registry.terraform.io/hashicorp/aws\"]",
      "instances": [
        {
          "schema_version": 0,
          "attributes": {
            "api_key_required": false,
            "authorization": "NONE",
            "authorization_scopes": null,
            "authorizer_id": null,
            "http_method": "OPTIONS",
            "id": "agm-y72urr4312-5304a2-OPTIONS",
            "operation_name": null,
            "request_models": null,
            "request_parameters": null,
            "request_validator_id": null,
            "resource_id": "5304a2",
            "rest_api_id": "y72urr4312"
          },
          "sensitive_attributes": [],
          "private": "bnVsbA==",
          "dependencies": [
            "aws_api_gateway_resource.admin",
            "aws_api_gateway_resource.admin_restaurant",
            "aws_api_gateway_rest_api.my_api"
          ],
          "create_before_destroy": true
        }
      ]
    },
    {
      "module": "module.admin_restaurant",
      "mode": "managed",
      "type": "aws_api_gateway_method",
      "name": "resource_method",
      "provider": "provider[\"registry.terraform.io/hashicorp/aws\"]",
      "instances": [
        {
          "index_key": "POST",
          "schema_version": 0,
          "attributes": {
            "api_key_required": false,
            "authorization": "NONE",
            "authorization_scopes": null,
            "authorizer_id": null,
            "http_method": "POST",
            "id": "agm-y72urr4312-5304a2-POST",
            "operation_name": null,
            "request_models": null,
            "request_parameters": null,
            "request_validator_id": null,
            "resource_id": "5304a2",
            "rest_api_id": "y72urr4312"
          },
          "sensitive_attributes": [],
          "private": "bnVsbA==",
          "dependencies": [
            "aws_api_gateway_resource.admin",
            "aws_api_gateway_resource.admin_restaurant",
            "aws_api_gateway_rest_api.my_api",
            "aws_lambda_function.admin_crear_restaurant_lambda",
            "aws_security_group.lambda_sg",
            "data.archive_file.admin_crear_restaurant_zip",
            "module.vpc.aws_subnet.private",
            "module.vpc.aws_vpc.this",
            "module.vpc.aws_vpc_ipv4_cidr_block_association.this"
          ],
          "create_before_destroy": true
        }
      ]
    },
    {
      "module": "module.admin_restaurant",
      "mode": "managed",
      "type": "aws_api_gateway_method_response",
      "name": "cors_method_response_200",
      "provider": "provider[\"registry.terraform.io/hashicorp/aws\"]",
      "instances": [
        {
          "index_key": "POST",
          "schema_version": 0,
          "attributes": {
            "http_method": "POST",
            "id": "agmr-y72urr4312-5304a2-POST-200",
            "resource_id": "5304a2",
            "response_models": null,
            "response_parameters": {
              "method.response.header.Access-Control-Allow-Origin": true
            },
            "rest_api_id": "y72urr4312",
            "status_code": "200"
          },
          "sensitive_attributes": [],
          "private": "bnVsbA==",
          "dependencies": [
            "aws_api_gateway_resource.admin",
            "aws_api_gateway_resource.admin_restaurant",
            "aws_api_gateway_rest_api.my_api",
            "aws_lambda_function.admin_crear_restaurant_lambda",
            "aws_security_group.lambda_sg",
            "data.archive_file.admin_crear_restaurant_zip",
            "module.admin_restaurant.aws_api_gateway_method.resource_method",
            "module.vpc.aws_subnet.private",
            "module.vpc.aws_vpc.this",
            "module.vpc.aws_vpc_ipv4_cidr_block_association.this"
          ],
          "create_before_destroy": true
        }
      ]
    },
    {
      "module": "module.admin_restaurant",
      "mode": "managed",
      "type": "aws_api_gateway_method_response",
      "name": "options_method_response",
      "provider": "provider[\"registry.terraform.io/hashicorp/aws\"]",
      "instances": [
        {
          "schema_version": 0,
          "attributes": {
            "http_method": "OPTIONS",
            "id": "agmr-y72urr4312-5304a2-OPTIONS-200",
            "resource_id": "5304a2",
            "response_models": {
              "application/json": "Empty"
            },
            "response_parameters": {
              "method.response.header.Access-Control-Allow-Headers": true,
              "method.response.header.Access-Control-Allow-Methods": true,
              "method.response.header.Access-Control-Allow-Origin": true
            },
            "rest_api_id": "y72urr4312",
            "status_code": "200"
          },
          "sensitive_attributes": [],
          "private": "bnVsbA==",
          "dependencies": [
            "aws_api_gateway_resource.admin",
            "aws_api_gateway_resource.admin_restaurant",
            "aws_api_gateway_rest_api.my_api",
            "module.admin_restaurant.aws_api_gateway_method.options_lambda"
          ],
          "create_before_destroy": true
        }
      ]
    },
    {
      "module": "module.admin_restaurant",
      "mode": "managed",
      "type": "aws_lambda_permission",
      "name": "api_gateway_permission",
      "provider": "provider[\"registry.terraform.io/hashicorp/aws\"]",
      "instances": [
        {
          "index_key": "POST",
          "schema_version": 0,
          "attributes": {
            "action": "lambda:InvokeFunction",
            "event_source_token": null,
            "function_name": "CrearRestaurantLambda",
            "function_url_auth_type": null,
            "id": "AllowAPIGatewayInvokeCrearRestaurant_POST",
            "principal": "apigateway.amazonaws.com",
            "principal_org_id": null,
            "qualifier": "",
            "source_account": null,
            "source_arn": "arn:aws:execute-api:us-east-1:557988741594:y72urr4312/prod/POST//admin/restaurant",
            "statement_id": "AllowAPIGatewayInvokeCrearRestaurant_POST",
            "statement_id_prefix": ""
          },
          "sensitive_attributes": [],
          "private": "bnVsbA==",
          "dependencies": [
            "aws_api_gateway_rest_api.my_api",
            "aws_lambda_function.admin_crear_restaurant_lambda",
            "aws_security_group.lambda_sg",
            "data.archive_file.admin_crear_restaurant_zip",
            "module.vpc.aws_subnet.private",
            "module.vpc.aws_vpc.this",
            "module.vpc.aws_vpc_ipv4_cidr_block_association.this"
          ],
          "create_before_destroy": true
        }
      ]
    },
    {
      "module": "module.delete_reserva",
      "mode": "managed",
      "type": "aws_api_gateway_integration",
      "name": "lambda_integration",
      "provider": "provider[\"registry.terraform.io/hashicorp/aws\"]",
      "instances": [
        {
          "index_key": "DELETE",
          "schema_version": 0,
          "attributes": {
            "cache_key_parameters": null,
            "cache_namespace": "rklh1q",
            "connection_id": "",
            "connection_type": "INTERNET",
            "content_handling": "",
            "credentials": "",
            "http_method": "DELETE",
            "id": "agi-y72urr4312-rklh1q-DELETE",
            "integration_http_method": "POST",
            "passthrough_behavior": "WHEN_NO_MATCH",
            "request_parameters": null,
            "request_templates": null,
            "resource_id": "rklh1q",
            "rest_api_id": "y72urr4312",
            "timeout_milliseconds": 29000,
            "tls_config": [],
            "type": "AWS_PROXY",
            "uri": "arn:aws:apigateway:us-east-1:lambda:path/2015-03-31/functions/arn:aws:lambda:us-east-1:557988741594:function:CrearMesaLambda/invocations"
          },
          "sensitive_attributes": [],
          "private": "bnVsbA==",
          "dependencies": [
            "aws_api_gateway_resource.delete_reserva",
            "aws_api_gateway_resource.reservas",
            "aws_api_gateway_rest_api.my_api",
            "aws_lambda_function.admin_crear_mesa_lambda",
            "aws_security_group.lambda_sg",
            "data.archive_file.admin_crear_mesa_zip",
            "module.delete_reserva.aws_api_gateway_method.resource_method",
            "module.vpc.aws_subnet.private",
            "module.vpc.aws_vpc.this",
            "module.vpc.aws_vpc_ipv4_cidr_block_association.this"
          ],
          "create_before_destroy": true
        }
      ]
    },
    {
      "module": "module.delete_reserva",
      "mode": "managed",
      "type": "aws_api_gateway_integration",
      "name": "options_integration_lambda",
      "provider": "provider[\"registry.terraform.io/hashicorp/aws\"]",
      "instances": [
        {
          "schema_version": 0,
          "attributes": {
            "cache_key_parameters": null,
            "cache_namespace": "rklh1q",
            "connection_id": "",
            "connection_type": "INTERNET",
            "content_handling": "",
            "credentials": "",
            "http_method": "OPTIONS",
            "id": "agi-y72urr4312-rklh1q-OPTIONS",
            "integration_http_method": "",
            "passthrough_behavior": "WHEN_NO_MATCH",
            "request_parameters": null,
            "request_templates": {
              "application/json": "{\"statusCode\": 200}"
            },
            "resource_id": "rklh1q",
            "rest_api_id": "y72urr4312",
            "timeout_milliseconds": 29000,
            "tls_config": [],
            "type": "MOCK",
            "uri": ""
          },
          "sensitive_attributes": [],
          "private": "bnVsbA==",
          "dependencies": [
            "aws_api_gateway_resource.delete_reserva",
            "aws_api_gateway_resource.reservas",
            "aws_api_gateway_rest_api.my_api",
            "module.delete_reserva.aws_api_gateway_method.options_lambda"
          ],
          "create_before_destroy": true
        }
      ]
    },
    {
      "module": "module.delete_reserva",
      "mode": "managed",
      "type": "aws_api_gateway_integration_response",
      "name": "options_integration_response",
      "provider": "provider[\"registry.terraform.io/hashicorp/aws\"]",
      "instances": [
        {
          "schema_version": 0,
          "attributes": {
            "content_handling": "",
            "http_method": "OPTIONS",
            "id": "agir-y72urr4312-rklh1q-OPTIONS-200",
            "resource_id": "rklh1q",
            "response_parameters": {
              "method.response.header.Access-Control-Allow-Headers": "'Content-Type,X-Amz-Date,Authorization,X-Api-Key,X-Amz-Security-Token'",
              "method.response.header.Access-Control-Allow-Methods": "'DELETE,OPTIONS'",
              "method.response.header.Access-Control-Allow-Origin": "'*'"
            },
            "response_templates": null,
            "rest_api_id": "y72urr4312",
            "selection_pattern": "",
            "status_code": "200"
          },
          "sensitive_attributes": [],
          "private": "bnVsbA==",
          "dependencies": [
            "aws_api_gateway_resource.delete_reserva",
            "aws_api_gateway_resource.reservas",
            "aws_api_gateway_rest_api.my_api",
            "aws_lambda_function.admin_crear_mesa_lambda",
            "aws_security_group.lambda_sg",
            "data.archive_file.admin_crear_mesa_zip",
            "module.delete_reserva.aws_api_gateway_method.options_lambda",
            "module.delete_reserva.aws_api_gateway_method_response.options_method_response",
            "module.vpc.aws_subnet.private",
            "module.vpc.aws_vpc.this",
            "module.vpc.aws_vpc_ipv4_cidr_block_association.this"
          ],
          "create_before_destroy": true
        }
      ]
    },
    {
      "module": "module.delete_reserva",
      "mode": "managed",
      "type": "aws_api_gateway_method",
      "name": "options_lambda",
      "provider": "provider[\"registry.terraform.io/hashicorp/aws\"]",
      "instances": [
        {
          "schema_version": 0,
          "attributes": {
            "api_key_required": false,
            "authorization": "NONE",
            "authorization_scopes": null,
            "authorizer_id": null,
            "http_method": "OPTIONS",
            "id": "agm-y72urr4312-rklh1q-OPTIONS",
            "operation_name": null,
            "request_models": null,
            "request_parameters": null,
            "request_validator_id": null,
            "resource_id": "rklh1q",
            "rest_api_id": "y72urr4312"
          },
          "sensitive_attributes": [],
          "private": "bnVsbA==",
          "dependencies": [
            "aws_api_gateway_resource.delete_reserva",
            "aws_api_gateway_resource.reservas",
            "aws_api_gateway_rest_api.my_api"
          ],
          "create_before_destroy": true
        }
      ]
    },
    {
      "module": "module.delete_reserva",
      "mode": "managed",
      "type": "aws_api_gateway_method",
      "name": "resource_method",
      "provider": "provider[\"registry.terraform.io/hashicorp/aws\"]",
      "instances": [
        {
          "index_key": "DELETE",
          "schema_version": 0,
          "attributes": {
            "api_key_required": false,
            "authorization": "NONE",
            "authorization_scopes": null,
            "authorizer_id": null,
            "http_method": "DELETE",
            "id": "agm-y72urr4312-rklh1q-DELETE",
            "operation_name": null,
            "request_models": null,
            "request_parameters": null,
            "request_validator_id": null,
            "resource_id": "rklh1q",
            "rest_api_id": "y72urr4312"
          },
          "sensitive_attributes": [],
          "private": "bnVsbA==",
          "dependencies": [
            "aws_api_gateway_resource.delete_reserva",
            "aws_api_gateway_resource.reservas",
            "aws_api_gateway_rest_api.my_api",
            "aws_lambda_function.admin_crear_mesa_lambda",
            "aws_security_group.lambda_sg",
            "data.archive_file.admin_crear_mesa_zip",
            "module.vpc.aws_subnet.private",
            "module.vpc.aws_vpc.this",
            "module.vpc.aws_vpc_ipv4_cidr_block_association.this"
          ],
          "create_before_destroy": true
        }
      ]
    },
    {
      "module": "module.delete_reserva",
      "mode": "managed",
      "type": "aws_api_gateway_method_response",
      "name": "cors_method_response_200",
      "provider": "provider[\"registry.terraform.io/hashicorp/aws\"]",
      "instances": [
        {
          "index_key": "DELETE",
          "schema_version": 0,
          "attributes": {
            "http_method": "DELETE",
            "id": "agmr-y72urr4312-rklh1q-DELETE-200",
            "resource_id": "rklh1q",
            "response_models": null,
            "response_parameters": {
              "method.response.header.Access-Control-Allow-Origin": true
            },
            "rest_api_id": "y72urr4312",
            "status_code": "200"
          },
          "sensitive_attributes": [],
          "private": "bnVsbA==",
          "dependencies": [
            "aws_api_gateway_resource.delete_reserva",
            "aws_api_gateway_resource.reservas",
            "aws_api_gateway_rest_api.my_api",
            "aws_lambda_function.admin_crear_mesa_lambda",
            "aws_security_group.lambda_sg",
            "data.archive_file.admin_crear_mesa_zip",
            "module.delete_reserva.aws_api_gateway_method.resource_method",
            "module.vpc.aws_subnet.private",
            "module.vpc.aws_vpc.this",
            "module.vpc.aws_vpc_ipv4_cidr_block_association.this"
          ],
          "create_before_destroy": true
        }
      ]
    },
    {
      "module": "module.delete_reserva",
      "mode": "managed",
      "type": "aws_api_gateway_method_response",
      "name": "options_method_response",
      "provider": "provider[\"registry.terraform.io/hashicorp/aws\"]",
      "instances": [
        {
          "schema_version": 0,
          "attributes": {
            "http_method": "OPTIONS",
            "id": "agmr-y72urr4312-rklh1q-OPTIONS-200",
            "resource_id": "rklh1q",
            "response_models": {
              "application/json": "Empty"
            },
            "response_parameters": {
              "method.response.header.Access-Control-Allow-Headers": true,
              "method.response.header.Access-Control-Allow-Methods": true,
              "method.response.header.Access-Control-Allow-Origin": true
            },
            "rest_api_id": "y72urr4312",
            "status_code": "200"
          },
          "sensitive_attributes": [],
          "private": "bnVsbA==",
          "dependencies": [
            "aws_api_gateway_resource.delete_reserva",
            "aws_api_gateway_resource.reservas",
            "aws_api_gateway_rest_api.my_api",
            "module.delete_reserva.aws_api_gateway_method.options_lambda"
          ],
          "create_before_destroy": true
        }
      ]
    },
    {
      "module": "module.delete_reserva",
      "mode": "managed",
      "type": "aws_lambda_permission",
      "name": "api_gateway_permission",
      "provider": "provider[\"registry.terraform.io/hashicorp/aws\"]",
      "instances": [
        {
          "index_key": "DELETE",
          "schema_version": 0,
          "attributes": {
            "action": "lambda:InvokeFunction",
            "event_source_token": null,
            "function_name": "CrearMesaLambda",
            "function_url_auth_type": null,
            "id": "AllowAPIGatewayInvokeDeleteReserva_DELETE",
            "principal": "apigateway.amazonaws.com",
            "principal_org_id": null,
            "qualifier": "",
            "source_account": null,
            "source_arn": "arn:aws:execute-api:us-east-1:557988741594:y72urr4312/prod/DELETE//reservas/{id}",
            "statement_id": "AllowAPIGatewayInvokeDeleteReserva_DELETE",
            "statement_id_prefix": ""
          },
          "sensitive_attributes": [],
          "private": "bnVsbA==",
          "dependencies": [
            "aws_api_gateway_rest_api.my_api",
            "aws_lambda_function.admin_crear_mesa_lambda",
            "aws_security_group.lambda_sg",
            "data.archive_file.admin_crear_mesa_zip",
            "module.vpc.aws_subnet.private",
            "module.vpc.aws_vpc.this",
            "module.vpc.aws_vpc_ipv4_cidr_block_association.this"
          ],
          "create_before_destroy": true
        }
      ]
    },
    {
      "module": "module.reserva",
      "mode": "managed",
      "type": "aws_api_gateway_integration",
      "name": "lambda_integration",
      "provider": "provider[\"registry.terraform.io/hashicorp/aws\"]",
      "instances": [
        {
          "index_key": "GET",
          "schema_version": 0,
          "attributes": {
            "cache_key_parameters": null,
            "cache_namespace": "4wpuc1",
            "connection_id": "",
            "connection_type": "INTERNET",
            "content_handling": "",
            "credentials": "",
            "http_method": "GET",
            "id": "agi-y72urr4312-4wpuc1-GET",
            "integration_http_method": "POST",
            "passthrough_behavior": "WHEN_NO_MATCH",
            "request_parameters": null,
            "request_templates": null,
            "resource_id": "4wpuc1",
            "rest_api_id": "y72urr4312",
            "timeout_milliseconds": 29000,
            "tls_config": [],
            "type": "AWS_PROXY",
            "uri": "arn:aws:apigateway:us-east-1:lambda:path/2015-03-31/functions/arn:aws:lambda:us-east-1:557988741594:function:ObtenerReservasLambda/invocations"
          },
          "sensitive_attributes": [],
          "private": "bnVsbA==",
          "dependencies": [
            "aws_api_gateway_resource.reservas",
            "aws_api_gateway_rest_api.my_api",
            "aws_lambda_function.crear_reserva_lambda",
            "aws_lambda_function.obtener_reservas_lambda",
            "aws_security_group.lambda_sg",
            "data.archive_file.crear_reserva_zip",
            "data.archive_file.obtener_reservas_zip",
            "module.reserva.aws_api_gateway_method.resource_method",
            "module.vpc.aws_subnet.private",
            "module.vpc.aws_vpc.this",
            "module.vpc.aws_vpc_ipv4_cidr_block_association.this"
          ],
          "create_before_destroy": true
        },
        {
          "index_key": "POST",
          "schema_version": 0,
          "attributes": {
            "cache_key_parameters": null,
            "cache_namespace": "4wpuc1",
            "connection_id": "",
            "connection_type": "INTERNET",
            "content_handling": "",
            "credentials": "",
            "http_method": "POST",
            "id": "agi-y72urr4312-4wpuc1-POST",
            "integration_http_method": "POST",
            "passthrough_behavior": "WHEN_NO_MATCH",
            "request_parameters": null,
            "request_templates": null,
            "resource_id": "4wpuc1",
            "rest_api_id": "y72urr4312",
            "timeout_milliseconds": 29000,
            "tls_config": [],
            "type": "AWS_PROXY",
            "uri": "arn:aws:apigateway:us-east-1:lambda:path/2015-03-31/functions/arn:aws:lambda:us-east-1:557988741594:function:CrearReservaLambda/invocations"
          },
          "sensitive_attributes": [],
          "private": "bnVsbA==",
          "dependencies": [
            "aws_api_gateway_resource.reservas",
            "aws_api_gateway_rest_api.my_api",
            "aws_lambda_function.crear_reserva_lambda",
            "aws_lambda_function.obtener_reservas_lambda",
            "aws_security_group.lambda_sg",
            "data.archive_file.crear_reserva_zip",
            "data.archive_file.obtener_reservas_zip",
            "module.reserva.aws_api_gateway_method.resource_method",
            "module.vpc.aws_subnet.private",
            "module.vpc.aws_vpc.this",
            "module.vpc.aws_vpc_ipv4_cidr_block_association.this"
          ],
          "create_before_destroy": true
        }
      ]
    },
    {
      "module": "module.reserva",
      "mode": "managed",
      "type": "aws_api_gateway_integration",
      "name": "options_integration_lambda",
      "provider": "provider[\"registry.terraform.io/hashicorp/aws\"]",
      "instances": [
        {
          "schema_version": 0,
          "attributes": {
            "cache_key_parameters": null,
            "cache_namespace": "4wpuc1",
            "connection_id": "",
            "connection_type": "INTERNET",
            "content_handling": "",
            "credentials": "",
            "http_method": "OPTIONS",
            "id": "agi-y72urr4312-4wpuc1-OPTIONS",
            "integration_http_method": "",
            "passthrough_behavior": "WHEN_NO_MATCH",
            "request_parameters": null,
            "request_templates": {
              "application/json": "{\"statusCode\": 200}"
            },
            "resource_id": "4wpuc1",
            "rest_api_id": "y72urr4312",
            "timeout_milliseconds": 29000,
            "tls_config": [],
            "type": "MOCK",
            "uri": ""
          },
          "sensitive_attributes": [],
          "private": "bnVsbA==",
          "dependencies": [
            "aws_api_gateway_resource.reservas",
            "aws_api_gateway_rest_api.my_api",
            "aws_lambda_function.crear_reserva_lambda",
            "aws_lambda_function.obtener_reservas_lambda",
            "aws_security_group.lambda_sg",
            "data.archive_file.crear_reserva_zip",
            "data.archive_file.obtener_reservas_zip",
            "module.reserva.aws_api_gateway_method.options_lambda",
            "module.vpc.aws_subnet.private",
            "module.vpc.aws_vpc.this",
            "module.vpc.aws_vpc_ipv4_cidr_block_association.this"
          ],
          "create_before_destroy": true
        }
      ]
    },
    {
      "module": "module.reserva",
      "mode": "managed",
      "type": "aws_api_gateway_integration_response",
      "name": "options_integration_response",
      "provider": "provider[\"registry.terraform.io/hashicorp/aws\"]",
      "instances": [
        {
          "schema_version": 0,
          "attributes": {
            "content_handling": "",
            "http_method": "OPTIONS",
            "id": "agir-y72urr4312-4wpuc1-OPTIONS-200",
            "resource_id": "4wpuc1",
            "response_parameters": {
              "method.response.header.Access-Control-Allow-Headers": "'Content-Type,X-Amz-Date,Authorization,X-Api-Key,X-Amz-Security-Token'",
              "method.response.header.Access-Control-Allow-Methods": "'GET,POST,OPTIONS'",
              "method.response.header.Access-Control-Allow-Origin": "'*'"
            },
            "response_templates": null,
            "rest_api_id": "y72urr4312",
            "selection_pattern": "",
            "status_code": "200"
          },
          "sensitive_attributes": [],
          "private": "bnVsbA==",
          "dependencies": [
            "aws_api_gateway_resource.reservas",
            "aws_api_gateway_rest_api.my_api",
            "aws_lambda_function.crear_reserva_lambda",
            "aws_lambda_function.obtener_reservas_lambda",
            "aws_security_group.lambda_sg",
            "data.archive_file.crear_reserva_zip",
            "data.archive_file.obtener_reservas_zip",
            "module.reserva.aws_api_gateway_method.options_lambda",
            "module.reserva.aws_api_gateway_method_response.options_method_response",
            "module.vpc.aws_subnet.private",
            "module.vpc.aws_vpc.this",
            "module.vpc.aws_vpc_ipv4_cidr_block_association.this"
          ],
          "create_before_destroy": true
        }
      ]
    },
    {
      "module": "module.reserva",
      "mode": "managed",
      "type": "aws_api_gateway_method",
      "name": "options_lambda",
      "provider": "provider[\"registry.terraform.io/hashicorp/aws\"]",
      "instances": [
        {
          "schema_version": 0,
          "attributes": {
            "api_key_required": false,
            "authorization": "NONE",
            "authorization_scopes": null,
            "authorizer_id": null,
            "http_method": "OPTIONS",
            "id": "agm-y72urr4312-4wpuc1-OPTIONS",
            "operation_name": null,
            "request_models": null,
            "request_parameters": null,
            "request_validator_id": null,
            "resource_id": "4wpuc1",
            "rest_api_id": "y72urr4312"
          },
          "sensitive_attributes": [],
          "private": "bnVsbA==",
          "dependencies": [
            "aws_api_gateway_resource.reservas",
            "aws_api_gateway_rest_api.my_api",
            "aws_lambda_function.crear_reserva_lambda",
            "aws_lambda_function.obtener_reservas_lambda",
            "aws_security_group.lambda_sg",
            "data.archive_file.crear_reserva_zip",
            "data.archive_file.obtener_reservas_zip",
            "module.vpc.aws_subnet.private",
            "module.vpc.aws_vpc.this",
            "module.vpc.aws_vpc_ipv4_cidr_block_association.this"
          ],
          "create_before_destroy": true
        }
      ]
    },
    {
      "module": "module.reserva",
      "mode": "managed",
      "type": "aws_api_gateway_method",
      "name": "resource_method",
      "provider": "provider[\"registry.terraform.io/hashicorp/aws\"]",
      "instances": [
        {
          "index_key": "GET",
          "schema_version": 0,
          "attributes": {
            "api_key_required": false,
            "authorization": "NONE",
            "authorization_scopes": null,
            "authorizer_id": null,
            "http_method": "GET",
            "id": "agm-y72urr4312-4wpuc1-GET",
            "operation_name": null,
            "request_models": null,
            "request_parameters": null,
            "request_validator_id": null,
            "resource_id": "4wpuc1",
            "rest_api_id": "y72urr4312"
          },
          "sensitive_attributes": [],
          "private": "bnVsbA==",
          "dependencies": [
            "aws_api_gateway_resource.reservas",
            "aws_api_gateway_rest_api.my_api",
            "aws_lambda_function.crear_reserva_lambda",
            "aws_lambda_function.obtener_reservas_lambda",
            "aws_security_group.lambda_sg",
            "data.archive_file.crear_reserva_zip",
            "data.archive_file.obtener_reservas_zip",
            "module.vpc.aws_subnet.private",
            "module.vpc.aws_vpc.this",
            "module.vpc.aws_vpc_ipv4_cidr_block_association.this"
          ],
          "create_before_destroy": true
        },
        {
          "index_key": "POST",
          "schema_version": 0,
          "attributes": {
            "api_key_required": false,
            "authorization": "NONE",
            "authorization_scopes": null,
            "authorizer_id": null,
            "http_method": "POST",
            "id": "agm-y72urr4312-4wpuc1-POST",
            "operation_name": null,
            "request_models": null,
            "request_parameters": null,
            "request_validator_id": null,
            "resource_id": "4wpuc1",
            "rest_api_id": "y72urr4312"
          },
          "sensitive_attributes": [],
          "private": "bnVsbA==",
          "dependencies": [
            "aws_api_gateway_resource.reservas",
            "aws_api_gateway_rest_api.my_api",
            "aws_lambda_function.crear_reserva_lambda",
            "aws_lambda_function.obtener_reservas_lambda",
            "aws_security_group.lambda_sg",
            "data.archive_file.crear_reserva_zip",
            "data.archive_file.obtener_reservas_zip",
            "module.vpc.aws_subnet.private",
            "module.vpc.aws_vpc.this",
            "module.vpc.aws_vpc_ipv4_cidr_block_association.this"
          ],
          "create_before_destroy": true
        }
      ]
    },
    {
      "module": "module.reserva",
      "mode": "managed",
      "type": "aws_api_gateway_method_response",
      "name": "cors_method_response_200",
      "provider": "provider[\"registry.terraform.io/hashicorp/aws\"]",
      "instances": [
        {
          "index_key": "GET",
          "schema_version": 0,
          "attributes": {
            "http_method": "GET",
            "id": "agmr-y72urr4312-4wpuc1-GET-200",
            "resource_id": "4wpuc1",
            "response_models": null,
            "response_parameters": {
              "method.response.header.Access-Control-Allow-Origin": true
            },
            "rest_api_id": "y72urr4312",
            "status_code": "200"
          },
          "sensitive_attributes": [],
          "private": "bnVsbA==",
          "dependencies": [
            "aws_api_gateway_resource.reservas",
            "aws_api_gateway_rest_api.my_api",
            "aws_lambda_function.crear_reserva_lambda",
            "aws_lambda_function.obtener_reservas_lambda",
            "aws_security_group.lambda_sg",
            "data.archive_file.crear_reserva_zip",
            "data.archive_file.obtener_reservas_zip",
            "module.reserva.aws_api_gateway_method.resource_method",
            "module.vpc.aws_subnet.private",
            "module.vpc.aws_vpc.this",
            "module.vpc.aws_vpc_ipv4_cidr_block_association.this"
          ],
          "create_before_destroy": true
        },
        {
          "index_key": "POST",
          "schema_version": 0,
          "attributes": {
            "http_method": "POST",
            "id": "agmr-y72urr4312-4wpuc1-POST-200",
            "resource_id": "4wpuc1",
            "response_models": null,
            "response_parameters": {
              "method.response.header.Access-Control-Allow-Origin": true
            },
            "rest_api_id": "y72urr4312",
            "status_code": "200"
          },
          "sensitive_attributes": [],
          "private": "bnVsbA==",
          "dependencies": [
            "aws_api_gateway_resource.reservas",
            "aws_api_gateway_rest_api.my_api",
            "aws_lambda_function.crear_reserva_lambda",
            "aws_lambda_function.obtener_reservas_lambda",
            "aws_security_group.lambda_sg",
            "data.archive_file.crear_reserva_zip",
            "data.archive_file.obtener_reservas_zip",
            "module.reserva.aws_api_gateway_method.resource_method",
            "module.vpc.aws_subnet.private",
            "module.vpc.aws_vpc.this",
            "module.vpc.aws_vpc_ipv4_cidr_block_association.this"
          ],
          "create_before_destroy": true
        }
      ]
    },
    {
      "module": "module.reserva",
      "mode": "managed",
      "type": "aws_api_gateway_method_response",
      "name": "options_method_response",
      "provider": "provider[\"registry.terraform.io/hashicorp/aws\"]",
      "instances": [
        {
          "schema_version": 0,
          "attributes": {
            "http_method": "OPTIONS",
            "id": "agmr-y72urr4312-4wpuc1-OPTIONS-200",
            "resource_id": "4wpuc1",
            "response_models": {
              "application/json": "Empty"
            },
            "response_parameters": {
              "method.response.header.Access-Control-Allow-Headers": true,
              "method.response.header.Access-Control-Allow-Methods": true,
              "method.response.header.Access-Control-Allow-Origin": true
            },
            "rest_api_id": "y72urr4312",
            "status_code": "200"
          },
          "sensitive_attributes": [],
          "private": "bnVsbA==",
          "dependencies": [
            "aws_api_gateway_resource.reservas",
            "aws_api_gateway_rest_api.my_api",
            "aws_lambda_function.crear_reserva_lambda",
            "aws_lambda_function.obtener_reservas_lambda",
            "aws_security_group.lambda_sg",
            "data.archive_file.crear_reserva_zip",
            "data.archive_file.obtener_reservas_zip",
            "module.reserva.aws_api_gateway_method.options_lambda",
            "module.vpc.aws_subnet.private",
            "module.vpc.aws_vpc.this",
            "module.vpc.aws_vpc_ipv4_cidr_block_association.this"
          ],
          "create_before_destroy": true
        }
      ]
    },
    {
      "module": "module.reserva",
      "mode": "managed",
      "type": "aws_lambda_permission",
      "name": "api_gateway_permission",
      "provider": "provider[\"registry.terraform.io/hashicorp/aws\"]",
      "instances": [
        {
          "index_key": "GET",
          "schema_version": 0,
          "attributes": {
            "action": "lambda:InvokeFunction",
            "event_source_token": null,
            "function_name": "ObtenerReservasLambda",
            "function_url_auth_type": null,
            "id": "AllowAPIGatewayInvokeReserva_GET",
            "principal": "apigateway.amazonaws.com",
            "principal_org_id": null,
            "qualifier": "",
            "source_account": null,
            "source_arn": "arn:aws:execute-api:us-east-1:557988741594:y72urr4312/prod/GET/reservas",
            "statement_id": "AllowAPIGatewayInvokeReserva_GET",
            "statement_id_prefix": ""
          },
          "sensitive_attributes": [],
          "private": "bnVsbA==",
          "dependencies": [
            "aws_api_gateway_resource.reservas",
            "aws_api_gateway_rest_api.my_api",
            "aws_lambda_function.crear_reserva_lambda",
            "aws_lambda_function.obtener_reservas_lambda",
            "aws_security_group.lambda_sg",
            "data.archive_file.crear_reserva_zip",
            "data.archive_file.obtener_reservas_zip",
            "module.vpc.aws_subnet.private",
            "module.vpc.aws_vpc.this",
            "module.vpc.aws_vpc_ipv4_cidr_block_association.this"
          ],
          "create_before_destroy": true
        },
        {
          "index_key": "POST",
          "schema_version": 0,
          "attributes": {
            "action": "lambda:InvokeFunction",
            "event_source_token": null,
            "function_name": "CrearReservaLambda",
            "function_url_auth_type": null,
            "id": "AllowAPIGatewayInvokeReserva_POST",
            "principal": "apigateway.amazonaws.com",
            "principal_org_id": null,
            "qualifier": "",
            "source_account": null,
            "source_arn": "arn:aws:execute-api:us-east-1:557988741594:y72urr4312/prod/POST/reservas",
            "statement_id": "AllowAPIGatewayInvokeReserva_POST",
            "statement_id_prefix": ""
          },
          "sensitive_attributes": [],
          "private": "bnVsbA==",
          "dependencies": [
            "aws_api_gateway_resource.reservas",
            "aws_api_gateway_rest_api.my_api",
            "aws_lambda_function.crear_reserva_lambda",
            "aws_lambda_function.obtener_reservas_lambda",
            "aws_security_group.lambda_sg",
            "data.archive_file.crear_reserva_zip",
            "data.archive_file.obtener_reservas_zip",
            "module.vpc.aws_subnet.private",
            "module.vpc.aws_vpc.this",
            "module.vpc.aws_vpc_ipv4_cidr_block_association.this"
          ],
          "create_before_destroy": true
        }
      ]
    },
    {
      "module": "module.vpc",
      "mode": "managed",
      "type": "aws_default_network_acl",
      "name": "this",
      "provider": "provider[\"registry.terraform.io/hashicorp/aws\"]",
      "instances": [
        {
          "index_key": 0,
          "schema_version": 0,
          "attributes": {
            "arn": "arn:aws:ec2:us-east-1:557988741594:network-acl/acl-043e8a904a806a983",
            "default_network_acl_id": "acl-043e8a904a806a983",
            "egress": [
              {
                "action": "allow",
                "cidr_block": "",
                "from_port": 0,
                "icmp_code": null,
                "icmp_type": null,
                "ipv6_cidr_block": "::/0",
                "protocol": "-1",
                "rule_no": 101,
                "to_port": 0
              },
              {
                "action": "allow",
                "cidr_block": "0.0.0.0/0",
                "from_port": 0,
                "icmp_code": null,
                "icmp_type": null,
                "ipv6_cidr_block": "",
                "protocol": "-1",
                "rule_no": 100,
                "to_port": 0
              }
            ],
            "id": "acl-043e8a904a806a983",
            "ingress": [
              {
                "action": "allow",
                "cidr_block": "",
                "from_port": 0,
                "icmp_code": null,
                "icmp_type": null,
                "ipv6_cidr_block": "::/0",
                "protocol": "-1",
                "rule_no": 101,
                "to_port": 0
              },
              {
                "action": "allow",
                "cidr_block": "0.0.0.0/0",
                "from_port": 0,
                "icmp_code": null,
                "icmp_type": null,
                "ipv6_cidr_block": "",
                "protocol": "-1",
                "rule_no": 100,
                "to_port": 0
              }
            ],
            "owner_id": "557988741594",
            "subnet_ids": [
              "subnet-05fcdeaf054716ba4",
              "subnet-0aacdb281bc9ff6f9"
            ],
            "tags": {
              "Environment": "dev",
              "Name": "my-vpc-default",
              "Terraform": "true"
            },
            "tags_all": {
              "Environment": "dev",
              "Name": "my-vpc-default",
              "Terraform": "true"
            },
            "vpc_id": "vpc-089de6f812c8d9b40"
          },
          "sensitive_attributes": [],
          "private": "bnVsbA==",
          "dependencies": [
            "module.vpc.aws_vpc.this"
          ]
        }
      ]
    },
    {
      "module": "module.vpc",
      "mode": "managed",
      "type": "aws_default_route_table",
      "name": "default",
      "provider": "provider[\"registry.terraform.io/hashicorp/aws\"]",
      "instances": [
        {
          "index_key": 0,
          "schema_version": 0,
          "attributes": {
            "arn": "arn:aws:ec2:us-east-1:557988741594:route-table/rtb-02098e400107ef321",
            "default_route_table_id": "rtb-02098e400107ef321",
            "id": "rtb-02098e400107ef321",
            "owner_id": "557988741594",
            "propagating_vgws": null,
            "route": [],
            "tags": {
              "Environment": "dev",
              "Name": "my-vpc-default",
              "Terraform": "true"
            },
            "tags_all": {
              "Environment": "dev",
              "Name": "my-vpc-default",
              "Terraform": "true"
            },
            "timeouts": {
              "create": "5m",
              "update": "5m"
            },
            "vpc_id": "vpc-089de6f812c8d9b40"
          },
          "sensitive_attributes": [],
          "private": "eyJlMmJmYjczMC1lY2FhLTExZTYtOGY4OC0zNDM2M2JjN2M0YzAiOnsiY3JlYXRlIjozMDAwMDAwMDAwMDAsInVwZGF0ZSI6MzAwMDAwMDAwMDAwfX0=",
          "dependencies": [
            "module.vpc.aws_vpc.this"
          ]
        }
      ]
    },
    {
      "module": "module.vpc",
      "mode": "managed",
      "type": "aws_default_security_group",
      "name": "this",
      "provider": "provider[\"registry.terraform.io/hashicorp/aws\"]",
      "instances": [
        {
          "index_key": 0,
          "schema_version": 1,
          "attributes": {
            "arn": "arn:aws:ec2:us-east-1:557988741594:security-group/sg-0ce548d65312276f9",
            "description": "default VPC security group",
            "egress": [],
            "id": "sg-0ce548d65312276f9",
            "ingress": [],
            "name": "default",
            "name_prefix": "",
            "owner_id": "557988741594",
            "revoke_rules_on_delete": false,
            "tags": {
              "Environment": "dev",
              "Name": "my-vpc-default",
              "Terraform": "true"
            },
            "tags_all": {
              "Environment": "dev",
              "Name": "my-vpc-default",
              "Terraform": "true"
            },
            "vpc_id": "vpc-089de6f812c8d9b40"
          },
          "sensitive_attributes": [],
          "private": "eyJzY2hlbWFfdmVyc2lvbiI6IjEifQ==",
          "dependencies": [
            "module.vpc.aws_vpc.this"
          ]
        }
      ]
    },
    {
      "module": "module.vpc",
      "mode": "managed",
      "type": "aws_route_table",
      "name": "private",
      "provider": "provider[\"registry.terraform.io/hashicorp/aws\"]",
      "instances": [
        {
          "index_key": 0,
          "schema_version": 0,
          "attributes": {
            "arn": "arn:aws:ec2:us-east-1:557988741594:route-table/rtb-0f13c25b8e4279932",
            "id": "rtb-0f13c25b8e4279932",
            "owner_id": "557988741594",
            "propagating_vgws": [],
            "route": [],
            "tags": {
              "Environment": "dev",
              "Name": "my-vpc-private-us-east-1a",
              "Terraform": "true"
            },
            "tags_all": {
              "Environment": "dev",
              "Name": "my-vpc-private-us-east-1a",
              "Terraform": "true"
            },
            "timeouts": null,
            "vpc_id": "vpc-089de6f812c8d9b40"
          },
          "sensitive_attributes": [],
          "private": "eyJlMmJmYjczMC1lY2FhLTExZTYtOGY4OC0zNDM2M2JjN2M0YzAiOnsiY3JlYXRlIjozMDAwMDAwMDAwMDAsImRlbGV0ZSI6MzAwMDAwMDAwMDAwLCJ1cGRhdGUiOjEyMDAwMDAwMDAwMH19",
          "dependencies": [
            "module.vpc.aws_vpc.this",
            "module.vpc.aws_vpc_ipv4_cidr_block_association.this"
          ]
        },
        {
          "index_key": 1,
          "schema_version": 0,
          "attributes": {
            "arn": "arn:aws:ec2:us-east-1:557988741594:route-table/rtb-0dd398376eb446e7d",
            "id": "rtb-0dd398376eb446e7d",
            "owner_id": "557988741594",
            "propagating_vgws": [],
            "route": [],
            "tags": {
              "Environment": "dev",
              "Name": "my-vpc-private-us-east-1b",
              "Terraform": "true"
            },
            "tags_all": {
              "Environment": "dev",
              "Name": "my-vpc-private-us-east-1b",
              "Terraform": "true"
            },
            "timeouts": null,
            "vpc_id": "vpc-089de6f812c8d9b40"
          },
          "sensitive_attributes": [],
          "private": "eyJlMmJmYjczMC1lY2FhLTExZTYtOGY4OC0zNDM2M2JjN2M0YzAiOnsiY3JlYXRlIjozMDAwMDAwMDAwMDAsImRlbGV0ZSI6MzAwMDAwMDAwMDAwLCJ1cGRhdGUiOjEyMDAwMDAwMDAwMH19",
          "dependencies": [
            "module.vpc.aws_vpc.this",
            "module.vpc.aws_vpc_ipv4_cidr_block_association.this"
          ]
        }
      ]
    },
    {
      "module": "module.vpc",
      "mode": "managed",
      "type": "aws_route_table_association",
      "name": "private",
      "provider": "provider[\"registry.terraform.io/hashicorp/aws\"]",
      "instances": [
        {
          "index_key": 0,
          "schema_version": 0,
          "attributes": {
            "gateway_id": "",
            "id": "rtbassoc-0d0d2c88a9db786a4",
            "route_table_id": "rtb-0f13c25b8e4279932",
            "subnet_id": "subnet-0aacdb281bc9ff6f9",
            "timeouts": null
          },
          "sensitive_attributes": [],
          "private": "eyJlMmJmYjczMC1lY2FhLTExZTYtOGY4OC0zNDM2M2JjN2M0YzAiOnsiY3JlYXRlIjozMDAwMDAwMDAwMDAsImRlbGV0ZSI6MzAwMDAwMDAwMDAwLCJ1cGRhdGUiOjEyMDAwMDAwMDAwMH19",
          "dependencies": [
            "module.vpc.aws_route_table.private",
            "module.vpc.aws_subnet.private",
            "module.vpc.aws_vpc.this",
            "module.vpc.aws_vpc_ipv4_cidr_block_association.this"
          ]
        },
        {
          "index_key": 1,
          "schema_version": 0,
          "attributes": {
            "gateway_id": "",
            "id": "rtbassoc-0a51e536d494c4b95",
            "route_table_id": "rtb-0dd398376eb446e7d",
            "subnet_id": "subnet-05fcdeaf054716ba4",
            "timeouts": null
          },
          "sensitive_attributes": [],
          "private": "eyJlMmJmYjczMC1lY2FhLTExZTYtOGY4OC0zNDM2M2JjN2M0YzAiOnsiY3JlYXRlIjozMDAwMDAwMDAwMDAsImRlbGV0ZSI6MzAwMDAwMDAwMDAwLCJ1cGRhdGUiOjEyMDAwMDAwMDAwMH19",
          "dependencies": [
            "module.vpc.aws_route_table.private",
            "module.vpc.aws_subnet.private",
            "module.vpc.aws_vpc.this",
            "module.vpc.aws_vpc_ipv4_cidr_block_association.this"
          ]
        }
      ]
    },
    {
      "module": "module.vpc",
      "mode": "managed",
      "type": "aws_subnet",
      "name": "private",
      "provider": "provider[\"registry.terraform.io/hashicorp/aws\"]",
      "instances": [
        {
          "index_key": 0,
          "schema_version": 1,
          "attributes": {
            "arn": "arn:aws:ec2:us-east-1:557988741594:subnet/subnet-0aacdb281bc9ff6f9",
            "assign_ipv6_address_on_creation": false,
            "availability_zone": "us-east-1a",
            "availability_zone_id": "use1-az4",
            "cidr_block": "10.0.1.0/24",
            "customer_owned_ipv4_pool": "",
            "enable_dns64": false,
            "enable_lni_at_device_index": 0,
            "enable_resource_name_dns_a_record_on_launch": false,
            "enable_resource_name_dns_aaaa_record_on_launch": false,
            "id": "subnet-0aacdb281bc9ff6f9",
            "ipv6_cidr_block": "",
            "ipv6_cidr_block_association_id": "",
            "ipv6_native": false,
            "map_customer_owned_ip_on_launch": false,
            "map_public_ip_on_launch": false,
            "outpost_arn": "",
            "owner_id": "557988741594",
            "private_dns_hostname_type_on_launch": "ip-name",
            "tags": {
              "Environment": "dev",
              "Name": "my-vpc-private-us-east-1a",
              "Terraform": "true"
            },
            "tags_all": {
              "Environment": "dev",
              "Name": "my-vpc-private-us-east-1a",
              "Terraform": "true"
            },
            "timeouts": null,
            "vpc_id": "vpc-089de6f812c8d9b40"
          },
          "sensitive_attributes": [],
          "private": "eyJlMmJmYjczMC1lY2FhLTExZTYtOGY4OC0zNDM2M2JjN2M0YzAiOnsiY3JlYXRlIjo2MDAwMDAwMDAwMDAsImRlbGV0ZSI6MTIwMDAwMDAwMDAwMH0sInNjaGVtYV92ZXJzaW9uIjoiMSJ9",
          "dependencies": [
            "module.vpc.aws_vpc.this",
            "module.vpc.aws_vpc_ipv4_cidr_block_association.this"
          ],
          "create_before_destroy": true
        },
        {
          "index_key": 1,
          "schema_version": 1,
          "attributes": {
            "arn": "arn:aws:ec2:us-east-1:557988741594:subnet/subnet-05fcdeaf054716ba4",
            "assign_ipv6_address_on_creation": false,
            "availability_zone": "us-east-1b",
            "availability_zone_id": "use1-az6",
            "cidr_block": "10.0.2.0/24",
            "customer_owned_ipv4_pool": "",
            "enable_dns64": false,
            "enable_lni_at_device_index": 0,
            "enable_resource_name_dns_a_record_on_launch": false,
            "enable_resource_name_dns_aaaa_record_on_launch": false,
            "id": "subnet-05fcdeaf054716ba4",
            "ipv6_cidr_block": "",
            "ipv6_cidr_block_association_id": "",
            "ipv6_native": false,
            "map_customer_owned_ip_on_launch": false,
            "map_public_ip_on_launch": false,
            "outpost_arn": "",
            "owner_id": "557988741594",
            "private_dns_hostname_type_on_launch": "ip-name",
            "tags": {
              "Environment": "dev",
              "Name": "my-vpc-private-us-east-1b",
              "Terraform": "true"
            },
            "tags_all": {
              "Environment": "dev",
              "Name": "my-vpc-private-us-east-1b",
              "Terraform": "true"
            },
            "timeouts": null,
            "vpc_id": "vpc-089de6f812c8d9b40"
          },
          "sensitive_attributes": [],
          "private": "eyJlMmJmYjczMC1lY2FhLTExZTYtOGY4OC0zNDM2M2JjN2M0YzAiOnsiY3JlYXRlIjo2MDAwMDAwMDAwMDAsImRlbGV0ZSI6MTIwMDAwMDAwMDAwMH0sInNjaGVtYV92ZXJzaW9uIjoiMSJ9",
          "dependencies": [
            "module.vpc.aws_vpc.this",
            "module.vpc.aws_vpc_ipv4_cidr_block_association.this"
          ],
          "create_before_destroy": true
        }
      ]
    },
    {
      "module": "module.vpc",
      "mode": "managed",
      "type": "aws_vpc",
      "name": "this",
      "provider": "provider[\"registry.terraform.io/hashicorp/aws\"]",
      "instances": [
        {
          "index_key": 0,
          "schema_version": 1,
          "attributes": {
            "arn": "arn:aws:ec2:us-east-1:557988741594:vpc/vpc-089de6f812c8d9b40",
            "assign_generated_ipv6_cidr_block": false,
            "cidr_block": "10.0.0.0/16",
            "default_network_acl_id": "acl-043e8a904a806a983",
            "default_route_table_id": "rtb-02098e400107ef321",
            "default_security_group_id": "sg-0ce548d65312276f9",
            "dhcp_options_id": "dopt-0e5a25f0451098d57",
            "enable_dns_hostnames": true,
            "enable_dns_support": true,
            "enable_network_address_usage_metrics": false,
            "id": "vpc-089de6f812c8d9b40",
            "instance_tenancy": "default",
            "ipv4_ipam_pool_id": null,
            "ipv4_netmask_length": null,
            "ipv6_association_id": "",
            "ipv6_cidr_block": "",
            "ipv6_cidr_block_network_border_group": "",
            "ipv6_ipam_pool_id": "",
            "ipv6_netmask_length": 0,
            "main_route_table_id": "rtb-02098e400107ef321",
            "owner_id": "557988741594",
            "tags": {
              "Environment": "dev",
              "Name": "my-vpc",
              "Terraform": "true"
            },
            "tags_all": {
              "Environment": "dev",
              "Name": "my-vpc",
              "Terraform": "true"
            }
          },
          "sensitive_attributes": [],
          "private": "eyJzY2hlbWFfdmVyc2lvbiI6IjEifQ==",
          "create_before_destroy": true
        }
      ]
    }
  ],
  "check_results": null
}
