{
  "version": 4,
  "terraform_version": "1.9.7",
  "serial": 93,
  "lineage": "bf219df5-f4be-0a06-303e-d10848d57114",
  "outputs": {
    "api_gateway_url": {
      "value": "https://id95l3w72m.execute-api.us-east-1.amazonaws.com/prod",
      "type": "string"
    },
    "s3_bucket_name": {
      "value": "frontend-bucket-cloudbooktable-marcos",
      "type": "string"
    },
    "website_endpoint": {
      "value": "frontend-bucket-cloudbooktable-marcos.s3-website-us-east-1.amazonaws.com",
      "type": "string"
    }
  },
  "resources": [
    {
      "mode": "data",
      "type": "archive_file",
      "name": "admin_crear_mesa_zip",
      "provider": "provider[\"registry.terraform.io/hashicorp/archive\"]",
      "instances": [
        {
          "schema_version": 0,
          "attributes": {
            "exclude_symlink_directories": null,
            "excludes": null,
            "id": "8dfd25abe91adf12aa2119f4f8fb6a4a867b0604",
            "output_base64sha256": "qz6gXXnntMSoEThHQO3Rj5GlR699atCTxr8Q8smLJ5M=",
            "output_base64sha512": "/yfGNdlfDTEMowNkBXLmdUR9EAuWOZYE5i7YTgc6T9YvAjAZ1cvRYaDaPSRkuKSIi9EElfdMt5sdIZPAtrEROg==",
            "output_file_mode": null,
            "output_md5": "4f354b069eebd985d33173d92f357759",
            "output_path": "./../backend/admin-crear-mesa/admin_crear_mesa.zip",
            "output_sha": "8dfd25abe91adf12aa2119f4f8fb6a4a867b0604",
            "output_sha256": "ab3ea05d79e7b4c4a811384740edd18f91a547af7d6ad093c6bf10f2c98b2793",
            "output_sha512": "ff27c635d95f0d310ca303640572e675447d100b96399604e62ed84e073a4fd62f023019d5cbd161a0da3d2464b8a4888bd10495f74cb79b1d2193c0b6b1113a",
            "output_size": 1490,
            "source": [],
            "source_content": null,
            "source_content_filename": null,
            "source_dir": "./../backend/admin-crear-mesa",
            "source_file": null,
            "type": "zip"
          },
          "sensitive_attributes": []
        }
      ]
    },
    {
      "mode": "data",
      "type": "archive_file",
      "name": "admin_crear_restaurant_zip",
      "provider": "provider[\"registry.terraform.io/hashicorp/archive\"]",
      "instances": [
        {
          "schema_version": 0,
          "attributes": {
            "exclude_symlink_directories": null,
            "excludes": null,
            "id": "de9a01db7c466314061f4f1181149aa0c9fa42ba",
            "output_base64sha256": "uLidOVfsVpS9PCOWG4xxH05kswgqwY48+OW0/eFx6C0=",
            "output_base64sha512": "ITwXlltjCydYh7CPc2I/2cQzpZuz9kyBYG+wt3Ad7GiSjVCkkmk8VoZ7sBr1I1oF/10XfckNm8PDk/mk4qSQyQ==",
            "output_file_mode": null,
            "output_md5": "67f40f76171a21d9af24ea4b1c13a3f1",
            "output_path": "./../backend/admin-crear-restaurant/admin_crear_restaurant.zip",
            "output_sha": "de9a01db7c466314061f4f1181149aa0c9fa42ba",
            "output_sha256": "b8b89d3957ec5694bd3c23961b8c711f4e64b3082ac18e3cf8e5b4fde171e82d",
            "output_sha512": "213c17965b630b275887b08f73623fd9c433a59bb3f64c81606fb0b7701dec68928d50a492693c56867bb01af5235a05ff5d177dc90d9bc3c393f9a4e2a490c9",
            "output_size": 2194,
            "source": [],
            "source_content": null,
            "source_content_filename": null,
            "source_dir": "./../backend/admin-crear-restaurant",
            "source_file": null,
            "type": "zip"
          },
          "sensitive_attributes": []
        }
      ]
    },
    {
      "mode": "data",
      "type": "archive_file",
      "name": "admin_obtener_reservas_zip",
      "provider": "provider[\"registry.terraform.io/hashicorp/archive\"]",
      "instances": [
        {
          "schema_version": 0,
          "attributes": {
            "exclude_symlink_directories": null,
            "excludes": null,
            "id": "98ce229b80d7a75fe97790b78eb368dabd9c3eed",
            "output_base64sha256": "CZjzFPBY7X+xznS5HX9sbbt4IjKAukMaHhONJCeybaM=",
            "output_base64sha512": "/AyBRmq/9sbRsXGhqKN4a+8XOHdDT2ld9lTih8V9LMpjvGpfIHeAQJXK0p7tDRCa4UgBxKjZjD3fGEzziHuI3g==",
            "output_file_mode": null,
            "output_md5": "c2df3fe7f7075466c94ca03775c4e237",
            "output_path": "./../backend/admin-obtener-reservas/admin_obtener_reservas.zip",
            "output_sha": "98ce229b80d7a75fe97790b78eb368dabd9c3eed",
            "output_sha256": "0998f314f058ed7fb1ce74b91d7f6c6dbb78223280ba431a1e138d2427b26da3",
            "output_sha512": "fc0c81466abff6c6d1b171a1a8a3786bef173877434f695df654e287c57d2cca63bc6a5f2077804095cad29eed0d109ae14801c4a8d98c3ddf184cf3887b88de",
            "output_size": 1345,
            "source": [],
            "source_content": null,
            "source_content_filename": null,
            "source_dir": "./../backend/admin-obtener-reservas",
            "source_file": null,
            "type": "zip"
          },
          "sensitive_attributes": []
        }
      ]
    },
    {
      "mode": "data",
      "type": "archive_file",
      "name": "crear_reserva_zip",
      "provider": "provider[\"registry.terraform.io/hashicorp/archive\"]",
      "instances": [
        {
          "schema_version": 0,
          "attributes": {
            "exclude_symlink_directories": null,
            "excludes": null,
            "id": "61769de482705d59d593564bd5258da712141f3f",
            "output_base64sha256": "2tTOFH6xXQOvtXGk7vwDu5hHtxN9GiGAKBxwzo/ycl4=",
            "output_base64sha512": "wrwehtQ0kg40937pW9dgJ48GDwWlKACHkecOIokjgfzjpuRMrksbfKtToxK86Z93lHIlYYiogMw4JhDG3g2Grg==",
            "output_file_mode": null,
            "output_md5": "84bcfe73ba5fc5b36e7e605c28b6df07",
            "output_path": "./../backend/crear-reserva/crear_reserva.zip",
            "output_sha": "61769de482705d59d593564bd5258da712141f3f",
            "output_sha256": "dad4ce147eb15d03afb571a4eefc03bb9847b7137d1a2180281c70ce8ff2725e",
            "output_sha512": "c2bc1e86d434920e34f77ee95bd760278f060f05a528008791e70e22892381fce3a6e44cae4b1b7cab53a312bce99f779472256188a880cc382610c6de0d86ae",
            "output_size": 2197,
            "source": [],
            "source_content": null,
            "source_content_filename": null,
            "source_dir": "./../backend/crear-reserva",
            "source_file": null,
            "type": "zip"
          },
          "sensitive_attributes": []
        }
      ]
    },
    {
      "mode": "data",
      "type": "archive_file",
      "name": "delete_reserva_zip",
      "provider": "provider[\"registry.terraform.io/hashicorp/archive\"]",
      "instances": [
        {
          "schema_version": 0,
          "attributes": {
            "exclude_symlink_directories": null,
            "excludes": null,
            "id": "dd6d764e60e293e4bec5579705f293f7f6d92a7e",
            "output_base64sha256": "ChePSmtKc/cZ5l+B6RkVHJAsLjBpmxPXArYIn50jqlk=",
            "output_base64sha512": "4LXg1usJxSHbOAxBB6bY+TJ9dtQygAe2136rS/SZXZdNsRV4uMXlIeKyU9vEiSAOvEFQWQ7Gio+KWDQdS2R1oQ==",
            "output_file_mode": null,
            "output_md5": "09826a22bc770d02f012e561fcdf4453",
            "output_path": "./../backend/delete-reserva/delete_reserva.zip",
            "output_sha": "dd6d764e60e293e4bec5579705f293f7f6d92a7e",
            "output_sha256": "0a178f4a6b4a73f719e65f81e919151c902c2e30699b13d702b6089f9d23aa59",
            "output_sha512": "e0b5e0d6eb09c521db380c4107a6d8f9327d76d4328007b6d77eab4bf4995d974db11578b8c5e521e2b253dbc489200ebc4150590ec68a8f8a58341d4b6475a1",
            "output_size": 1509,
            "source": [],
            "source_content": null,
            "source_content_filename": null,
            "source_dir": "./../backend/delete-reserva",
            "source_file": null,
            "type": "zip"
          },
          "sensitive_attributes": []
        }
      ]
    },
    {
      "mode": "data",
      "type": "archive_file",
      "name": "frontend",
      "provider": "provider[\"registry.terraform.io/hashicorp/archive\"]",
      "instances": [
        {
          "schema_version": 0,
          "attributes": {
            "exclude_symlink_directories": null,
            "excludes": null,
            "id": "5310c07cf5354d99a222eeb158116ad54c4fbadb",
            "output_base64sha256": "nIFKkJirJQr2nmrDejXxmHsmm16camJd47FqHxpvGaE=",
            "output_base64sha512": "DizB6cDMB+BRghoASuuLPZHIKG9I3eK+/ZgwBHrUKJFud7heWyPaPRP9XZQkbuTuh3zbJNQAEFul+smi2fRagA==",
            "output_file_mode": null,
            "output_md5": "10f8b8912333d34749e76e75a2029135",
            "output_path": "./../frontend/frontend.zip",
            "output_sha": "5310c07cf5354d99a222eeb158116ad54c4fbadb",
            "output_sha256": "9c814a9098ab250af69e6ac37a35f1987b269b5e9c6a625de3b16a1f1a6f19a1",
            "output_sha512": "0e2cc1e9c0cc07e051821a004aeb8b3d91c8286f48dde2befd9830047ad428916e77b85e5b23da3d13fd5d94246ee4ee877cdb24d400105ba5fac9a2d9f45a80",
            "output_size": 281874565,
            "source": [],
            "source_content": null,
            "source_content_filename": null,
            "source_dir": "./../frontend",
            "source_file": null,
            "type": "zip"
          },
          "sensitive_attributes": []
        }
      ]
    },
    {
      "mode": "data",
      "type": "archive_file",
      "name": "obtener_reservas_zip",
      "provider": "provider[\"registry.terraform.io/hashicorp/archive\"]",
      "instances": [
        {
          "schema_version": 0,
          "attributes": {
            "exclude_symlink_directories": null,
            "excludes": null,
            "id": "ec86a226352e3676814afe7652568f22589c2cd5",
            "output_base64sha256": "Np5sDAMg2hwOLkhJ/KmmQeBYpNz9yJ9MI5ebnkY2qvI=",
            "output_base64sha512": "EII1V5VIabUkrKjqfnytzyAF1zPLf3bA8g/3F55t2+/DGcAnhCT2CLtRi0txsi4ZrsLIjRnBWGLbAzORjBpJXQ==",
            "output_file_mode": null,
            "output_md5": "7bcd8c7bc140d76670208b08e288e9e2",
            "output_path": "./../backend/obtener-reservas/obtener_reservas.zip",
            "output_sha": "ec86a226352e3676814afe7652568f22589c2cd5",
            "output_sha256": "369e6c0c0320da1c0e2e4849fca9a641e058a4dcfdc89f4c23979b9e4636aaf2",
            "output_sha512": "10823557954869b524aca8ea7e7cadcf2005d733cb7f76c0f20ff7179e6ddbefc319c0278424f608bb518b4b71b22e19aec2c88d19c15862db0333918c1a495d",
            "output_size": 1140,
            "source": [],
            "source_content": null,
            "source_content_filename": null,
            "source_dir": "./../backend/obtener-reservas",
            "source_file": null,
            "type": "zip"
          },
          "sensitive_attributes": []
        }
      ]
    },
    {
      "mode": "data",
      "type": "aws_iam_role",
      "name": "labrole",
      "provider": "provider[\"registry.terraform.io/hashicorp/aws\"]",
      "instances": [
        {
          "schema_version": 0,
          "attributes": {
            "arn": "arn:aws:iam::557988741594:role/LabRole",
            "assume_role_policy": "{\"Version\":\"2012-10-17\",\"Statement\":[{\"Effect\":\"Allow\",\"Principal\":{\"AWS\":\"arn:aws:iam::557988741594:role/LabRole\",\"Service\":[\"scheduler.amazonaws.com\",\"states.amazonaws.com\",\"autoscaling.amazonaws.com\",\"elasticmapreduce.amazonaws.com\",\"apigateway.amazonaws.com\",\"sagemaker.amazonaws.com\",\"firehose.amazonaws.com\",\"batch.amazonaws.com\",\"s3.amazonaws.com\",\"cloudformation.amazonaws.com\",\"ecs.amazonaws.com\",\"elasticbeanstalk.amazonaws.com\",\"ec2.application-autoscaling.amazonaws.com\",\"secretsmanager.amazonaws.com\",\"databrew.amazonaws.com\",\"events.amazonaws.com\",\"redshift.amazonaws.com\",\"kinesis.amazonaws.com\",\"ssm.amazonaws.com\",\"kms.amazonaws.com\",\"glue.amazonaws.com\",\"dynamodb.amazonaws.com\",\"eks-fargate-pods.amazonaws.com\",\"deepracer.amazonaws.com\",\"kinesisanalytics.amazonaws.com\",\"cognito-idp.amazonaws.com\",\"ec2.amazonaws.com\",\"cloudtrail.amazonaws.com\",\"iotevents.amazonaws.com\",\"ecs-tasks.amazonaws.com\",\"sns.amazonaws.com\",\"iotanalytics.amazonaws.com\",\"rekognition.amazonaws.com\",\"codecommit.amazonaws.com\",\"application-autoscaling.amazonaws.com\",\"logs.amazonaws.com\",\"elasticloadbalancing.amazonaws.com\",\"elasticfilesystem.amazonaws.com\",\"codedeploy.amazonaws.com\",\"eks.amazonaws.com\",\"codewhisperer.amazonaws.com\",\"sqs.amazonaws.com\",\"pipes.amazonaws.com\",\"athena.amazonaws.com\",\"cloud9.amazonaws.com\",\"lambda.amazonaws.com\",\"forecast.amazonaws.com\",\"backup.amazonaws.com\",\"credentials.iot.amazonaws.com\",\"resource-groups.amazonaws.com\",\"iot.amazonaws.com\",\"servicecatalog.amazonaws.com\",\"rds.amazonaws.com\"]},\"Action\":\"sts:AssumeRole\"}]}",
            "create_date": "2024-10-22T17:34:36Z",
            "description": "",
            "id": "LabRole",
            "max_session_duration": 3600,
            "name": "LabRole",
            "path": "/",
            "permissions_boundary": "",
            "role_last_used": [
              {
                "last_used_date": "2024-10-22T19:20:27Z",
                "region": "us-east-1"
              }
            ],
            "tags": {
              "cloudlab": "c129256a3275283l7988677t1w557988741594"
            },
            "unique_id": "AROAYD2VYQHNNT4ZRFWDM"
          },
          "sensitive_attributes": []
        }
      ]
    },
    {
      "mode": "managed",
      "type": "aws_api_gateway_deployment",
      "name": "my_api_deployment",
      "provider": "provider[\"registry.terraform.io/hashicorp/aws\"]",
      "instances": [
        {
          "schema_version": 0,
          "attributes": {
            "canary_settings": [],
            "created_date": "2024-10-22T18:23:02Z",
            "description": "",
            "execution_arn": "arn:aws:execute-api:us-east-1:557988741594:id95l3w72m/prod",
            "id": "iw6srf",
            "invoke_url": "https://id95l3w72m.execute-api.us-east-1.amazonaws.com/prod",
            "rest_api_id": "id95l3w72m",
            "stage_description": null,
            "stage_name": "prod",
            "triggers": {
              "redeployment": "a24c1d70a0ade62fc740e1be316fb38eda33b9a6"
            },
            "variables": null
          },
          "sensitive_attributes": [],
          "private": "bnVsbA==",
          "dependencies": [
            "aws_api_gateway_resource.admin",
            "aws_api_gateway_resource.admin_mesas",
            "aws_api_gateway_resource.admin_reservas",
            "aws_api_gateway_resource.admin_restaurant",
            "aws_api_gateway_resource.reservas",
            "aws_api_gateway_rest_api.my_api",
            "aws_security_group.lambda_sg",
            "data.archive_file.admin_crear_mesa_zip",
            "data.archive_file.admin_crear_restaurant_zip",
            "data.archive_file.admin_obtener_reservas_zip",
            "data.archive_file.crear_reserva_zip",
            "data.archive_file.delete_reserva_zip",
            "data.archive_file.obtener_reservas_zip",
            "data.aws_iam_role.labrole",
            "module.admin_mesas.aws_api_gateway_integration.lambda_integration",
            "module.admin_mesas.aws_api_gateway_integration.options_integration_lambda",
            "module.admin_mesas.aws_api_gateway_integration_response.options_integration_response",
            "module.admin_mesas.aws_api_gateway_method.options_lambda",
            "module.admin_mesas.aws_api_gateway_method.resource_method",
            "module.admin_mesas.aws_api_gateway_method_response.cors_method_response_200",
            "module.admin_mesas.aws_api_gateway_method_response.options_method_response",
            "module.admin_mesas.aws_lambda_permission.api_gateway_permission",
            "module.admin_reservas.aws_api_gateway_integration.lambda_integration",
            "module.admin_reservas.aws_api_gateway_integration.options_integration_lambda",
            "module.admin_reservas.aws_api_gateway_integration_response.options_integration_response",
            "module.admin_reservas.aws_api_gateway_method.options_lambda",
            "module.admin_reservas.aws_api_gateway_method.resource_method",
            "module.admin_reservas.aws_api_gateway_method_response.cors_method_response_200",
            "module.admin_reservas.aws_api_gateway_method_response.options_method_response",
            "module.admin_reservas.aws_lambda_permission.api_gateway_permission",
            "module.admin_restaurant.aws_api_gateway_integration.lambda_integration",
            "module.admin_restaurant.aws_api_gateway_integration.options_integration_lambda",
            "module.admin_restaurant.aws_api_gateway_integration_response.options_integration_response",
            "module.admin_restaurant.aws_api_gateway_method.options_lambda",
            "module.admin_restaurant.aws_api_gateway_method.resource_method",
            "module.admin_restaurant.aws_api_gateway_method_response.cors_method_response_200",
            "module.admin_restaurant.aws_api_gateway_method_response.options_method_response",
            "module.admin_restaurant.aws_lambda_permission.api_gateway_permission",
            "module.my_lambdas.aws_lambda_function.this",
            "module.reserva.aws_api_gateway_integration.lambda_integration",
            "module.reserva.aws_api_gateway_integration.options_integration_lambda",
            "module.reserva.aws_api_gateway_integration_response.options_integration_response",
            "module.reserva.aws_api_gateway_method.options_lambda",
            "module.reserva.aws_api_gateway_method.resource_method",
            "module.reserva.aws_api_gateway_method_response.cors_method_response_200",
            "module.reserva.aws_api_gateway_method_response.options_method_response",
            "module.reserva.aws_lambda_permission.api_gateway_permission",
            "module.vpc.aws_subnet.private",
            "module.vpc.aws_vpc.this",
            "module.vpc.aws_vpc_ipv4_cidr_block_association.this"
          ],
          "create_before_destroy": true
        }
      ]
    },
    {
      "mode": "managed",
      "type": "aws_api_gateway_resource",
      "name": "admin",
      "provider": "provider[\"registry.terraform.io/hashicorp/aws\"]",
      "instances": [
        {
          "schema_version": 0,
          "attributes": {
            "id": "4lbnys",
            "parent_id": "y1g9vdlr17",
            "path": "/admin",
            "path_part": "admin",
            "rest_api_id": "id95l3w72m"
          },
          "sensitive_attributes": [],
          "private": "bnVsbA==",
          "dependencies": [
            "aws_api_gateway_rest_api.my_api"
          ],
          "create_before_destroy": true
        }
      ]
    },
    {
      "mode": "managed",
      "type": "aws_api_gateway_resource",
      "name": "admin_mesas",
      "provider": "provider[\"registry.terraform.io/hashicorp/aws\"]",
      "instances": [
        {
          "schema_version": 0,
          "attributes": {
            "id": "nsupp6",
            "parent_id": "4lbnys",
            "path": "/admin/mesas",
            "path_part": "mesas",
            "rest_api_id": "id95l3w72m"
          },
          "sensitive_attributes": [],
          "private": "bnVsbA==",
          "dependencies": [
            "aws_api_gateway_resource.admin",
            "aws_api_gateway_rest_api.my_api"
          ],
          "create_before_destroy": true
        }
      ]
    },
    {
      "mode": "managed",
      "type": "aws_api_gateway_resource",
      "name": "admin_reservas",
      "provider": "provider[\"registry.terraform.io/hashicorp/aws\"]",
      "instances": [
        {
          "schema_version": 0,
          "attributes": {
            "id": "hk3889",
            "parent_id": "4lbnys",
            "path": "/admin/reservas",
            "path_part": "reservas",
            "rest_api_id": "id95l3w72m"
          },
          "sensitive_attributes": [],
          "private": "bnVsbA==",
          "dependencies": [
            "aws_api_gateway_resource.admin",
            "aws_api_gateway_rest_api.my_api"
          ],
          "create_before_destroy": true
        }
      ]
    },
    {
      "mode": "managed",
      "type": "aws_api_gateway_resource",
      "name": "admin_restaurant",
      "provider": "provider[\"registry.terraform.io/hashicorp/aws\"]",
      "instances": [
        {
          "schema_version": 0,
          "attributes": {
            "id": "52rczf",
            "parent_id": "4lbnys",
            "path": "/admin/restaurant",
            "path_part": "restaurant",
            "rest_api_id": "id95l3w72m"
          },
          "sensitive_attributes": [],
          "private": "bnVsbA==",
          "dependencies": [
            "aws_api_gateway_resource.admin",
            "aws_api_gateway_rest_api.my_api"
          ],
          "create_before_destroy": true
        }
      ]
    },
    {
      "mode": "managed",
      "type": "aws_api_gateway_resource",
      "name": "reservas",
      "provider": "provider[\"registry.terraform.io/hashicorp/aws\"]",
      "instances": [
        {
          "schema_version": 0,
          "attributes": {
            "id": "1n92a1",
            "parent_id": "y1g9vdlr17",
            "path": "/reservas",
            "path_part": "reservas",
            "rest_api_id": "id95l3w72m"
          },
          "sensitive_attributes": [],
          "private": "bnVsbA==",
          "dependencies": [
            "aws_api_gateway_rest_api.my_api"
          ],
          "create_before_destroy": true
        }
      ]
    },
    {
      "mode": "managed",
      "type": "aws_api_gateway_rest_api",
      "name": "my_api",
      "provider": "provider[\"registry.terraform.io/hashicorp/aws\"]",
      "instances": [
        {
          "schema_version": 0,
          "attributes": {
            "api_key_source": "HEADER",
            "arn": "arn:aws:apigateway:us-east-1::/restapis/id95l3w72m",
            "binary_media_types": [],
            "body": null,
            "created_date": "2024-10-22T18:18:17Z",
            "description": "API Gateway para mi aplicación",
            "disable_execute_api_endpoint": false,
            "endpoint_configuration": [
              {
                "types": [
                  "EDGE"
                ],
                "vpc_endpoint_ids": []
              }
            ],
            "execution_arn": "arn:aws:execute-api:us-east-1:557988741594:id95l3w72m",
            "fail_on_warnings": null,
            "id": "id95l3w72m",
            "minimum_compression_size": "",
            "name": "MiAPI",
            "parameters": null,
            "policy": "",
            "put_rest_api_mode": null,
            "root_resource_id": "y1g9vdlr17",
            "tags": {},
            "tags_all": {}
          },
          "sensitive_attributes": [],
          "private": "bnVsbA==",
          "create_before_destroy": true
        }
      ]
    },
    {
      "mode": "managed",
      "type": "aws_s3_bucket",
      "name": "frontend_bucket",
      "provider": "provider[\"registry.terraform.io/hashicorp/aws\"]",
      "instances": [
        {
          "schema_version": 0,
          "attributes": {
            "acceleration_status": "",
            "acl": null,
            "arn": "arn:aws:s3:::frontend-bucket-cloudbooktable-marcos",
            "bucket": "frontend-bucket-cloudbooktable-marcos",
            "bucket_domain_name": "frontend-bucket-cloudbooktable-marcos.s3.amazonaws.com",
            "bucket_prefix": "",
            "bucket_regional_domain_name": "frontend-bucket-cloudbooktable-marcos.s3.us-east-1.amazonaws.com",
            "cors_rule": [],
            "force_destroy": false,
            "grant": [
              {
                "id": "00092c3c77e50d3f3742d0abc58f9a2c424e74a2d258ae2d3a6e262ad755a422",
                "permissions": [
                  "FULL_CONTROL"
                ],
                "type": "CanonicalUser",
                "uri": ""
              }
            ],
            "hosted_zone_id": "Z3AQBSTGFYJSTF",
            "id": "frontend-bucket-cloudbooktable-marcos",
            "lifecycle_rule": [],
            "logging": [],
            "object_lock_configuration": [],
            "object_lock_enabled": false,
            "policy": "{\"Statement\":[{\"Action\":\"s3:GetObject\",\"Effect\":\"Allow\",\"Principal\":\"*\",\"Resource\":\"arn:aws:s3:::frontend-bucket-cloudbooktable-marcos/*\",\"Sid\":\"PublicReadGetObject\"}],\"Version\":\"2012-10-17\"}",
            "region": "us-east-1",
            "replication_configuration": [],
            "request_payer": "BucketOwner",
            "server_side_encryption_configuration": [
              {
                "rule": [
                  {
                    "apply_server_side_encryption_by_default": [
                      {
                        "kms_master_key_id": "",
                        "sse_algorithm": "AES256"
                      }
                    ],
                    "bucket_key_enabled": false
                  }
                ]
              }
            ],
            "tags": {
              "Environment": "Dev",
              "Name": "Frontend Bucket"
            },
            "tags_all": {
              "Environment": "Dev",
              "Name": "Frontend Bucket"
            },
            "timeouts": null,
            "versioning": [
              {
                "enabled": false,
                "mfa_delete": false
              }
            ],
            "website": [
              {
                "error_document": "error.html",
                "index_document": "index.html",
                "redirect_all_requests_to": "",
                "routing_rules": ""
              }
            ],
            "website_domain": "s3-website-us-east-1.amazonaws.com",
            "website_endpoint": "frontend-bucket-cloudbooktable-marcos.s3-website-us-east-1.amazonaws.com"
          },
          "sensitive_attributes": [],
          "private": "eyJlMmJmYjczMC1lY2FhLTExZTYtOGY4OC0zNDM2M2JjN2M0YzAiOnsiY3JlYXRlIjoxMjAwMDAwMDAwMDAwLCJkZWxldGUiOjM2MDAwMDAwMDAwMDAsInJlYWQiOjEyMDAwMDAwMDAwMDAsInVwZGF0ZSI6MTIwMDAwMDAwMDAwMH19"
        }
      ]
    },
    {
      "mode": "managed",
      "type": "aws_s3_bucket_policy",
      "name": "frontend_bucket_policy",
      "provider": "provider[\"registry.terraform.io/hashicorp/aws\"]",
      "instances": [
        {
          "schema_version": 0,
          "attributes": {
            "bucket": "frontend-bucket-cloudbooktable-marcos",
            "id": "frontend-bucket-cloudbooktable-marcos",
            "policy": "{\"Statement\":[{\"Action\":\"s3:GetObject\",\"Effect\":\"Allow\",\"Principal\":\"*\",\"Resource\":\"arn:aws:s3:::frontend-bucket-cloudbooktable-marcos/*\",\"Sid\":\"PublicReadGetObject\"}],\"Version\":\"2012-10-17\"}"
          },
          "sensitive_attributes": [],
          "private": "bnVsbA==",
          "dependencies": [
            "aws_s3_bucket.frontend_bucket",
            "aws_s3_bucket_public_access_block.frontend_bucket_public_access"
          ]
        }
      ]
    },
    {
      "mode": "managed",
      "type": "aws_s3_bucket_public_access_block",
      "name": "frontend_bucket_public_access",
      "provider": "provider[\"registry.terraform.io/hashicorp/aws\"]",
      "instances": [
        {
          "schema_version": 0,
          "attributes": {
            "block_public_acls": false,
            "block_public_policy": false,
            "bucket": "frontend-bucket-cloudbooktable-marcos",
            "id": "frontend-bucket-cloudbooktable-marcos",
            "ignore_public_acls": false,
            "restrict_public_buckets": false
          },
          "sensitive_attributes": [],
          "private": "bnVsbA==",
          "dependencies": [
            "aws_s3_bucket.frontend_bucket"
          ]
        }
      ]
    },
    {
      "mode": "managed",
      "type": "aws_s3_bucket_website_configuration",
      "name": "frontend_bucket",
      "provider": "provider[\"registry.terraform.io/hashicorp/aws\"]",
      "instances": [
        {
          "schema_version": 0,
          "attributes": {
            "bucket": "frontend-bucket-cloudbooktable-marcos",
            "error_document": [
              {
                "key": "error.html"
              }
            ],
            "expected_bucket_owner": "",
            "id": "frontend-bucket-cloudbooktable-marcos",
            "index_document": [
              {
                "suffix": "index.html"
              }
            ],
            "redirect_all_requests_to": [],
            "routing_rule": [],
            "routing_rules": "",
            "website_domain": "s3-website-us-east-1.amazonaws.com",
            "website_endpoint": "frontend-bucket-cloudbooktable-marcos.s3-website-us-east-1.amazonaws.com"
          },
          "sensitive_attributes": [],
          "private": "bnVsbA==",
          "dependencies": [
            "aws_s3_bucket.frontend_bucket"
          ]
        }
      ]
    },
    {
      "mode": "managed",
      "type": "aws_security_group",
      "name": "lambda_sg",
      "provider": "provider[\"registry.terraform.io/hashicorp/aws\"]",
      "instances": [
        {
          "schema_version": 1,
          "attributes": {
            "arn": "arn:aws:ec2:us-east-1:557988741594:security-group/sg-072c9d38f15f73325",
            "description": "Security group for Lambda functions",
            "egress": [
              {
                "cidr_blocks": [
                  "0.0.0.0/0"
                ],
                "description": "",
                "from_port": 0,
                "ipv6_cidr_blocks": [],
                "prefix_list_ids": [],
                "protocol": "tcp",
                "security_groups": [],
                "self": false,
                "to_port": 443
              }
            ],
            "id": "sg-072c9d38f15f73325",
            "ingress": [
              {
                "cidr_blocks": [
                  "10.0.0.0/16"
                ],
                "description": "",
                "from_port": 0,
                "ipv6_cidr_blocks": [],
                "prefix_list_ids": [],
                "protocol": "-1",
                "security_groups": [],
                "self": false,
                "to_port": 0
              }
            ],
            "name": "lambda_sg",
            "name_prefix": "",
            "owner_id": "557988741594",
            "revoke_rules_on_delete": false,
            "tags": {
              "Name": "Lambda Security Group"
            },
            "tags_all": {
              "Name": "Lambda Security Group"
            },
            "timeouts": null,
            "vpc_id": "vpc-0d492fec5f2247c58"
          },
          "sensitive_attributes": [],
          "private": "eyJlMmJmYjczMC1lY2FhLTExZTYtOGY4OC0zNDM2M2JjN2M0YzAiOnsiY3JlYXRlIjo2MDAwMDAwMDAwMDAsImRlbGV0ZSI6OTAwMDAwMDAwMDAwfSwic2NoZW1hX3ZlcnNpb24iOiIxIn0=",
          "dependencies": [
            "module.vpc.aws_vpc.this"
          ],
          "create_before_destroy": true
        }
      ]
    },
    {
      "mode": "managed",
      "type": "aws_vpc_endpoint",
      "name": "dynamodb",
      "provider": "provider[\"registry.terraform.io/hashicorp/aws\"]",
      "instances": [
        {
          "schema_version": 0,
          "attributes": {
            "arn": "arn:aws:ec2:us-east-1:557988741594:vpc-endpoint/vpce-02e473c8f2daa01c4",
            "auto_accept": null,
            "cidr_blocks": [
              "35.71.70.0/24",
              "3.218.182.0/24",
              "3.218.180.0/23",
              "35.71.68.0/23",
              "52.94.0.0/22",
              "52.119.224.0/20"
            ],
            "dns_entry": [],
            "dns_options": [],
            "id": "vpce-02e473c8f2daa01c4",
            "ip_address_type": "",
            "network_interface_ids": [],
            "owner_id": "557988741594",
            "policy": "{\"Statement\":[{\"Action\":\"*\",\"Effect\":\"Allow\",\"Principal\":\"*\",\"Resource\":\"*\"}],\"Version\":\"2008-10-17\"}",
            "prefix_list_id": "pl-02cd2c6b",
            "private_dns_enabled": false,
            "requester_managed": false,
            "route_table_ids": [
              "rtb-079f0116e79e5c460",
              "rtb-08aa7e8d230690bf9"
            ],
            "security_group_ids": [],
            "service_name": "com.amazonaws.us-east-1.dynamodb",
            "state": "available",
            "subnet_configuration": [],
            "subnet_ids": [],
            "tags": {
              "Name": "DynamoDB VPC Endpoint"
            },
            "tags_all": {
              "Name": "DynamoDB VPC Endpoint"
            },
            "timeouts": null,
            "vpc_endpoint_type": "Gateway",
            "vpc_id": "vpc-0d492fec5f2247c58"
          },
          "sensitive_attributes": [],
          "private": "eyJlMmJmYjczMC1lY2FhLTExZTYtOGY4OC0zNDM2M2JjN2M0YzAiOnsiY3JlYXRlIjo2MDAwMDAwMDAwMDAsImRlbGV0ZSI6NjAwMDAwMDAwMDAwLCJ1cGRhdGUiOjYwMDAwMDAwMDAwMH19",
          "dependencies": [
            "module.vpc.aws_route_table.private",
            "module.vpc.aws_vpc.this",
            "module.vpc.aws_vpc_ipv4_cidr_block_association.this"
          ]
        }
      ]
    },
    {
      "mode": "managed",
      "type": "null_resource",
      "name": "frontend_deployment",
      "provider": "provider[\"registry.terraform.io/hashicorp/null\"]",
      "instances": [
        {
          "schema_version": 0,
          "attributes": {
            "id": "6636669060646858216",
            "triggers": {
              "api_gateway_url": "https://id95l3w72m.execute-api.us-east-1.amazonaws.com/prod",
              "file_hash": "nIFKkJirJQr2nmrDejXxmHsmm16camJd47FqHxpvGaE="
            }
          },
          "sensitive_attributes": [],
          "dependencies": [
            "aws_api_gateway_deployment.my_api_deployment",
            "aws_api_gateway_resource.admin",
            "aws_api_gateway_resource.admin_mesas",
            "aws_api_gateway_resource.admin_reservas",
            "aws_api_gateway_resource.admin_restaurant",
            "aws_api_gateway_resource.reservas",
            "aws_api_gateway_rest_api.my_api",
            "aws_s3_bucket.frontend_bucket",
            "aws_s3_bucket_policy.frontend_bucket_policy",
            "aws_s3_bucket_public_access_block.frontend_bucket_public_access",
            "aws_security_group.lambda_sg",
            "data.archive_file.admin_crear_mesa_zip",
            "data.archive_file.admin_crear_restaurant_zip",
            "data.archive_file.admin_obtener_reservas_zip",
            "data.archive_file.crear_reserva_zip",
            "data.archive_file.delete_reserva_zip",
            "data.archive_file.frontend",
            "data.archive_file.obtener_reservas_zip",
            "data.aws_iam_role.labrole",
            "module.admin_mesas.aws_api_gateway_integration.lambda_integration",
            "module.admin_mesas.aws_api_gateway_integration.options_integration_lambda",
            "module.admin_mesas.aws_api_gateway_integration_response.options_integration_response",
            "module.admin_mesas.aws_api_gateway_method.options_lambda",
            "module.admin_mesas.aws_api_gateway_method.resource_method",
            "module.admin_mesas.aws_api_gateway_method_response.cors_method_response_200",
            "module.admin_mesas.aws_api_gateway_method_response.options_method_response",
            "module.admin_mesas.aws_lambda_permission.api_gateway_permission",
            "module.admin_reservas.aws_api_gateway_integration.lambda_integration",
            "module.admin_reservas.aws_api_gateway_integration.options_integration_lambda",
            "module.admin_reservas.aws_api_gateway_integration_response.options_integration_response",
            "module.admin_reservas.aws_api_gateway_method.options_lambda",
            "module.admin_reservas.aws_api_gateway_method.resource_method",
            "module.admin_reservas.aws_api_gateway_method_response.cors_method_response_200",
            "module.admin_reservas.aws_api_gateway_method_response.options_method_response",
            "module.admin_reservas.aws_lambda_permission.api_gateway_permission",
            "module.admin_restaurant.aws_api_gateway_integration.lambda_integration",
            "module.admin_restaurant.aws_api_gateway_integration.options_integration_lambda",
            "module.admin_restaurant.aws_api_gateway_integration_response.options_integration_response",
            "module.admin_restaurant.aws_api_gateway_method.options_lambda",
            "module.admin_restaurant.aws_api_gateway_method.resource_method",
            "module.admin_restaurant.aws_api_gateway_method_response.cors_method_response_200",
            "module.admin_restaurant.aws_api_gateway_method_response.options_method_response",
            "module.admin_restaurant.aws_lambda_permission.api_gateway_permission",
            "module.my_lambdas.aws_lambda_function.this",
            "module.reserva.aws_api_gateway_integration.lambda_integration",
            "module.reserva.aws_api_gateway_integration.options_integration_lambda",
            "module.reserva.aws_api_gateway_integration_response.options_integration_response",
            "module.reserva.aws_api_gateway_method.options_lambda",
            "module.reserva.aws_api_gateway_method.resource_method",
            "module.reserva.aws_api_gateway_method_response.cors_method_response_200",
            "module.reserva.aws_api_gateway_method_response.options_method_response",
            "module.reserva.aws_lambda_permission.api_gateway_permission",
            "module.vpc.aws_subnet.private",
            "module.vpc.aws_vpc.this",
            "module.vpc.aws_vpc_ipv4_cidr_block_association.this"
          ]
        }
      ]
    },
    {
      "module": "module.admin_mesas",
      "mode": "managed",
      "type": "aws_api_gateway_integration",
      "name": "lambda_integration",
      "provider": "provider[\"registry.terraform.io/hashicorp/aws\"]",
      "instances": [
        {
          "index_key": "POST",
          "schema_version": 0,
          "attributes": {
            "cache_key_parameters": [],
            "cache_namespace": "nsupp6",
            "connection_id": "",
            "connection_type": "INTERNET",
            "content_handling": "",
            "credentials": "",
            "http_method": "POST",
            "id": "agi-id95l3w72m-nsupp6-POST",
            "integration_http_method": "POST",
            "passthrough_behavior": "WHEN_NO_MATCH",
            "request_parameters": {},
            "request_templates": {},
            "resource_id": "nsupp6",
            "rest_api_id": "id95l3w72m",
            "timeout_milliseconds": 29000,
            "tls_config": [],
            "type": "AWS_PROXY",
            "uri": "arn:aws:apigateway:us-east-1:lambda:path/2015-03-31/functions/arn:aws:lambda:us-east-1:557988741594:function:CrearMesaLambda/invocations"
          },
          "sensitive_attributes": [],
          "private": "bnVsbA==",
          "dependencies": [
            "aws_api_gateway_resource.admin",
            "aws_api_gateway_resource.admin_mesas",
            "aws_api_gateway_rest_api.my_api",
            "aws_security_group.lambda_sg",
            "data.archive_file.admin_crear_mesa_zip",
            "data.archive_file.admin_crear_restaurant_zip",
            "data.archive_file.admin_obtener_reservas_zip",
            "data.archive_file.crear_reserva_zip",
            "data.archive_file.delete_reserva_zip",
            "data.archive_file.obtener_reservas_zip",
            "data.aws_iam_role.labrole",
            "module.admin_mesas.aws_api_gateway_method.resource_method",
            "module.my_lambdas.aws_lambda_function.this",
            "module.vpc.aws_subnet.private",
            "module.vpc.aws_vpc.this",
            "module.vpc.aws_vpc_ipv4_cidr_block_association.this"
          ],
          "create_before_destroy": true
        }
      ]
    },
    {
      "module": "module.admin_mesas",
      "mode": "managed",
      "type": "aws_api_gateway_integration",
      "name": "options_integration_lambda",
      "provider": "provider[\"registry.terraform.io/hashicorp/aws\"]",
      "instances": [
        {
          "schema_version": 0,
          "attributes": {
            "cache_key_parameters": [],
            "cache_namespace": "nsupp6",
            "connection_id": "",
            "connection_type": "INTERNET",
            "content_handling": "",
            "credentials": "",
            "http_method": "OPTIONS",
            "id": "agi-id95l3w72m-nsupp6-OPTIONS",
            "integration_http_method": "",
            "passthrough_behavior": "WHEN_NO_MATCH",
            "request_parameters": {},
            "request_templates": {
              "application/json": "{\"statusCode\": 200}"
            },
            "resource_id": "nsupp6",
            "rest_api_id": "id95l3w72m",
            "timeout_milliseconds": 29000,
            "tls_config": [],
            "type": "MOCK",
            "uri": ""
          },
          "sensitive_attributes": [],
          "private": "bnVsbA==",
          "dependencies": [
            "aws_api_gateway_resource.admin",
            "aws_api_gateway_resource.admin_mesas",
            "aws_api_gateway_rest_api.my_api",
            "aws_security_group.lambda_sg",
            "data.archive_file.admin_crear_mesa_zip",
            "data.archive_file.admin_crear_restaurant_zip",
            "data.archive_file.admin_obtener_reservas_zip",
            "data.archive_file.crear_reserva_zip",
            "data.archive_file.delete_reserva_zip",
            "data.archive_file.obtener_reservas_zip",
            "data.aws_iam_role.labrole",
            "module.admin_mesas.aws_api_gateway_method.options_lambda",
            "module.my_lambdas.aws_lambda_function.this",
            "module.vpc.aws_subnet.private",
            "module.vpc.aws_vpc.this",
            "module.vpc.aws_vpc_ipv4_cidr_block_association.this"
          ],
          "create_before_destroy": true
        }
      ]
    },
    {
      "module": "module.admin_mesas",
      "mode": "managed",
      "type": "aws_api_gateway_integration_response",
      "name": "options_integration_response",
      "provider": "provider[\"registry.terraform.io/hashicorp/aws\"]",
      "instances": [
        {
          "schema_version": 0,
          "attributes": {
            "content_handling": "",
            "http_method": "OPTIONS",
            "id": "agir-id95l3w72m-nsupp6-OPTIONS-200",
            "resource_id": "nsupp6",
            "response_parameters": {
              "method.response.header.Access-Control-Allow-Headers": "'Content-Type,X-Amz-Date,Authorization,X-Api-Key,X-Amz-Security-Token'",
              "method.response.header.Access-Control-Allow-Methods": "'POST,OPTIONS'",
              "method.response.header.Access-Control-Allow-Origin": "'*'"
            },
            "response_templates": {},
            "rest_api_id": "id95l3w72m",
            "selection_pattern": "",
            "status_code": "200"
          },
          "sensitive_attributes": [],
          "private": "bnVsbA==",
          "dependencies": [
            "aws_api_gateway_resource.admin",
            "aws_api_gateway_resource.admin_mesas",
            "aws_api_gateway_rest_api.my_api",
            "aws_security_group.lambda_sg",
            "data.archive_file.admin_crear_mesa_zip",
            "data.archive_file.admin_crear_restaurant_zip",
            "data.archive_file.admin_obtener_reservas_zip",
            "data.archive_file.crear_reserva_zip",
            "data.archive_file.delete_reserva_zip",
            "data.archive_file.obtener_reservas_zip",
            "data.aws_iam_role.labrole",
            "module.admin_mesas.aws_api_gateway_method.options_lambda",
            "module.admin_mesas.aws_api_gateway_method_response.options_method_response",
            "module.my_lambdas.aws_lambda_function.this",
            "module.vpc.aws_subnet.private",
            "module.vpc.aws_vpc.this",
            "module.vpc.aws_vpc_ipv4_cidr_block_association.this"
          ],
          "create_before_destroy": true
        }
      ]
    },
    {
      "module": "module.admin_mesas",
      "mode": "managed",
      "type": "aws_api_gateway_method",
      "name": "options_lambda",
      "provider": "provider[\"registry.terraform.io/hashicorp/aws\"]",
      "instances": [
        {
          "schema_version": 0,
          "attributes": {
            "api_key_required": false,
            "authorization": "NONE",
            "authorization_scopes": [],
            "authorizer_id": "",
            "http_method": "OPTIONS",
            "id": "agm-id95l3w72m-nsupp6-OPTIONS",
            "operation_name": "",
            "request_models": {},
            "request_parameters": {},
            "request_validator_id": "",
            "resource_id": "nsupp6",
            "rest_api_id": "id95l3w72m"
          },
          "sensitive_attributes": [],
          "private": "bnVsbA==",
          "dependencies": [
            "aws_api_gateway_resource.admin",
            "aws_api_gateway_resource.admin_mesas",
            "aws_api_gateway_rest_api.my_api",
            "aws_security_group.lambda_sg",
            "data.archive_file.admin_crear_mesa_zip",
            "data.archive_file.admin_crear_restaurant_zip",
            "data.archive_file.admin_obtener_reservas_zip",
            "data.archive_file.crear_reserva_zip",
            "data.archive_file.delete_reserva_zip",
            "data.archive_file.obtener_reservas_zip",
            "data.aws_iam_role.labrole",
            "module.my_lambdas.aws_lambda_function.this",
            "module.vpc.aws_subnet.private",
            "module.vpc.aws_vpc.this",
            "module.vpc.aws_vpc_ipv4_cidr_block_association.this"
          ],
          "create_before_destroy": true
        }
      ]
    },
    {
      "module": "module.admin_mesas",
      "mode": "managed",
      "type": "aws_api_gateway_method",
      "name": "resource_method",
      "provider": "provider[\"registry.terraform.io/hashicorp/aws\"]",
      "instances": [
        {
          "index_key": "POST",
          "schema_version": 0,
          "attributes": {
            "api_key_required": false,
            "authorization": "NONE",
            "authorization_scopes": [],
            "authorizer_id": "",
            "http_method": "POST",
            "id": "agm-id95l3w72m-nsupp6-POST",
            "operation_name": "",
            "request_models": {},
            "request_parameters": {},
            "request_validator_id": "",
            "resource_id": "nsupp6",
            "rest_api_id": "id95l3w72m"
          },
          "sensitive_attributes": [],
          "private": "bnVsbA==",
          "dependencies": [
            "aws_api_gateway_resource.admin",
            "aws_api_gateway_resource.admin_mesas",
            "aws_api_gateway_rest_api.my_api",
            "aws_security_group.lambda_sg",
            "data.archive_file.admin_crear_mesa_zip",
            "data.archive_file.admin_crear_restaurant_zip",
            "data.archive_file.admin_obtener_reservas_zip",
            "data.archive_file.crear_reserva_zip",
            "data.archive_file.delete_reserva_zip",
            "data.archive_file.obtener_reservas_zip",
            "data.aws_iam_role.labrole",
            "module.my_lambdas.aws_lambda_function.this",
            "module.vpc.aws_subnet.private",
            "module.vpc.aws_vpc.this",
            "module.vpc.aws_vpc_ipv4_cidr_block_association.this"
          ],
          "create_before_destroy": true
        }
      ]
    },
    {
      "module": "module.admin_mesas",
      "mode": "managed",
      "type": "aws_api_gateway_method_response",
      "name": "cors_method_response_200",
      "provider": "provider[\"registry.terraform.io/hashicorp/aws\"]",
      "instances": [
        {
          "index_key": "POST",
          "schema_version": 0,
          "attributes": {
            "http_method": "POST",
            "id": "agmr-id95l3w72m-nsupp6-POST-200",
            "resource_id": "nsupp6",
            "response_models": {},
            "response_parameters": {
              "method.response.header.Access-Control-Allow-Origin": true
            },
            "rest_api_id": "id95l3w72m",
            "status_code": "200"
          },
          "sensitive_attributes": [],
          "private": "bnVsbA==",
          "dependencies": [
            "aws_api_gateway_resource.admin",
            "aws_api_gateway_resource.admin_mesas",
            "aws_api_gateway_rest_api.my_api",
            "aws_security_group.lambda_sg",
            "data.archive_file.admin_crear_mesa_zip",
            "data.archive_file.admin_crear_restaurant_zip",
            "data.archive_file.admin_obtener_reservas_zip",
            "data.archive_file.crear_reserva_zip",
            "data.archive_file.delete_reserva_zip",
            "data.archive_file.obtener_reservas_zip",
            "data.aws_iam_role.labrole",
            "module.admin_mesas.aws_api_gateway_method.resource_method",
            "module.my_lambdas.aws_lambda_function.this",
            "module.vpc.aws_subnet.private",
            "module.vpc.aws_vpc.this",
            "module.vpc.aws_vpc_ipv4_cidr_block_association.this"
          ],
          "create_before_destroy": true
        }
      ]
    },
    {
      "module": "module.admin_mesas",
      "mode": "managed",
      "type": "aws_api_gateway_method_response",
      "name": "options_method_response",
      "provider": "provider[\"registry.terraform.io/hashicorp/aws\"]",
      "instances": [
        {
          "schema_version": 0,
          "attributes": {
            "http_method": "OPTIONS",
            "id": "agmr-id95l3w72m-nsupp6-OPTIONS-200",
            "resource_id": "nsupp6",
            "response_models": {
              "application/json": "Empty"
            },
            "response_parameters": {
              "method.response.header.Access-Control-Allow-Headers": true,
              "method.response.header.Access-Control-Allow-Methods": true,
              "method.response.header.Access-Control-Allow-Origin": true
            },
            "rest_api_id": "id95l3w72m",
            "status_code": "200"
          },
          "sensitive_attributes": [],
          "private": "bnVsbA==",
          "dependencies": [
            "aws_api_gateway_resource.admin",
            "aws_api_gateway_resource.admin_mesas",
            "aws_api_gateway_rest_api.my_api",
            "aws_security_group.lambda_sg",
            "data.archive_file.admin_crear_mesa_zip",
            "data.archive_file.admin_crear_restaurant_zip",
            "data.archive_file.admin_obtener_reservas_zip",
            "data.archive_file.crear_reserva_zip",
            "data.archive_file.delete_reserva_zip",
            "data.archive_file.obtener_reservas_zip",
            "data.aws_iam_role.labrole",
            "module.admin_mesas.aws_api_gateway_method.options_lambda",
            "module.my_lambdas.aws_lambda_function.this",
            "module.vpc.aws_subnet.private",
            "module.vpc.aws_vpc.this",
            "module.vpc.aws_vpc_ipv4_cidr_block_association.this"
          ],
          "create_before_destroy": true
        }
      ]
    },
    {
      "module": "module.admin_mesas",
      "mode": "managed",
      "type": "aws_lambda_permission",
      "name": "api_gateway_permission",
      "provider": "provider[\"registry.terraform.io/hashicorp/aws\"]",
      "instances": [
        {
          "index_key": "POST",
          "schema_version": 0,
          "attributes": {
            "action": "lambda:InvokeFunction",
            "event_source_token": null,
            "function_name": "CrearMesaLambda",
            "function_url_auth_type": null,
            "id": "AllowAPIGatewayInvokeCrearMesa_POST",
            "principal": "apigateway.amazonaws.com",
            "principal_org_id": null,
            "qualifier": "",
            "source_account": null,
            "source_arn": "arn:aws:execute-api:us-east-1:557988741594:id95l3w72m/prod/POST/admin/mesas",
            "statement_id": "AllowAPIGatewayInvokeCrearMesa_POST",
            "statement_id_prefix": ""
          },
          "sensitive_attributes": [],
          "private": "bnVsbA==",
          "dependencies": [
            "aws_api_gateway_resource.admin",
            "aws_api_gateway_resource.admin_mesas",
            "aws_api_gateway_rest_api.my_api",
            "aws_security_group.lambda_sg",
            "data.archive_file.admin_crear_mesa_zip",
            "data.archive_file.admin_crear_restaurant_zip",
            "data.archive_file.admin_obtener_reservas_zip",
            "data.archive_file.crear_reserva_zip",
            "data.archive_file.delete_reserva_zip",
            "data.archive_file.obtener_reservas_zip",
            "data.aws_iam_role.labrole",
            "module.my_lambdas.aws_lambda_function.this",
            "module.vpc.aws_subnet.private",
            "module.vpc.aws_vpc.this",
            "module.vpc.aws_vpc_ipv4_cidr_block_association.this"
          ],
          "create_before_destroy": true
        }
      ]
    },
    {
      "module": "module.admin_reservas",
      "mode": "managed",
      "type": "aws_api_gateway_integration",
      "name": "lambda_integration",
      "provider": "provider[\"registry.terraform.io/hashicorp/aws\"]",
      "instances": [
        {
          "index_key": "GET",
          "schema_version": 0,
          "attributes": {
            "cache_key_parameters": [],
            "cache_namespace": "hk3889",
            "connection_id": "",
            "connection_type": "INTERNET",
            "content_handling": "",
            "credentials": "",
            "http_method": "GET",
            "id": "agi-id95l3w72m-hk3889-GET",
            "integration_http_method": "POST",
            "passthrough_behavior": "WHEN_NO_MATCH",
            "request_parameters": {},
            "request_templates": {},
            "resource_id": "hk3889",
            "rest_api_id": "id95l3w72m",
            "timeout_milliseconds": 29000,
            "tls_config": [],
            "type": "AWS_PROXY",
            "uri": "arn:aws:apigateway:us-east-1:lambda:path/2015-03-31/functions/arn:aws:lambda:us-east-1:557988741594:function:AdminObtenerReservasLambda/invocations"
          },
          "sensitive_attributes": [],
          "private": "bnVsbA==",
          "dependencies": [
            "aws_api_gateway_resource.admin",
            "aws_api_gateway_resource.admin_reservas",
            "aws_api_gateway_rest_api.my_api",
            "aws_security_group.lambda_sg",
            "data.archive_file.admin_crear_mesa_zip",
            "data.archive_file.admin_crear_restaurant_zip",
            "data.archive_file.admin_obtener_reservas_zip",
            "data.archive_file.crear_reserva_zip",
            "data.archive_file.delete_reserva_zip",
            "data.archive_file.obtener_reservas_zip",
            "data.aws_iam_role.labrole",
            "module.admin_reservas.aws_api_gateway_method.resource_method",
            "module.my_lambdas.aws_lambda_function.this",
            "module.vpc.aws_subnet.private",
            "module.vpc.aws_vpc.this",
            "module.vpc.aws_vpc_ipv4_cidr_block_association.this"
          ],
          "create_before_destroy": true
        }
      ]
    },
    {
      "module": "module.admin_reservas",
      "mode": "managed",
      "type": "aws_api_gateway_integration",
      "name": "options_integration_lambda",
      "provider": "provider[\"registry.terraform.io/hashicorp/aws\"]",
      "instances": [
        {
          "schema_version": 0,
          "attributes": {
            "cache_key_parameters": [],
            "cache_namespace": "hk3889",
            "connection_id": "",
            "connection_type": "INTERNET",
            "content_handling": "",
            "credentials": "",
            "http_method": "OPTIONS",
            "id": "agi-id95l3w72m-hk3889-OPTIONS",
            "integration_http_method": "",
            "passthrough_behavior": "WHEN_NO_MATCH",
            "request_parameters": {},
            "request_templates": {
              "application/json": "{\"statusCode\": 200}"
            },
            "resource_id": "hk3889",
            "rest_api_id": "id95l3w72m",
            "timeout_milliseconds": 29000,
            "tls_config": [],
            "type": "MOCK",
            "uri": ""
          },
          "sensitive_attributes": [],
          "private": "bnVsbA==",
          "dependencies": [
            "aws_api_gateway_resource.admin",
            "aws_api_gateway_resource.admin_reservas",
            "aws_api_gateway_rest_api.my_api",
            "aws_security_group.lambda_sg",
            "data.archive_file.admin_crear_mesa_zip",
            "data.archive_file.admin_crear_restaurant_zip",
            "data.archive_file.admin_obtener_reservas_zip",
            "data.archive_file.crear_reserva_zip",
            "data.archive_file.delete_reserva_zip",
            "data.archive_file.obtener_reservas_zip",
            "data.aws_iam_role.labrole",
            "module.admin_reservas.aws_api_gateway_method.options_lambda",
            "module.my_lambdas.aws_lambda_function.this",
            "module.vpc.aws_subnet.private",
            "module.vpc.aws_vpc.this",
            "module.vpc.aws_vpc_ipv4_cidr_block_association.this"
          ],
          "create_before_destroy": true
        }
      ]
    },
    {
      "module": "module.admin_reservas",
      "mode": "managed",
      "type": "aws_api_gateway_integration_response",
      "name": "options_integration_response",
      "provider": "provider[\"registry.terraform.io/hashicorp/aws\"]",
      "instances": [
        {
          "schema_version": 0,
          "attributes": {
            "content_handling": "",
            "http_method": "OPTIONS",
            "id": "agir-id95l3w72m-hk3889-OPTIONS-200",
            "resource_id": "hk3889",
            "response_parameters": {
              "method.response.header.Access-Control-Allow-Headers": "'Content-Type,X-Amz-Date,Authorization,X-Api-Key,X-Amz-Security-Token'",
              "method.response.header.Access-Control-Allow-Methods": "'GET,OPTIONS'",
              "method.response.header.Access-Control-Allow-Origin": "'*'"
            },
            "response_templates": {},
            "rest_api_id": "id95l3w72m",
            "selection_pattern": "",
            "status_code": "200"
          },
          "sensitive_attributes": [],
          "private": "bnVsbA==",
          "dependencies": [
            "aws_api_gateway_resource.admin",
            "aws_api_gateway_resource.admin_reservas",
            "aws_api_gateway_rest_api.my_api",
            "aws_security_group.lambda_sg",
            "data.archive_file.admin_crear_mesa_zip",
            "data.archive_file.admin_crear_restaurant_zip",
            "data.archive_file.admin_obtener_reservas_zip",
            "data.archive_file.crear_reserva_zip",
            "data.archive_file.delete_reserva_zip",
            "data.archive_file.obtener_reservas_zip",
            "data.aws_iam_role.labrole",
            "module.admin_reservas.aws_api_gateway_method.options_lambda",
            "module.admin_reservas.aws_api_gateway_method_response.options_method_response",
            "module.my_lambdas.aws_lambda_function.this",
            "module.vpc.aws_subnet.private",
            "module.vpc.aws_vpc.this",
            "module.vpc.aws_vpc_ipv4_cidr_block_association.this"
          ],
          "create_before_destroy": true
        }
      ]
    },
    {
      "module": "module.admin_reservas",
      "mode": "managed",
      "type": "aws_api_gateway_method",
      "name": "options_lambda",
      "provider": "provider[\"registry.terraform.io/hashicorp/aws\"]",
      "instances": [
        {
          "schema_version": 0,
          "attributes": {
            "api_key_required": false,
            "authorization": "NONE",
            "authorization_scopes": [],
            "authorizer_id": "",
            "http_method": "OPTIONS",
            "id": "agm-id95l3w72m-hk3889-OPTIONS",
            "operation_name": "",
            "request_models": {},
            "request_parameters": {},
            "request_validator_id": "",
            "resource_id": "hk3889",
            "rest_api_id": "id95l3w72m"
          },
          "sensitive_attributes": [],
          "private": "bnVsbA==",
          "dependencies": [
            "aws_api_gateway_resource.admin",
            "aws_api_gateway_resource.admin_reservas",
            "aws_api_gateway_rest_api.my_api",
            "aws_security_group.lambda_sg",
            "data.archive_file.admin_crear_mesa_zip",
            "data.archive_file.admin_crear_restaurant_zip",
            "data.archive_file.admin_obtener_reservas_zip",
            "data.archive_file.crear_reserva_zip",
            "data.archive_file.delete_reserva_zip",
            "data.archive_file.obtener_reservas_zip",
            "data.aws_iam_role.labrole",
            "module.my_lambdas.aws_lambda_function.this",
            "module.vpc.aws_subnet.private",
            "module.vpc.aws_vpc.this",
            "module.vpc.aws_vpc_ipv4_cidr_block_association.this"
          ],
          "create_before_destroy": true
        }
      ]
    },
    {
      "module": "module.admin_reservas",
      "mode": "managed",
      "type": "aws_api_gateway_method",
      "name": "resource_method",
      "provider": "provider[\"registry.terraform.io/hashicorp/aws\"]",
      "instances": [
        {
          "index_key": "GET",
          "schema_version": 0,
          "attributes": {
            "api_key_required": false,
            "authorization": "NONE",
            "authorization_scopes": [],
            "authorizer_id": "",
            "http_method": "GET",
            "id": "agm-id95l3w72m-hk3889-GET",
            "operation_name": "",
            "request_models": {},
            "request_parameters": {},
            "request_validator_id": "",
            "resource_id": "hk3889",
            "rest_api_id": "id95l3w72m"
          },
          "sensitive_attributes": [],
          "private": "bnVsbA==",
          "dependencies": [
            "aws_api_gateway_resource.admin",
            "aws_api_gateway_resource.admin_reservas",
            "aws_api_gateway_rest_api.my_api",
            "aws_security_group.lambda_sg",
            "data.archive_file.admin_crear_mesa_zip",
            "data.archive_file.admin_crear_restaurant_zip",
            "data.archive_file.admin_obtener_reservas_zip",
            "data.archive_file.crear_reserva_zip",
            "data.archive_file.delete_reserva_zip",
            "data.archive_file.obtener_reservas_zip",
            "data.aws_iam_role.labrole",
            "module.my_lambdas.aws_lambda_function.this",
            "module.vpc.aws_subnet.private",
            "module.vpc.aws_vpc.this",
            "module.vpc.aws_vpc_ipv4_cidr_block_association.this"
          ],
          "create_before_destroy": true
        }
      ]
    },
    {
      "module": "module.admin_reservas",
      "mode": "managed",
      "type": "aws_api_gateway_method_response",
      "name": "cors_method_response_200",
      "provider": "provider[\"registry.terraform.io/hashicorp/aws\"]",
      "instances": [
        {
          "index_key": "GET",
          "schema_version": 0,
          "attributes": {
            "http_method": "GET",
            "id": "agmr-id95l3w72m-hk3889-GET-200",
            "resource_id": "hk3889",
            "response_models": {},
            "response_parameters": {
              "method.response.header.Access-Control-Allow-Origin": true
            },
            "rest_api_id": "id95l3w72m",
            "status_code": "200"
          },
          "sensitive_attributes": [],
          "private": "bnVsbA==",
          "dependencies": [
            "aws_api_gateway_resource.admin",
            "aws_api_gateway_resource.admin_reservas",
            "aws_api_gateway_rest_api.my_api",
            "aws_security_group.lambda_sg",
            "data.archive_file.admin_crear_mesa_zip",
            "data.archive_file.admin_crear_restaurant_zip",
            "data.archive_file.admin_obtener_reservas_zip",
            "data.archive_file.crear_reserva_zip",
            "data.archive_file.delete_reserva_zip",
            "data.archive_file.obtener_reservas_zip",
            "data.aws_iam_role.labrole",
            "module.admin_reservas.aws_api_gateway_method.resource_method",
            "module.my_lambdas.aws_lambda_function.this",
            "module.vpc.aws_subnet.private",
            "module.vpc.aws_vpc.this",
            "module.vpc.aws_vpc_ipv4_cidr_block_association.this"
          ],
          "create_before_destroy": true
        }
      ]
    },
    {
      "module": "module.admin_reservas",
      "mode": "managed",
      "type": "aws_api_gateway_method_response",
      "name": "options_method_response",
      "provider": "provider[\"registry.terraform.io/hashicorp/aws\"]",
      "instances": [
        {
          "schema_version": 0,
          "attributes": {
            "http_method": "OPTIONS",
            "id": "agmr-id95l3w72m-hk3889-OPTIONS-200",
            "resource_id": "hk3889",
            "response_models": {
              "application/json": "Empty"
            },
            "response_parameters": {
              "method.response.header.Access-Control-Allow-Headers": true,
              "method.response.header.Access-Control-Allow-Methods": true,
              "method.response.header.Access-Control-Allow-Origin": true
            },
            "rest_api_id": "id95l3w72m",
            "status_code": "200"
          },
          "sensitive_attributes": [],
          "private": "bnVsbA==",
          "dependencies": [
            "aws_api_gateway_resource.admin",
            "aws_api_gateway_resource.admin_reservas",
            "aws_api_gateway_rest_api.my_api",
            "aws_security_group.lambda_sg",
            "data.archive_file.admin_crear_mesa_zip",
            "data.archive_file.admin_crear_restaurant_zip",
            "data.archive_file.admin_obtener_reservas_zip",
            "data.archive_file.crear_reserva_zip",
            "data.archive_file.delete_reserva_zip",
            "data.archive_file.obtener_reservas_zip",
            "data.aws_iam_role.labrole",
            "module.admin_reservas.aws_api_gateway_method.options_lambda",
            "module.my_lambdas.aws_lambda_function.this",
            "module.vpc.aws_subnet.private",
            "module.vpc.aws_vpc.this",
            "module.vpc.aws_vpc_ipv4_cidr_block_association.this"
          ],
          "create_before_destroy": true
        }
      ]
    },
    {
      "module": "module.admin_reservas",
      "mode": "managed",
      "type": "aws_lambda_permission",
      "name": "api_gateway_permission",
      "provider": "provider[\"registry.terraform.io/hashicorp/aws\"]",
      "instances": [
        {
          "index_key": "GET",
          "schema_version": 0,
          "attributes": {
            "action": "lambda:InvokeFunction",
            "event_source_token": null,
            "function_name": "AdminObtenerReservasLambda",
            "function_url_auth_type": null,
            "id": "AllowAPIGatewayInvokeAdminObtenerReservas_GET",
            "principal": "apigateway.amazonaws.com",
            "principal_org_id": null,
            "qualifier": "",
            "source_account": null,
            "source_arn": "arn:aws:execute-api:us-east-1:557988741594:id95l3w72m/prod/GET/admin/reservas",
            "statement_id": "AllowAPIGatewayInvokeAdminObtenerReservas_GET",
            "statement_id_prefix": ""
          },
          "sensitive_attributes": [],
          "private": "bnVsbA==",
          "dependencies": [
            "aws_api_gateway_resource.admin",
            "aws_api_gateway_resource.admin_reservas",
            "aws_api_gateway_rest_api.my_api",
            "aws_security_group.lambda_sg",
            "data.archive_file.admin_crear_mesa_zip",
            "data.archive_file.admin_crear_restaurant_zip",
            "data.archive_file.admin_obtener_reservas_zip",
            "data.archive_file.crear_reserva_zip",
            "data.archive_file.delete_reserva_zip",
            "data.archive_file.obtener_reservas_zip",
            "data.aws_iam_role.labrole",
            "module.my_lambdas.aws_lambda_function.this",
            "module.vpc.aws_subnet.private",
            "module.vpc.aws_vpc.this",
            "module.vpc.aws_vpc_ipv4_cidr_block_association.this"
          ],
          "create_before_destroy": true
        }
      ]
    },
    {
      "module": "module.admin_restaurant",
      "mode": "managed",
      "type": "aws_api_gateway_integration",
      "name": "lambda_integration",
      "provider": "provider[\"registry.terraform.io/hashicorp/aws\"]",
      "instances": [
        {
          "index_key": "POST",
          "schema_version": 0,
          "attributes": {
            "cache_key_parameters": [],
            "cache_namespace": "52rczf",
            "connection_id": "",
            "connection_type": "INTERNET",
            "content_handling": "",
            "credentials": "",
            "http_method": "POST",
            "id": "agi-id95l3w72m-52rczf-POST",
            "integration_http_method": "POST",
            "passthrough_behavior": "WHEN_NO_MATCH",
            "request_parameters": {},
            "request_templates": {},
            "resource_id": "52rczf",
            "rest_api_id": "id95l3w72m",
            "timeout_milliseconds": 29000,
            "tls_config": [],
            "type": "AWS_PROXY",
            "uri": "arn:aws:apigateway:us-east-1:lambda:path/2015-03-31/functions/arn:aws:lambda:us-east-1:557988741594:function:CrearRestaurantLambda/invocations"
          },
          "sensitive_attributes": [],
          "private": "bnVsbA==",
          "dependencies": [
            "aws_api_gateway_resource.admin",
            "aws_api_gateway_resource.admin_restaurant",
            "aws_api_gateway_rest_api.my_api",
            "aws_security_group.lambda_sg",
            "data.archive_file.admin_crear_mesa_zip",
            "data.archive_file.admin_crear_restaurant_zip",
            "data.archive_file.admin_obtener_reservas_zip",
            "data.archive_file.crear_reserva_zip",
            "data.archive_file.delete_reserva_zip",
            "data.archive_file.obtener_reservas_zip",
            "data.aws_iam_role.labrole",
            "module.admin_restaurant.aws_api_gateway_method.resource_method",
            "module.my_lambdas.aws_lambda_function.this",
            "module.vpc.aws_subnet.private",
            "module.vpc.aws_vpc.this",
            "module.vpc.aws_vpc_ipv4_cidr_block_association.this"
          ],
          "create_before_destroy": true
        }
      ]
    },
    {
      "module": "module.admin_restaurant",
      "mode": "managed",
      "type": "aws_api_gateway_integration",
      "name": "options_integration_lambda",
      "provider": "provider[\"registry.terraform.io/hashicorp/aws\"]",
      "instances": [
        {
          "schema_version": 0,
          "attributes": {
            "cache_key_parameters": [],
            "cache_namespace": "52rczf",
            "connection_id": "",
            "connection_type": "INTERNET",
            "content_handling": "",
            "credentials": "",
            "http_method": "OPTIONS",
            "id": "agi-id95l3w72m-52rczf-OPTIONS",
            "integration_http_method": "",
            "passthrough_behavior": "WHEN_NO_MATCH",
            "request_parameters": {},
            "request_templates": {
              "application/json": "{\"statusCode\": 200}"
            },
            "resource_id": "52rczf",
            "rest_api_id": "id95l3w72m",
            "timeout_milliseconds": 29000,
            "tls_config": [],
            "type": "MOCK",
            "uri": ""
          },
          "sensitive_attributes": [],
          "private": "bnVsbA==",
          "dependencies": [
            "aws_api_gateway_resource.admin",
            "aws_api_gateway_resource.admin_restaurant",
            "aws_api_gateway_rest_api.my_api",
            "aws_security_group.lambda_sg",
            "data.archive_file.admin_crear_mesa_zip",
            "data.archive_file.admin_crear_restaurant_zip",
            "data.archive_file.admin_obtener_reservas_zip",
            "data.archive_file.crear_reserva_zip",
            "data.archive_file.delete_reserva_zip",
            "data.archive_file.obtener_reservas_zip",
            "data.aws_iam_role.labrole",
            "module.admin_restaurant.aws_api_gateway_method.options_lambda",
            "module.my_lambdas.aws_lambda_function.this",
            "module.vpc.aws_subnet.private",
            "module.vpc.aws_vpc.this",
            "module.vpc.aws_vpc_ipv4_cidr_block_association.this"
          ],
          "create_before_destroy": true
        }
      ]
    },
    {
      "module": "module.admin_restaurant",
      "mode": "managed",
      "type": "aws_api_gateway_integration_response",
      "name": "options_integration_response",
      "provider": "provider[\"registry.terraform.io/hashicorp/aws\"]",
      "instances": [
        {
          "schema_version": 0,
          "attributes": {
            "content_handling": "",
            "http_method": "OPTIONS",
            "id": "agir-id95l3w72m-52rczf-OPTIONS-200",
            "resource_id": "52rczf",
            "response_parameters": {
              "method.response.header.Access-Control-Allow-Headers": "'Content-Type,X-Amz-Date,Authorization,X-Api-Key,X-Amz-Security-Token'",
              "method.response.header.Access-Control-Allow-Methods": "'POST,OPTIONS'",
              "method.response.header.Access-Control-Allow-Origin": "'*'"
            },
            "response_templates": {},
            "rest_api_id": "id95l3w72m",
            "selection_pattern": "",
            "status_code": "200"
          },
          "sensitive_attributes": [],
          "private": "bnVsbA==",
          "dependencies": [
            "aws_api_gateway_resource.admin",
            "aws_api_gateway_resource.admin_restaurant",
            "aws_api_gateway_rest_api.my_api",
            "aws_security_group.lambda_sg",
            "data.archive_file.admin_crear_mesa_zip",
            "data.archive_file.admin_crear_restaurant_zip",
            "data.archive_file.admin_obtener_reservas_zip",
            "data.archive_file.crear_reserva_zip",
            "data.archive_file.delete_reserva_zip",
            "data.archive_file.obtener_reservas_zip",
            "data.aws_iam_role.labrole",
            "module.admin_restaurant.aws_api_gateway_method.options_lambda",
            "module.admin_restaurant.aws_api_gateway_method_response.options_method_response",
            "module.my_lambdas.aws_lambda_function.this",
            "module.vpc.aws_subnet.private",
            "module.vpc.aws_vpc.this",
            "module.vpc.aws_vpc_ipv4_cidr_block_association.this"
          ],
          "create_before_destroy": true
        }
      ]
    },
    {
      "module": "module.admin_restaurant",
      "mode": "managed",
      "type": "aws_api_gateway_method",
      "name": "options_lambda",
      "provider": "provider[\"registry.terraform.io/hashicorp/aws\"]",
      "instances": [
        {
          "schema_version": 0,
          "attributes": {
            "api_key_required": false,
            "authorization": "NONE",
            "authorization_scopes": [],
            "authorizer_id": "",
            "http_method": "OPTIONS",
            "id": "agm-id95l3w72m-52rczf-OPTIONS",
            "operation_name": "",
            "request_models": {},
            "request_parameters": {},
            "request_validator_id": "",
            "resource_id": "52rczf",
            "rest_api_id": "id95l3w72m"
          },
          "sensitive_attributes": [],
          "private": "bnVsbA==",
          "dependencies": [
            "aws_api_gateway_resource.admin",
            "aws_api_gateway_resource.admin_restaurant",
            "aws_api_gateway_rest_api.my_api",
            "aws_security_group.lambda_sg",
            "data.archive_file.admin_crear_mesa_zip",
            "data.archive_file.admin_crear_restaurant_zip",
            "data.archive_file.admin_obtener_reservas_zip",
            "data.archive_file.crear_reserva_zip",
            "data.archive_file.delete_reserva_zip",
            "data.archive_file.obtener_reservas_zip",
            "data.aws_iam_role.labrole",
            "module.my_lambdas.aws_lambda_function.this",
            "module.vpc.aws_subnet.private",
            "module.vpc.aws_vpc.this",
            "module.vpc.aws_vpc_ipv4_cidr_block_association.this"
          ],
          "create_before_destroy": true
        }
      ]
    },
    {
      "module": "module.admin_restaurant",
      "mode": "managed",
      "type": "aws_api_gateway_method",
      "name": "resource_method",
      "provider": "provider[\"registry.terraform.io/hashicorp/aws\"]",
      "instances": [
        {
          "index_key": "POST",
          "schema_version": 0,
          "attributes": {
            "api_key_required": false,
            "authorization": "NONE",
            "authorization_scopes": [],
            "authorizer_id": "",
            "http_method": "POST",
            "id": "agm-id95l3w72m-52rczf-POST",
            "operation_name": "",
            "request_models": {},
            "request_parameters": {},
            "request_validator_id": "",
            "resource_id": "52rczf",
            "rest_api_id": "id95l3w72m"
          },
          "sensitive_attributes": [],
          "private": "bnVsbA==",
          "dependencies": [
            "aws_api_gateway_resource.admin",
            "aws_api_gateway_resource.admin_restaurant",
            "aws_api_gateway_rest_api.my_api",
            "aws_security_group.lambda_sg",
            "data.archive_file.admin_crear_mesa_zip",
            "data.archive_file.admin_crear_restaurant_zip",
            "data.archive_file.admin_obtener_reservas_zip",
            "data.archive_file.crear_reserva_zip",
            "data.archive_file.delete_reserva_zip",
            "data.archive_file.obtener_reservas_zip",
            "data.aws_iam_role.labrole",
            "module.my_lambdas.aws_lambda_function.this",
            "module.vpc.aws_subnet.private",
            "module.vpc.aws_vpc.this",
            "module.vpc.aws_vpc_ipv4_cidr_block_association.this"
          ],
          "create_before_destroy": true
        }
      ]
    },
    {
      "module": "module.admin_restaurant",
      "mode": "managed",
      "type": "aws_api_gateway_method_response",
      "name": "cors_method_response_200",
      "provider": "provider[\"registry.terraform.io/hashicorp/aws\"]",
      "instances": [
        {
          "index_key": "POST",
          "schema_version": 0,
          "attributes": {
            "http_method": "POST",
            "id": "agmr-id95l3w72m-52rczf-POST-200",
            "resource_id": "52rczf",
            "response_models": {},
            "response_parameters": {
              "method.response.header.Access-Control-Allow-Origin": true
            },
            "rest_api_id": "id95l3w72m",
            "status_code": "200"
          },
          "sensitive_attributes": [],
          "private": "bnVsbA==",
          "dependencies": [
            "aws_api_gateway_resource.admin",
            "aws_api_gateway_resource.admin_restaurant",
            "aws_api_gateway_rest_api.my_api",
            "aws_security_group.lambda_sg",
            "data.archive_file.admin_crear_mesa_zip",
            "data.archive_file.admin_crear_restaurant_zip",
            "data.archive_file.admin_obtener_reservas_zip",
            "data.archive_file.crear_reserva_zip",
            "data.archive_file.delete_reserva_zip",
            "data.archive_file.obtener_reservas_zip",
            "data.aws_iam_role.labrole",
            "module.admin_restaurant.aws_api_gateway_method.resource_method",
            "module.my_lambdas.aws_lambda_function.this",
            "module.vpc.aws_subnet.private",
            "module.vpc.aws_vpc.this",
            "module.vpc.aws_vpc_ipv4_cidr_block_association.this"
          ],
          "create_before_destroy": true
        }
      ]
    },
    {
      "module": "module.admin_restaurant",
      "mode": "managed",
      "type": "aws_api_gateway_method_response",
      "name": "options_method_response",
      "provider": "provider[\"registry.terraform.io/hashicorp/aws\"]",
      "instances": [
        {
          "schema_version": 0,
          "attributes": {
            "http_method": "OPTIONS",
            "id": "agmr-id95l3w72m-52rczf-OPTIONS-200",
            "resource_id": "52rczf",
            "response_models": {
              "application/json": "Empty"
            },
            "response_parameters": {
              "method.response.header.Access-Control-Allow-Headers": true,
              "method.response.header.Access-Control-Allow-Methods": true,
              "method.response.header.Access-Control-Allow-Origin": true
            },
            "rest_api_id": "id95l3w72m",
            "status_code": "200"
          },
          "sensitive_attributes": [],
          "private": "bnVsbA==",
          "dependencies": [
            "aws_api_gateway_resource.admin",
            "aws_api_gateway_resource.admin_restaurant",
            "aws_api_gateway_rest_api.my_api",
            "aws_security_group.lambda_sg",
            "data.archive_file.admin_crear_mesa_zip",
            "data.archive_file.admin_crear_restaurant_zip",
            "data.archive_file.admin_obtener_reservas_zip",
            "data.archive_file.crear_reserva_zip",
            "data.archive_file.delete_reserva_zip",
            "data.archive_file.obtener_reservas_zip",
            "data.aws_iam_role.labrole",
            "module.admin_restaurant.aws_api_gateway_method.options_lambda",
            "module.my_lambdas.aws_lambda_function.this",
            "module.vpc.aws_subnet.private",
            "module.vpc.aws_vpc.this",
            "module.vpc.aws_vpc_ipv4_cidr_block_association.this"
          ],
          "create_before_destroy": true
        }
      ]
    },
    {
      "module": "module.admin_restaurant",
      "mode": "managed",
      "type": "aws_lambda_permission",
      "name": "api_gateway_permission",
      "provider": "provider[\"registry.terraform.io/hashicorp/aws\"]",
      "instances": [
        {
          "index_key": "POST",
          "schema_version": 0,
          "attributes": {
            "action": "lambda:InvokeFunction",
            "event_source_token": null,
            "function_name": "CrearRestaurantLambda",
            "function_url_auth_type": null,
            "id": "AllowAPIGatewayInvokeCrearRestaurant_POST",
            "principal": "apigateway.amazonaws.com",
            "principal_org_id": null,
            "qualifier": "",
            "source_account": null,
            "source_arn": "arn:aws:execute-api:us-east-1:557988741594:id95l3w72m/prod/POST/admin/restaurant",
            "statement_id": "AllowAPIGatewayInvokeCrearRestaurant_POST",
            "statement_id_prefix": ""
          },
          "sensitive_attributes": [],
          "private": "bnVsbA==",
          "dependencies": [
            "aws_api_gateway_resource.admin",
            "aws_api_gateway_resource.admin_restaurant",
            "aws_api_gateway_rest_api.my_api",
            "aws_security_group.lambda_sg",
            "data.archive_file.admin_crear_mesa_zip",
            "data.archive_file.admin_crear_restaurant_zip",
            "data.archive_file.admin_obtener_reservas_zip",
            "data.archive_file.crear_reserva_zip",
            "data.archive_file.delete_reserva_zip",
            "data.archive_file.obtener_reservas_zip",
            "data.aws_iam_role.labrole",
            "module.my_lambdas.aws_lambda_function.this",
            "module.vpc.aws_subnet.private",
            "module.vpc.aws_vpc.this",
            "module.vpc.aws_vpc_ipv4_cidr_block_association.this"
          ],
          "create_before_destroy": true
        }
      ]
    },
    {
      "module": "module.dynamodb_tables",
      "mode": "managed",
      "type": "aws_dynamodb_table",
      "name": "tables",
      "provider": "provider[\"registry.terraform.io/hashicorp/aws\"]",
      "instances": [
        {
          "index_key": "MESAS",
          "schema_version": 1,
          "attributes": {
            "arn": "arn:aws:dynamodb:us-east-1:557988741594:table/MESAS",
            "attribute": [
              {
                "name": "ID_Mesa",
                "type": "S"
              },
              {
                "name": "Localidad#Categoria#Nombre_restaurant",
                "type": "S"
              }
            ],
            "billing_mode": "PAY_PER_REQUEST",
            "deletion_protection_enabled": false,
            "global_secondary_index": [],
            "hash_key": "Localidad#Categoria#Nombre_restaurant",
            "id": "MESAS",
            "import_table": [],
            "local_secondary_index": [],
            "name": "MESAS",
            "on_demand_throughput": [],
            "point_in_time_recovery": [
              {
                "enabled": false
              }
            ],
            "range_key": "ID_Mesa",
            "read_capacity": 0,
            "replica": [],
            "restore_date_time": null,
            "restore_source_name": null,
            "restore_source_table_arn": null,
            "restore_to_latest_time": null,
            "server_side_encryption": [],
            "stream_arn": "",
            "stream_enabled": false,
            "stream_label": "",
            "stream_view_type": "",
            "table_class": "STANDARD",
            "tags": {},
            "tags_all": {},
            "timeouts": null,
            "ttl": [
              {
                "attribute_name": "",
                "enabled": false
              }
            ],
            "write_capacity": 0
          },
          "sensitive_attributes": [],
          "private": "eyJlMmJmYjczMC1lY2FhLTExZTYtOGY4OC0zNDM2M2JjN2M0YzAiOnsiY3JlYXRlIjoxODAwMDAwMDAwMDAwLCJkZWxldGUiOjYwMDAwMDAwMDAwMCwidXBkYXRlIjozNjAwMDAwMDAwMDAwfSwic2NoZW1hX3ZlcnNpb24iOiIxIn0="
        },
        {
          "index_key": "RESERVAS",
          "schema_version": 1,
          "attributes": {
            "arn": "arn:aws:dynamodb:us-east-1:557988741594:table/RESERVAS",
            "attribute": [
              {
                "name": "Fecha_hora#ID_Mesa",
                "type": "S"
              },
              {
                "name": "Localidad#Categoria#Nombre_restaurant",
                "type": "S"
              }
            ],
            "billing_mode": "PAY_PER_REQUEST",
            "deletion_protection_enabled": false,
            "global_secondary_index": [],
            "hash_key": "Localidad#Categoria#Nombre_restaurant",
            "id": "RESERVAS",
            "import_table": [],
            "local_secondary_index": [],
            "name": "RESERVAS",
            "on_demand_throughput": [],
            "point_in_time_recovery": [
              {
                "enabled": false
              }
            ],
            "range_key": "Fecha_hora#ID_Mesa",
            "read_capacity": 0,
            "replica": [],
            "restore_date_time": null,
            "restore_source_name": null,
            "restore_source_table_arn": null,
            "restore_to_latest_time": null,
            "server_side_encryption": [],
            "stream_arn": "",
            "stream_enabled": false,
            "stream_label": "",
            "stream_view_type": "",
            "table_class": "STANDARD",
            "tags": {},
            "tags_all": {},
            "timeouts": null,
            "ttl": [
              {
                "attribute_name": "",
                "enabled": false
              }
            ],
            "write_capacity": 0
          },
          "sensitive_attributes": [],
          "private": "eyJlMmJmYjczMC1lY2FhLTExZTYtOGY4OC0zNDM2M2JjN2M0YzAiOnsiY3JlYXRlIjoxODAwMDAwMDAwMDAwLCJkZWxldGUiOjYwMDAwMDAwMDAwMCwidXBkYXRlIjozNjAwMDAwMDAwMDAwfSwic2NoZW1hX3ZlcnNpb24iOiIxIn0="
        },
        {
          "index_key": "RESTAURANTES",
          "schema_version": 1,
          "attributes": {
            "arn": "arn:aws:dynamodb:us-east-1:557988741594:table/RESTAURANTES",
            "attribute": [
              {
                "name": "Categoria#Nombre_restaurant",
                "type": "S"
              },
              {
                "name": "Localidad",
                "type": "S"
              }
            ],
            "billing_mode": "PAY_PER_REQUEST",
            "deletion_protection_enabled": false,
            "global_secondary_index": [],
            "hash_key": "Localidad",
            "id": "RESTAURANTES",
            "import_table": [],
            "local_secondary_index": [],
            "name": "RESTAURANTES",
            "on_demand_throughput": [],
            "point_in_time_recovery": [
              {
                "enabled": false
              }
            ],
            "range_key": "Categoria#Nombre_restaurant",
            "read_capacity": 0,
            "replica": [],
            "restore_date_time": null,
            "restore_source_name": null,
            "restore_source_table_arn": null,
            "restore_to_latest_time": null,
            "server_side_encryption": [],
            "stream_arn": "",
            "stream_enabled": false,
            "stream_label": "",
            "stream_view_type": "",
            "table_class": "STANDARD",
            "tags": {},
            "tags_all": {},
            "timeouts": null,
            "ttl": [
              {
                "attribute_name": "",
                "enabled": false
              }
            ],
            "write_capacity": 0
          },
          "sensitive_attributes": [],
          "private": "eyJlMmJmYjczMC1lY2FhLTExZTYtOGY4OC0zNDM2M2JjN2M0YzAiOnsiY3JlYXRlIjoxODAwMDAwMDAwMDAwLCJkZWxldGUiOjYwMDAwMDAwMDAwMCwidXBkYXRlIjozNjAwMDAwMDAwMDAwfSwic2NoZW1hX3ZlcnNpb24iOiIxIn0="
        },
        {
          "index_key": "USUARIOS",
          "schema_version": 1,
          "attributes": {
            "arn": "arn:aws:dynamodb:us-east-1:557988741594:table/USUARIOS",
            "attribute": [
              {
                "name": "Fecha_hora",
                "type": "N"
              },
              {
                "name": "ID_Usuario",
                "type": "S"
              }
            ],
            "billing_mode": "PAY_PER_REQUEST",
            "deletion_protection_enabled": false,
            "global_secondary_index": [],
            "hash_key": "ID_Usuario",
            "id": "USUARIOS",
            "import_table": [],
            "local_secondary_index": [],
            "name": "USUARIOS",
            "on_demand_throughput": [],
            "point_in_time_recovery": [
              {
                "enabled": false
              }
            ],
            "range_key": "Fecha_hora",
            "read_capacity": 0,
            "replica": [],
            "restore_date_time": null,
            "restore_source_name": null,
            "restore_source_table_arn": null,
            "restore_to_latest_time": null,
            "server_side_encryption": [],
            "stream_arn": "",
            "stream_enabled": false,
            "stream_label": "",
            "stream_view_type": "",
            "table_class": "STANDARD",
            "tags": {},
            "tags_all": {},
            "timeouts": null,
            "ttl": [
              {
                "attribute_name": "",
                "enabled": false
              }
            ],
            "write_capacity": 0
          },
          "sensitive_attributes": [],
          "private": "eyJlMmJmYjczMC1lY2FhLTExZTYtOGY4OC0zNDM2M2JjN2M0YzAiOnsiY3JlYXRlIjoxODAwMDAwMDAwMDAwLCJkZWxldGUiOjYwMDAwMDAwMDAwMCwidXBkYXRlIjozNjAwMDAwMDAwMDAwfSwic2NoZW1hX3ZlcnNpb24iOiIxIn0="
        }
      ]
    },
    {
      "module": "module.my_lambdas",
      "mode": "managed",
      "type": "aws_lambda_function",
      "name": "this",
      "provider": "provider[\"registry.terraform.io/hashicorp/aws\"]",
      "instances": [
        {
          "index_key": "admin_crear_mesa",
          "schema_version": 0,
          "attributes": {
            "architectures": [
              "x86_64"
            ],
            "arn": "arn:aws:lambda:us-east-1:557988741594:function:CrearMesaLambda",
            "code_sha256": "qz6gXXnntMSoEThHQO3Rj5GlR699atCTxr8Q8smLJ5M=",
            "code_signing_config_arn": "",
            "dead_letter_config": [],
            "description": "",
            "environment": [],
            "ephemeral_storage": [
              {
                "size": 512
              }
            ],
            "file_system_config": [],
            "filename": "./../backend/admin-crear-mesa/admin_crear_mesa.zip",
            "function_name": "CrearMesaLambda",
            "handler": "admin_crear_mesa.admin_crear_mesa",
            "id": "CrearMesaLambda",
            "image_config": [],
            "image_uri": "",
            "invoke_arn": "arn:aws:apigateway:us-east-1:lambda:path/2015-03-31/functions/arn:aws:lambda:us-east-1:557988741594:function:CrearMesaLambda/invocations",
            "kms_key_arn": "",
            "last_modified": "2024-10-22T18:39:56.000+0000",
            "layers": [],
            "logging_config": [
              {
                "application_log_level": "",
                "log_format": "Text",
                "log_group": "/aws/lambda/CrearMesaLambda",
                "system_log_level": ""
              }
            ],
            "memory_size": 128,
            "package_type": "Zip",
            "publish": false,
            "qualified_arn": "arn:aws:lambda:us-east-1:557988741594:function:CrearMesaLambda:$LATEST",
            "qualified_invoke_arn": "arn:aws:apigateway:us-east-1:lambda:path/2015-03-31/functions/arn:aws:lambda:us-east-1:557988741594:function:CrearMesaLambda:$LATEST/invocations",
            "replace_security_groups_on_destroy": null,
            "replacement_security_group_ids": null,
            "reserved_concurrent_executions": -1,
            "role": "arn:aws:iam::557988741594:role/LabRole",
            "runtime": "python3.12",
            "s3_bucket": null,
            "s3_key": null,
            "s3_object_version": null,
            "signing_job_arn": "",
            "signing_profile_version_arn": "",
            "skip_destroy": false,
            "snap_start": [],
            "source_code_hash": "qz6gXXnntMSoEThHQO3Rj5GlR699atCTxr8Q8smLJ5M=",
            "source_code_size": 1490,
            "tags": {},
            "tags_all": {},
            "timeout": 3,
            "timeouts": null,
            "tracing_config": [
              {
                "mode": "PassThrough"
              }
            ],
            "version": "$LATEST",
            "vpc_config": [
              {
                "ipv6_allowed_for_dual_stack": false,
                "security_group_ids": [
                  "sg-072c9d38f15f73325"
                ],
                "subnet_ids": [
                  "subnet-081b4bbdb0b375f05",
                  "subnet-08510fb040ef8c61a"
                ],
                "vpc_id": "vpc-0d492fec5f2247c58"
              }
            ]
          },
          "sensitive_attributes": [],
          "private": "eyJlMmJmYjczMC1lY2FhLTExZTYtOGY4OC0zNDM2M2JjN2M0YzAiOnsiY3JlYXRlIjo2MDAwMDAwMDAwMDAsImRlbGV0ZSI6NjAwMDAwMDAwMDAwLCJ1cGRhdGUiOjYwMDAwMDAwMDAwMH19",
          "dependencies": [
            "aws_security_group.lambda_sg",
            "data.archive_file.admin_crear_mesa_zip",
            "data.archive_file.admin_crear_restaurant_zip",
            "data.archive_file.admin_obtener_reservas_zip",
            "data.archive_file.crear_reserva_zip",
            "data.archive_file.delete_reserva_zip",
            "data.archive_file.obtener_reservas_zip",
            "data.aws_iam_role.labrole",
            "module.vpc.aws_subnet.private",
            "module.vpc.aws_vpc.this",
            "module.vpc.aws_vpc_ipv4_cidr_block_association.this"
          ],
          "create_before_destroy": true
        },
        {
          "index_key": "admin_crear_restaurant",
          "schema_version": 0,
          "attributes": {
            "architectures": [
              "x86_64"
            ],
            "arn": "arn:aws:lambda:us-east-1:557988741594:function:CrearRestaurantLambda",
            "code_sha256": "uLidOVfsVpS9PCOWG4xxH05kswgqwY48+OW0/eFx6C0=",
            "code_signing_config_arn": "",
            "dead_letter_config": [],
            "description": "",
            "environment": [],
            "ephemeral_storage": [
              {
                "size": 512
              }
            ],
            "file_system_config": [],
            "filename": "./../backend/admin-crear-restaurant/admin_crear_restaurant.zip",
            "function_name": "CrearRestaurantLambda",
            "handler": "admin_crear_restaurant.admin_crear_restaurant",
            "id": "CrearRestaurantLambda",
            "image_config": [],
            "image_uri": "",
            "invoke_arn": "arn:aws:apigateway:us-east-1:lambda:path/2015-03-31/functions/arn:aws:lambda:us-east-1:557988741594:function:CrearRestaurantLambda/invocations",
            "kms_key_arn": "",
            "last_modified": "2024-10-22T18:39:24.000+0000",
            "layers": [],
            "logging_config": [
              {
                "application_log_level": "",
                "log_format": "Text",
                "log_group": "/aws/lambda/CrearRestaurantLambda",
                "system_log_level": ""
              }
            ],
            "memory_size": 128,
            "package_type": "Zip",
            "publish": false,
            "qualified_arn": "arn:aws:lambda:us-east-1:557988741594:function:CrearRestaurantLambda:$LATEST",
            "qualified_invoke_arn": "arn:aws:apigateway:us-east-1:lambda:path/2015-03-31/functions/arn:aws:lambda:us-east-1:557988741594:function:CrearRestaurantLambda:$LATEST/invocations",
            "replace_security_groups_on_destroy": null,
            "replacement_security_group_ids": null,
            "reserved_concurrent_executions": -1,
            "role": "arn:aws:iam::557988741594:role/LabRole",
            "runtime": "python3.12",
            "s3_bucket": null,
            "s3_key": null,
            "s3_object_version": null,
            "signing_job_arn": "",
            "signing_profile_version_arn": "",
            "skip_destroy": false,
            "snap_start": [],
            "source_code_hash": "uLidOVfsVpS9PCOWG4xxH05kswgqwY48+OW0/eFx6C0=",
            "source_code_size": 2194,
            "tags": {},
            "tags_all": {},
            "timeout": 3,
            "timeouts": null,
            "tracing_config": [
              {
                "mode": "PassThrough"
              }
            ],
            "version": "$LATEST",
            "vpc_config": [
              {
                "ipv6_allowed_for_dual_stack": false,
                "security_group_ids": [
                  "sg-072c9d38f15f73325"
                ],
                "subnet_ids": [
                  "subnet-081b4bbdb0b375f05",
                  "subnet-08510fb040ef8c61a"
                ],
                "vpc_id": "vpc-0d492fec5f2247c58"
              }
            ]
          },
          "sensitive_attributes": [],
          "private": "eyJlMmJmYjczMC1lY2FhLTExZTYtOGY4OC0zNDM2M2JjN2M0YzAiOnsiY3JlYXRlIjo2MDAwMDAwMDAwMDAsImRlbGV0ZSI6NjAwMDAwMDAwMDAwLCJ1cGRhdGUiOjYwMDAwMDAwMDAwMH19",
          "dependencies": [
            "aws_security_group.lambda_sg",
            "data.archive_file.admin_crear_mesa_zip",
            "data.archive_file.admin_crear_restaurant_zip",
            "data.archive_file.admin_obtener_reservas_zip",
            "data.archive_file.crear_reserva_zip",
            "data.archive_file.delete_reserva_zip",
            "data.archive_file.obtener_reservas_zip",
            "data.aws_iam_role.labrole",
            "module.vpc.aws_subnet.private",
            "module.vpc.aws_vpc.this",
            "module.vpc.aws_vpc_ipv4_cidr_block_association.this"
          ],
          "create_before_destroy": true
        },
        {
          "index_key": "admin_obtener_reservas",
          "schema_version": 0,
          "attributes": {
            "architectures": [
              "x86_64"
            ],
            "arn": "arn:aws:lambda:us-east-1:557988741594:function:AdminObtenerReservasLambda",
            "code_sha256": "CZjzFPBY7X+xznS5HX9sbbt4IjKAukMaHhONJCeybaM=",
            "code_signing_config_arn": "",
            "dead_letter_config": [],
            "description": "",
            "environment": [],
            "ephemeral_storage": [
              {
                "size": 512
              }
            ],
            "file_system_config": [],
            "filename": "./../backend/admin-obtener-reservas/admin_obtener_reservas.zip",
            "function_name": "AdminObtenerReservasLambda",
            "handler": "admin_obtener_reservas.admin_obtener_reservas",
            "id": "AdminObtenerReservasLambda",
            "image_config": [],
            "image_uri": "",
            "invoke_arn": "arn:aws:apigateway:us-east-1:lambda:path/2015-03-31/functions/arn:aws:lambda:us-east-1:557988741594:function:AdminObtenerReservasLambda/invocations",
            "kms_key_arn": "",
            "last_modified": "2024-10-22T18:39:31.000+0000",
            "layers": [],
            "logging_config": [
              {
                "application_log_level": "",
                "log_format": "Text",
                "log_group": "/aws/lambda/AdminObtenerReservasLambda",
                "system_log_level": ""
              }
            ],
            "memory_size": 128,
            "package_type": "Zip",
            "publish": false,
            "qualified_arn": "arn:aws:lambda:us-east-1:557988741594:function:AdminObtenerReservasLambda:$LATEST",
            "qualified_invoke_arn": "arn:aws:apigateway:us-east-1:lambda:path/2015-03-31/functions/arn:aws:lambda:us-east-1:557988741594:function:AdminObtenerReservasLambda:$LATEST/invocations",
            "replace_security_groups_on_destroy": null,
            "replacement_security_group_ids": null,
            "reserved_concurrent_executions": -1,
            "role": "arn:aws:iam::557988741594:role/LabRole",
            "runtime": "python3.12",
            "s3_bucket": null,
            "s3_key": null,
            "s3_object_version": null,
            "signing_job_arn": "",
            "signing_profile_version_arn": "",
            "skip_destroy": false,
            "snap_start": [],
            "source_code_hash": "CZjzFPBY7X+xznS5HX9sbbt4IjKAukMaHhONJCeybaM=",
            "source_code_size": 1345,
            "tags": {},
            "tags_all": {},
            "timeout": 3,
            "timeouts": null,
            "tracing_config": [
              {
                "mode": "PassThrough"
              }
            ],
            "version": "$LATEST",
            "vpc_config": [
              {
                "ipv6_allowed_for_dual_stack": false,
                "security_group_ids": [
                  "sg-072c9d38f15f73325"
                ],
                "subnet_ids": [
                  "subnet-081b4bbdb0b375f05",
                  "subnet-08510fb040ef8c61a"
                ],
                "vpc_id": "vpc-0d492fec5f2247c58"
              }
            ]
          },
          "sensitive_attributes": [],
          "private": "eyJlMmJmYjczMC1lY2FhLTExZTYtOGY4OC0zNDM2M2JjN2M0YzAiOnsiY3JlYXRlIjo2MDAwMDAwMDAwMDAsImRlbGV0ZSI6NjAwMDAwMDAwMDAwLCJ1cGRhdGUiOjYwMDAwMDAwMDAwMH19",
          "dependencies": [
            "aws_security_group.lambda_sg",
            "data.archive_file.admin_crear_mesa_zip",
            "data.archive_file.admin_crear_restaurant_zip",
            "data.archive_file.admin_obtener_reservas_zip",
            "data.archive_file.crear_reserva_zip",
            "data.archive_file.delete_reserva_zip",
            "data.archive_file.obtener_reservas_zip",
            "data.aws_iam_role.labrole",
            "module.vpc.aws_subnet.private",
            "module.vpc.aws_vpc.this",
            "module.vpc.aws_vpc_ipv4_cidr_block_association.this"
          ],
          "create_before_destroy": true
        },
        {
          "index_key": "crear_reserva",
          "schema_version": 0,
          "attributes": {
            "architectures": [
              "x86_64"
            ],
            "arn": "arn:aws:lambda:us-east-1:557988741594:function:CrearReservaLambda",
            "code_sha256": "2tTOFH6xXQOvtXGk7vwDu5hHtxN9GiGAKBxwzo/ycl4=",
            "code_signing_config_arn": "",
            "dead_letter_config": [],
            "description": "",
            "environment": [],
            "ephemeral_storage": [
              {
                "size": 512
              }
            ],
            "file_system_config": [],
            "filename": "./../backend/crear-reserva/crear_reserva.zip",
            "function_name": "CrearReservaLambda",
            "handler": "crear_reserva.crear_reserva",
            "id": "CrearReservaLambda",
            "image_config": [],
            "image_uri": "",
            "invoke_arn": "arn:aws:apigateway:us-east-1:lambda:path/2015-03-31/functions/arn:aws:lambda:us-east-1:557988741594:function:CrearReservaLambda/invocations",
            "kms_key_arn": "",
            "last_modified": "2024-10-22T19:32:40.000+0000",
            "layers": [],
            "logging_config": [
              {
                "application_log_level": "",
                "log_format": "Text",
                "log_group": "/aws/lambda/CrearReservaLambda",
                "system_log_level": ""
              }
            ],
            "memory_size": 128,
            "package_type": "Zip",
            "publish": false,
            "qualified_arn": "arn:aws:lambda:us-east-1:557988741594:function:CrearReservaLambda:$LATEST",
            "qualified_invoke_arn": "arn:aws:apigateway:us-east-1:lambda:path/2015-03-31/functions/arn:aws:lambda:us-east-1:557988741594:function:CrearReservaLambda:$LATEST/invocations",
            "replace_security_groups_on_destroy": null,
            "replacement_security_group_ids": null,
            "reserved_concurrent_executions": -1,
            "role": "arn:aws:iam::557988741594:role/LabRole",
            "runtime": "python3.12",
            "s3_bucket": null,
            "s3_key": null,
            "s3_object_version": null,
            "signing_job_arn": "",
            "signing_profile_version_arn": "",
            "skip_destroy": false,
            "snap_start": [],
            "source_code_hash": "2tTOFH6xXQOvtXGk7vwDu5hHtxN9GiGAKBxwzo/ycl4=",
            "source_code_size": 2197,
            "tags": {},
            "tags_all": {},
            "timeout": 3,
            "timeouts": null,
            "tracing_config": [
              {
                "mode": "PassThrough"
              }
            ],
            "version": "$LATEST",
            "vpc_config": [
              {
                "ipv6_allowed_for_dual_stack": false,
                "security_group_ids": [
                  "sg-072c9d38f15f73325"
                ],
                "subnet_ids": [
                  "subnet-081b4bbdb0b375f05",
                  "subnet-08510fb040ef8c61a"
                ],
                "vpc_id": "vpc-0d492fec5f2247c58"
              }
            ]
          },
          "sensitive_attributes": [],
          "private": "eyJlMmJmYjczMC1lY2FhLTExZTYtOGY4OC0zNDM2M2JjN2M0YzAiOnsiY3JlYXRlIjo2MDAwMDAwMDAwMDAsImRlbGV0ZSI6NjAwMDAwMDAwMDAwLCJ1cGRhdGUiOjYwMDAwMDAwMDAwMH19",
          "dependencies": [
            "aws_security_group.lambda_sg",
            "data.archive_file.admin_crear_mesa_zip",
            "data.archive_file.admin_crear_restaurant_zip",
            "data.archive_file.admin_obtener_reservas_zip",
            "data.archive_file.crear_reserva_zip",
            "data.archive_file.delete_reserva_zip",
            "data.archive_file.obtener_reservas_zip",
            "data.aws_iam_role.labrole",
            "module.vpc.aws_subnet.private",
            "module.vpc.aws_vpc.this",
            "module.vpc.aws_vpc_ipv4_cidr_block_association.this"
          ],
          "create_before_destroy": true
        },
        {
          "index_key": "delete_reserva",
          "schema_version": 0,
          "attributes": {
            "architectures": [
              "x86_64"
            ],
            "arn": "arn:aws:lambda:us-east-1:557988741594:function:DeleteReservaLambda",
            "code_sha256": "ChePSmtKc/cZ5l+B6RkVHJAsLjBpmxPXArYIn50jqlk=",
            "code_signing_config_arn": "",
            "dead_letter_config": [],
            "description": "",
            "environment": [],
            "ephemeral_storage": [
              {
                "size": 512
              }
            ],
            "file_system_config": [],
            "filename": "./../backend/delete-reserva/delete_reserva.zip",
            "function_name": "DeleteReservaLambda",
            "handler": "delete_reserva.delete_reserva",
            "id": "DeleteReservaLambda",
            "image_config": [],
            "image_uri": "",
            "invoke_arn": "arn:aws:apigateway:us-east-1:lambda:path/2015-03-31/functions/arn:aws:lambda:us-east-1:557988741594:function:DeleteReservaLambda/invocations",
            "kms_key_arn": "",
            "last_modified": "2024-10-22T19:39:37.000+0000",
            "layers": [],
            "logging_config": [
              {
                "application_log_level": "",
                "log_format": "Text",
                "log_group": "/aws/lambda/DeleteReservaLambda",
                "system_log_level": ""
              }
            ],
            "memory_size": 128,
            "package_type": "Zip",
            "publish": false,
            "qualified_arn": "arn:aws:lambda:us-east-1:557988741594:function:DeleteReservaLambda:$LATEST",
            "qualified_invoke_arn": "arn:aws:apigateway:us-east-1:lambda:path/2015-03-31/functions/arn:aws:lambda:us-east-1:557988741594:function:DeleteReservaLambda:$LATEST/invocations",
            "replace_security_groups_on_destroy": null,
            "replacement_security_group_ids": null,
            "reserved_concurrent_executions": -1,
            "role": "arn:aws:iam::557988741594:role/LabRole",
            "runtime": "python3.12",
            "s3_bucket": null,
            "s3_key": null,
            "s3_object_version": null,
            "signing_job_arn": "",
            "signing_profile_version_arn": "",
            "skip_destroy": false,
            "snap_start": [],
            "source_code_hash": "ChePSmtKc/cZ5l+B6RkVHJAsLjBpmxPXArYIn50jqlk=",
            "source_code_size": 1509,
            "tags": {},
            "tags_all": {},
            "timeout": 3,
            "timeouts": null,
            "tracing_config": [
              {
                "mode": "PassThrough"
              }
            ],
            "version": "$LATEST",
            "vpc_config": [
              {
                "ipv6_allowed_for_dual_stack": false,
                "security_group_ids": [
                  "sg-072c9d38f15f73325"
                ],
                "subnet_ids": [
                  "subnet-081b4bbdb0b375f05",
                  "subnet-08510fb040ef8c61a"
                ],
                "vpc_id": "vpc-0d492fec5f2247c58"
              }
            ]
          },
          "sensitive_attributes": [],
          "private": "eyJlMmJmYjczMC1lY2FhLTExZTYtOGY4OC0zNDM2M2JjN2M0YzAiOnsiY3JlYXRlIjo2MDAwMDAwMDAwMDAsImRlbGV0ZSI6NjAwMDAwMDAwMDAwLCJ1cGRhdGUiOjYwMDAwMDAwMDAwMH19",
          "dependencies": [
            "aws_security_group.lambda_sg",
            "data.archive_file.admin_crear_mesa_zip",
            "data.archive_file.admin_crear_restaurant_zip",
            "data.archive_file.admin_obtener_reservas_zip",
            "data.archive_file.crear_reserva_zip",
            "data.archive_file.delete_reserva_zip",
            "data.archive_file.obtener_reservas_zip",
            "data.aws_iam_role.labrole",
            "module.vpc.aws_subnet.private",
            "module.vpc.aws_vpc.this",
            "module.vpc.aws_vpc_ipv4_cidr_block_association.this"
          ]
        },
        {
          "index_key": "obtener_reservas",
          "schema_version": 0,
          "attributes": {
            "architectures": [
              "x86_64"
            ],
            "arn": "arn:aws:lambda:us-east-1:557988741594:function:ObtenerReservasLambda",
            "code_sha256": "Np5sDAMg2hwOLkhJ/KmmQeBYpNz9yJ9MI5ebnkY2qvI=",
            "code_signing_config_arn": "",
            "dead_letter_config": [],
            "description": "",
            "environment": [],
            "ephemeral_storage": [
              {
                "size": 512
              }
            ],
            "file_system_config": [],
            "filename": "./../backend/obtener-reservas/obtener_reservas.zip",
            "function_name": "ObtenerReservasLambda",
            "handler": "obtener_reservas.obtener_reservas",
            "id": "ObtenerReservasLambda",
            "image_config": [],
            "image_uri": "",
            "invoke_arn": "arn:aws:apigateway:us-east-1:lambda:path/2015-03-31/functions/arn:aws:lambda:us-east-1:557988741594:function:ObtenerReservasLambda/invocations",
            "kms_key_arn": "",
            "last_modified": "2024-10-22T18:39:37.000+0000",
            "layers": [],
            "logging_config": [
              {
                "application_log_level": "",
                "log_format": "Text",
                "log_group": "/aws/lambda/ObtenerReservasLambda",
                "system_log_level": ""
              }
            ],
            "memory_size": 128,
            "package_type": "Zip",
            "publish": false,
            "qualified_arn": "arn:aws:lambda:us-east-1:557988741594:function:ObtenerReservasLambda:$LATEST",
            "qualified_invoke_arn": "arn:aws:apigateway:us-east-1:lambda:path/2015-03-31/functions/arn:aws:lambda:us-east-1:557988741594:function:ObtenerReservasLambda:$LATEST/invocations",
            "replace_security_groups_on_destroy": null,
            "replacement_security_group_ids": null,
            "reserved_concurrent_executions": -1,
            "role": "arn:aws:iam::557988741594:role/LabRole",
            "runtime": "python3.12",
            "s3_bucket": null,
            "s3_key": null,
            "s3_object_version": null,
            "signing_job_arn": "",
            "signing_profile_version_arn": "",
            "skip_destroy": false,
            "snap_start": [],
            "source_code_hash": "Np5sDAMg2hwOLkhJ/KmmQeBYpNz9yJ9MI5ebnkY2qvI=",
            "source_code_size": 1140,
            "tags": {},
            "tags_all": {},
            "timeout": 3,
            "timeouts": null,
            "tracing_config": [
              {
                "mode": "PassThrough"
              }
            ],
            "version": "$LATEST",
            "vpc_config": [
              {
                "ipv6_allowed_for_dual_stack": false,
                "security_group_ids": [
                  "sg-072c9d38f15f73325"
                ],
                "subnet_ids": [
                  "subnet-081b4bbdb0b375f05",
                  "subnet-08510fb040ef8c61a"
                ],
                "vpc_id": "vpc-0d492fec5f2247c58"
              }
            ]
          },
          "sensitive_attributes": [],
          "private": "eyJlMmJmYjczMC1lY2FhLTExZTYtOGY4OC0zNDM2M2JjN2M0YzAiOnsiY3JlYXRlIjo2MDAwMDAwMDAwMDAsImRlbGV0ZSI6NjAwMDAwMDAwMDAwLCJ1cGRhdGUiOjYwMDAwMDAwMDAwMH19",
          "dependencies": [
            "aws_security_group.lambda_sg",
            "data.archive_file.admin_crear_mesa_zip",
            "data.archive_file.admin_crear_restaurant_zip",
            "data.archive_file.admin_obtener_reservas_zip",
            "data.archive_file.crear_reserva_zip",
            "data.archive_file.delete_reserva_zip",
            "data.archive_file.obtener_reservas_zip",
            "data.aws_iam_role.labrole",
            "module.vpc.aws_subnet.private",
            "module.vpc.aws_vpc.this",
            "module.vpc.aws_vpc_ipv4_cidr_block_association.this"
          ],
          "create_before_destroy": true
        }
      ]
    },
    {
      "module": "module.reserva",
      "mode": "managed",
      "type": "aws_api_gateway_integration",
      "name": "lambda_integration",
      "provider": "provider[\"registry.terraform.io/hashicorp/aws\"]",
      "instances": [
        {
          "index_key": "DELETE",
          "schema_version": 0,
          "attributes": {
            "cache_key_parameters": [],
            "cache_namespace": "1n92a1",
            "connection_id": "",
            "connection_type": "INTERNET",
            "content_handling": "",
            "credentials": "",
            "http_method": "DELETE",
            "id": "agi-id95l3w72m-1n92a1-DELETE",
            "integration_http_method": "POST",
            "passthrough_behavior": "WHEN_NO_MATCH",
            "request_parameters": {},
            "request_templates": {},
            "resource_id": "1n92a1",
            "rest_api_id": "id95l3w72m",
            "timeout_milliseconds": 29000,
            "tls_config": [],
            "type": "AWS_PROXY",
            "uri": "arn:aws:apigateway:us-east-1:lambda:path/2015-03-31/functions/arn:aws:lambda:us-east-1:557988741594:function:DeleteReservaLambda/invocations"
          },
          "sensitive_attributes": [],
          "private": "bnVsbA==",
          "dependencies": [
            "aws_api_gateway_resource.reservas",
            "aws_api_gateway_rest_api.my_api",
            "aws_security_group.lambda_sg",
            "data.archive_file.admin_crear_mesa_zip",
            "data.archive_file.admin_crear_restaurant_zip",
            "data.archive_file.admin_obtener_reservas_zip",
            "data.archive_file.crear_reserva_zip",
            "data.archive_file.delete_reserva_zip",
            "data.archive_file.obtener_reservas_zip",
            "data.aws_iam_role.labrole",
            "module.my_lambdas.aws_lambda_function.this",
            "module.reserva.aws_api_gateway_method.resource_method",
            "module.vpc.aws_subnet.private",
            "module.vpc.aws_vpc.this",
            "module.vpc.aws_vpc_ipv4_cidr_block_association.this"
          ],
          "create_before_destroy": true
        },
        {
          "index_key": "GET",
          "schema_version": 0,
          "attributes": {
            "cache_key_parameters": [],
            "cache_namespace": "1n92a1",
            "connection_id": "",
            "connection_type": "INTERNET",
            "content_handling": "",
            "credentials": "",
            "http_method": "GET",
            "id": "agi-id95l3w72m-1n92a1-GET",
            "integration_http_method": "POST",
            "passthrough_behavior": "WHEN_NO_MATCH",
            "request_parameters": {},
            "request_templates": {},
            "resource_id": "1n92a1",
            "rest_api_id": "id95l3w72m",
            "timeout_milliseconds": 29000,
            "tls_config": [],
            "type": "AWS_PROXY",
            "uri": "arn:aws:apigateway:us-east-1:lambda:path/2015-03-31/functions/arn:aws:lambda:us-east-1:557988741594:function:ObtenerReservasLambda/invocations"
          },
          "sensitive_attributes": [],
          "private": "bnVsbA==",
          "dependencies": [
            "aws_api_gateway_resource.reservas",
            "aws_api_gateway_rest_api.my_api",
            "aws_security_group.lambda_sg",
            "data.archive_file.admin_crear_mesa_zip",
            "data.archive_file.admin_crear_restaurant_zip",
            "data.archive_file.admin_obtener_reservas_zip",
            "data.archive_file.crear_reserva_zip",
            "data.archive_file.delete_reserva_zip",
            "data.archive_file.obtener_reservas_zip",
            "data.aws_iam_role.labrole",
            "module.my_lambdas.aws_lambda_function.this",
            "module.reserva.aws_api_gateway_method.resource_method",
            "module.vpc.aws_subnet.private",
            "module.vpc.aws_vpc.this",
            "module.vpc.aws_vpc_ipv4_cidr_block_association.this"
          ],
          "create_before_destroy": true
        },
        {
          "index_key": "POST",
          "schema_version": 0,
          "attributes": {
            "cache_key_parameters": [],
            "cache_namespace": "1n92a1",
            "connection_id": "",
            "connection_type": "INTERNET",
            "content_handling": "",
            "credentials": "",
            "http_method": "POST",
            "id": "agi-id95l3w72m-1n92a1-POST",
            "integration_http_method": "POST",
            "passthrough_behavior": "WHEN_NO_MATCH",
            "request_parameters": {},
            "request_templates": {},
            "resource_id": "1n92a1",
            "rest_api_id": "id95l3w72m",
            "timeout_milliseconds": 29000,
            "tls_config": [],
            "type": "AWS_PROXY",
            "uri": "arn:aws:apigateway:us-east-1:lambda:path/2015-03-31/functions/arn:aws:lambda:us-east-1:557988741594:function:CrearReservaLambda/invocations"
          },
          "sensitive_attributes": [],
          "private": "bnVsbA==",
          "dependencies": [
            "aws_api_gateway_resource.reservas",
            "aws_api_gateway_rest_api.my_api",
            "aws_security_group.lambda_sg",
            "data.archive_file.admin_crear_mesa_zip",
            "data.archive_file.admin_crear_restaurant_zip",
            "data.archive_file.admin_obtener_reservas_zip",
            "data.archive_file.crear_reserva_zip",
            "data.archive_file.delete_reserva_zip",
            "data.archive_file.obtener_reservas_zip",
            "data.aws_iam_role.labrole",
            "module.my_lambdas.aws_lambda_function.this",
            "module.reserva.aws_api_gateway_method.resource_method",
            "module.vpc.aws_subnet.private",
            "module.vpc.aws_vpc.this",
            "module.vpc.aws_vpc_ipv4_cidr_block_association.this"
          ],
          "create_before_destroy": true
        }
      ]
    },
    {
      "module": "module.reserva",
      "mode": "managed",
      "type": "aws_api_gateway_integration",
      "name": "options_integration_lambda",
      "provider": "provider[\"registry.terraform.io/hashicorp/aws\"]",
      "instances": [
        {
          "schema_version": 0,
          "attributes": {
            "cache_key_parameters": [],
            "cache_namespace": "1n92a1",
            "connection_id": "",
            "connection_type": "INTERNET",
            "content_handling": "",
            "credentials": "",
            "http_method": "OPTIONS",
            "id": "agi-id95l3w72m-1n92a1-OPTIONS",
            "integration_http_method": "",
            "passthrough_behavior": "WHEN_NO_MATCH",
            "request_parameters": {},
            "request_templates": {
              "application/json": "{\"statusCode\": 200}"
            },
            "resource_id": "1n92a1",
            "rest_api_id": "id95l3w72m",
            "timeout_milliseconds": 29000,
            "tls_config": [],
            "type": "MOCK",
            "uri": ""
          },
          "sensitive_attributes": [],
          "private": "bnVsbA==",
          "dependencies": [
            "aws_api_gateway_resource.reservas",
            "aws_api_gateway_rest_api.my_api",
            "aws_security_group.lambda_sg",
            "data.archive_file.admin_crear_mesa_zip",
            "data.archive_file.admin_crear_restaurant_zip",
            "data.archive_file.admin_obtener_reservas_zip",
            "data.archive_file.crear_reserva_zip",
            "data.archive_file.delete_reserva_zip",
            "data.archive_file.obtener_reservas_zip",
            "data.aws_iam_role.labrole",
            "module.my_lambdas.aws_lambda_function.this",
            "module.reserva.aws_api_gateway_method.options_lambda",
            "module.vpc.aws_subnet.private",
            "module.vpc.aws_vpc.this",
            "module.vpc.aws_vpc_ipv4_cidr_block_association.this"
          ],
          "create_before_destroy": true
        }
      ]
    },
    {
      "module": "module.reserva",
      "mode": "managed",
      "type": "aws_api_gateway_integration_response",
      "name": "options_integration_response",
      "provider": "provider[\"registry.terraform.io/hashicorp/aws\"]",
      "instances": [
        {
          "schema_version": 0,
          "attributes": {
            "content_handling": "",
            "http_method": "OPTIONS",
            "id": "agir-id95l3w72m-1n92a1-OPTIONS-200",
            "resource_id": "1n92a1",
            "response_parameters": {
              "method.response.header.Access-Control-Allow-Headers": "'Content-Type,X-Amz-Date,Authorization,X-Api-Key,X-Amz-Security-Token'",
              "method.response.header.Access-Control-Allow-Methods": "'DELETE,GET,POST,OPTIONS'",
              "method.response.header.Access-Control-Allow-Origin": "'*'"
            },
            "response_templates": {},
            "rest_api_id": "id95l3w72m",
            "selection_pattern": "",
            "status_code": "200"
          },
          "sensitive_attributes": [],
          "private": "bnVsbA==",
          "dependencies": [
            "aws_api_gateway_resource.reservas",
            "aws_api_gateway_rest_api.my_api",
            "aws_security_group.lambda_sg",
            "data.archive_file.admin_crear_mesa_zip",
            "data.archive_file.admin_crear_restaurant_zip",
            "data.archive_file.admin_obtener_reservas_zip",
            "data.archive_file.crear_reserva_zip",
            "data.archive_file.delete_reserva_zip",
            "data.archive_file.obtener_reservas_zip",
            "data.aws_iam_role.labrole",
            "module.my_lambdas.aws_lambda_function.this",
            "module.reserva.aws_api_gateway_method.options_lambda",
            "module.reserva.aws_api_gateway_method_response.options_method_response",
            "module.vpc.aws_subnet.private",
            "module.vpc.aws_vpc.this",
            "module.vpc.aws_vpc_ipv4_cidr_block_association.this"
          ],
          "create_before_destroy": true
        }
      ]
    },
    {
      "module": "module.reserva",
      "mode": "managed",
      "type": "aws_api_gateway_method",
      "name": "options_lambda",
      "provider": "provider[\"registry.terraform.io/hashicorp/aws\"]",
      "instances": [
        {
          "schema_version": 0,
          "attributes": {
            "api_key_required": false,
            "authorization": "NONE",
            "authorization_scopes": [],
            "authorizer_id": "",
            "http_method": "OPTIONS",
            "id": "agm-id95l3w72m-1n92a1-OPTIONS",
            "operation_name": "",
            "request_models": {},
            "request_parameters": {},
            "request_validator_id": "",
            "resource_id": "1n92a1",
            "rest_api_id": "id95l3w72m"
          },
          "sensitive_attributes": [],
          "private": "bnVsbA==",
          "dependencies": [
            "aws_api_gateway_resource.reservas",
            "aws_api_gateway_rest_api.my_api",
            "aws_security_group.lambda_sg",
            "data.archive_file.admin_crear_mesa_zip",
            "data.archive_file.admin_crear_restaurant_zip",
            "data.archive_file.admin_obtener_reservas_zip",
            "data.archive_file.crear_reserva_zip",
            "data.archive_file.delete_reserva_zip",
            "data.archive_file.obtener_reservas_zip",
            "data.aws_iam_role.labrole",
            "module.my_lambdas.aws_lambda_function.this",
            "module.vpc.aws_subnet.private",
            "module.vpc.aws_vpc.this",
            "module.vpc.aws_vpc_ipv4_cidr_block_association.this"
          ],
          "create_before_destroy": true
        }
      ]
    },
    {
      "module": "module.reserva",
      "mode": "managed",
      "type": "aws_api_gateway_method",
      "name": "resource_method",
      "provider": "provider[\"registry.terraform.io/hashicorp/aws\"]",
      "instances": [
        {
          "index_key": "DELETE",
          "schema_version": 0,
          "attributes": {
            "api_key_required": false,
            "authorization": "NONE",
            "authorization_scopes": [],
            "authorizer_id": "",
            "http_method": "DELETE",
            "id": "agm-id95l3w72m-1n92a1-DELETE",
            "operation_name": "",
            "request_models": {},
            "request_parameters": {},
            "request_validator_id": "",
            "resource_id": "1n92a1",
            "rest_api_id": "id95l3w72m"
          },
          "sensitive_attributes": [],
          "private": "bnVsbA==",
          "dependencies": [
            "aws_api_gateway_resource.reservas",
            "aws_api_gateway_rest_api.my_api",
            "aws_security_group.lambda_sg",
            "data.archive_file.admin_crear_mesa_zip",
            "data.archive_file.admin_crear_restaurant_zip",
            "data.archive_file.admin_obtener_reservas_zip",
            "data.archive_file.crear_reserva_zip",
            "data.archive_file.delete_reserva_zip",
            "data.archive_file.obtener_reservas_zip",
            "data.aws_iam_role.labrole",
            "module.my_lambdas.aws_lambda_function.this",
            "module.vpc.aws_subnet.private",
            "module.vpc.aws_vpc.this",
            "module.vpc.aws_vpc_ipv4_cidr_block_association.this"
          ],
          "create_before_destroy": true
        },
        {
          "index_key": "GET",
          "schema_version": 0,
          "attributes": {
            "api_key_required": false,
            "authorization": "NONE",
            "authorization_scopes": [],
            "authorizer_id": "",
            "http_method": "GET",
            "id": "agm-id95l3w72m-1n92a1-GET",
            "operation_name": "",
            "request_models": {},
            "request_parameters": {},
            "request_validator_id": "",
            "resource_id": "1n92a1",
            "rest_api_id": "id95l3w72m"
          },
          "sensitive_attributes": [],
          "private": "bnVsbA==",
          "dependencies": [
            "aws_api_gateway_resource.reservas",
            "aws_api_gateway_rest_api.my_api",
            "aws_security_group.lambda_sg",
            "data.archive_file.admin_crear_mesa_zip",
            "data.archive_file.admin_crear_restaurant_zip",
            "data.archive_file.admin_obtener_reservas_zip",
            "data.archive_file.crear_reserva_zip",
            "data.archive_file.delete_reserva_zip",
            "data.archive_file.obtener_reservas_zip",
            "data.aws_iam_role.labrole",
            "module.my_lambdas.aws_lambda_function.this",
            "module.vpc.aws_subnet.private",
            "module.vpc.aws_vpc.this",
            "module.vpc.aws_vpc_ipv4_cidr_block_association.this"
          ],
          "create_before_destroy": true
        },
        {
          "index_key": "POST",
          "schema_version": 0,
          "attributes": {
            "api_key_required": false,
            "authorization": "NONE",
            "authorization_scopes": [],
            "authorizer_id": "",
            "http_method": "POST",
            "id": "agm-id95l3w72m-1n92a1-POST",
            "operation_name": "",
            "request_models": {},
            "request_parameters": {},
            "request_validator_id": "",
            "resource_id": "1n92a1",
            "rest_api_id": "id95l3w72m"
          },
          "sensitive_attributes": [],
          "private": "bnVsbA==",
          "dependencies": [
            "aws_api_gateway_resource.reservas",
            "aws_api_gateway_rest_api.my_api",
            "aws_security_group.lambda_sg",
            "data.archive_file.admin_crear_mesa_zip",
            "data.archive_file.admin_crear_restaurant_zip",
            "data.archive_file.admin_obtener_reservas_zip",
            "data.archive_file.crear_reserva_zip",
            "data.archive_file.delete_reserva_zip",
            "data.archive_file.obtener_reservas_zip",
            "data.aws_iam_role.labrole",
            "module.my_lambdas.aws_lambda_function.this",
            "module.vpc.aws_subnet.private",
            "module.vpc.aws_vpc.this",
            "module.vpc.aws_vpc_ipv4_cidr_block_association.this"
          ],
          "create_before_destroy": true
        }
      ]
    },
    {
      "module": "module.reserva",
      "mode": "managed",
      "type": "aws_api_gateway_method_response",
      "name": "cors_method_response_200",
      "provider": "provider[\"registry.terraform.io/hashicorp/aws\"]",
      "instances": [
        {
          "index_key": "DELETE",
          "schema_version": 0,
          "attributes": {
            "http_method": "DELETE",
            "id": "agmr-id95l3w72m-1n92a1-DELETE-200",
            "resource_id": "1n92a1",
            "response_models": {},
            "response_parameters": {
              "method.response.header.Access-Control-Allow-Origin": true
            },
            "rest_api_id": "id95l3w72m",
            "status_code": "200"
          },
          "sensitive_attributes": [],
          "private": "bnVsbA==",
          "dependencies": [
            "aws_api_gateway_resource.reservas",
            "aws_api_gateway_rest_api.my_api",
            "aws_security_group.lambda_sg",
            "data.archive_file.admin_crear_mesa_zip",
            "data.archive_file.admin_crear_restaurant_zip",
            "data.archive_file.admin_obtener_reservas_zip",
            "data.archive_file.crear_reserva_zip",
            "data.archive_file.delete_reserva_zip",
            "data.archive_file.obtener_reservas_zip",
            "data.aws_iam_role.labrole",
            "module.my_lambdas.aws_lambda_function.this",
            "module.reserva.aws_api_gateway_method.resource_method",
            "module.vpc.aws_subnet.private",
            "module.vpc.aws_vpc.this",
            "module.vpc.aws_vpc_ipv4_cidr_block_association.this"
          ],
          "create_before_destroy": true
        },
        {
          "index_key": "GET",
          "schema_version": 0,
          "attributes": {
            "http_method": "GET",
            "id": "agmr-id95l3w72m-1n92a1-GET-200",
            "resource_id": "1n92a1",
            "response_models": {},
            "response_parameters": {
              "method.response.header.Access-Control-Allow-Origin": true
            },
            "rest_api_id": "id95l3w72m",
            "status_code": "200"
          },
          "sensitive_attributes": [],
          "private": "bnVsbA==",
          "dependencies": [
            "aws_api_gateway_resource.reservas",
            "aws_api_gateway_rest_api.my_api",
            "aws_security_group.lambda_sg",
            "data.archive_file.admin_crear_mesa_zip",
            "data.archive_file.admin_crear_restaurant_zip",
            "data.archive_file.admin_obtener_reservas_zip",
            "data.archive_file.crear_reserva_zip",
            "data.archive_file.delete_reserva_zip",
            "data.archive_file.obtener_reservas_zip",
            "data.aws_iam_role.labrole",
            "module.my_lambdas.aws_lambda_function.this",
            "module.reserva.aws_api_gateway_method.resource_method",
            "module.vpc.aws_subnet.private",
            "module.vpc.aws_vpc.this",
            "module.vpc.aws_vpc_ipv4_cidr_block_association.this"
          ],
          "create_before_destroy": true
        },
        {
          "index_key": "POST",
          "schema_version": 0,
          "attributes": {
            "http_method": "POST",
            "id": "agmr-id95l3w72m-1n92a1-POST-200",
            "resource_id": "1n92a1",
            "response_models": {},
            "response_parameters": {
              "method.response.header.Access-Control-Allow-Origin": true
            },
            "rest_api_id": "id95l3w72m",
            "status_code": "200"
          },
          "sensitive_attributes": [],
          "private": "bnVsbA==",
          "dependencies": [
            "aws_api_gateway_resource.reservas",
            "aws_api_gateway_rest_api.my_api",
            "aws_security_group.lambda_sg",
            "data.archive_file.admin_crear_mesa_zip",
            "data.archive_file.admin_crear_restaurant_zip",
            "data.archive_file.admin_obtener_reservas_zip",
            "data.archive_file.crear_reserva_zip",
            "data.archive_file.delete_reserva_zip",
            "data.archive_file.obtener_reservas_zip",
            "data.aws_iam_role.labrole",
            "module.my_lambdas.aws_lambda_function.this",
            "module.reserva.aws_api_gateway_method.resource_method",
            "module.vpc.aws_subnet.private",
            "module.vpc.aws_vpc.this",
            "module.vpc.aws_vpc_ipv4_cidr_block_association.this"
          ],
          "create_before_destroy": true
        }
      ]
    },
    {
      "module": "module.reserva",
      "mode": "managed",
      "type": "aws_api_gateway_method_response",
      "name": "options_method_response",
      "provider": "provider[\"registry.terraform.io/hashicorp/aws\"]",
      "instances": [
        {
          "schema_version": 0,
          "attributes": {
            "http_method": "OPTIONS",
            "id": "agmr-id95l3w72m-1n92a1-OPTIONS-200",
            "resource_id": "1n92a1",
            "response_models": {
              "application/json": "Empty"
            },
            "response_parameters": {
              "method.response.header.Access-Control-Allow-Headers": true,
              "method.response.header.Access-Control-Allow-Methods": true,
              "method.response.header.Access-Control-Allow-Origin": true
            },
            "rest_api_id": "id95l3w72m",
            "status_code": "200"
          },
          "sensitive_attributes": [],
          "private": "bnVsbA==",
          "dependencies": [
            "aws_api_gateway_resource.reservas",
            "aws_api_gateway_rest_api.my_api",
            "aws_security_group.lambda_sg",
            "data.archive_file.admin_crear_mesa_zip",
            "data.archive_file.admin_crear_restaurant_zip",
            "data.archive_file.admin_obtener_reservas_zip",
            "data.archive_file.crear_reserva_zip",
            "data.archive_file.delete_reserva_zip",
            "data.archive_file.obtener_reservas_zip",
            "data.aws_iam_role.labrole",
            "module.my_lambdas.aws_lambda_function.this",
            "module.reserva.aws_api_gateway_method.options_lambda",
            "module.vpc.aws_subnet.private",
            "module.vpc.aws_vpc.this",
            "module.vpc.aws_vpc_ipv4_cidr_block_association.this"
          ],
          "create_before_destroy": true
        }
      ]
    },
    {
      "module": "module.reserva",
      "mode": "managed",
      "type": "aws_lambda_permission",
      "name": "api_gateway_permission",
      "provider": "provider[\"registry.terraform.io/hashicorp/aws\"]",
      "instances": [
        {
          "index_key": "DELETE",
          "schema_version": 0,
          "attributes": {
            "action": "lambda:InvokeFunction",
            "event_source_token": null,
            "function_name": "DeleteReservaLambda",
            "function_url_auth_type": null,
            "id": "AllowAPIGatewayInvokeReserva_DELETE",
            "principal": "apigateway.amazonaws.com",
            "principal_org_id": null,
            "qualifier": "",
            "source_account": null,
            "source_arn": "arn:aws:execute-api:us-east-1:557988741594:id95l3w72m/prod/DELETE/reservas",
            "statement_id": "AllowAPIGatewayInvokeReserva_DELETE",
            "statement_id_prefix": ""
          },
          "sensitive_attributes": [],
          "private": "bnVsbA==",
          "dependencies": [
            "aws_api_gateway_resource.reservas",
            "aws_api_gateway_rest_api.my_api",
            "aws_security_group.lambda_sg",
            "data.archive_file.admin_crear_mesa_zip",
            "data.archive_file.admin_crear_restaurant_zip",
            "data.archive_file.admin_obtener_reservas_zip",
            "data.archive_file.crear_reserva_zip",
            "data.archive_file.delete_reserva_zip",
            "data.archive_file.obtener_reservas_zip",
            "data.aws_iam_role.labrole",
            "module.my_lambdas.aws_lambda_function.this",
            "module.vpc.aws_subnet.private",
            "module.vpc.aws_vpc.this",
            "module.vpc.aws_vpc_ipv4_cidr_block_association.this"
          ],
          "create_before_destroy": true
        },
        {
          "index_key": "GET",
          "schema_version": 0,
          "attributes": {
            "action": "lambda:InvokeFunction",
            "event_source_token": null,
            "function_name": "ObtenerReservasLambda",
            "function_url_auth_type": null,
            "id": "AllowAPIGatewayInvokeReserva_GET",
            "principal": "apigateway.amazonaws.com",
            "principal_org_id": null,
            "qualifier": "",
            "source_account": null,
            "source_arn": "arn:aws:execute-api:us-east-1:557988741594:id95l3w72m/prod/GET/reservas",
            "statement_id": "AllowAPIGatewayInvokeReserva_GET",
            "statement_id_prefix": ""
          },
          "sensitive_attributes": [],
          "private": "bnVsbA==",
          "dependencies": [
            "aws_api_gateway_resource.reservas",
            "aws_api_gateway_rest_api.my_api",
            "aws_security_group.lambda_sg",
            "data.archive_file.admin_crear_mesa_zip",
            "data.archive_file.admin_crear_restaurant_zip",
            "data.archive_file.admin_obtener_reservas_zip",
            "data.archive_file.crear_reserva_zip",
            "data.archive_file.delete_reserva_zip",
            "data.archive_file.obtener_reservas_zip",
            "data.aws_iam_role.labrole",
            "module.my_lambdas.aws_lambda_function.this",
            "module.vpc.aws_subnet.private",
            "module.vpc.aws_vpc.this",
            "module.vpc.aws_vpc_ipv4_cidr_block_association.this"
          ],
          "create_before_destroy": true
        },
        {
          "index_key": "POST",
          "schema_version": 0,
          "attributes": {
            "action": "lambda:InvokeFunction",
            "event_source_token": null,
            "function_name": "CrearReservaLambda",
            "function_url_auth_type": null,
            "id": "AllowAPIGatewayInvokeReserva_POST",
            "principal": "apigateway.amazonaws.com",
            "principal_org_id": null,
            "qualifier": "",
            "source_account": null,
            "source_arn": "arn:aws:execute-api:us-east-1:557988741594:id95l3w72m/prod/POST/reservas",
            "statement_id": "AllowAPIGatewayInvokeReserva_POST",
            "statement_id_prefix": ""
          },
          "sensitive_attributes": [],
          "private": "bnVsbA==",
          "dependencies": [
            "aws_api_gateway_resource.reservas",
            "aws_api_gateway_rest_api.my_api",
            "aws_security_group.lambda_sg",
            "data.archive_file.admin_crear_mesa_zip",
            "data.archive_file.admin_crear_restaurant_zip",
            "data.archive_file.admin_obtener_reservas_zip",
            "data.archive_file.crear_reserva_zip",
            "data.archive_file.delete_reserva_zip",
            "data.archive_file.obtener_reservas_zip",
            "data.aws_iam_role.labrole",
            "module.my_lambdas.aws_lambda_function.this",
            "module.vpc.aws_subnet.private",
            "module.vpc.aws_vpc.this",
            "module.vpc.aws_vpc_ipv4_cidr_block_association.this"
          ],
          "create_before_destroy": true
        }
      ]
    },
    {
      "module": "module.vpc",
      "mode": "managed",
      "type": "aws_default_network_acl",
      "name": "this",
      "provider": "provider[\"registry.terraform.io/hashicorp/aws\"]",
      "instances": [
        {
          "index_key": 0,
          "schema_version": 0,
          "attributes": {
            "arn": "arn:aws:ec2:us-east-1:557988741594:network-acl/acl-04a6e0dd44b3a0d8c",
            "default_network_acl_id": "acl-04a6e0dd44b3a0d8c",
            "egress": [
              {
                "action": "allow",
                "cidr_block": "",
                "from_port": 0,
                "icmp_code": 0,
                "icmp_type": 0,
                "ipv6_cidr_block": "::/0",
                "protocol": "-1",
                "rule_no": 101,
                "to_port": 0
              },
              {
                "action": "allow",
                "cidr_block": "0.0.0.0/0",
                "from_port": 0,
                "icmp_code": 0,
                "icmp_type": 0,
                "ipv6_cidr_block": "",
                "protocol": "-1",
                "rule_no": 100,
                "to_port": 0
              }
            ],
            "id": "acl-04a6e0dd44b3a0d8c",
            "ingress": [
              {
                "action": "allow",
                "cidr_block": "",
                "from_port": 0,
                "icmp_code": 0,
                "icmp_type": 0,
                "ipv6_cidr_block": "::/0",
                "protocol": "-1",
                "rule_no": 101,
                "to_port": 0
              },
              {
                "action": "allow",
                "cidr_block": "0.0.0.0/0",
                "from_port": 0,
                "icmp_code": 0,
                "icmp_type": 0,
                "ipv6_cidr_block": "",
                "protocol": "-1",
                "rule_no": 100,
                "to_port": 0
              }
            ],
            "owner_id": "557988741594",
            "subnet_ids": [
              "subnet-081b4bbdb0b375f05",
              "subnet-08510fb040ef8c61a"
            ],
            "tags": {
              "Environment": "dev",
              "Name": "my-vpc-default",
              "Terraform": "true"
            },
            "tags_all": {
              "Environment": "dev",
              "Name": "my-vpc-default",
              "Terraform": "true"
            },
            "vpc_id": "vpc-0d492fec5f2247c58"
          },
          "sensitive_attributes": [],
          "private": "bnVsbA==",
          "dependencies": [
            "module.vpc.aws_vpc.this"
          ]
        }
      ]
    },
    {
      "module": "module.vpc",
      "mode": "managed",
      "type": "aws_default_route_table",
      "name": "default",
      "provider": "provider[\"registry.terraform.io/hashicorp/aws\"]",
      "instances": [
        {
          "index_key": 0,
          "schema_version": 0,
          "attributes": {
            "arn": "arn:aws:ec2:us-east-1:557988741594:route-table/rtb-019d7b4c3a62c32c8",
            "default_route_table_id": "rtb-019d7b4c3a62c32c8",
            "id": "rtb-019d7b4c3a62c32c8",
            "owner_id": "557988741594",
            "propagating_vgws": [],
            "route": [],
            "tags": {
              "Environment": "dev",
              "Name": "my-vpc-default",
              "Terraform": "true"
            },
            "tags_all": {
              "Environment": "dev",
              "Name": "my-vpc-default",
              "Terraform": "true"
            },
            "timeouts": {
              "create": "5m",
              "update": "5m"
            },
            "vpc_id": "vpc-0d492fec5f2247c58"
          },
          "sensitive_attributes": [],
          "private": "eyJlMmJmYjczMC1lY2FhLTExZTYtOGY4OC0zNDM2M2JjN2M0YzAiOnsiY3JlYXRlIjozMDAwMDAwMDAwMDAsInVwZGF0ZSI6MzAwMDAwMDAwMDAwfX0=",
          "dependencies": [
            "module.vpc.aws_vpc.this"
          ]
        }
      ]
    },
    {
      "module": "module.vpc",
      "mode": "managed",
      "type": "aws_default_security_group",
      "name": "this",
      "provider": "provider[\"registry.terraform.io/hashicorp/aws\"]",
      "instances": [
        {
          "index_key": 0,
          "schema_version": 1,
          "attributes": {
            "arn": "arn:aws:ec2:us-east-1:557988741594:security-group/sg-090b5c3a093f467b5",
            "description": "default VPC security group",
            "egress": [],
            "id": "sg-090b5c3a093f467b5",
            "ingress": [],
            "name": "default",
            "name_prefix": "",
            "owner_id": "557988741594",
            "revoke_rules_on_delete": false,
            "tags": {
              "Environment": "dev",
              "Name": "my-vpc-default",
              "Terraform": "true"
            },
            "tags_all": {
              "Environment": "dev",
              "Name": "my-vpc-default",
              "Terraform": "true"
            },
            "vpc_id": "vpc-0d492fec5f2247c58"
          },
          "sensitive_attributes": [],
          "private": "eyJzY2hlbWFfdmVyc2lvbiI6IjEifQ==",
          "dependencies": [
            "module.vpc.aws_vpc.this"
          ]
        }
      ]
    },
    {
      "module": "module.vpc",
      "mode": "managed",
      "type": "aws_route_table",
      "name": "private",
      "provider": "provider[\"registry.terraform.io/hashicorp/aws\"]",
      "instances": [
        {
          "index_key": 0,
          "schema_version": 0,
          "attributes": {
            "arn": "arn:aws:ec2:us-east-1:557988741594:route-table/rtb-08aa7e8d230690bf9",
            "id": "rtb-08aa7e8d230690bf9",
            "owner_id": "557988741594",
            "propagating_vgws": [],
            "route": [],
            "tags": {
              "Environment": "dev",
              "Name": "my-vpc-private-us-east-1a",
              "Terraform": "true"
            },
            "tags_all": {
              "Environment": "dev",
              "Name": "my-vpc-private-us-east-1a",
              "Terraform": "true"
            },
            "timeouts": null,
            "vpc_id": "vpc-0d492fec5f2247c58"
          },
          "sensitive_attributes": [],
          "private": "eyJlMmJmYjczMC1lY2FhLTExZTYtOGY4OC0zNDM2M2JjN2M0YzAiOnsiY3JlYXRlIjozMDAwMDAwMDAwMDAsImRlbGV0ZSI6MzAwMDAwMDAwMDAwLCJ1cGRhdGUiOjEyMDAwMDAwMDAwMH19",
          "dependencies": [
            "module.vpc.aws_vpc.this",
            "module.vpc.aws_vpc_ipv4_cidr_block_association.this"
          ]
        },
        {
          "index_key": 1,
          "schema_version": 0,
          "attributes": {
            "arn": "arn:aws:ec2:us-east-1:557988741594:route-table/rtb-079f0116e79e5c460",
            "id": "rtb-079f0116e79e5c460",
            "owner_id": "557988741594",
            "propagating_vgws": [],
            "route": [],
            "tags": {
              "Environment": "dev",
              "Name": "my-vpc-private-us-east-1b",
              "Terraform": "true"
            },
            "tags_all": {
              "Environment": "dev",
              "Name": "my-vpc-private-us-east-1b",
              "Terraform": "true"
            },
            "timeouts": null,
            "vpc_id": "vpc-0d492fec5f2247c58"
          },
          "sensitive_attributes": [],
          "private": "eyJlMmJmYjczMC1lY2FhLTExZTYtOGY4OC0zNDM2M2JjN2M0YzAiOnsiY3JlYXRlIjozMDAwMDAwMDAwMDAsImRlbGV0ZSI6MzAwMDAwMDAwMDAwLCJ1cGRhdGUiOjEyMDAwMDAwMDAwMH19",
          "dependencies": [
            "module.vpc.aws_vpc.this",
            "module.vpc.aws_vpc_ipv4_cidr_block_association.this"
          ]
        }
      ]
    },
    {
      "module": "module.vpc",
      "mode": "managed",
      "type": "aws_route_table_association",
      "name": "private",
      "provider": "provider[\"registry.terraform.io/hashicorp/aws\"]",
      "instances": [
        {
          "index_key": 0,
          "schema_version": 0,
          "attributes": {
            "gateway_id": "",
            "id": "rtbassoc-02222708345a58eb2",
            "route_table_id": "rtb-08aa7e8d230690bf9",
            "subnet_id": "subnet-08510fb040ef8c61a",
            "timeouts": null
          },
          "sensitive_attributes": [],
          "private": "eyJlMmJmYjczMC1lY2FhLTExZTYtOGY4OC0zNDM2M2JjN2M0YzAiOnsiY3JlYXRlIjozMDAwMDAwMDAwMDAsImRlbGV0ZSI6MzAwMDAwMDAwMDAwLCJ1cGRhdGUiOjEyMDAwMDAwMDAwMH19",
          "dependencies": [
            "module.vpc.aws_route_table.private",
            "module.vpc.aws_subnet.private",
            "module.vpc.aws_vpc.this",
            "module.vpc.aws_vpc_ipv4_cidr_block_association.this"
          ]
        },
        {
          "index_key": 1,
          "schema_version": 0,
          "attributes": {
            "gateway_id": "",
            "id": "rtbassoc-0e138f0214e09dac1",
            "route_table_id": "rtb-079f0116e79e5c460",
            "subnet_id": "subnet-081b4bbdb0b375f05",
            "timeouts": null
          },
          "sensitive_attributes": [],
          "private": "eyJlMmJmYjczMC1lY2FhLTExZTYtOGY4OC0zNDM2M2JjN2M0YzAiOnsiY3JlYXRlIjozMDAwMDAwMDAwMDAsImRlbGV0ZSI6MzAwMDAwMDAwMDAwLCJ1cGRhdGUiOjEyMDAwMDAwMDAwMH19",
          "dependencies": [
            "module.vpc.aws_route_table.private",
            "module.vpc.aws_subnet.private",
            "module.vpc.aws_vpc.this",
            "module.vpc.aws_vpc_ipv4_cidr_block_association.this"
          ]
        }
      ]
    },
    {
      "module": "module.vpc",
      "mode": "managed",
      "type": "aws_subnet",
      "name": "private",
      "provider": "provider[\"registry.terraform.io/hashicorp/aws\"]",
      "instances": [
        {
          "index_key": 0,
          "schema_version": 1,
          "attributes": {
            "arn": "arn:aws:ec2:us-east-1:557988741594:subnet/subnet-08510fb040ef8c61a",
            "assign_ipv6_address_on_creation": false,
            "availability_zone": "us-east-1a",
            "availability_zone_id": "use1-az4",
            "cidr_block": "10.0.1.0/24",
            "customer_owned_ipv4_pool": "",
            "enable_dns64": false,
            "enable_lni_at_device_index": 0,
            "enable_resource_name_dns_a_record_on_launch": false,
            "enable_resource_name_dns_aaaa_record_on_launch": false,
            "id": "subnet-08510fb040ef8c61a",
            "ipv6_cidr_block": "",
            "ipv6_cidr_block_association_id": "",
            "ipv6_native": false,
            "map_customer_owned_ip_on_launch": false,
            "map_public_ip_on_launch": false,
            "outpost_arn": "",
            "owner_id": "557988741594",
            "private_dns_hostname_type_on_launch": "ip-name",
            "tags": {
              "Environment": "dev",
              "Name": "my-vpc-private-us-east-1a",
              "Terraform": "true"
            },
            "tags_all": {
              "Environment": "dev",
              "Name": "my-vpc-private-us-east-1a",
              "Terraform": "true"
            },
            "timeouts": null,
            "vpc_id": "vpc-0d492fec5f2247c58"
          },
          "sensitive_attributes": [],
          "private": "eyJlMmJmYjczMC1lY2FhLTExZTYtOGY4OC0zNDM2M2JjN2M0YzAiOnsiY3JlYXRlIjo2MDAwMDAwMDAwMDAsImRlbGV0ZSI6MTIwMDAwMDAwMDAwMH0sInNjaGVtYV92ZXJzaW9uIjoiMSJ9",
          "dependencies": [
            "module.vpc.aws_vpc.this",
            "module.vpc.aws_vpc_ipv4_cidr_block_association.this"
          ],
          "create_before_destroy": true
        },
        {
          "index_key": 1,
          "schema_version": 1,
          "attributes": {
            "arn": "arn:aws:ec2:us-east-1:557988741594:subnet/subnet-081b4bbdb0b375f05",
            "assign_ipv6_address_on_creation": false,
            "availability_zone": "us-east-1b",
            "availability_zone_id": "use1-az6",
            "cidr_block": "10.0.2.0/24",
            "customer_owned_ipv4_pool": "",
            "enable_dns64": false,
            "enable_lni_at_device_index": 0,
            "enable_resource_name_dns_a_record_on_launch": false,
            "enable_resource_name_dns_aaaa_record_on_launch": false,
            "id": "subnet-081b4bbdb0b375f05",
            "ipv6_cidr_block": "",
            "ipv6_cidr_block_association_id": "",
            "ipv6_native": false,
            "map_customer_owned_ip_on_launch": false,
            "map_public_ip_on_launch": false,
            "outpost_arn": "",
            "owner_id": "557988741594",
            "private_dns_hostname_type_on_launch": "ip-name",
            "tags": {
              "Environment": "dev",
              "Name": "my-vpc-private-us-east-1b",
              "Terraform": "true"
            },
            "tags_all": {
              "Environment": "dev",
              "Name": "my-vpc-private-us-east-1b",
              "Terraform": "true"
            },
            "timeouts": null,
            "vpc_id": "vpc-0d492fec5f2247c58"
          },
          "sensitive_attributes": [],
          "private": "eyJlMmJmYjczMC1lY2FhLTExZTYtOGY4OC0zNDM2M2JjN2M0YzAiOnsiY3JlYXRlIjo2MDAwMDAwMDAwMDAsImRlbGV0ZSI6MTIwMDAwMDAwMDAwMH0sInNjaGVtYV92ZXJzaW9uIjoiMSJ9",
          "dependencies": [
            "module.vpc.aws_vpc.this",
            "module.vpc.aws_vpc_ipv4_cidr_block_association.this"
          ],
          "create_before_destroy": true
        }
      ]
    },
    {
      "module": "module.vpc",
      "mode": "managed",
      "type": "aws_vpc",
      "name": "this",
      "provider": "provider[\"registry.terraform.io/hashicorp/aws\"]",
      "instances": [
        {
          "index_key": 0,
          "schema_version": 1,
          "attributes": {
            "arn": "arn:aws:ec2:us-east-1:557988741594:vpc/vpc-0d492fec5f2247c58",
            "assign_generated_ipv6_cidr_block": false,
            "cidr_block": "10.0.0.0/16",
            "default_network_acl_id": "acl-04a6e0dd44b3a0d8c",
            "default_route_table_id": "rtb-019d7b4c3a62c32c8",
            "default_security_group_id": "sg-090b5c3a093f467b5",
            "dhcp_options_id": "dopt-0148acc3dbf04d95a",
            "enable_dns_hostnames": true,
            "enable_dns_support": true,
            "enable_network_address_usage_metrics": false,
            "id": "vpc-0d492fec5f2247c58",
            "instance_tenancy": "default",
            "ipv4_ipam_pool_id": null,
            "ipv4_netmask_length": null,
            "ipv6_association_id": "",
            "ipv6_cidr_block": "",
            "ipv6_cidr_block_network_border_group": "",
            "ipv6_ipam_pool_id": "",
            "ipv6_netmask_length": 0,
            "main_route_table_id": "rtb-019d7b4c3a62c32c8",
            "owner_id": "557988741594",
            "tags": {
              "Environment": "dev",
              "Name": "my-vpc",
              "Terraform": "true"
            },
            "tags_all": {
              "Environment": "dev",
              "Name": "my-vpc",
              "Terraform": "true"
            }
          },
          "sensitive_attributes": [],
          "private": "eyJzY2hlbWFfdmVyc2lvbiI6IjEifQ==",
          "create_before_destroy": true
        }
      ]
    }
  ],
  "check_results": null
}
