{
  "version": 4,
  "terraform_version": "1.9.7",
  "serial": 89,
  "lineage": "0637a8e7-7b08-8730-cef2-002f63d11f6d",
  "outputs": {
    "api_gateway_url": {
      "value": "https://57154nnmp8.execute-api.us-east-1.amazonaws.com/prod",
      "type": "string"
    },
    "s3_bucket_name": {
      "value": "frontend-bucket-cloudbooktable-grupo4",
      "type": "string"
    },
    "website_endpoint": {
      "value": "frontend-bucket-cloudbooktable-grupo4.s3-website-us-east-1.amazonaws.com",
      "type": "string"
    }
  },
  "resources": [
    {
      "mode": "data",
      "type": "archive_file",
      "name": "admin_crear_mesa_zip",
      "provider": "provider[\"registry.terraform.io/hashicorp/archive\"]",
      "instances": [
        {
          "schema_version": 0,
          "attributes": {
            "exclude_symlink_directories": null,
            "excludes": null,
            "id": "e644e5aa159438a06b4c571ebe2d1988c7c3be76",
            "output_base64sha256": "qO3aiFbMqLNFaVfZCRYuCnhb8/vwdczaB/Ktje+mjrg=",
            "output_base64sha512": "yri+1gcvR+Db7mb2Lby11tmvSGoyX3/4jnp7O5n9G1x54oCyclITl92CaoPI5YaeTEOqyMxY49P/ENHUzbFKrg==",
            "output_file_mode": null,
            "output_md5": "d39f05657f3049bbbdcedfe286a4b30e",
            "output_path": "./../backend/admin-crear-mesa/admin_crear_mesa.zip",
            "output_sha": "e644e5aa159438a06b4c571ebe2d1988c7c3be76",
            "output_sha256": "a8edda8856cca8b3456957d909162e0a785bf3fbf075ccda07f2ad8defa68eb8",
            "output_sha512": "cab8bed6072f47e0dbee66f62dbcb5d6d9af486a325f7ff88e7a7b3b99fd1b5c79e280b272521397dd826a83c8e5869e4c43aac8cc58e3d3ff10d1d4cdb14aae",
            "output_size": 1545,
            "source": [],
            "source_content": null,
            "source_content_filename": null,
            "source_dir": "./../backend/admin-crear-mesa",
            "source_file": null,
            "type": "zip"
          },
          "sensitive_attributes": []
        }
      ]
    },
    {
      "mode": "data",
      "type": "archive_file",
      "name": "admin_crear_restaurant_zip",
      "provider": "provider[\"registry.terraform.io/hashicorp/archive\"]",
      "instances": [
        {
          "schema_version": 0,
          "attributes": {
            "exclude_symlink_directories": null,
            "excludes": null,
            "id": "68f89d7fc27c4b0b4b71eca8ad4a567cf52fa4ec",
            "output_base64sha256": "HmASdt/dK4LkPx3Ce9tioFNNi0x1s5aE8aefoIPTD6Q=",
            "output_base64sha512": "IxsrUyWCUpqw1xT1Jemw/gfidZskgvEW8TDvTTXrxi16e2Z19OoePB6WCCtXJW4X0xjAYENIDxmLediT7fnY3w==",
            "output_file_mode": null,
            "output_md5": "1b7712c8c08848fe9c7cb70b4ad0c1d4",
            "output_path": "./../backend/admin-crear-restaurant/admin_crear_restaurant.zip",
            "output_sha": "68f89d7fc27c4b0b4b71eca8ad4a567cf52fa4ec",
            "output_sha256": "1e601276dfdd2b82e43f1dc27bdb62a0534d8b4c75b39684f1a79fa083d30fa4",
            "output_sha512": "231b2b532582529ab0d714f525e9b0fe07e2759b2482f116f130ef4d35ebc62d7a7b6675f4ea1e3c1e96082b57256e17d318c06043480f198b79d893edf9d8df",
            "output_size": 1330,
            "source": [],
            "source_content": null,
            "source_content_filename": null,
            "source_dir": "./../backend/admin-crear-restaurant",
            "source_file": null,
            "type": "zip"
          },
          "sensitive_attributes": []
        }
      ]
    },
    {
      "mode": "data",
      "type": "archive_file",
      "name": "admin_obtener_reservas_zip",
      "provider": "provider[\"registry.terraform.io/hashicorp/archive\"]",
      "instances": [
        {
          "schema_version": 0,
          "attributes": {
            "exclude_symlink_directories": null,
            "excludes": null,
            "id": "e4ea7149937534364e23a67f9c04ff2c6113c809",
            "output_base64sha256": "mwTWmafFHDl3IfISkt9ydzvGXyiUd4iK/CXr13R/haw=",
            "output_base64sha512": "Ed5KrcE9A60fmNM7OraPyzPf7pd7XCbNz9FBkqXqFq9AT3g1IM3noydp2lFWOzxqRP0aZg2jS0HJdf3rg3xuAg==",
            "output_file_mode": null,
            "output_md5": "9d6269a41521417fe891ada98ff73b7b",
            "output_path": "./../backend/admin-obtener-reservas/admin_obtener_reservas.zip",
            "output_sha": "e4ea7149937534364e23a67f9c04ff2c6113c809",
            "output_sha256": "9b04d699a7c51c397721f21292df72773bc65f289477888afc25ebd7747f85ac",
            "output_sha512": "11de4aadc13d03ad1f98d33b3ab68fcb33dfee977b5c26cdcfd14192a5ea16af404f783520cde7a32769da51563b3c6a44fd1a660da34b41c975fdeb837c6e02",
            "output_size": 1682,
            "source": [],
            "source_content": null,
            "source_content_filename": null,
            "source_dir": "./../backend/admin-obtener-reservas",
            "source_file": null,
            "type": "zip"
          },
          "sensitive_attributes": []
        }
      ]
    },
    {
      "mode": "data",
      "type": "archive_file",
      "name": "crear_reserva_zip",
      "provider": "provider[\"registry.terraform.io/hashicorp/archive\"]",
      "instances": [
        {
          "schema_version": 0,
          "attributes": {
            "exclude_symlink_directories": null,
            "excludes": null,
            "id": "26ed7de6ee43eb590ef7bac886b760d3c7887030",
            "output_base64sha256": "9CnBu8ezArrvn9jeeHWg9Ic4di1cqE8tXG++5SWt0Wk=",
            "output_base64sha512": "AmLNmcawI3YVza7Naoa7sliJ+EiDz3VbRM70gG1DGcKbLdkoZi6PJLDRBzu0PFtvouTrL5KRoZw1bfOpfv9jHw==",
            "output_file_mode": null,
            "output_md5": "af1209bd1887695f6abb4b56d7d72e80",
            "output_path": "./../backend/crear-reserva/crear_reserva.zip",
            "output_sha": "26ed7de6ee43eb590ef7bac886b760d3c7887030",
            "output_sha256": "f429c1bbc7b302baef9fd8de7875a0f48738762d5ca84f2d5c6fbee525add169",
            "output_sha512": "0262cd99c6b0237615cdaecd6a86bbb25889f84883cf755b44cef4806d4319c29b2dd928662e8f24b0d1073bb43c5b6fa2e4eb2f9291a19c356df3a97eff631f",
            "output_size": 2308,
            "source": [],
            "source_content": null,
            "source_content_filename": null,
            "source_dir": "./../backend/crear-reserva",
            "source_file": null,
            "type": "zip"
          },
          "sensitive_attributes": []
        }
      ]
    },
    {
      "mode": "data",
      "type": "archive_file",
      "name": "delete_reserva_zip",
      "provider": "provider[\"registry.terraform.io/hashicorp/archive\"]",
      "instances": [
        {
          "schema_version": 0,
          "attributes": {
            "exclude_symlink_directories": null,
            "excludes": null,
            "id": "cab51d275d1a0c22b1f88fe13cfc1c9196191acf",
            "output_base64sha256": "AtxyMlt8S99LANofkb+e3TeI8pLu9zuNmJ5HD9kU+oU=",
            "output_base64sha512": "vf22bVyCl6lwMfh9bm8U4TFscazWWYLitszY2/iJHdbcXaywOQc+EGqu9fz3Eb4StbpffNzB6xxiYHHJduo49Q==",
            "output_file_mode": null,
            "output_md5": "4b4ac9ab22c4503eaef574379556bcb3",
            "output_path": "./../backend/delete-reserva/delete_reserva.zip",
            "output_sha": "cab51d275d1a0c22b1f88fe13cfc1c9196191acf",
            "output_sha256": "02dc72325b7c4bdf4b00da1f91bf9edd3788f292eef73b8d989e470fd914fa85",
            "output_sha512": "bdfdb66d5c8297a97031f87d6e6f14e1316c71acd65982e2b6ccd8dbf8891dd6dc5dacb039073e106aaef5fcf711be12b5ba5f7cdcc1eb1c626071c976ea38f5",
            "output_size": 1569,
            "source": [],
            "source_content": null,
            "source_content_filename": null,
            "source_dir": "./../backend/delete-reserva",
            "source_file": null,
            "type": "zip"
          },
          "sensitive_attributes": []
        }
      ]
    },
    {
      "mode": "data",
      "type": "archive_file",
      "name": "frontend",
      "provider": "provider[\"registry.terraform.io/hashicorp/archive\"]",
      "instances": [
        {
          "schema_version": 0,
          "attributes": {
            "exclude_symlink_directories": null,
            "excludes": null,
            "id": "6efd78f1920f24a948d50ac3923eb7e722c15aeb",
            "output_base64sha256": "YyhGER4fqyX4VPkJa5rjbqTYCJs8G3mXcl5sB2peKEs=",
            "output_base64sha512": "xwOivENuVgRlI0GSQpK6rDnFbmRaN4jGuxwQKCIPuufCEDErTin1pEBsAja5MEloNBOgGlUD3LyJpkpUVJL5aw==",
            "output_file_mode": null,
            "output_md5": "c59a7d7b3e570b7e5bf8f8d59add7376",
            "output_path": "./../frontend/frontend.zip",
            "output_sha": "6efd78f1920f24a948d50ac3923eb7e722c15aeb",
            "output_sha256": "632846111e1fab25f854f9096b9ae36ea4d8089b3c1b7997725e6c076a5e284b",
            "output_sha512": "c703a2bc436e5604652341924292baac39c56e645a3788c6bb1c1028220fbae7c210312b4e29f5a4406c0236b93049683413a01a5503dcbc89a64a545492f96b",
            "output_size": 100381958,
            "source": [],
            "source_content": null,
            "source_content_filename": null,
            "source_dir": "./../frontend",
            "source_file": null,
            "type": "zip"
          },
          "sensitive_attributes": []
        }
      ]
    },
    {
      "mode": "data",
      "type": "archive_file",
      "name": "obtener_reservas_zip",
      "provider": "provider[\"registry.terraform.io/hashicorp/archive\"]",
      "instances": [
        {
          "schema_version": 0,
          "attributes": {
            "exclude_symlink_directories": null,
            "excludes": null,
            "id": "3e8deca195ae4935addbec7c879b855ba223c9be",
            "output_base64sha256": "ObNw0xGOLrQQDwJceke9Hfxr1byr5GxIZq9bhXxMDU4=",
            "output_base64sha512": "4OWd8sjuObNnkB0ofZqgEEOOMg4FmfZWhmYsZUGThGSrBH31w207oc/P3pOaHr6NBjJLGCjBzhuPhiGV/glmPw==",
            "output_file_mode": null,
            "output_md5": "1c04d9e54f319178b34657186b8b6830",
            "output_path": "./../backend/obtener-reservas/obtener_reservas.zip",
            "output_sha": "3e8deca195ae4935addbec7c879b855ba223c9be",
            "output_sha256": "39b370d3118e2eb4100f025c7a47bd1dfc6bd5bcabe46c4866af5b857c4c0d4e",
            "output_sha512": "e0e59df2c8ee39b367901d287d9aa010438e320e0599f65686662c6541938464ab047df5c36d3ba1cfcfde939a1ebe8d06324b1828c1ce1b8f862195fe09663f",
            "output_size": 1173,
            "source": [],
            "source_content": null,
            "source_content_filename": null,
            "source_dir": "./../backend/obtener-reservas",
            "source_file": null,
            "type": "zip"
          },
          "sensitive_attributes": []
        }
      ]
    },
    {
      "mode": "data",
      "type": "aws_iam_role",
      "name": "labrole",
      "provider": "provider[\"registry.terraform.io/hashicorp/aws\"]",
      "instances": [
        {
          "schema_version": 0,
          "attributes": {
            "arn": "arn:aws:iam::600569660304:role/LabRole",
            "assume_role_policy": "{\"Version\":\"2012-10-17\",\"Statement\":[{\"Effect\":\"Allow\",\"Principal\":{\"AWS\":\"arn:aws:iam::600569660304:role/LabRole\",\"Service\":[\"cloudtrail.amazonaws.com\",\"ec2.amazonaws.com\",\"credentials.iot.amazonaws.com\",\"logs.amazonaws.com\",\"cloud9.amazonaws.com\",\"ecs-tasks.amazonaws.com\",\"iotevents.amazonaws.com\",\"codecommit.amazonaws.com\",\"rekognition.amazonaws.com\",\"eks.amazonaws.com\",\"sns.amazonaws.com\",\"elasticfilesystem.amazonaws.com\",\"iotanalytics.amazonaws.com\",\"codedeploy.amazonaws.com\",\"elasticloadbalancing.amazonaws.com\",\"application-autoscaling.amazonaws.com\",\"athena.amazonaws.com\",\"sqs.amazonaws.com\",\"pipes.amazonaws.com\",\"forecast.amazonaws.com\",\"lambda.amazonaws.com\",\"backup.amazonaws.com\",\"rds.amazonaws.com\",\"servicecatalog.amazonaws.com\",\"resource-groups.amazonaws.com\",\"iot.amazonaws.com\",\"codewhisperer.amazonaws.com\",\"apigateway.amazonaws.com\",\"states.amazonaws.com\",\"s3.amazonaws.com\",\"sagemaker.amazonaws.com\",\"eks-fargate-pods.amazonaws.com\",\"firehose.amazonaws.com\",\"autoscaling.amazonaws.com\",\"scheduler.amazonaws.com\",\"batch.amazonaws.com\",\"cloudformation.amazonaws.com\",\"kinesis.amazonaws.com\",\"elasticbeanstalk.amazonaws.com\",\"ec2.application-autoscaling.amazonaws.com\",\"ecs.amazonaws.com\",\"databrew.amazonaws.com\",\"events.amazonaws.com\",\"redshift.amazonaws.com\",\"ssm.amazonaws.com\",\"secretsmanager.amazonaws.com\",\"kms.amazonaws.com\",\"cognito-idp.amazonaws.com\",\"glue.amazonaws.com\",\"elasticmapreduce.amazonaws.com\",\"dynamodb.amazonaws.com\",\"deepracer.amazonaws.com\",\"kinesisanalytics.amazonaws.com\"]},\"Action\":\"sts:AssumeRole\"}]}",
            "create_date": "2024-10-23T16:50:19Z",
            "description": "",
            "id": "LabRole",
            "max_session_duration": 3600,
            "name": "LabRole",
            "path": "/",
            "permissions_boundary": "",
            "role_last_used": [
              {
                "last_used_date": "2024-10-23T17:02:44Z",
                "region": "us-east-1"
              }
            ],
            "tags": {
              "cloudlab": "c129256a3275283l7956798t1w600569660304"
            },
            "unique_id": "AROAYXVF5YOINY54IBM4B"
          },
          "sensitive_attributes": []
        }
      ]
    },
    {
      "mode": "managed",
      "type": "aws_api_gateway_deployment",
      "name": "my_api_deployment",
      "provider": "provider[\"registry.terraform.io/hashicorp/aws\"]",
      "instances": [
        {
          "schema_version": 0,
          "attributes": {
            "canary_settings": [],
            "created_date": "2024-10-23T17:02:55Z",
            "description": "",
            "execution_arn": "arn:aws:execute-api:us-east-1:600569660304:57154nnmp8/prod",
            "id": "jyti6g",
            "invoke_url": "https://57154nnmp8.execute-api.us-east-1.amazonaws.com/prod",
            "rest_api_id": "57154nnmp8",
            "stage_description": null,
            "stage_name": "prod",
            "triggers": {
              "redeployment": "a24c1d70a0ade62fc740e1be316fb38eda33b9a6"
            },
            "variables": null
          },
          "sensitive_attributes": [],
          "private": "bnVsbA==",
          "dependencies": [
            "aws_api_gateway_resource.admin",
            "aws_api_gateway_resource.admin_mesas",
            "aws_api_gateway_resource.admin_reservas",
            "aws_api_gateway_resource.admin_restaurant",
            "aws_api_gateway_resource.reservas",
            "aws_api_gateway_rest_api.my_api",
            "aws_security_group.lambda_sg",
            "data.archive_file.admin_crear_mesa_zip",
            "data.archive_file.admin_crear_restaurant_zip",
            "data.archive_file.admin_obtener_reservas_zip",
            "data.archive_file.crear_reserva_zip",
            "data.archive_file.delete_reserva_zip",
            "data.archive_file.obtener_reservas_zip",
            "data.aws_iam_role.labrole",
            "module.admin_mesas.aws_api_gateway_integration.lambda_integration",
            "module.admin_mesas.aws_api_gateway_integration.options_integration_lambda",
            "module.admin_mesas.aws_api_gateway_integration_response.options_integration_response",
            "module.admin_mesas.aws_api_gateway_method.options_lambda",
            "module.admin_mesas.aws_api_gateway_method.resource_method",
            "module.admin_mesas.aws_api_gateway_method_response.cors_method_response_200",
            "module.admin_mesas.aws_api_gateway_method_response.options_method_response",
            "module.admin_mesas.aws_lambda_permission.api_gateway_permission",
            "module.admin_reservas.aws_api_gateway_integration.lambda_integration",
            "module.admin_reservas.aws_api_gateway_integration.options_integration_lambda",
            "module.admin_reservas.aws_api_gateway_integration_response.options_integration_response",
            "module.admin_reservas.aws_api_gateway_method.options_lambda",
            "module.admin_reservas.aws_api_gateway_method.resource_method",
            "module.admin_reservas.aws_api_gateway_method_response.cors_method_response_200",
            "module.admin_reservas.aws_api_gateway_method_response.options_method_response",
            "module.admin_reservas.aws_lambda_permission.api_gateway_permission",
            "module.admin_restaurant.aws_api_gateway_integration.lambda_integration",
            "module.admin_restaurant.aws_api_gateway_integration.options_integration_lambda",
            "module.admin_restaurant.aws_api_gateway_integration_response.options_integration_response",
            "module.admin_restaurant.aws_api_gateway_method.options_lambda",
            "module.admin_restaurant.aws_api_gateway_method.resource_method",
            "module.admin_restaurant.aws_api_gateway_method_response.cors_method_response_200",
            "module.admin_restaurant.aws_api_gateway_method_response.options_method_response",
            "module.admin_restaurant.aws_lambda_permission.api_gateway_permission",
            "module.my_lambdas.aws_lambda_function.this",
            "module.reserva.aws_api_gateway_integration.lambda_integration",
            "module.reserva.aws_api_gateway_integration.options_integration_lambda",
            "module.reserva.aws_api_gateway_integration_response.options_integration_response",
            "module.reserva.aws_api_gateway_method.options_lambda",
            "module.reserva.aws_api_gateway_method.resource_method",
            "module.reserva.aws_api_gateway_method_response.cors_method_response_200",
            "module.reserva.aws_api_gateway_method_response.options_method_response",
            "module.reserva.aws_lambda_permission.api_gateway_permission",
            "module.vpc.aws_subnet.private",
            "module.vpc.aws_vpc.this",
            "module.vpc.aws_vpc_ipv4_cidr_block_association.this"
          ],
          "create_before_destroy": true
        }
      ]
    },
    {
      "mode": "managed",
      "type": "aws_api_gateway_resource",
      "name": "admin",
      "provider": "provider[\"registry.terraform.io/hashicorp/aws\"]",
      "instances": [
        {
          "schema_version": 0,
          "attributes": {
            "id": "zondll",
            "parent_id": "bhjm5an3na",
            "path": "/admin",
            "path_part": "admin",
            "rest_api_id": "57154nnmp8"
          },
          "sensitive_attributes": [],
          "private": "bnVsbA==",
          "dependencies": [
            "aws_api_gateway_rest_api.my_api"
          ],
          "create_before_destroy": true
        }
      ]
    },
    {
      "mode": "managed",
      "type": "aws_api_gateway_resource",
      "name": "admin_mesas",
      "provider": "provider[\"registry.terraform.io/hashicorp/aws\"]",
      "instances": [
        {
          "schema_version": 0,
          "attributes": {
            "id": "oxcf2w",
            "parent_id": "zondll",
            "path": "/admin/mesas",
            "path_part": "mesas",
            "rest_api_id": "57154nnmp8"
          },
          "sensitive_attributes": [],
          "private": "bnVsbA==",
          "dependencies": [
            "aws_api_gateway_resource.admin",
            "aws_api_gateway_rest_api.my_api"
          ],
          "create_before_destroy": true
        }
      ]
    },
    {
      "mode": "managed",
      "type": "aws_api_gateway_resource",
      "name": "admin_reservas",
      "provider": "provider[\"registry.terraform.io/hashicorp/aws\"]",
      "instances": [
        {
          "schema_version": 0,
          "attributes": {
            "id": "yt51ui",
            "parent_id": "zondll",
            "path": "/admin/reservas",
            "path_part": "reservas",
            "rest_api_id": "57154nnmp8"
          },
          "sensitive_attributes": [],
          "private": "bnVsbA==",
          "dependencies": [
            "aws_api_gateway_resource.admin",
            "aws_api_gateway_rest_api.my_api"
          ],
          "create_before_destroy": true
        }
      ]
    },
    {
      "mode": "managed",
      "type": "aws_api_gateway_resource",
      "name": "admin_restaurant",
      "provider": "provider[\"registry.terraform.io/hashicorp/aws\"]",
      "instances": [
        {
          "schema_version": 0,
          "attributes": {
            "id": "x9q4ki",
            "parent_id": "zondll",
            "path": "/admin/restaurant",
            "path_part": "restaurant",
            "rest_api_id": "57154nnmp8"
          },
          "sensitive_attributes": [],
          "private": "bnVsbA==",
          "dependencies": [
            "aws_api_gateway_resource.admin",
            "aws_api_gateway_rest_api.my_api"
          ],
          "create_before_destroy": true
        }
      ]
    },
    {
      "mode": "managed",
      "type": "aws_api_gateway_resource",
      "name": "reservas",
      "provider": "provider[\"registry.terraform.io/hashicorp/aws\"]",
      "instances": [
        {
          "schema_version": 0,
          "attributes": {
            "id": "iilfv4",
            "parent_id": "bhjm5an3na",
            "path": "/reservas",
            "path_part": "reservas",
            "rest_api_id": "57154nnmp8"
          },
          "sensitive_attributes": [],
          "private": "bnVsbA==",
          "dependencies": [
            "aws_api_gateway_rest_api.my_api"
          ],
          "create_before_destroy": true
        }
      ]
    },
    {
      "mode": "managed",
      "type": "aws_api_gateway_rest_api",
      "name": "my_api",
      "provider": "provider[\"registry.terraform.io/hashicorp/aws\"]",
      "instances": [
        {
          "schema_version": 0,
          "attributes": {
            "api_key_source": "HEADER",
            "arn": "arn:aws:apigateway:us-east-1::/restapis/57154nnmp8",
            "binary_media_types": [],
            "body": null,
            "created_date": "2024-10-23T16:58:12Z",
            "description": "API Gateway para mi aplicación",
            "disable_execute_api_endpoint": false,
            "endpoint_configuration": [
              {
                "types": [
                  "EDGE"
                ],
                "vpc_endpoint_ids": []
              }
            ],
            "execution_arn": "arn:aws:execute-api:us-east-1:600569660304:57154nnmp8",
            "fail_on_warnings": null,
            "id": "57154nnmp8",
            "minimum_compression_size": "",
            "name": "MiAPI",
            "parameters": null,
            "policy": "",
            "put_rest_api_mode": null,
            "root_resource_id": "bhjm5an3na",
            "tags": {},
            "tags_all": {}
          },
          "sensitive_attributes": [],
          "private": "bnVsbA==",
          "create_before_destroy": true
        }
      ]
    },
    {
      "mode": "managed",
      "type": "aws_cognito_user_pool",
      "name": "my_user_pool",
      "provider": "provider[\"registry.terraform.io/hashicorp/aws\"]",
      "instances": [
        {
          "schema_version": 0,
          "attributes": {
            "account_recovery_setting": [
              {
                "recovery_mechanism": [
                  {
                    "name": "verified_email",
                    "priority": 1
                  }
                ]
              }
            ],
            "admin_create_user_config": [
              {
                "allow_admin_create_user_only": false,
                "invite_message_template": []
              }
            ],
            "alias_attributes": null,
            "arn": "arn:aws:cognito-idp:us-east-1:600569660304:userpool/us-east-1_1oMJ8KIFi",
            "auto_verified_attributes": [
              "email"
            ],
            "creation_date": "2024-10-23T16:58:12Z",
            "custom_domain": "",
            "deletion_protection": "INACTIVE",
            "device_configuration": [],
            "domain": "",
            "email_configuration": [
              {
                "configuration_set": "",
                "email_sending_account": "COGNITO_DEFAULT",
                "from_email_address": "",
                "reply_to_email_address": "",
                "source_arn": ""
              }
            ],
            "email_verification_message": "",
            "email_verification_subject": "",
            "endpoint": "cognito-idp.us-east-1.amazonaws.com/us-east-1_1oMJ8KIFi",
            "estimated_number_of_users": 0,
            "id": "us-east-1_1oMJ8KIFi",
            "lambda_config": [],
            "last_modified_date": "2024-10-23T16:58:12Z",
            "mfa_configuration": "OPTIONAL",
            "name": "userpool-booktable",
            "password_policy": [
              {
                "minimum_length": 8,
                "password_history_size": 0,
                "require_lowercase": true,
                "require_numbers": true,
                "require_symbols": true,
                "require_uppercase": true,
                "temporary_password_validity_days": 7
              }
            ],
            "schema": [
              {
                "attribute_data_type": "String",
                "developer_only_attribute": false,
                "mutable": true,
                "name": "userType",
                "number_attribute_constraints": [],
                "required": false,
                "string_attribute_constraints": [
                  {
                    "max_length": null,
                    "min_length": null
                  }
                ]
              }
            ],
            "sms_authentication_message": "",
            "sms_configuration": [],
            "sms_verification_message": "",
            "software_token_mfa_configuration": [
              {
                "enabled": true
              }
            ],
            "tags": {},
            "tags_all": {},
            "user_attribute_update_settings": [
              {
                "attributes_require_verification_before_update": [
                  "email"
                ]
              }
            ],
            "user_pool_add_ons": [],
            "username_attributes": [
              "email"
            ],
            "username_configuration": [],
            "verification_message_template": [
              {
                "default_email_option": "CONFIRM_WITH_CODE",
                "email_message": "",
                "email_message_by_link": "",
                "email_subject": "",
                "email_subject_by_link": "",
                "sms_message": ""
              }
            ]
          },
          "sensitive_attributes": [],
          "private": "bnVsbA=="
        }
      ]
    },
    {
      "mode": "managed",
      "type": "aws_cognito_user_pool_client",
      "name": "react_client",
      "provider": "provider[\"registry.terraform.io/hashicorp/aws\"]",
      "instances": [
        {
          "schema_version": 0,
          "attributes": {
            "access_token_validity": 0,
            "allowed_oauth_flows": [],
            "allowed_oauth_flows_user_pool_client": false,
            "allowed_oauth_scopes": [],
            "analytics_configuration": [],
            "auth_session_validity": 3,
            "callback_urls": [],
            "client_secret": "",
            "default_redirect_uri": "",
            "enable_propagate_additional_user_context_data": false,
            "enable_token_revocation": true,
            "explicit_auth_flows": [
              "ALLOW_REFRESH_TOKEN_AUTH",
              "ALLOW_USER_PASSWORD_AUTH",
              "ALLOW_USER_SRP_AUTH"
            ],
            "generate_secret": false,
            "id": "b9donpojes4osfdd1ocjp0hlo",
            "id_token_validity": 0,
            "logout_urls": [],
            "name": "react-client",
            "prevent_user_existence_errors": "ENABLED",
            "read_attributes": [],
            "refresh_token_validity": 30,
            "supported_identity_providers": [],
            "token_validity_units": [],
            "user_pool_id": "us-east-1_1oMJ8KIFi",
            "write_attributes": []
          },
          "sensitive_attributes": [
            [
              {
                "type": "get_attr",
                "value": "client_secret"
              }
            ]
          ],
          "dependencies": [
            "aws_cognito_user_pool.my_user_pool"
          ]
        }
      ]
    },
    {
      "mode": "managed",
      "type": "aws_s3_bucket",
      "name": "frontend_bucket",
      "provider": "provider[\"registry.terraform.io/hashicorp/aws\"]",
      "instances": [
        {
          "schema_version": 0,
          "attributes": {
            "acceleration_status": "",
            "acl": null,
            "arn": "arn:aws:s3:::frontend-bucket-cloudbooktable-grupo4",
            "bucket": "frontend-bucket-cloudbooktable-grupo4",
            "bucket_domain_name": "frontend-bucket-cloudbooktable-grupo4.s3.amazonaws.com",
            "bucket_prefix": "",
            "bucket_regional_domain_name": "frontend-bucket-cloudbooktable-grupo4.s3.us-east-1.amazonaws.com",
            "cors_rule": [],
            "force_destroy": false,
            "grant": [
              {
                "id": "eb38c4acdc194c4056f6d7194e7d04f88e6bb86e286848e84aa98d56a2e9afa4",
                "permissions": [
                  "FULL_CONTROL"
                ],
                "type": "CanonicalUser",
                "uri": ""
              }
            ],
            "hosted_zone_id": "Z3AQBSTGFYJSTF",
            "id": "frontend-bucket-cloudbooktable-grupo4",
            "lifecycle_rule": [],
            "logging": [],
            "object_lock_configuration": [],
            "object_lock_enabled": false,
            "policy": "{\"Statement\":[{\"Action\":\"s3:GetObject\",\"Effect\":\"Allow\",\"Principal\":\"*\",\"Resource\":\"arn:aws:s3:::frontend-bucket-cloudbooktable-grupo4/*\",\"Sid\":\"PublicReadGetObject\"}],\"Version\":\"2012-10-17\"}",
            "region": "us-east-1",
            "replication_configuration": [],
            "request_payer": "BucketOwner",
            "server_side_encryption_configuration": [
              {
                "rule": [
                  {
                    "apply_server_side_encryption_by_default": [
                      {
                        "kms_master_key_id": "",
                        "sse_algorithm": "AES256"
                      }
                    ],
                    "bucket_key_enabled": false
                  }
                ]
              }
            ],
            "tags": {
              "Environment": "Dev",
              "Name": "Frontend Bucket"
            },
            "tags_all": {
              "Environment": "Dev",
              "Name": "Frontend Bucket"
            },
            "timeouts": null,
            "versioning": [
              {
                "enabled": false,
                "mfa_delete": false
              }
            ],
            "website": [
              {
                "error_document": "error.html",
                "index_document": "index.html",
                "redirect_all_requests_to": "",
                "routing_rules": ""
              }
            ],
            "website_domain": "s3-website-us-east-1.amazonaws.com",
            "website_endpoint": "frontend-bucket-cloudbooktable-grupo4.s3-website-us-east-1.amazonaws.com"
          },
          "sensitive_attributes": [],
          "private": "eyJlMmJmYjczMC1lY2FhLTExZTYtOGY4OC0zNDM2M2JjN2M0YzAiOnsiY3JlYXRlIjoxMjAwMDAwMDAwMDAwLCJkZWxldGUiOjM2MDAwMDAwMDAwMDAsInJlYWQiOjEyMDAwMDAwMDAwMDAsInVwZGF0ZSI6MTIwMDAwMDAwMDAwMH19"
        }
      ]
    },
    {
      "mode": "managed",
      "type": "aws_s3_bucket_policy",
      "name": "frontend_bucket_policy",
      "provider": "provider[\"registry.terraform.io/hashicorp/aws\"]",
      "instances": [
        {
          "schema_version": 0,
          "attributes": {
            "bucket": "frontend-bucket-cloudbooktable-grupo4",
            "id": "frontend-bucket-cloudbooktable-grupo4",
            "policy": "{\"Statement\":[{\"Action\":\"s3:GetObject\",\"Effect\":\"Allow\",\"Principal\":\"*\",\"Resource\":\"arn:aws:s3:::frontend-bucket-cloudbooktable-grupo4/*\",\"Sid\":\"PublicReadGetObject\"}],\"Version\":\"2012-10-17\"}"
          },
          "sensitive_attributes": [],
          "private": "bnVsbA==",
          "dependencies": [
            "aws_s3_bucket.frontend_bucket",
            "aws_s3_bucket_public_access_block.frontend_bucket_public_access"
          ]
        }
      ]
    },
    {
      "mode": "managed",
      "type": "aws_s3_bucket_public_access_block",
      "name": "frontend_bucket_public_access",
      "provider": "provider[\"registry.terraform.io/hashicorp/aws\"]",
      "instances": [
        {
          "schema_version": 0,
          "attributes": {
            "block_public_acls": false,
            "block_public_policy": false,
            "bucket": "frontend-bucket-cloudbooktable-grupo4",
            "id": "frontend-bucket-cloudbooktable-grupo4",
            "ignore_public_acls": false,
            "restrict_public_buckets": false
          },
          "sensitive_attributes": [],
          "private": "bnVsbA==",
          "dependencies": [
            "aws_s3_bucket.frontend_bucket"
          ]
        }
      ]
    },
    {
      "mode": "managed",
      "type": "aws_s3_bucket_website_configuration",
      "name": "frontend_bucket",
      "provider": "provider[\"registry.terraform.io/hashicorp/aws\"]",
      "instances": [
        {
          "schema_version": 0,
          "attributes": {
            "bucket": "frontend-bucket-cloudbooktable-grupo4",
            "error_document": [
              {
                "key": "error.html"
              }
            ],
            "expected_bucket_owner": "",
            "id": "frontend-bucket-cloudbooktable-grupo4",
            "index_document": [
              {
                "suffix": "index.html"
              }
            ],
            "redirect_all_requests_to": [],
            "routing_rule": [],
            "routing_rules": "",
            "website_domain": "s3-website-us-east-1.amazonaws.com",
            "website_endpoint": "frontend-bucket-cloudbooktable-grupo4.s3-website-us-east-1.amazonaws.com"
          },
          "sensitive_attributes": [],
          "private": "bnVsbA==",
          "dependencies": [
            "aws_s3_bucket.frontend_bucket"
          ]
        }
      ]
    },
    {
      "mode": "managed",
      "type": "aws_security_group",
      "name": "lambda_sg",
      "provider": "provider[\"registry.terraform.io/hashicorp/aws\"]",
      "instances": [
        {
          "schema_version": 1,
          "attributes": {
            "arn": "arn:aws:ec2:us-east-1:600569660304:security-group/sg-059de2e835a412cf3",
            "description": "Security group for Lambda functions",
            "egress": [
              {
                "cidr_blocks": [
                  "0.0.0.0/0"
                ],
                "description": "",
                "from_port": 0,
                "ipv6_cidr_blocks": [],
                "prefix_list_ids": [],
                "protocol": "tcp",
                "security_groups": [],
                "self": false,
                "to_port": 443
              }
            ],
            "id": "sg-059de2e835a412cf3",
            "ingress": [
              {
                "cidr_blocks": [
                  "10.0.0.0/16"
                ],
                "description": "",
                "from_port": 0,
                "ipv6_cidr_blocks": [],
                "prefix_list_ids": [],
                "protocol": "-1",
                "security_groups": [],
                "self": false,
                "to_port": 0
              }
            ],
            "name": "lambda_sg",
            "name_prefix": "",
            "owner_id": "600569660304",
            "revoke_rules_on_delete": false,
            "tags": {
              "Name": "Lambda Security Group"
            },
            "tags_all": {
              "Name": "Lambda Security Group"
            },
            "timeouts": null,
            "vpc_id": "vpc-05aa686c53ab15070"
          },
          "sensitive_attributes": [],
          "private": "eyJlMmJmYjczMC1lY2FhLTExZTYtOGY4OC0zNDM2M2JjN2M0YzAiOnsiY3JlYXRlIjo2MDAwMDAwMDAwMDAsImRlbGV0ZSI6OTAwMDAwMDAwMDAwfSwic2NoZW1hX3ZlcnNpb24iOiIxIn0=",
          "dependencies": [
            "module.vpc.aws_vpc.this"
          ],
          "create_before_destroy": true
        }
      ]
    },
    {
      "mode": "managed",
      "type": "aws_vpc_endpoint",
      "name": "dynamodb",
      "provider": "provider[\"registry.terraform.io/hashicorp/aws\"]",
      "instances": [
        {
          "schema_version": 0,
          "attributes": {
            "arn": "arn:aws:ec2:us-east-1:600569660304:vpc-endpoint/vpce-09542826b9da9d245",
            "auto_accept": null,
            "cidr_blocks": [
              "35.71.70.0/24",
              "3.218.182.0/24",
              "3.218.180.0/23",
              "35.71.68.0/23",
              "52.94.0.0/22",
              "52.119.224.0/20"
            ],
            "dns_entry": [],
            "dns_options": [],
            "id": "vpce-09542826b9da9d245",
            "ip_address_type": "",
            "network_interface_ids": [],
            "owner_id": "600569660304",
            "policy": "{\"Statement\":[{\"Action\":\"*\",\"Effect\":\"Allow\",\"Principal\":\"*\",\"Resource\":\"*\"}],\"Version\":\"2008-10-17\"}",
            "prefix_list_id": "pl-02cd2c6b",
            "private_dns_enabled": false,
            "requester_managed": false,
            "route_table_ids": [
              "rtb-08029b79e4cb5f07d",
              "rtb-0cfbeb7fd56180d07"
            ],
            "security_group_ids": [],
            "service_name": "com.amazonaws.us-east-1.dynamodb",
            "state": "available",
            "subnet_configuration": [],
            "subnet_ids": [],
            "tags": {
              "Name": "DynamoDB VPC Endpoint"
            },
            "tags_all": {
              "Name": "DynamoDB VPC Endpoint"
            },
            "timeouts": null,
            "vpc_endpoint_type": "Gateway",
            "vpc_id": "vpc-05aa686c53ab15070"
          },
          "sensitive_attributes": [],
          "private": "eyJlMmJmYjczMC1lY2FhLTExZTYtOGY4OC0zNDM2M2JjN2M0YzAiOnsiY3JlYXRlIjo2MDAwMDAwMDAwMDAsImRlbGV0ZSI6NjAwMDAwMDAwMDAwLCJ1cGRhdGUiOjYwMDAwMDAwMDAwMH19",
          "dependencies": [
            "module.vpc.aws_route_table.private",
            "module.vpc.aws_vpc.this",
            "module.vpc.aws_vpc_ipv4_cidr_block_association.this"
          ]
        }
      ]
    },
    {
      "mode": "managed",
      "type": "null_resource",
      "name": "frontend_deployment",
      "provider": "provider[\"registry.terraform.io/hashicorp/null\"]",
      "instances": [
        {
          "schema_version": 0,
          "attributes": {
            "id": "8523162546680509775",
            "triggers": {
              "api_gateway_url": "https://57154nnmp8.execute-api.us-east-1.amazonaws.com/prod",
              "build_number": "2024-10-23T19:00:00Z",
              "client_id": "b9donpojes4osfdd1ocjp0hlo",
              "file_hash": "YyhGER4fqyX4VPkJa5rjbqTYCJs8G3mXcl5sB2peKEs=",
              "user_pool_id": "us-east-1_1oMJ8KIFi"
            }
          },
          "sensitive_attributes": [],
          "dependencies": [
            "aws_api_gateway_deployment.my_api_deployment",
            "aws_api_gateway_resource.admin",
            "aws_api_gateway_resource.admin_mesas",
            "aws_api_gateway_resource.admin_reservas",
            "aws_api_gateway_resource.admin_restaurant",
            "aws_api_gateway_resource.reservas",
            "aws_api_gateway_rest_api.my_api",
            "aws_cognito_user_pool.my_user_pool",
            "aws_cognito_user_pool_client.react_client",
            "aws_s3_bucket.frontend_bucket",
            "aws_s3_bucket_policy.frontend_bucket_policy",
            "aws_s3_bucket_public_access_block.frontend_bucket_public_access",
            "aws_security_group.lambda_sg",
            "data.archive_file.admin_crear_mesa_zip",
            "data.archive_file.admin_crear_restaurant_zip",
            "data.archive_file.admin_obtener_reservas_zip",
            "data.archive_file.crear_reserva_zip",
            "data.archive_file.delete_reserva_zip",
            "data.archive_file.frontend",
            "data.archive_file.obtener_reservas_zip",
            "data.aws_iam_role.labrole",
            "module.admin_mesas.aws_api_gateway_integration.lambda_integration",
            "module.admin_mesas.aws_api_gateway_integration.options_integration_lambda",
            "module.admin_mesas.aws_api_gateway_integration_response.options_integration_response",
            "module.admin_mesas.aws_api_gateway_method.options_lambda",
            "module.admin_mesas.aws_api_gateway_method.resource_method",
            "module.admin_mesas.aws_api_gateway_method_response.cors_method_response_200",
            "module.admin_mesas.aws_api_gateway_method_response.options_method_response",
            "module.admin_mesas.aws_lambda_permission.api_gateway_permission",
            "module.admin_reservas.aws_api_gateway_integration.lambda_integration",
            "module.admin_reservas.aws_api_gateway_integration.options_integration_lambda",
            "module.admin_reservas.aws_api_gateway_integration_response.options_integration_response",
            "module.admin_reservas.aws_api_gateway_method.options_lambda",
            "module.admin_reservas.aws_api_gateway_method.resource_method",
            "module.admin_reservas.aws_api_gateway_method_response.cors_method_response_200",
            "module.admin_reservas.aws_api_gateway_method_response.options_method_response",
            "module.admin_reservas.aws_lambda_permission.api_gateway_permission",
            "module.admin_restaurant.aws_api_gateway_integration.lambda_integration",
            "module.admin_restaurant.aws_api_gateway_integration.options_integration_lambda",
            "module.admin_restaurant.aws_api_gateway_integration_response.options_integration_response",
            "module.admin_restaurant.aws_api_gateway_method.options_lambda",
            "module.admin_restaurant.aws_api_gateway_method.resource_method",
            "module.admin_restaurant.aws_api_gateway_method_response.cors_method_response_200",
            "module.admin_restaurant.aws_api_gateway_method_response.options_method_response",
            "module.admin_restaurant.aws_lambda_permission.api_gateway_permission",
            "module.my_lambdas.aws_lambda_function.this",
            "module.reserva.aws_api_gateway_integration.lambda_integration",
            "module.reserva.aws_api_gateway_integration.options_integration_lambda",
            "module.reserva.aws_api_gateway_integration_response.options_integration_response",
            "module.reserva.aws_api_gateway_method.options_lambda",
            "module.reserva.aws_api_gateway_method.resource_method",
            "module.reserva.aws_api_gateway_method_response.cors_method_response_200",
            "module.reserva.aws_api_gateway_method_response.options_method_response",
            "module.reserva.aws_lambda_permission.api_gateway_permission",
            "module.vpc.aws_subnet.private",
            "module.vpc.aws_vpc.this",
            "module.vpc.aws_vpc_ipv4_cidr_block_association.this"
          ]
        }
      ]
    },
    {
      "module": "module.admin_mesas",
      "mode": "managed",
      "type": "aws_api_gateway_integration",
      "name": "lambda_integration",
      "provider": "provider[\"registry.terraform.io/hashicorp/aws\"]",
      "instances": [
        {
          "index_key": "POST",
          "schema_version": 0,
          "attributes": {
            "cache_key_parameters": [],
            "cache_namespace": "oxcf2w",
            "connection_id": "",
            "connection_type": "INTERNET",
            "content_handling": "",
            "credentials": "",
            "http_method": "POST",
            "id": "agi-57154nnmp8-oxcf2w-POST",
            "integration_http_method": "POST",
            "passthrough_behavior": "WHEN_NO_MATCH",
            "request_parameters": {},
            "request_templates": {},
            "resource_id": "oxcf2w",
            "rest_api_id": "57154nnmp8",
            "timeout_milliseconds": 29000,
            "tls_config": [],
            "type": "AWS_PROXY",
            "uri": "arn:aws:apigateway:us-east-1:lambda:path/2015-03-31/functions/arn:aws:lambda:us-east-1:600569660304:function:CrearMesaLambda/invocations"
          },
          "sensitive_attributes": [],
          "private": "bnVsbA==",
          "dependencies": [
            "aws_api_gateway_resource.admin",
            "aws_api_gateway_resource.admin_mesas",
            "aws_api_gateway_rest_api.my_api",
            "aws_security_group.lambda_sg",
            "data.archive_file.admin_crear_mesa_zip",
            "data.archive_file.admin_crear_restaurant_zip",
            "data.archive_file.admin_obtener_reservas_zip",
            "data.archive_file.crear_reserva_zip",
            "data.archive_file.delete_reserva_zip",
            "data.archive_file.obtener_reservas_zip",
            "data.aws_iam_role.labrole",
            "module.admin_mesas.aws_api_gateway_method.resource_method",
            "module.my_lambdas.aws_lambda_function.this",
            "module.vpc.aws_subnet.private",
            "module.vpc.aws_vpc.this",
            "module.vpc.aws_vpc_ipv4_cidr_block_association.this"
          ],
          "create_before_destroy": true
        }
      ]
    },
    {
      "module": "module.admin_mesas",
      "mode": "managed",
      "type": "aws_api_gateway_integration",
      "name": "options_integration_lambda",
      "provider": "provider[\"registry.terraform.io/hashicorp/aws\"]",
      "instances": [
        {
          "schema_version": 0,
          "attributes": {
            "cache_key_parameters": [],
            "cache_namespace": "oxcf2w",
            "connection_id": "",
            "connection_type": "INTERNET",
            "content_handling": "",
            "credentials": "",
            "http_method": "OPTIONS",
            "id": "agi-57154nnmp8-oxcf2w-OPTIONS",
            "integration_http_method": "",
            "passthrough_behavior": "WHEN_NO_MATCH",
            "request_parameters": {},
            "request_templates": {
              "application/json": "{\"statusCode\": 200}"
            },
            "resource_id": "oxcf2w",
            "rest_api_id": "57154nnmp8",
            "timeout_milliseconds": 29000,
            "tls_config": [],
            "type": "MOCK",
            "uri": ""
          },
          "sensitive_attributes": [],
          "private": "bnVsbA==",
          "dependencies": [
            "aws_api_gateway_resource.admin",
            "aws_api_gateway_resource.admin_mesas",
            "aws_api_gateway_rest_api.my_api",
            "aws_security_group.lambda_sg",
            "data.archive_file.admin_crear_mesa_zip",
            "data.archive_file.admin_crear_restaurant_zip",
            "data.archive_file.admin_obtener_reservas_zip",
            "data.archive_file.crear_reserva_zip",
            "data.archive_file.delete_reserva_zip",
            "data.archive_file.obtener_reservas_zip",
            "data.aws_iam_role.labrole",
            "module.admin_mesas.aws_api_gateway_method.options_lambda",
            "module.my_lambdas.aws_lambda_function.this",
            "module.vpc.aws_subnet.private",
            "module.vpc.aws_vpc.this",
            "module.vpc.aws_vpc_ipv4_cidr_block_association.this"
          ],
          "create_before_destroy": true
        }
      ]
    },
    {
      "module": "module.admin_mesas",
      "mode": "managed",
      "type": "aws_api_gateway_integration_response",
      "name": "options_integration_response",
      "provider": "provider[\"registry.terraform.io/hashicorp/aws\"]",
      "instances": [
        {
          "schema_version": 0,
          "attributes": {
            "content_handling": "",
            "http_method": "OPTIONS",
            "id": "agir-57154nnmp8-oxcf2w-OPTIONS-200",
            "resource_id": "oxcf2w",
            "response_parameters": {
              "method.response.header.Access-Control-Allow-Headers": "'Content-Type,X-Amz-Date,Authorization,X-Api-Key,X-Amz-Security-Token'",
              "method.response.header.Access-Control-Allow-Methods": "'POST,OPTIONS'",
              "method.response.header.Access-Control-Allow-Origin": "'*'"
            },
            "response_templates": {},
            "rest_api_id": "57154nnmp8",
            "selection_pattern": "",
            "status_code": "200"
          },
          "sensitive_attributes": [],
          "private": "bnVsbA==",
          "dependencies": [
            "aws_api_gateway_resource.admin",
            "aws_api_gateway_resource.admin_mesas",
            "aws_api_gateway_rest_api.my_api",
            "aws_security_group.lambda_sg",
            "data.archive_file.admin_crear_mesa_zip",
            "data.archive_file.admin_crear_restaurant_zip",
            "data.archive_file.admin_obtener_reservas_zip",
            "data.archive_file.crear_reserva_zip",
            "data.archive_file.delete_reserva_zip",
            "data.archive_file.obtener_reservas_zip",
            "data.aws_iam_role.labrole",
            "module.admin_mesas.aws_api_gateway_method.options_lambda",
            "module.admin_mesas.aws_api_gateway_method_response.options_method_response",
            "module.my_lambdas.aws_lambda_function.this",
            "module.vpc.aws_subnet.private",
            "module.vpc.aws_vpc.this",
            "module.vpc.aws_vpc_ipv4_cidr_block_association.this"
          ],
          "create_before_destroy": true
        }
      ]
    },
    {
      "module": "module.admin_mesas",
      "mode": "managed",
      "type": "aws_api_gateway_method",
      "name": "options_lambda",
      "provider": "provider[\"registry.terraform.io/hashicorp/aws\"]",
      "instances": [
        {
          "schema_version": 0,
          "attributes": {
            "api_key_required": false,
            "authorization": "NONE",
            "authorization_scopes": [],
            "authorizer_id": "",
            "http_method": "OPTIONS",
            "id": "agm-57154nnmp8-oxcf2w-OPTIONS",
            "operation_name": "",
            "request_models": {},
            "request_parameters": {},
            "request_validator_id": "",
            "resource_id": "oxcf2w",
            "rest_api_id": "57154nnmp8"
          },
          "sensitive_attributes": [],
          "private": "bnVsbA==",
          "dependencies": [
            "aws_api_gateway_resource.admin",
            "aws_api_gateway_resource.admin_mesas",
            "aws_api_gateway_rest_api.my_api",
            "aws_security_group.lambda_sg",
            "data.archive_file.admin_crear_mesa_zip",
            "data.archive_file.admin_crear_restaurant_zip",
            "data.archive_file.admin_obtener_reservas_zip",
            "data.archive_file.crear_reserva_zip",
            "data.archive_file.delete_reserva_zip",
            "data.archive_file.obtener_reservas_zip",
            "data.aws_iam_role.labrole",
            "module.my_lambdas.aws_lambda_function.this",
            "module.vpc.aws_subnet.private",
            "module.vpc.aws_vpc.this",
            "module.vpc.aws_vpc_ipv4_cidr_block_association.this"
          ],
          "create_before_destroy": true
        }
      ]
    },
    {
      "module": "module.admin_mesas",
      "mode": "managed",
      "type": "aws_api_gateway_method",
      "name": "resource_method",
      "provider": "provider[\"registry.terraform.io/hashicorp/aws\"]",
      "instances": [
        {
          "index_key": "POST",
          "schema_version": 0,
          "attributes": {
            "api_key_required": false,
            "authorization": "NONE",
            "authorization_scopes": [],
            "authorizer_id": "",
            "http_method": "POST",
            "id": "agm-57154nnmp8-oxcf2w-POST",
            "operation_name": "",
            "request_models": {},
            "request_parameters": {},
            "request_validator_id": "",
            "resource_id": "oxcf2w",
            "rest_api_id": "57154nnmp8"
          },
          "sensitive_attributes": [],
          "private": "bnVsbA==",
          "dependencies": [
            "aws_api_gateway_resource.admin",
            "aws_api_gateway_resource.admin_mesas",
            "aws_api_gateway_rest_api.my_api",
            "aws_security_group.lambda_sg",
            "data.archive_file.admin_crear_mesa_zip",
            "data.archive_file.admin_crear_restaurant_zip",
            "data.archive_file.admin_obtener_reservas_zip",
            "data.archive_file.crear_reserva_zip",
            "data.archive_file.delete_reserva_zip",
            "data.archive_file.obtener_reservas_zip",
            "data.aws_iam_role.labrole",
            "module.my_lambdas.aws_lambda_function.this",
            "module.vpc.aws_subnet.private",
            "module.vpc.aws_vpc.this",
            "module.vpc.aws_vpc_ipv4_cidr_block_association.this"
          ],
          "create_before_destroy": true
        }
      ]
    },
    {
      "module": "module.admin_mesas",
      "mode": "managed",
      "type": "aws_api_gateway_method_response",
      "name": "cors_method_response_200",
      "provider": "provider[\"registry.terraform.io/hashicorp/aws\"]",
      "instances": [
        {
          "index_key": "POST",
          "schema_version": 0,
          "attributes": {
            "http_method": "POST",
            "id": "agmr-57154nnmp8-oxcf2w-POST-200",
            "resource_id": "oxcf2w",
            "response_models": {},
            "response_parameters": {
              "method.response.header.Access-Control-Allow-Origin": true
            },
            "rest_api_id": "57154nnmp8",
            "status_code": "200"
          },
          "sensitive_attributes": [],
          "private": "bnVsbA==",
          "dependencies": [
            "aws_api_gateway_resource.admin",
            "aws_api_gateway_resource.admin_mesas",
            "aws_api_gateway_rest_api.my_api",
            "aws_security_group.lambda_sg",
            "data.archive_file.admin_crear_mesa_zip",
            "data.archive_file.admin_crear_restaurant_zip",
            "data.archive_file.admin_obtener_reservas_zip",
            "data.archive_file.crear_reserva_zip",
            "data.archive_file.delete_reserva_zip",
            "data.archive_file.obtener_reservas_zip",
            "data.aws_iam_role.labrole",
            "module.admin_mesas.aws_api_gateway_method.resource_method",
            "module.my_lambdas.aws_lambda_function.this",
            "module.vpc.aws_subnet.private",
            "module.vpc.aws_vpc.this",
            "module.vpc.aws_vpc_ipv4_cidr_block_association.this"
          ],
          "create_before_destroy": true
        }
      ]
    },
    {
      "module": "module.admin_mesas",
      "mode": "managed",
      "type": "aws_api_gateway_method_response",
      "name": "options_method_response",
      "provider": "provider[\"registry.terraform.io/hashicorp/aws\"]",
      "instances": [
        {
          "schema_version": 0,
          "attributes": {
            "http_method": "OPTIONS",
            "id": "agmr-57154nnmp8-oxcf2w-OPTIONS-200",
            "resource_id": "oxcf2w",
            "response_models": {
              "application/json": "Empty"
            },
            "response_parameters": {
              "method.response.header.Access-Control-Allow-Headers": true,
              "method.response.header.Access-Control-Allow-Methods": true,
              "method.response.header.Access-Control-Allow-Origin": true
            },
            "rest_api_id": "57154nnmp8",
            "status_code": "200"
          },
          "sensitive_attributes": [],
          "private": "bnVsbA==",
          "dependencies": [
            "aws_api_gateway_resource.admin",
            "aws_api_gateway_resource.admin_mesas",
            "aws_api_gateway_rest_api.my_api",
            "aws_security_group.lambda_sg",
            "data.archive_file.admin_crear_mesa_zip",
            "data.archive_file.admin_crear_restaurant_zip",
            "data.archive_file.admin_obtener_reservas_zip",
            "data.archive_file.crear_reserva_zip",
            "data.archive_file.delete_reserva_zip",
            "data.archive_file.obtener_reservas_zip",
            "data.aws_iam_role.labrole",
            "module.admin_mesas.aws_api_gateway_method.options_lambda",
            "module.my_lambdas.aws_lambda_function.this",
            "module.vpc.aws_subnet.private",
            "module.vpc.aws_vpc.this",
            "module.vpc.aws_vpc_ipv4_cidr_block_association.this"
          ],
          "create_before_destroy": true
        }
      ]
    },
    {
      "module": "module.admin_mesas",
      "mode": "managed",
      "type": "aws_lambda_permission",
      "name": "api_gateway_permission",
      "provider": "provider[\"registry.terraform.io/hashicorp/aws\"]",
      "instances": [
        {
          "index_key": "POST",
          "schema_version": 0,
          "attributes": {
            "action": "lambda:InvokeFunction",
            "event_source_token": null,
            "function_name": "CrearMesaLambda",
            "function_url_auth_type": null,
            "id": "AllowAPIGatewayInvokeCrearMesa_POST",
            "principal": "apigateway.amazonaws.com",
            "principal_org_id": null,
            "qualifier": "",
            "source_account": null,
            "source_arn": "arn:aws:execute-api:us-east-1:600569660304:57154nnmp8/prod/POST/admin/mesas",
            "statement_id": "AllowAPIGatewayInvokeCrearMesa_POST",
            "statement_id_prefix": ""
          },
          "sensitive_attributes": [],
          "private": "bnVsbA==",
          "dependencies": [
            "aws_api_gateway_resource.admin",
            "aws_api_gateway_resource.admin_mesas",
            "aws_api_gateway_rest_api.my_api",
            "aws_security_group.lambda_sg",
            "data.archive_file.admin_crear_mesa_zip",
            "data.archive_file.admin_crear_restaurant_zip",
            "data.archive_file.admin_obtener_reservas_zip",
            "data.archive_file.crear_reserva_zip",
            "data.archive_file.delete_reserva_zip",
            "data.archive_file.obtener_reservas_zip",
            "data.aws_iam_role.labrole",
            "module.my_lambdas.aws_lambda_function.this",
            "module.vpc.aws_subnet.private",
            "module.vpc.aws_vpc.this",
            "module.vpc.aws_vpc_ipv4_cidr_block_association.this"
          ],
          "create_before_destroy": true
        }
      ]
    },
    {
      "module": "module.admin_reservas",
      "mode": "managed",
      "type": "aws_api_gateway_integration",
      "name": "lambda_integration",
      "provider": "provider[\"registry.terraform.io/hashicorp/aws\"]",
      "instances": [
        {
          "index_key": "GET",
          "schema_version": 0,
          "attributes": {
            "cache_key_parameters": [],
            "cache_namespace": "yt51ui",
            "connection_id": "",
            "connection_type": "INTERNET",
            "content_handling": "",
            "credentials": "",
            "http_method": "GET",
            "id": "agi-57154nnmp8-yt51ui-GET",
            "integration_http_method": "POST",
            "passthrough_behavior": "WHEN_NO_MATCH",
            "request_parameters": {},
            "request_templates": {},
            "resource_id": "yt51ui",
            "rest_api_id": "57154nnmp8",
            "timeout_milliseconds": 29000,
            "tls_config": [],
            "type": "AWS_PROXY",
            "uri": "arn:aws:apigateway:us-east-1:lambda:path/2015-03-31/functions/arn:aws:lambda:us-east-1:600569660304:function:AdminObtenerReservasLambda/invocations"
          },
          "sensitive_attributes": [],
          "private": "bnVsbA==",
          "dependencies": [
            "aws_api_gateway_resource.admin",
            "aws_api_gateway_resource.admin_reservas",
            "aws_api_gateway_rest_api.my_api",
            "aws_security_group.lambda_sg",
            "data.archive_file.admin_crear_mesa_zip",
            "data.archive_file.admin_crear_restaurant_zip",
            "data.archive_file.admin_obtener_reservas_zip",
            "data.archive_file.crear_reserva_zip",
            "data.archive_file.delete_reserva_zip",
            "data.archive_file.obtener_reservas_zip",
            "data.aws_iam_role.labrole",
            "module.admin_reservas.aws_api_gateway_method.resource_method",
            "module.my_lambdas.aws_lambda_function.this",
            "module.vpc.aws_subnet.private",
            "module.vpc.aws_vpc.this",
            "module.vpc.aws_vpc_ipv4_cidr_block_association.this"
          ],
          "create_before_destroy": true
        }
      ]
    },
    {
      "module": "module.admin_reservas",
      "mode": "managed",
      "type": "aws_api_gateway_integration",
      "name": "options_integration_lambda",
      "provider": "provider[\"registry.terraform.io/hashicorp/aws\"]",
      "instances": [
        {
          "schema_version": 0,
          "attributes": {
            "cache_key_parameters": [],
            "cache_namespace": "yt51ui",
            "connection_id": "",
            "connection_type": "INTERNET",
            "content_handling": "",
            "credentials": "",
            "http_method": "OPTIONS",
            "id": "agi-57154nnmp8-yt51ui-OPTIONS",
            "integration_http_method": "",
            "passthrough_behavior": "WHEN_NO_MATCH",
            "request_parameters": {},
            "request_templates": {
              "application/json": "{\"statusCode\": 200}"
            },
            "resource_id": "yt51ui",
            "rest_api_id": "57154nnmp8",
            "timeout_milliseconds": 29000,
            "tls_config": [],
            "type": "MOCK",
            "uri": ""
          },
          "sensitive_attributes": [],
          "private": "bnVsbA==",
          "dependencies": [
            "aws_api_gateway_resource.admin",
            "aws_api_gateway_resource.admin_reservas",
            "aws_api_gateway_rest_api.my_api",
            "aws_security_group.lambda_sg",
            "data.archive_file.admin_crear_mesa_zip",
            "data.archive_file.admin_crear_restaurant_zip",
            "data.archive_file.admin_obtener_reservas_zip",
            "data.archive_file.crear_reserva_zip",
            "data.archive_file.delete_reserva_zip",
            "data.archive_file.obtener_reservas_zip",
            "data.aws_iam_role.labrole",
            "module.admin_reservas.aws_api_gateway_method.options_lambda",
            "module.my_lambdas.aws_lambda_function.this",
            "module.vpc.aws_subnet.private",
            "module.vpc.aws_vpc.this",
            "module.vpc.aws_vpc_ipv4_cidr_block_association.this"
          ],
          "create_before_destroy": true
        }
      ]
    },
    {
      "module": "module.admin_reservas",
      "mode": "managed",
      "type": "aws_api_gateway_integration_response",
      "name": "options_integration_response",
      "provider": "provider[\"registry.terraform.io/hashicorp/aws\"]",
      "instances": [
        {
          "schema_version": 0,
          "attributes": {
            "content_handling": "",
            "http_method": "OPTIONS",
            "id": "agir-57154nnmp8-yt51ui-OPTIONS-200",
            "resource_id": "yt51ui",
            "response_parameters": {
              "method.response.header.Access-Control-Allow-Headers": "'Content-Type,X-Amz-Date,Authorization,X-Api-Key,X-Amz-Security-Token'",
              "method.response.header.Access-Control-Allow-Methods": "'GET,OPTIONS'",
              "method.response.header.Access-Control-Allow-Origin": "'*'"
            },
            "response_templates": {},
            "rest_api_id": "57154nnmp8",
            "selection_pattern": "",
            "status_code": "200"
          },
          "sensitive_attributes": [],
          "private": "bnVsbA==",
          "dependencies": [
            "aws_api_gateway_resource.admin",
            "aws_api_gateway_resource.admin_reservas",
            "aws_api_gateway_rest_api.my_api",
            "aws_security_group.lambda_sg",
            "data.archive_file.admin_crear_mesa_zip",
            "data.archive_file.admin_crear_restaurant_zip",
            "data.archive_file.admin_obtener_reservas_zip",
            "data.archive_file.crear_reserva_zip",
            "data.archive_file.delete_reserva_zip",
            "data.archive_file.obtener_reservas_zip",
            "data.aws_iam_role.labrole",
            "module.admin_reservas.aws_api_gateway_method.options_lambda",
            "module.admin_reservas.aws_api_gateway_method_response.options_method_response",
            "module.my_lambdas.aws_lambda_function.this",
            "module.vpc.aws_subnet.private",
            "module.vpc.aws_vpc.this",
            "module.vpc.aws_vpc_ipv4_cidr_block_association.this"
          ],
          "create_before_destroy": true
        }
      ]
    },
    {
      "module": "module.admin_reservas",
      "mode": "managed",
      "type": "aws_api_gateway_method",
      "name": "options_lambda",
      "provider": "provider[\"registry.terraform.io/hashicorp/aws\"]",
      "instances": [
        {
          "schema_version": 0,
          "attributes": {
            "api_key_required": false,
            "authorization": "NONE",
            "authorization_scopes": [],
            "authorizer_id": "",
            "http_method": "OPTIONS",
            "id": "agm-57154nnmp8-yt51ui-OPTIONS",
            "operation_name": "",
            "request_models": {},
            "request_parameters": {},
            "request_validator_id": "",
            "resource_id": "yt51ui",
            "rest_api_id": "57154nnmp8"
          },
          "sensitive_attributes": [],
          "private": "bnVsbA==",
          "dependencies": [
            "aws_api_gateway_resource.admin",
            "aws_api_gateway_resource.admin_reservas",
            "aws_api_gateway_rest_api.my_api",
            "aws_security_group.lambda_sg",
            "data.archive_file.admin_crear_mesa_zip",
            "data.archive_file.admin_crear_restaurant_zip",
            "data.archive_file.admin_obtener_reservas_zip",
            "data.archive_file.crear_reserva_zip",
            "data.archive_file.delete_reserva_zip",
            "data.archive_file.obtener_reservas_zip",
            "data.aws_iam_role.labrole",
            "module.my_lambdas.aws_lambda_function.this",
            "module.vpc.aws_subnet.private",
            "module.vpc.aws_vpc.this",
            "module.vpc.aws_vpc_ipv4_cidr_block_association.this"
          ],
          "create_before_destroy": true
        }
      ]
    },
    {
      "module": "module.admin_reservas",
      "mode": "managed",
      "type": "aws_api_gateway_method",
      "name": "resource_method",
      "provider": "provider[\"registry.terraform.io/hashicorp/aws\"]",
      "instances": [
        {
          "index_key": "GET",
          "schema_version": 0,
          "attributes": {
            "api_key_required": false,
            "authorization": "NONE",
            "authorization_scopes": [],
            "authorizer_id": "",
            "http_method": "GET",
            "id": "agm-57154nnmp8-yt51ui-GET",
            "operation_name": "",
            "request_models": {},
            "request_parameters": {},
            "request_validator_id": "",
            "resource_id": "yt51ui",
            "rest_api_id": "57154nnmp8"
          },
          "sensitive_attributes": [],
          "private": "bnVsbA==",
          "dependencies": [
            "aws_api_gateway_resource.admin",
            "aws_api_gateway_resource.admin_reservas",
            "aws_api_gateway_rest_api.my_api",
            "aws_security_group.lambda_sg",
            "data.archive_file.admin_crear_mesa_zip",
            "data.archive_file.admin_crear_restaurant_zip",
            "data.archive_file.admin_obtener_reservas_zip",
            "data.archive_file.crear_reserva_zip",
            "data.archive_file.delete_reserva_zip",
            "data.archive_file.obtener_reservas_zip",
            "data.aws_iam_role.labrole",
            "module.my_lambdas.aws_lambda_function.this",
            "module.vpc.aws_subnet.private",
            "module.vpc.aws_vpc.this",
            "module.vpc.aws_vpc_ipv4_cidr_block_association.this"
          ],
          "create_before_destroy": true
        }
      ]
    },
    {
      "module": "module.admin_reservas",
      "mode": "managed",
      "type": "aws_api_gateway_method_response",
      "name": "cors_method_response_200",
      "provider": "provider[\"registry.terraform.io/hashicorp/aws\"]",
      "instances": [
        {
          "index_key": "GET",
          "schema_version": 0,
          "attributes": {
            "http_method": "GET",
            "id": "agmr-57154nnmp8-yt51ui-GET-200",
            "resource_id": "yt51ui",
            "response_models": {},
            "response_parameters": {
              "method.response.header.Access-Control-Allow-Origin": true
            },
            "rest_api_id": "57154nnmp8",
            "status_code": "200"
          },
          "sensitive_attributes": [],
          "private": "bnVsbA==",
          "dependencies": [
            "aws_api_gateway_resource.admin",
            "aws_api_gateway_resource.admin_reservas",
            "aws_api_gateway_rest_api.my_api",
            "aws_security_group.lambda_sg",
            "data.archive_file.admin_crear_mesa_zip",
            "data.archive_file.admin_crear_restaurant_zip",
            "data.archive_file.admin_obtener_reservas_zip",
            "data.archive_file.crear_reserva_zip",
            "data.archive_file.delete_reserva_zip",
            "data.archive_file.obtener_reservas_zip",
            "data.aws_iam_role.labrole",
            "module.admin_reservas.aws_api_gateway_method.resource_method",
            "module.my_lambdas.aws_lambda_function.this",
            "module.vpc.aws_subnet.private",
            "module.vpc.aws_vpc.this",
            "module.vpc.aws_vpc_ipv4_cidr_block_association.this"
          ],
          "create_before_destroy": true
        }
      ]
    },
    {
      "module": "module.admin_reservas",
      "mode": "managed",
      "type": "aws_api_gateway_method_response",
      "name": "options_method_response",
      "provider": "provider[\"registry.terraform.io/hashicorp/aws\"]",
      "instances": [
        {
          "schema_version": 0,
          "attributes": {
            "http_method": "OPTIONS",
            "id": "agmr-57154nnmp8-yt51ui-OPTIONS-200",
            "resource_id": "yt51ui",
            "response_models": {
              "application/json": "Empty"
            },
            "response_parameters": {
              "method.response.header.Access-Control-Allow-Headers": true,
              "method.response.header.Access-Control-Allow-Methods": true,
              "method.response.header.Access-Control-Allow-Origin": true
            },
            "rest_api_id": "57154nnmp8",
            "status_code": "200"
          },
          "sensitive_attributes": [],
          "private": "bnVsbA==",
          "dependencies": [
            "aws_api_gateway_resource.admin",
            "aws_api_gateway_resource.admin_reservas",
            "aws_api_gateway_rest_api.my_api",
            "aws_security_group.lambda_sg",
            "data.archive_file.admin_crear_mesa_zip",
            "data.archive_file.admin_crear_restaurant_zip",
            "data.archive_file.admin_obtener_reservas_zip",
            "data.archive_file.crear_reserva_zip",
            "data.archive_file.delete_reserva_zip",
            "data.archive_file.obtener_reservas_zip",
            "data.aws_iam_role.labrole",
            "module.admin_reservas.aws_api_gateway_method.options_lambda",
            "module.my_lambdas.aws_lambda_function.this",
            "module.vpc.aws_subnet.private",
            "module.vpc.aws_vpc.this",
            "module.vpc.aws_vpc_ipv4_cidr_block_association.this"
          ],
          "create_before_destroy": true
        }
      ]
    },
    {
      "module": "module.admin_reservas",
      "mode": "managed",
      "type": "aws_lambda_permission",
      "name": "api_gateway_permission",
      "provider": "provider[\"registry.terraform.io/hashicorp/aws\"]",
      "instances": [
        {
          "index_key": "GET",
          "schema_version": 0,
          "attributes": {
            "action": "lambda:InvokeFunction",
            "event_source_token": null,
            "function_name": "AdminObtenerReservasLambda",
            "function_url_auth_type": null,
            "id": "AllowAPIGatewayInvokeAdminObtenerReservas_GET",
            "principal": "apigateway.amazonaws.com",
            "principal_org_id": null,
            "qualifier": "",
            "source_account": null,
            "source_arn": "arn:aws:execute-api:us-east-1:600569660304:57154nnmp8/prod/GET/admin/reservas",
            "statement_id": "AllowAPIGatewayInvokeAdminObtenerReservas_GET",
            "statement_id_prefix": ""
          },
          "sensitive_attributes": [],
          "private": "bnVsbA==",
          "dependencies": [
            "aws_api_gateway_resource.admin",
            "aws_api_gateway_resource.admin_reservas",
            "aws_api_gateway_rest_api.my_api",
            "aws_security_group.lambda_sg",
            "data.archive_file.admin_crear_mesa_zip",
            "data.archive_file.admin_crear_restaurant_zip",
            "data.archive_file.admin_obtener_reservas_zip",
            "data.archive_file.crear_reserva_zip",
            "data.archive_file.delete_reserva_zip",
            "data.archive_file.obtener_reservas_zip",
            "data.aws_iam_role.labrole",
            "module.my_lambdas.aws_lambda_function.this",
            "module.vpc.aws_subnet.private",
            "module.vpc.aws_vpc.this",
            "module.vpc.aws_vpc_ipv4_cidr_block_association.this"
          ],
          "create_before_destroy": true
        }
      ]
    },
    {
      "module": "module.admin_restaurant",
      "mode": "managed",
      "type": "aws_api_gateway_integration",
      "name": "lambda_integration",
      "provider": "provider[\"registry.terraform.io/hashicorp/aws\"]",
      "instances": [
        {
          "index_key": "POST",
          "schema_version": 0,
          "attributes": {
            "cache_key_parameters": [],
            "cache_namespace": "x9q4ki",
            "connection_id": "",
            "connection_type": "INTERNET",
            "content_handling": "",
            "credentials": "",
            "http_method": "POST",
            "id": "agi-57154nnmp8-x9q4ki-POST",
            "integration_http_method": "POST",
            "passthrough_behavior": "WHEN_NO_MATCH",
            "request_parameters": {},
            "request_templates": {},
            "resource_id": "x9q4ki",
            "rest_api_id": "57154nnmp8",
            "timeout_milliseconds": 29000,
            "tls_config": [],
            "type": "AWS_PROXY",
            "uri": "arn:aws:apigateway:us-east-1:lambda:path/2015-03-31/functions/arn:aws:lambda:us-east-1:600569660304:function:CrearRestaurantLambda/invocations"
          },
          "sensitive_attributes": [],
          "private": "bnVsbA==",
          "dependencies": [
            "aws_api_gateway_resource.admin",
            "aws_api_gateway_resource.admin_restaurant",
            "aws_api_gateway_rest_api.my_api",
            "aws_security_group.lambda_sg",
            "data.archive_file.admin_crear_mesa_zip",
            "data.archive_file.admin_crear_restaurant_zip",
            "data.archive_file.admin_obtener_reservas_zip",
            "data.archive_file.crear_reserva_zip",
            "data.archive_file.delete_reserva_zip",
            "data.archive_file.obtener_reservas_zip",
            "data.aws_iam_role.labrole",
            "module.admin_restaurant.aws_api_gateway_method.resource_method",
            "module.my_lambdas.aws_lambda_function.this",
            "module.vpc.aws_subnet.private",
            "module.vpc.aws_vpc.this",
            "module.vpc.aws_vpc_ipv4_cidr_block_association.this"
          ],
          "create_before_destroy": true
        }
      ]
    },
    {
      "module": "module.admin_restaurant",
      "mode": "managed",
      "type": "aws_api_gateway_integration",
      "name": "options_integration_lambda",
      "provider": "provider[\"registry.terraform.io/hashicorp/aws\"]",
      "instances": [
        {
          "schema_version": 0,
          "attributes": {
            "cache_key_parameters": [],
            "cache_namespace": "x9q4ki",
            "connection_id": "",
            "connection_type": "INTERNET",
            "content_handling": "",
            "credentials": "",
            "http_method": "OPTIONS",
            "id": "agi-57154nnmp8-x9q4ki-OPTIONS",
            "integration_http_method": "",
            "passthrough_behavior": "WHEN_NO_MATCH",
            "request_parameters": {},
            "request_templates": {
              "application/json": "{\"statusCode\": 200}"
            },
            "resource_id": "x9q4ki",
            "rest_api_id": "57154nnmp8",
            "timeout_milliseconds": 29000,
            "tls_config": [],
            "type": "MOCK",
            "uri": ""
          },
          "sensitive_attributes": [],
          "private": "bnVsbA==",
          "dependencies": [
            "aws_api_gateway_resource.admin",
            "aws_api_gateway_resource.admin_restaurant",
            "aws_api_gateway_rest_api.my_api",
            "aws_security_group.lambda_sg",
            "data.archive_file.admin_crear_mesa_zip",
            "data.archive_file.admin_crear_restaurant_zip",
            "data.archive_file.admin_obtener_reservas_zip",
            "data.archive_file.crear_reserva_zip",
            "data.archive_file.delete_reserva_zip",
            "data.archive_file.obtener_reservas_zip",
            "data.aws_iam_role.labrole",
            "module.admin_restaurant.aws_api_gateway_method.options_lambda",
            "module.my_lambdas.aws_lambda_function.this",
            "module.vpc.aws_subnet.private",
            "module.vpc.aws_vpc.this",
            "module.vpc.aws_vpc_ipv4_cidr_block_association.this"
          ],
          "create_before_destroy": true
        }
      ]
    },
    {
      "module": "module.admin_restaurant",
      "mode": "managed",
      "type": "aws_api_gateway_integration_response",
      "name": "options_integration_response",
      "provider": "provider[\"registry.terraform.io/hashicorp/aws\"]",
      "instances": [
        {
          "schema_version": 0,
          "attributes": {
            "content_handling": "",
            "http_method": "OPTIONS",
            "id": "agir-57154nnmp8-x9q4ki-OPTIONS-200",
            "resource_id": "x9q4ki",
            "response_parameters": {
              "method.response.header.Access-Control-Allow-Headers": "'Content-Type,X-Amz-Date,Authorization,X-Api-Key,X-Amz-Security-Token'",
              "method.response.header.Access-Control-Allow-Methods": "'POST,OPTIONS'",
              "method.response.header.Access-Control-Allow-Origin": "'*'"
            },
            "response_templates": {},
            "rest_api_id": "57154nnmp8",
            "selection_pattern": "",
            "status_code": "200"
          },
          "sensitive_attributes": [],
          "private": "bnVsbA==",
          "dependencies": [
            "aws_api_gateway_resource.admin",
            "aws_api_gateway_resource.admin_restaurant",
            "aws_api_gateway_rest_api.my_api",
            "aws_security_group.lambda_sg",
            "data.archive_file.admin_crear_mesa_zip",
            "data.archive_file.admin_crear_restaurant_zip",
            "data.archive_file.admin_obtener_reservas_zip",
            "data.archive_file.crear_reserva_zip",
            "data.archive_file.delete_reserva_zip",
            "data.archive_file.obtener_reservas_zip",
            "data.aws_iam_role.labrole",
            "module.admin_restaurant.aws_api_gateway_method.options_lambda",
            "module.admin_restaurant.aws_api_gateway_method_response.options_method_response",
            "module.my_lambdas.aws_lambda_function.this",
            "module.vpc.aws_subnet.private",
            "module.vpc.aws_vpc.this",
            "module.vpc.aws_vpc_ipv4_cidr_block_association.this"
          ],
          "create_before_destroy": true
        }
      ]
    },
    {
      "module": "module.admin_restaurant",
      "mode": "managed",
      "type": "aws_api_gateway_method",
      "name": "options_lambda",
      "provider": "provider[\"registry.terraform.io/hashicorp/aws\"]",
      "instances": [
        {
          "schema_version": 0,
          "attributes": {
            "api_key_required": false,
            "authorization": "NONE",
            "authorization_scopes": [],
            "authorizer_id": "",
            "http_method": "OPTIONS",
            "id": "agm-57154nnmp8-x9q4ki-OPTIONS",
            "operation_name": "",
            "request_models": {},
            "request_parameters": {},
            "request_validator_id": "",
            "resource_id": "x9q4ki",
            "rest_api_id": "57154nnmp8"
          },
          "sensitive_attributes": [],
          "private": "bnVsbA==",
          "dependencies": [
            "aws_api_gateway_resource.admin",
            "aws_api_gateway_resource.admin_restaurant",
            "aws_api_gateway_rest_api.my_api",
            "aws_security_group.lambda_sg",
            "data.archive_file.admin_crear_mesa_zip",
            "data.archive_file.admin_crear_restaurant_zip",
            "data.archive_file.admin_obtener_reservas_zip",
            "data.archive_file.crear_reserva_zip",
            "data.archive_file.delete_reserva_zip",
            "data.archive_file.obtener_reservas_zip",
            "data.aws_iam_role.labrole",
            "module.my_lambdas.aws_lambda_function.this",
            "module.vpc.aws_subnet.private",
            "module.vpc.aws_vpc.this",
            "module.vpc.aws_vpc_ipv4_cidr_block_association.this"
          ],
          "create_before_destroy": true
        }
      ]
    },
    {
      "module": "module.admin_restaurant",
      "mode": "managed",
      "type": "aws_api_gateway_method",
      "name": "resource_method",
      "provider": "provider[\"registry.terraform.io/hashicorp/aws\"]",
      "instances": [
        {
          "index_key": "POST",
          "schema_version": 0,
          "attributes": {
            "api_key_required": false,
            "authorization": "NONE",
            "authorization_scopes": [],
            "authorizer_id": "",
            "http_method": "POST",
            "id": "agm-57154nnmp8-x9q4ki-POST",
            "operation_name": "",
            "request_models": {},
            "request_parameters": {},
            "request_validator_id": "",
            "resource_id": "x9q4ki",
            "rest_api_id": "57154nnmp8"
          },
          "sensitive_attributes": [],
          "private": "bnVsbA==",
          "dependencies": [
            "aws_api_gateway_resource.admin",
            "aws_api_gateway_resource.admin_restaurant",
            "aws_api_gateway_rest_api.my_api",
            "aws_security_group.lambda_sg",
            "data.archive_file.admin_crear_mesa_zip",
            "data.archive_file.admin_crear_restaurant_zip",
            "data.archive_file.admin_obtener_reservas_zip",
            "data.archive_file.crear_reserva_zip",
            "data.archive_file.delete_reserva_zip",
            "data.archive_file.obtener_reservas_zip",
            "data.aws_iam_role.labrole",
            "module.my_lambdas.aws_lambda_function.this",
            "module.vpc.aws_subnet.private",
            "module.vpc.aws_vpc.this",
            "module.vpc.aws_vpc_ipv4_cidr_block_association.this"
          ],
          "create_before_destroy": true
        }
      ]
    },
    {
      "module": "module.admin_restaurant",
      "mode": "managed",
      "type": "aws_api_gateway_method_response",
      "name": "cors_method_response_200",
      "provider": "provider[\"registry.terraform.io/hashicorp/aws\"]",
      "instances": [
        {
          "index_key": "POST",
          "schema_version": 0,
          "attributes": {
            "http_method": "POST",
            "id": "agmr-57154nnmp8-x9q4ki-POST-200",
            "resource_id": "x9q4ki",
            "response_models": {},
            "response_parameters": {
              "method.response.header.Access-Control-Allow-Origin": true
            },
            "rest_api_id": "57154nnmp8",
            "status_code": "200"
          },
          "sensitive_attributes": [],
          "private": "bnVsbA==",
          "dependencies": [
            "aws_api_gateway_resource.admin",
            "aws_api_gateway_resource.admin_restaurant",
            "aws_api_gateway_rest_api.my_api",
            "aws_security_group.lambda_sg",
            "data.archive_file.admin_crear_mesa_zip",
            "data.archive_file.admin_crear_restaurant_zip",
            "data.archive_file.admin_obtener_reservas_zip",
            "data.archive_file.crear_reserva_zip",
            "data.archive_file.delete_reserva_zip",
            "data.archive_file.obtener_reservas_zip",
            "data.aws_iam_role.labrole",
            "module.admin_restaurant.aws_api_gateway_method.resource_method",
            "module.my_lambdas.aws_lambda_function.this",
            "module.vpc.aws_subnet.private",
            "module.vpc.aws_vpc.this",
            "module.vpc.aws_vpc_ipv4_cidr_block_association.this"
          ],
          "create_before_destroy": true
        }
      ]
    },
    {
      "module": "module.admin_restaurant",
      "mode": "managed",
      "type": "aws_api_gateway_method_response",
      "name": "options_method_response",
      "provider": "provider[\"registry.terraform.io/hashicorp/aws\"]",
      "instances": [
        {
          "schema_version": 0,
          "attributes": {
            "http_method": "OPTIONS",
            "id": "agmr-57154nnmp8-x9q4ki-OPTIONS-200",
            "resource_id": "x9q4ki",
            "response_models": {
              "application/json": "Empty"
            },
            "response_parameters": {
              "method.response.header.Access-Control-Allow-Headers": true,
              "method.response.header.Access-Control-Allow-Methods": true,
              "method.response.header.Access-Control-Allow-Origin": true
            },
            "rest_api_id": "57154nnmp8",
            "status_code": "200"
          },
          "sensitive_attributes": [],
          "private": "bnVsbA==",
          "dependencies": [
            "aws_api_gateway_resource.admin",
            "aws_api_gateway_resource.admin_restaurant",
            "aws_api_gateway_rest_api.my_api",
            "aws_security_group.lambda_sg",
            "data.archive_file.admin_crear_mesa_zip",
            "data.archive_file.admin_crear_restaurant_zip",
            "data.archive_file.admin_obtener_reservas_zip",
            "data.archive_file.crear_reserva_zip",
            "data.archive_file.delete_reserva_zip",
            "data.archive_file.obtener_reservas_zip",
            "data.aws_iam_role.labrole",
            "module.admin_restaurant.aws_api_gateway_method.options_lambda",
            "module.my_lambdas.aws_lambda_function.this",
            "module.vpc.aws_subnet.private",
            "module.vpc.aws_vpc.this",
            "module.vpc.aws_vpc_ipv4_cidr_block_association.this"
          ],
          "create_before_destroy": true
        }
      ]
    },
    {
      "module": "module.admin_restaurant",
      "mode": "managed",
      "type": "aws_lambda_permission",
      "name": "api_gateway_permission",
      "provider": "provider[\"registry.terraform.io/hashicorp/aws\"]",
      "instances": [
        {
          "index_key": "POST",
          "schema_version": 0,
          "attributes": {
            "action": "lambda:InvokeFunction",
            "event_source_token": null,
            "function_name": "CrearRestaurantLambda",
            "function_url_auth_type": null,
            "id": "AllowAPIGatewayInvokeCrearRestaurant_POST",
            "principal": "apigateway.amazonaws.com",
            "principal_org_id": null,
            "qualifier": "",
            "source_account": null,
            "source_arn": "arn:aws:execute-api:us-east-1:600569660304:57154nnmp8/prod/POST/admin/restaurant",
            "statement_id": "AllowAPIGatewayInvokeCrearRestaurant_POST",
            "statement_id_prefix": ""
          },
          "sensitive_attributes": [],
          "private": "bnVsbA==",
          "dependencies": [
            "aws_api_gateway_resource.admin",
            "aws_api_gateway_resource.admin_restaurant",
            "aws_api_gateway_rest_api.my_api",
            "aws_security_group.lambda_sg",
            "data.archive_file.admin_crear_mesa_zip",
            "data.archive_file.admin_crear_restaurant_zip",
            "data.archive_file.admin_obtener_reservas_zip",
            "data.archive_file.crear_reserva_zip",
            "data.archive_file.delete_reserva_zip",
            "data.archive_file.obtener_reservas_zip",
            "data.aws_iam_role.labrole",
            "module.my_lambdas.aws_lambda_function.this",
            "module.vpc.aws_subnet.private",
            "module.vpc.aws_vpc.this",
            "module.vpc.aws_vpc_ipv4_cidr_block_association.this"
          ],
          "create_before_destroy": true
        }
      ]
    },
    {
      "module": "module.dynamodb_tables",
      "mode": "managed",
      "type": "aws_dynamodb_table",
      "name": "tables",
      "provider": "provider[\"registry.terraform.io/hashicorp/aws\"]",
      "instances": [
        {
          "index_key": "MESAS",
          "schema_version": 1,
          "attributes": {
            "arn": "arn:aws:dynamodb:us-east-1:600569660304:table/MESAS",
            "attribute": [
              {
                "name": "ID_Mesa",
                "type": "S"
              },
              {
                "name": "Localidad#Categoria#Nombre_restaurant",
                "type": "S"
              }
            ],
            "billing_mode": "PAY_PER_REQUEST",
            "deletion_protection_enabled": false,
            "global_secondary_index": [],
            "hash_key": "Localidad#Categoria#Nombre_restaurant",
            "id": "MESAS",
            "import_table": [],
            "local_secondary_index": [],
            "name": "MESAS",
            "on_demand_throughput": [],
            "point_in_time_recovery": [
              {
                "enabled": false
              }
            ],
            "range_key": "ID_Mesa",
            "read_capacity": 0,
            "replica": [],
            "restore_date_time": null,
            "restore_source_name": null,
            "restore_source_table_arn": null,
            "restore_to_latest_time": null,
            "server_side_encryption": [],
            "stream_arn": "",
            "stream_enabled": false,
            "stream_label": "",
            "stream_view_type": "",
            "table_class": "STANDARD",
            "tags": {},
            "tags_all": {},
            "timeouts": null,
            "ttl": [
              {
                "attribute_name": "",
                "enabled": false
              }
            ],
            "write_capacity": 0
          },
          "sensitive_attributes": [],
          "private": "eyJlMmJmYjczMC1lY2FhLTExZTYtOGY4OC0zNDM2M2JjN2M0YzAiOnsiY3JlYXRlIjoxODAwMDAwMDAwMDAwLCJkZWxldGUiOjYwMDAwMDAwMDAwMCwidXBkYXRlIjozNjAwMDAwMDAwMDAwfSwic2NoZW1hX3ZlcnNpb24iOiIxIn0="
        },
        {
          "index_key": "RESERVAS",
          "schema_version": 1,
          "attributes": {
            "arn": "arn:aws:dynamodb:us-east-1:600569660304:table/RESERVAS",
            "attribute": [
              {
                "name": "Fecha_hora#ID_Mesa",
                "type": "S"
              },
              {
                "name": "Localidad#Categoria#Nombre_restaurant",
                "type": "S"
              }
            ],
            "billing_mode": "PAY_PER_REQUEST",
            "deletion_protection_enabled": false,
            "global_secondary_index": [],
            "hash_key": "Localidad#Categoria#Nombre_restaurant",
            "id": "RESERVAS",
            "import_table": [],
            "local_secondary_index": [],
            "name": "RESERVAS",
            "on_demand_throughput": [],
            "point_in_time_recovery": [
              {
                "enabled": false
              }
            ],
            "range_key": "Fecha_hora#ID_Mesa",
            "read_capacity": 0,
            "replica": [],
            "restore_date_time": null,
            "restore_source_name": null,
            "restore_source_table_arn": null,
            "restore_to_latest_time": null,
            "server_side_encryption": [],
            "stream_arn": "",
            "stream_enabled": false,
            "stream_label": "",
            "stream_view_type": "",
            "table_class": "STANDARD",
            "tags": {},
            "tags_all": {},
            "timeouts": null,
            "ttl": [
              {
                "attribute_name": "",
                "enabled": false
              }
            ],
            "write_capacity": 0
          },
          "sensitive_attributes": [],
          "private": "eyJlMmJmYjczMC1lY2FhLTExZTYtOGY4OC0zNDM2M2JjN2M0YzAiOnsiY3JlYXRlIjoxODAwMDAwMDAwMDAwLCJkZWxldGUiOjYwMDAwMDAwMDAwMCwidXBkYXRlIjozNjAwMDAwMDAwMDAwfSwic2NoZW1hX3ZlcnNpb24iOiIxIn0="
        },
        {
          "index_key": "RESTAURANTES",
          "schema_version": 1,
          "attributes": {
            "arn": "arn:aws:dynamodb:us-east-1:600569660304:table/RESTAURANTES",
            "attribute": [
              {
                "name": "Categoria#Nombre_restaurant",
                "type": "S"
              },
              {
                "name": "Localidad",
                "type": "S"
              }
            ],
            "billing_mode": "PAY_PER_REQUEST",
            "deletion_protection_enabled": false,
            "global_secondary_index": [],
            "hash_key": "Localidad",
            "id": "RESTAURANTES",
            "import_table": [],
            "local_secondary_index": [],
            "name": "RESTAURANTES",
            "on_demand_throughput": [],
            "point_in_time_recovery": [
              {
                "enabled": false
              }
            ],
            "range_key": "Categoria#Nombre_restaurant",
            "read_capacity": 0,
            "replica": [],
            "restore_date_time": null,
            "restore_source_name": null,
            "restore_source_table_arn": null,
            "restore_to_latest_time": null,
            "server_side_encryption": [],
            "stream_arn": "",
            "stream_enabled": false,
            "stream_label": "",
            "stream_view_type": "",
            "table_class": "STANDARD",
            "tags": {},
            "tags_all": {},
            "timeouts": null,
            "ttl": [
              {
                "attribute_name": "",
                "enabled": false
              }
            ],
            "write_capacity": 0
          },
          "sensitive_attributes": [],
          "private": "eyJlMmJmYjczMC1lY2FhLTExZTYtOGY4OC0zNDM2M2JjN2M0YzAiOnsiY3JlYXRlIjoxODAwMDAwMDAwMDAwLCJkZWxldGUiOjYwMDAwMDAwMDAwMCwidXBkYXRlIjozNjAwMDAwMDAwMDAwfSwic2NoZW1hX3ZlcnNpb24iOiIxIn0="
        },
        {
          "index_key": "USUARIOS",
          "schema_version": 1,
          "attributes": {
            "arn": "arn:aws:dynamodb:us-east-1:600569660304:table/USUARIOS",
            "attribute": [
              {
                "name": "Fecha_hora",
                "type": "N"
              },
              {
                "name": "ID_Usuario",
                "type": "S"
              }
            ],
            "billing_mode": "PAY_PER_REQUEST",
            "deletion_protection_enabled": false,
            "global_secondary_index": [],
            "hash_key": "ID_Usuario",
            "id": "USUARIOS",
            "import_table": [],
            "local_secondary_index": [],
            "name": "USUARIOS",
            "on_demand_throughput": [],
            "point_in_time_recovery": [
              {
                "enabled": false
              }
            ],
            "range_key": "Fecha_hora",
            "read_capacity": 0,
            "replica": [],
            "restore_date_time": null,
            "restore_source_name": null,
            "restore_source_table_arn": null,
            "restore_to_latest_time": null,
            "server_side_encryption": [],
            "stream_arn": "",
            "stream_enabled": false,
            "stream_label": "",
            "stream_view_type": "",
            "table_class": "STANDARD",
            "tags": {},
            "tags_all": {},
            "timeouts": null,
            "ttl": [
              {
                "attribute_name": "",
                "enabled": false
              }
            ],
            "write_capacity": 0
          },
          "sensitive_attributes": [],
          "private": "eyJlMmJmYjczMC1lY2FhLTExZTYtOGY4OC0zNDM2M2JjN2M0YzAiOnsiY3JlYXRlIjoxODAwMDAwMDAwMDAwLCJkZWxldGUiOjYwMDAwMDAwMDAwMCwidXBkYXRlIjozNjAwMDAwMDAwMDAwfSwic2NoZW1hX3ZlcnNpb24iOiIxIn0="
        }
      ]
    },
    {
      "module": "module.my_lambdas",
      "mode": "managed",
      "type": "aws_lambda_function",
      "name": "this",
      "provider": "provider[\"registry.terraform.io/hashicorp/aws\"]",
      "instances": [
        {
          "index_key": "admin_crear_mesa",
          "schema_version": 0,
          "attributes": {
            "architectures": [
              "x86_64"
            ],
            "arn": "arn:aws:lambda:us-east-1:600569660304:function:CrearMesaLambda",
            "code_sha256": "qO3aiFbMqLNFaVfZCRYuCnhb8/vwdczaB/Ktje+mjrg=",
            "code_signing_config_arn": "",
            "dead_letter_config": [],
            "description": "",
            "environment": [],
            "ephemeral_storage": [
              {
                "size": 512
              }
            ],
            "file_system_config": [],
            "filename": "./../backend/admin-crear-mesa/admin_crear_mesa.zip",
            "function_name": "CrearMesaLambda",
            "handler": "admin_crear_mesa.admin_crear_mesa",
            "id": "CrearMesaLambda",
            "image_config": [],
            "image_uri": "",
            "invoke_arn": "arn:aws:apigateway:us-east-1:lambda:path/2015-03-31/functions/arn:aws:lambda:us-east-1:600569660304:function:CrearMesaLambda/invocations",
            "kms_key_arn": "",
            "last_modified": "2024-10-23T17:02:15.806+0000",
            "layers": [],
            "logging_config": [
              {
                "application_log_level": "",
                "log_format": "Text",
                "log_group": "/aws/lambda/CrearMesaLambda",
                "system_log_level": ""
              }
            ],
            "memory_size": 128,
            "package_type": "Zip",
            "publish": false,
            "qualified_arn": "arn:aws:lambda:us-east-1:600569660304:function:CrearMesaLambda:$LATEST",
            "qualified_invoke_arn": "arn:aws:apigateway:us-east-1:lambda:path/2015-03-31/functions/arn:aws:lambda:us-east-1:600569660304:function:CrearMesaLambda:$LATEST/invocations",
            "replace_security_groups_on_destroy": null,
            "replacement_security_group_ids": null,
            "reserved_concurrent_executions": -1,
            "role": "arn:aws:iam::600569660304:role/LabRole",
            "runtime": "python3.12",
            "s3_bucket": null,
            "s3_key": null,
            "s3_object_version": null,
            "signing_job_arn": "",
            "signing_profile_version_arn": "",
            "skip_destroy": false,
            "snap_start": [],
            "source_code_hash": "qO3aiFbMqLNFaVfZCRYuCnhb8/vwdczaB/Ktje+mjrg=",
            "source_code_size": 1545,
            "tags": {},
            "tags_all": {},
            "timeout": 3,
            "timeouts": null,
            "tracing_config": [
              {
                "mode": "PassThrough"
              }
            ],
            "version": "$LATEST",
            "vpc_config": [
              {
                "ipv6_allowed_for_dual_stack": false,
                "security_group_ids": [
                  "sg-059de2e835a412cf3"
                ],
                "subnet_ids": [
                  "subnet-08aaa816b6202b66c",
                  "subnet-0bcaf9c5128968c93"
                ],
                "vpc_id": "vpc-05aa686c53ab15070"
              }
            ]
          },
          "sensitive_attributes": [],
          "private": "eyJlMmJmYjczMC1lY2FhLTExZTYtOGY4OC0zNDM2M2JjN2M0YzAiOnsiY3JlYXRlIjo2MDAwMDAwMDAwMDAsImRlbGV0ZSI6NjAwMDAwMDAwMDAwLCJ1cGRhdGUiOjYwMDAwMDAwMDAwMH19",
          "dependencies": [
            "aws_security_group.lambda_sg",
            "data.archive_file.admin_crear_mesa_zip",
            "data.archive_file.admin_crear_restaurant_zip",
            "data.archive_file.admin_obtener_reservas_zip",
            "data.archive_file.crear_reserva_zip",
            "data.archive_file.delete_reserva_zip",
            "data.archive_file.obtener_reservas_zip",
            "data.aws_iam_role.labrole",
            "module.vpc.aws_subnet.private",
            "module.vpc.aws_vpc.this",
            "module.vpc.aws_vpc_ipv4_cidr_block_association.this"
          ],
          "create_before_destroy": true
        },
        {
          "index_key": "admin_crear_restaurant",
          "schema_version": 0,
          "attributes": {
            "architectures": [
              "x86_64"
            ],
            "arn": "arn:aws:lambda:us-east-1:600569660304:function:CrearRestaurantLambda",
            "code_sha256": "HmASdt/dK4LkPx3Ce9tioFNNi0x1s5aE8aefoIPTD6Q=",
            "code_signing_config_arn": "",
            "dead_letter_config": [],
            "description": "",
            "environment": [],
            "ephemeral_storage": [
              {
                "size": 512
              }
            ],
            "file_system_config": [],
            "filename": "./../backend/admin-crear-restaurant/admin_crear_restaurant.zip",
            "function_name": "CrearRestaurantLambda",
            "handler": "admin_crear_restaurant.admin_crear_restaurant",
            "id": "CrearRestaurantLambda",
            "image_config": [],
            "image_uri": "",
            "invoke_arn": "arn:aws:apigateway:us-east-1:lambda:path/2015-03-31/functions/arn:aws:lambda:us-east-1:600569660304:function:CrearRestaurantLambda/invocations",
            "kms_key_arn": "",
            "last_modified": "2024-10-23T17:02:44.277+0000",
            "layers": [],
            "logging_config": [
              {
                "application_log_level": "",
                "log_format": "Text",
                "log_group": "/aws/lambda/CrearRestaurantLambda",
                "system_log_level": ""
              }
            ],
            "memory_size": 128,
            "package_type": "Zip",
            "publish": false,
            "qualified_arn": "arn:aws:lambda:us-east-1:600569660304:function:CrearRestaurantLambda:$LATEST",
            "qualified_invoke_arn": "arn:aws:apigateway:us-east-1:lambda:path/2015-03-31/functions/arn:aws:lambda:us-east-1:600569660304:function:CrearRestaurantLambda:$LATEST/invocations",
            "replace_security_groups_on_destroy": null,
            "replacement_security_group_ids": null,
            "reserved_concurrent_executions": -1,
            "role": "arn:aws:iam::600569660304:role/LabRole",
            "runtime": "python3.12",
            "s3_bucket": null,
            "s3_key": null,
            "s3_object_version": null,
            "signing_job_arn": "",
            "signing_profile_version_arn": "",
            "skip_destroy": false,
            "snap_start": [],
            "source_code_hash": "HmASdt/dK4LkPx3Ce9tioFNNi0x1s5aE8aefoIPTD6Q=",
            "source_code_size": 1330,
            "tags": {},
            "tags_all": {},
            "timeout": 3,
            "timeouts": null,
            "tracing_config": [
              {
                "mode": "PassThrough"
              }
            ],
            "version": "$LATEST",
            "vpc_config": [
              {
                "ipv6_allowed_for_dual_stack": false,
                "security_group_ids": [
                  "sg-059de2e835a412cf3"
                ],
                "subnet_ids": [
                  "subnet-08aaa816b6202b66c",
                  "subnet-0bcaf9c5128968c93"
                ],
                "vpc_id": "vpc-05aa686c53ab15070"
              }
            ]
          },
          "sensitive_attributes": [],
          "private": "eyJlMmJmYjczMC1lY2FhLTExZTYtOGY4OC0zNDM2M2JjN2M0YzAiOnsiY3JlYXRlIjo2MDAwMDAwMDAwMDAsImRlbGV0ZSI6NjAwMDAwMDAwMDAwLCJ1cGRhdGUiOjYwMDAwMDAwMDAwMH19",
          "dependencies": [
            "aws_security_group.lambda_sg",
            "data.archive_file.admin_crear_mesa_zip",
            "data.archive_file.admin_crear_restaurant_zip",
            "data.archive_file.admin_obtener_reservas_zip",
            "data.archive_file.crear_reserva_zip",
            "data.archive_file.delete_reserva_zip",
            "data.archive_file.obtener_reservas_zip",
            "data.aws_iam_role.labrole",
            "module.vpc.aws_subnet.private",
            "module.vpc.aws_vpc.this",
            "module.vpc.aws_vpc_ipv4_cidr_block_association.this"
          ],
          "create_before_destroy": true
        },
        {
          "index_key": "admin_obtener_reservas",
          "schema_version": 0,
          "attributes": {
            "architectures": [
              "x86_64"
            ],
            "arn": "arn:aws:lambda:us-east-1:600569660304:function:AdminObtenerReservasLambda",
            "code_sha256": "mwTWmafFHDl3IfISkt9ydzvGXyiUd4iK/CXr13R/haw=",
            "code_signing_config_arn": "",
            "dead_letter_config": [],
            "description": "",
            "environment": [],
            "ephemeral_storage": [
              {
                "size": 512
              }
            ],
            "file_system_config": [],
            "filename": "./../backend/admin-obtener-reservas/admin_obtener_reservas.zip",
            "function_name": "AdminObtenerReservasLambda",
            "handler": "admin_obtener_reservas.admin_obtener_reservas",
            "id": "AdminObtenerReservasLambda",
            "image_config": [],
            "image_uri": "",
            "invoke_arn": "arn:aws:apigateway:us-east-1:lambda:path/2015-03-31/functions/arn:aws:lambda:us-east-1:600569660304:function:AdminObtenerReservasLambda/invocations",
            "kms_key_arn": "",
            "last_modified": "2024-10-23T16:58:30.482+0000",
            "layers": [],
            "logging_config": [
              {
                "application_log_level": "",
                "log_format": "Text",
                "log_group": "/aws/lambda/AdminObtenerReservasLambda",
                "system_log_level": ""
              }
            ],
            "memory_size": 128,
            "package_type": "Zip",
            "publish": false,
            "qualified_arn": "arn:aws:lambda:us-east-1:600569660304:function:AdminObtenerReservasLambda:$LATEST",
            "qualified_invoke_arn": "arn:aws:apigateway:us-east-1:lambda:path/2015-03-31/functions/arn:aws:lambda:us-east-1:600569660304:function:AdminObtenerReservasLambda:$LATEST/invocations",
            "replace_security_groups_on_destroy": null,
            "replacement_security_group_ids": null,
            "reserved_concurrent_executions": -1,
            "role": "arn:aws:iam::600569660304:role/LabRole",
            "runtime": "python3.12",
            "s3_bucket": null,
            "s3_key": null,
            "s3_object_version": null,
            "signing_job_arn": "",
            "signing_profile_version_arn": "",
            "skip_destroy": false,
            "snap_start": [],
            "source_code_hash": "mwTWmafFHDl3IfISkt9ydzvGXyiUd4iK/CXr13R/haw=",
            "source_code_size": 1682,
            "tags": {},
            "tags_all": {},
            "timeout": 3,
            "timeouts": null,
            "tracing_config": [
              {
                "mode": "PassThrough"
              }
            ],
            "version": "$LATEST",
            "vpc_config": [
              {
                "ipv6_allowed_for_dual_stack": false,
                "security_group_ids": [
                  "sg-059de2e835a412cf3"
                ],
                "subnet_ids": [
                  "subnet-08aaa816b6202b66c",
                  "subnet-0bcaf9c5128968c93"
                ],
                "vpc_id": "vpc-05aa686c53ab15070"
              }
            ]
          },
          "sensitive_attributes": [],
          "private": "eyJlMmJmYjczMC1lY2FhLTExZTYtOGY4OC0zNDM2M2JjN2M0YzAiOnsiY3JlYXRlIjo2MDAwMDAwMDAwMDAsImRlbGV0ZSI6NjAwMDAwMDAwMDAwLCJ1cGRhdGUiOjYwMDAwMDAwMDAwMH19",
          "dependencies": [
            "aws_security_group.lambda_sg",
            "data.archive_file.admin_crear_mesa_zip",
            "data.archive_file.admin_crear_restaurant_zip",
            "data.archive_file.admin_obtener_reservas_zip",
            "data.archive_file.crear_reserva_zip",
            "data.archive_file.delete_reserva_zip",
            "data.archive_file.obtener_reservas_zip",
            "data.aws_iam_role.labrole",
            "module.vpc.aws_subnet.private",
            "module.vpc.aws_vpc.this",
            "module.vpc.aws_vpc_ipv4_cidr_block_association.this"
          ],
          "create_before_destroy": true
        },
        {
          "index_key": "crear_reserva",
          "schema_version": 0,
          "attributes": {
            "architectures": [
              "x86_64"
            ],
            "arn": "arn:aws:lambda:us-east-1:600569660304:function:CrearReservaLambda",
            "code_sha256": "9CnBu8ezArrvn9jeeHWg9Ic4di1cqE8tXG++5SWt0Wk=",
            "code_signing_config_arn": "",
            "dead_letter_config": [],
            "description": "",
            "environment": [],
            "ephemeral_storage": [
              {
                "size": 512
              }
            ],
            "file_system_config": [],
            "filename": "./../backend/crear-reserva/crear_reserva.zip",
            "function_name": "CrearReservaLambda",
            "handler": "crear_reserva.crear_reserva",
            "id": "CrearReservaLambda",
            "image_config": [],
            "image_uri": "",
            "invoke_arn": "arn:aws:apigateway:us-east-1:lambda:path/2015-03-31/functions/arn:aws:lambda:us-east-1:600569660304:function:CrearReservaLambda/invocations",
            "kms_key_arn": "",
            "last_modified": "2024-10-23T17:02:37.175+0000",
            "layers": [],
            "logging_config": [
              {
                "application_log_level": "",
                "log_format": "Text",
                "log_group": "/aws/lambda/CrearReservaLambda",
                "system_log_level": ""
              }
            ],
            "memory_size": 128,
            "package_type": "Zip",
            "publish": false,
            "qualified_arn": "arn:aws:lambda:us-east-1:600569660304:function:CrearReservaLambda:$LATEST",
            "qualified_invoke_arn": "arn:aws:apigateway:us-east-1:lambda:path/2015-03-31/functions/arn:aws:lambda:us-east-1:600569660304:function:CrearReservaLambda:$LATEST/invocations",
            "replace_security_groups_on_destroy": null,
            "replacement_security_group_ids": null,
            "reserved_concurrent_executions": -1,
            "role": "arn:aws:iam::600569660304:role/LabRole",
            "runtime": "python3.12",
            "s3_bucket": null,
            "s3_key": null,
            "s3_object_version": null,
            "signing_job_arn": "",
            "signing_profile_version_arn": "",
            "skip_destroy": false,
            "snap_start": [],
            "source_code_hash": "9CnBu8ezArrvn9jeeHWg9Ic4di1cqE8tXG++5SWt0Wk=",
            "source_code_size": 2308,
            "tags": {},
            "tags_all": {},
            "timeout": 3,
            "timeouts": null,
            "tracing_config": [
              {
                "mode": "PassThrough"
              }
            ],
            "version": "$LATEST",
            "vpc_config": [
              {
                "ipv6_allowed_for_dual_stack": false,
                "security_group_ids": [
                  "sg-059de2e835a412cf3"
                ],
                "subnet_ids": [
                  "subnet-08aaa816b6202b66c",
                  "subnet-0bcaf9c5128968c93"
                ],
                "vpc_id": "vpc-05aa686c53ab15070"
              }
            ]
          },
          "sensitive_attributes": [],
          "private": "eyJlMmJmYjczMC1lY2FhLTExZTYtOGY4OC0zNDM2M2JjN2M0YzAiOnsiY3JlYXRlIjo2MDAwMDAwMDAwMDAsImRlbGV0ZSI6NjAwMDAwMDAwMDAwLCJ1cGRhdGUiOjYwMDAwMDAwMDAwMH19",
          "dependencies": [
            "aws_security_group.lambda_sg",
            "data.archive_file.admin_crear_mesa_zip",
            "data.archive_file.admin_crear_restaurant_zip",
            "data.archive_file.admin_obtener_reservas_zip",
            "data.archive_file.crear_reserva_zip",
            "data.archive_file.delete_reserva_zip",
            "data.archive_file.obtener_reservas_zip",
            "data.aws_iam_role.labrole",
            "module.vpc.aws_subnet.private",
            "module.vpc.aws_vpc.this",
            "module.vpc.aws_vpc_ipv4_cidr_block_association.this"
          ],
          "create_before_destroy": true
        },
        {
          "index_key": "delete_reserva",
          "schema_version": 0,
          "attributes": {
            "architectures": [
              "x86_64"
            ],
            "arn": "arn:aws:lambda:us-east-1:600569660304:function:DeleteReservaLambda",
            "code_sha256": "AtxyMlt8S99LANofkb+e3TeI8pLu9zuNmJ5HD9kU+oU=",
            "code_signing_config_arn": "",
            "dead_letter_config": [],
            "description": "",
            "environment": [],
            "ephemeral_storage": [
              {
                "size": 512
              }
            ],
            "file_system_config": [],
            "filename": "./../backend/delete-reserva/delete_reserva.zip",
            "function_name": "DeleteReservaLambda",
            "handler": "delete_reserva.delete_reserva",
            "id": "DeleteReservaLambda",
            "image_config": [],
            "image_uri": "",
            "invoke_arn": "arn:aws:apigateway:us-east-1:lambda:path/2015-03-31/functions/arn:aws:lambda:us-east-1:600569660304:function:DeleteReservaLambda/invocations",
            "kms_key_arn": "",
            "last_modified": "2024-10-23T17:02:30.147+0000",
            "layers": [],
            "logging_config": [
              {
                "application_log_level": "",
                "log_format": "Text",
                "log_group": "/aws/lambda/DeleteReservaLambda",
                "system_log_level": ""
              }
            ],
            "memory_size": 128,
            "package_type": "Zip",
            "publish": false,
            "qualified_arn": "arn:aws:lambda:us-east-1:600569660304:function:DeleteReservaLambda:$LATEST",
            "qualified_invoke_arn": "arn:aws:apigateway:us-east-1:lambda:path/2015-03-31/functions/arn:aws:lambda:us-east-1:600569660304:function:DeleteReservaLambda:$LATEST/invocations",
            "replace_security_groups_on_destroy": null,
            "replacement_security_group_ids": null,
            "reserved_concurrent_executions": -1,
            "role": "arn:aws:iam::600569660304:role/LabRole",
            "runtime": "python3.12",
            "s3_bucket": null,
            "s3_key": null,
            "s3_object_version": null,
            "signing_job_arn": "",
            "signing_profile_version_arn": "",
            "skip_destroy": false,
            "snap_start": [],
            "source_code_hash": "AtxyMlt8S99LANofkb+e3TeI8pLu9zuNmJ5HD9kU+oU=",
            "source_code_size": 1569,
            "tags": {},
            "tags_all": {},
            "timeout": 3,
            "timeouts": null,
            "tracing_config": [
              {
                "mode": "PassThrough"
              }
            ],
            "version": "$LATEST",
            "vpc_config": [
              {
                "ipv6_allowed_for_dual_stack": false,
                "security_group_ids": [
                  "sg-059de2e835a412cf3"
                ],
                "subnet_ids": [
                  "subnet-08aaa816b6202b66c",
                  "subnet-0bcaf9c5128968c93"
                ],
                "vpc_id": "vpc-05aa686c53ab15070"
              }
            ]
          },
          "sensitive_attributes": [],
          "private": "eyJlMmJmYjczMC1lY2FhLTExZTYtOGY4OC0zNDM2M2JjN2M0YzAiOnsiY3JlYXRlIjo2MDAwMDAwMDAwMDAsImRlbGV0ZSI6NjAwMDAwMDAwMDAwLCJ1cGRhdGUiOjYwMDAwMDAwMDAwMH19",
          "dependencies": [
            "aws_security_group.lambda_sg",
            "data.archive_file.admin_crear_mesa_zip",
            "data.archive_file.admin_crear_restaurant_zip",
            "data.archive_file.admin_obtener_reservas_zip",
            "data.archive_file.crear_reserva_zip",
            "data.archive_file.delete_reserva_zip",
            "data.archive_file.obtener_reservas_zip",
            "data.aws_iam_role.labrole",
            "module.vpc.aws_subnet.private",
            "module.vpc.aws_vpc.this",
            "module.vpc.aws_vpc_ipv4_cidr_block_association.this"
          ],
          "create_before_destroy": true
        },
        {
          "index_key": "obtener_reservas",
          "schema_version": 0,
          "attributes": {
            "architectures": [
              "x86_64"
            ],
            "arn": "arn:aws:lambda:us-east-1:600569660304:function:ObtenerReservasLambda",
            "code_sha256": "ObNw0xGOLrQQDwJceke9Hfxr1byr5GxIZq9bhXxMDU4=",
            "code_signing_config_arn": "",
            "dead_letter_config": [],
            "description": "",
            "environment": [],
            "ephemeral_storage": [
              {
                "size": 512
              }
            ],
            "file_system_config": [],
            "filename": "./../backend/obtener-reservas/obtener_reservas.zip",
            "function_name": "ObtenerReservasLambda",
            "handler": "obtener_reservas.obtener_reservas",
            "id": "ObtenerReservasLambda",
            "image_config": [],
            "image_uri": "",
            "invoke_arn": "arn:aws:apigateway:us-east-1:lambda:path/2015-03-31/functions/arn:aws:lambda:us-east-1:600569660304:function:ObtenerReservasLambda/invocations",
            "kms_key_arn": "",
            "last_modified": "2024-10-23T17:02:23.042+0000",
            "layers": [],
            "logging_config": [
              {
                "application_log_level": "",
                "log_format": "Text",
                "log_group": "/aws/lambda/ObtenerReservasLambda",
                "system_log_level": ""
              }
            ],
            "memory_size": 128,
            "package_type": "Zip",
            "publish": false,
            "qualified_arn": "arn:aws:lambda:us-east-1:600569660304:function:ObtenerReservasLambda:$LATEST",
            "qualified_invoke_arn": "arn:aws:apigateway:us-east-1:lambda:path/2015-03-31/functions/arn:aws:lambda:us-east-1:600569660304:function:ObtenerReservasLambda:$LATEST/invocations",
            "replace_security_groups_on_destroy": null,
            "replacement_security_group_ids": null,
            "reserved_concurrent_executions": -1,
            "role": "arn:aws:iam::600569660304:role/LabRole",
            "runtime": "python3.12",
            "s3_bucket": null,
            "s3_key": null,
            "s3_object_version": null,
            "signing_job_arn": "",
            "signing_profile_version_arn": "",
            "skip_destroy": false,
            "snap_start": [],
            "source_code_hash": "ObNw0xGOLrQQDwJceke9Hfxr1byr5GxIZq9bhXxMDU4=",
            "source_code_size": 1173,
            "tags": {},
            "tags_all": {},
            "timeout": 3,
            "timeouts": null,
            "tracing_config": [
              {
                "mode": "PassThrough"
              }
            ],
            "version": "$LATEST",
            "vpc_config": [
              {
                "ipv6_allowed_for_dual_stack": false,
                "security_group_ids": [
                  "sg-059de2e835a412cf3"
                ],
                "subnet_ids": [
                  "subnet-08aaa816b6202b66c",
                  "subnet-0bcaf9c5128968c93"
                ],
                "vpc_id": "vpc-05aa686c53ab15070"
              }
            ]
          },
          "sensitive_attributes": [],
          "private": "eyJlMmJmYjczMC1lY2FhLTExZTYtOGY4OC0zNDM2M2JjN2M0YzAiOnsiY3JlYXRlIjo2MDAwMDAwMDAwMDAsImRlbGV0ZSI6NjAwMDAwMDAwMDAwLCJ1cGRhdGUiOjYwMDAwMDAwMDAwMH19",
          "dependencies": [
            "aws_security_group.lambda_sg",
            "data.archive_file.admin_crear_mesa_zip",
            "data.archive_file.admin_crear_restaurant_zip",
            "data.archive_file.admin_obtener_reservas_zip",
            "data.archive_file.crear_reserva_zip",
            "data.archive_file.delete_reserva_zip",
            "data.archive_file.obtener_reservas_zip",
            "data.aws_iam_role.labrole",
            "module.vpc.aws_subnet.private",
            "module.vpc.aws_vpc.this",
            "module.vpc.aws_vpc_ipv4_cidr_block_association.this"
          ],
          "create_before_destroy": true
        }
      ]
    },
    {
      "module": "module.reserva",
      "mode": "managed",
      "type": "aws_api_gateway_integration",
      "name": "lambda_integration",
      "provider": "provider[\"registry.terraform.io/hashicorp/aws\"]",
      "instances": [
        {
          "index_key": "DELETE",
          "schema_version": 0,
          "attributes": {
            "cache_key_parameters": [],
            "cache_namespace": "iilfv4",
            "connection_id": "",
            "connection_type": "INTERNET",
            "content_handling": "",
            "credentials": "",
            "http_method": "DELETE",
            "id": "agi-57154nnmp8-iilfv4-DELETE",
            "integration_http_method": "POST",
            "passthrough_behavior": "WHEN_NO_MATCH",
            "request_parameters": {},
            "request_templates": {},
            "resource_id": "iilfv4",
            "rest_api_id": "57154nnmp8",
            "timeout_milliseconds": 29000,
            "tls_config": [],
            "type": "AWS_PROXY",
            "uri": "arn:aws:apigateway:us-east-1:lambda:path/2015-03-31/functions/arn:aws:lambda:us-east-1:600569660304:function:DeleteReservaLambda/invocations"
          },
          "sensitive_attributes": [],
          "private": "bnVsbA==",
          "dependencies": [
            "aws_api_gateway_resource.reservas",
            "aws_api_gateway_rest_api.my_api",
            "aws_security_group.lambda_sg",
            "data.archive_file.admin_crear_mesa_zip",
            "data.archive_file.admin_crear_restaurant_zip",
            "data.archive_file.admin_obtener_reservas_zip",
            "data.archive_file.crear_reserva_zip",
            "data.archive_file.delete_reserva_zip",
            "data.archive_file.obtener_reservas_zip",
            "data.aws_iam_role.labrole",
            "module.my_lambdas.aws_lambda_function.this",
            "module.reserva.aws_api_gateway_method.resource_method",
            "module.vpc.aws_subnet.private",
            "module.vpc.aws_vpc.this",
            "module.vpc.aws_vpc_ipv4_cidr_block_association.this"
          ],
          "create_before_destroy": true
        },
        {
          "index_key": "GET",
          "schema_version": 0,
          "attributes": {
            "cache_key_parameters": [],
            "cache_namespace": "iilfv4",
            "connection_id": "",
            "connection_type": "INTERNET",
            "content_handling": "",
            "credentials": "",
            "http_method": "GET",
            "id": "agi-57154nnmp8-iilfv4-GET",
            "integration_http_method": "POST",
            "passthrough_behavior": "WHEN_NO_MATCH",
            "request_parameters": {},
            "request_templates": {},
            "resource_id": "iilfv4",
            "rest_api_id": "57154nnmp8",
            "timeout_milliseconds": 29000,
            "tls_config": [],
            "type": "AWS_PROXY",
            "uri": "arn:aws:apigateway:us-east-1:lambda:path/2015-03-31/functions/arn:aws:lambda:us-east-1:600569660304:function:ObtenerReservasLambda/invocations"
          },
          "sensitive_attributes": [],
          "private": "bnVsbA==",
          "dependencies": [
            "aws_api_gateway_resource.reservas",
            "aws_api_gateway_rest_api.my_api",
            "aws_security_group.lambda_sg",
            "data.archive_file.admin_crear_mesa_zip",
            "data.archive_file.admin_crear_restaurant_zip",
            "data.archive_file.admin_obtener_reservas_zip",
            "data.archive_file.crear_reserva_zip",
            "data.archive_file.delete_reserva_zip",
            "data.archive_file.obtener_reservas_zip",
            "data.aws_iam_role.labrole",
            "module.my_lambdas.aws_lambda_function.this",
            "module.reserva.aws_api_gateway_method.resource_method",
            "module.vpc.aws_subnet.private",
            "module.vpc.aws_vpc.this",
            "module.vpc.aws_vpc_ipv4_cidr_block_association.this"
          ],
          "create_before_destroy": true
        },
        {
          "index_key": "POST",
          "schema_version": 0,
          "attributes": {
            "cache_key_parameters": [],
            "cache_namespace": "iilfv4",
            "connection_id": "",
            "connection_type": "INTERNET",
            "content_handling": "",
            "credentials": "",
            "http_method": "POST",
            "id": "agi-57154nnmp8-iilfv4-POST",
            "integration_http_method": "POST",
            "passthrough_behavior": "WHEN_NO_MATCH",
            "request_parameters": {},
            "request_templates": {},
            "resource_id": "iilfv4",
            "rest_api_id": "57154nnmp8",
            "timeout_milliseconds": 29000,
            "tls_config": [],
            "type": "AWS_PROXY",
            "uri": "arn:aws:apigateway:us-east-1:lambda:path/2015-03-31/functions/arn:aws:lambda:us-east-1:600569660304:function:CrearReservaLambda/invocations"
          },
          "sensitive_attributes": [],
          "private": "bnVsbA==",
          "dependencies": [
            "aws_api_gateway_resource.reservas",
            "aws_api_gateway_rest_api.my_api",
            "aws_security_group.lambda_sg",
            "data.archive_file.admin_crear_mesa_zip",
            "data.archive_file.admin_crear_restaurant_zip",
            "data.archive_file.admin_obtener_reservas_zip",
            "data.archive_file.crear_reserva_zip",
            "data.archive_file.delete_reserva_zip",
            "data.archive_file.obtener_reservas_zip",
            "data.aws_iam_role.labrole",
            "module.my_lambdas.aws_lambda_function.this",
            "module.reserva.aws_api_gateway_method.resource_method",
            "module.vpc.aws_subnet.private",
            "module.vpc.aws_vpc.this",
            "module.vpc.aws_vpc_ipv4_cidr_block_association.this"
          ],
          "create_before_destroy": true
        }
      ]
    },
    {
      "module": "module.reserva",
      "mode": "managed",
      "type": "aws_api_gateway_integration",
      "name": "options_integration_lambda",
      "provider": "provider[\"registry.terraform.io/hashicorp/aws\"]",
      "instances": [
        {
          "schema_version": 0,
          "attributes": {
            "cache_key_parameters": [],
            "cache_namespace": "iilfv4",
            "connection_id": "",
            "connection_type": "INTERNET",
            "content_handling": "",
            "credentials": "",
            "http_method": "OPTIONS",
            "id": "agi-57154nnmp8-iilfv4-OPTIONS",
            "integration_http_method": "",
            "passthrough_behavior": "WHEN_NO_MATCH",
            "request_parameters": {},
            "request_templates": {
              "application/json": "{\"statusCode\": 200}"
            },
            "resource_id": "iilfv4",
            "rest_api_id": "57154nnmp8",
            "timeout_milliseconds": 29000,
            "tls_config": [],
            "type": "MOCK",
            "uri": ""
          },
          "sensitive_attributes": [],
          "private": "bnVsbA==",
          "dependencies": [
            "aws_api_gateway_resource.reservas",
            "aws_api_gateway_rest_api.my_api",
            "aws_security_group.lambda_sg",
            "data.archive_file.admin_crear_mesa_zip",
            "data.archive_file.admin_crear_restaurant_zip",
            "data.archive_file.admin_obtener_reservas_zip",
            "data.archive_file.crear_reserva_zip",
            "data.archive_file.delete_reserva_zip",
            "data.archive_file.obtener_reservas_zip",
            "data.aws_iam_role.labrole",
            "module.my_lambdas.aws_lambda_function.this",
            "module.reserva.aws_api_gateway_method.options_lambda",
            "module.vpc.aws_subnet.private",
            "module.vpc.aws_vpc.this",
            "module.vpc.aws_vpc_ipv4_cidr_block_association.this"
          ],
          "create_before_destroy": true
        }
      ]
    },
    {
      "module": "module.reserva",
      "mode": "managed",
      "type": "aws_api_gateway_integration_response",
      "name": "options_integration_response",
      "provider": "provider[\"registry.terraform.io/hashicorp/aws\"]",
      "instances": [
        {
          "schema_version": 0,
          "attributes": {
            "content_handling": "",
            "http_method": "OPTIONS",
            "id": "agir-57154nnmp8-iilfv4-OPTIONS-200",
            "resource_id": "iilfv4",
            "response_parameters": {
              "method.response.header.Access-Control-Allow-Headers": "'Content-Type,X-Amz-Date,Authorization,X-Api-Key,X-Amz-Security-Token'",
              "method.response.header.Access-Control-Allow-Methods": "'DELETE,GET,POST,OPTIONS'",
              "method.response.header.Access-Control-Allow-Origin": "'*'"
            },
            "response_templates": {},
            "rest_api_id": "57154nnmp8",
            "selection_pattern": "",
            "status_code": "200"
          },
          "sensitive_attributes": [],
          "private": "bnVsbA==",
          "dependencies": [
            "aws_api_gateway_resource.reservas",
            "aws_api_gateway_rest_api.my_api",
            "aws_security_group.lambda_sg",
            "data.archive_file.admin_crear_mesa_zip",
            "data.archive_file.admin_crear_restaurant_zip",
            "data.archive_file.admin_obtener_reservas_zip",
            "data.archive_file.crear_reserva_zip",
            "data.archive_file.delete_reserva_zip",
            "data.archive_file.obtener_reservas_zip",
            "data.aws_iam_role.labrole",
            "module.my_lambdas.aws_lambda_function.this",
            "module.reserva.aws_api_gateway_method.options_lambda",
            "module.reserva.aws_api_gateway_method_response.options_method_response",
            "module.vpc.aws_subnet.private",
            "module.vpc.aws_vpc.this",
            "module.vpc.aws_vpc_ipv4_cidr_block_association.this"
          ],
          "create_before_destroy": true
        }
      ]
    },
    {
      "module": "module.reserva",
      "mode": "managed",
      "type": "aws_api_gateway_method",
      "name": "options_lambda",
      "provider": "provider[\"registry.terraform.io/hashicorp/aws\"]",
      "instances": [
        {
          "schema_version": 0,
          "attributes": {
            "api_key_required": false,
            "authorization": "NONE",
            "authorization_scopes": [],
            "authorizer_id": "",
            "http_method": "OPTIONS",
            "id": "agm-57154nnmp8-iilfv4-OPTIONS",
            "operation_name": "",
            "request_models": {},
            "request_parameters": {},
            "request_validator_id": "",
            "resource_id": "iilfv4",
            "rest_api_id": "57154nnmp8"
          },
          "sensitive_attributes": [],
          "private": "bnVsbA==",
          "dependencies": [
            "aws_api_gateway_resource.reservas",
            "aws_api_gateway_rest_api.my_api",
            "aws_security_group.lambda_sg",
            "data.archive_file.admin_crear_mesa_zip",
            "data.archive_file.admin_crear_restaurant_zip",
            "data.archive_file.admin_obtener_reservas_zip",
            "data.archive_file.crear_reserva_zip",
            "data.archive_file.delete_reserva_zip",
            "data.archive_file.obtener_reservas_zip",
            "data.aws_iam_role.labrole",
            "module.my_lambdas.aws_lambda_function.this",
            "module.vpc.aws_subnet.private",
            "module.vpc.aws_vpc.this",
            "module.vpc.aws_vpc_ipv4_cidr_block_association.this"
          ],
          "create_before_destroy": true
        }
      ]
    },
    {
      "module": "module.reserva",
      "mode": "managed",
      "type": "aws_api_gateway_method",
      "name": "resource_method",
      "provider": "provider[\"registry.terraform.io/hashicorp/aws\"]",
      "instances": [
        {
          "index_key": "DELETE",
          "schema_version": 0,
          "attributes": {
            "api_key_required": false,
            "authorization": "NONE",
            "authorization_scopes": [],
            "authorizer_id": "",
            "http_method": "DELETE",
            "id": "agm-57154nnmp8-iilfv4-DELETE",
            "operation_name": "",
            "request_models": {},
            "request_parameters": {},
            "request_validator_id": "",
            "resource_id": "iilfv4",
            "rest_api_id": "57154nnmp8"
          },
          "sensitive_attributes": [],
          "private": "bnVsbA==",
          "dependencies": [
            "aws_api_gateway_resource.reservas",
            "aws_api_gateway_rest_api.my_api",
            "aws_security_group.lambda_sg",
            "data.archive_file.admin_crear_mesa_zip",
            "data.archive_file.admin_crear_restaurant_zip",
            "data.archive_file.admin_obtener_reservas_zip",
            "data.archive_file.crear_reserva_zip",
            "data.archive_file.delete_reserva_zip",
            "data.archive_file.obtener_reservas_zip",
            "data.aws_iam_role.labrole",
            "module.my_lambdas.aws_lambda_function.this",
            "module.vpc.aws_subnet.private",
            "module.vpc.aws_vpc.this",
            "module.vpc.aws_vpc_ipv4_cidr_block_association.this"
          ],
          "create_before_destroy": true
        },
        {
          "index_key": "GET",
          "schema_version": 0,
          "attributes": {
            "api_key_required": false,
            "authorization": "NONE",
            "authorization_scopes": [],
            "authorizer_id": "",
            "http_method": "GET",
            "id": "agm-57154nnmp8-iilfv4-GET",
            "operation_name": "",
            "request_models": {},
            "request_parameters": {},
            "request_validator_id": "",
            "resource_id": "iilfv4",
            "rest_api_id": "57154nnmp8"
          },
          "sensitive_attributes": [],
          "private": "bnVsbA==",
          "dependencies": [
            "aws_api_gateway_resource.reservas",
            "aws_api_gateway_rest_api.my_api",
            "aws_security_group.lambda_sg",
            "data.archive_file.admin_crear_mesa_zip",
            "data.archive_file.admin_crear_restaurant_zip",
            "data.archive_file.admin_obtener_reservas_zip",
            "data.archive_file.crear_reserva_zip",
            "data.archive_file.delete_reserva_zip",
            "data.archive_file.obtener_reservas_zip",
            "data.aws_iam_role.labrole",
            "module.my_lambdas.aws_lambda_function.this",
            "module.vpc.aws_subnet.private",
            "module.vpc.aws_vpc.this",
            "module.vpc.aws_vpc_ipv4_cidr_block_association.this"
          ],
          "create_before_destroy": true
        },
        {
          "index_key": "POST",
          "schema_version": 0,
          "attributes": {
            "api_key_required": false,
            "authorization": "NONE",
            "authorization_scopes": [],
            "authorizer_id": "",
            "http_method": "POST",
            "id": "agm-57154nnmp8-iilfv4-POST",
            "operation_name": "",
            "request_models": {},
            "request_parameters": {},
            "request_validator_id": "",
            "resource_id": "iilfv4",
            "rest_api_id": "57154nnmp8"
          },
          "sensitive_attributes": [],
          "private": "bnVsbA==",
          "dependencies": [
            "aws_api_gateway_resource.reservas",
            "aws_api_gateway_rest_api.my_api",
            "aws_security_group.lambda_sg",
            "data.archive_file.admin_crear_mesa_zip",
            "data.archive_file.admin_crear_restaurant_zip",
            "data.archive_file.admin_obtener_reservas_zip",
            "data.archive_file.crear_reserva_zip",
            "data.archive_file.delete_reserva_zip",
            "data.archive_file.obtener_reservas_zip",
            "data.aws_iam_role.labrole",
            "module.my_lambdas.aws_lambda_function.this",
            "module.vpc.aws_subnet.private",
            "module.vpc.aws_vpc.this",
            "module.vpc.aws_vpc_ipv4_cidr_block_association.this"
          ],
          "create_before_destroy": true
        }
      ]
    },
    {
      "module": "module.reserva",
      "mode": "managed",
      "type": "aws_api_gateway_method_response",
      "name": "cors_method_response_200",
      "provider": "provider[\"registry.terraform.io/hashicorp/aws\"]",
      "instances": [
        {
          "index_key": "DELETE",
          "schema_version": 0,
          "attributes": {
            "http_method": "DELETE",
            "id": "agmr-57154nnmp8-iilfv4-DELETE-200",
            "resource_id": "iilfv4",
            "response_models": {},
            "response_parameters": {
              "method.response.header.Access-Control-Allow-Origin": true
            },
            "rest_api_id": "57154nnmp8",
            "status_code": "200"
          },
          "sensitive_attributes": [],
          "private": "bnVsbA==",
          "dependencies": [
            "aws_api_gateway_resource.reservas",
            "aws_api_gateway_rest_api.my_api",
            "aws_security_group.lambda_sg",
            "data.archive_file.admin_crear_mesa_zip",
            "data.archive_file.admin_crear_restaurant_zip",
            "data.archive_file.admin_obtener_reservas_zip",
            "data.archive_file.crear_reserva_zip",
            "data.archive_file.delete_reserva_zip",
            "data.archive_file.obtener_reservas_zip",
            "data.aws_iam_role.labrole",
            "module.my_lambdas.aws_lambda_function.this",
            "module.reserva.aws_api_gateway_method.resource_method",
            "module.vpc.aws_subnet.private",
            "module.vpc.aws_vpc.this",
            "module.vpc.aws_vpc_ipv4_cidr_block_association.this"
          ],
          "create_before_destroy": true
        },
        {
          "index_key": "GET",
          "schema_version": 0,
          "attributes": {
            "http_method": "GET",
            "id": "agmr-57154nnmp8-iilfv4-GET-200",
            "resource_id": "iilfv4",
            "response_models": {},
            "response_parameters": {
              "method.response.header.Access-Control-Allow-Origin": true
            },
            "rest_api_id": "57154nnmp8",
            "status_code": "200"
          },
          "sensitive_attributes": [],
          "private": "bnVsbA==",
          "dependencies": [
            "aws_api_gateway_resource.reservas",
            "aws_api_gateway_rest_api.my_api",
            "aws_security_group.lambda_sg",
            "data.archive_file.admin_crear_mesa_zip",
            "data.archive_file.admin_crear_restaurant_zip",
            "data.archive_file.admin_obtener_reservas_zip",
            "data.archive_file.crear_reserva_zip",
            "data.archive_file.delete_reserva_zip",
            "data.archive_file.obtener_reservas_zip",
            "data.aws_iam_role.labrole",
            "module.my_lambdas.aws_lambda_function.this",
            "module.reserva.aws_api_gateway_method.resource_method",
            "module.vpc.aws_subnet.private",
            "module.vpc.aws_vpc.this",
            "module.vpc.aws_vpc_ipv4_cidr_block_association.this"
          ],
          "create_before_destroy": true
        },
        {
          "index_key": "POST",
          "schema_version": 0,
          "attributes": {
            "http_method": "POST",
            "id": "agmr-57154nnmp8-iilfv4-POST-200",
            "resource_id": "iilfv4",
            "response_models": {},
            "response_parameters": {
              "method.response.header.Access-Control-Allow-Origin": true
            },
            "rest_api_id": "57154nnmp8",
            "status_code": "200"
          },
          "sensitive_attributes": [],
          "private": "bnVsbA==",
          "dependencies": [
            "aws_api_gateway_resource.reservas",
            "aws_api_gateway_rest_api.my_api",
            "aws_security_group.lambda_sg",
            "data.archive_file.admin_crear_mesa_zip",
            "data.archive_file.admin_crear_restaurant_zip",
            "data.archive_file.admin_obtener_reservas_zip",
            "data.archive_file.crear_reserva_zip",
            "data.archive_file.delete_reserva_zip",
            "data.archive_file.obtener_reservas_zip",
            "data.aws_iam_role.labrole",
            "module.my_lambdas.aws_lambda_function.this",
            "module.reserva.aws_api_gateway_method.resource_method",
            "module.vpc.aws_subnet.private",
            "module.vpc.aws_vpc.this",
            "module.vpc.aws_vpc_ipv4_cidr_block_association.this"
          ],
          "create_before_destroy": true
        }
      ]
    },
    {
      "module": "module.reserva",
      "mode": "managed",
      "type": "aws_api_gateway_method_response",
      "name": "options_method_response",
      "provider": "provider[\"registry.terraform.io/hashicorp/aws\"]",
      "instances": [
        {
          "schema_version": 0,
          "attributes": {
            "http_method": "OPTIONS",
            "id": "agmr-57154nnmp8-iilfv4-OPTIONS-200",
            "resource_id": "iilfv4",
            "response_models": {
              "application/json": "Empty"
            },
            "response_parameters": {
              "method.response.header.Access-Control-Allow-Headers": true,
              "method.response.header.Access-Control-Allow-Methods": true,
              "method.response.header.Access-Control-Allow-Origin": true
            },
            "rest_api_id": "57154nnmp8",
            "status_code": "200"
          },
          "sensitive_attributes": [],
          "private": "bnVsbA==",
          "dependencies": [
            "aws_api_gateway_resource.reservas",
            "aws_api_gateway_rest_api.my_api",
            "aws_security_group.lambda_sg",
            "data.archive_file.admin_crear_mesa_zip",
            "data.archive_file.admin_crear_restaurant_zip",
            "data.archive_file.admin_obtener_reservas_zip",
            "data.archive_file.crear_reserva_zip",
            "data.archive_file.delete_reserva_zip",
            "data.archive_file.obtener_reservas_zip",
            "data.aws_iam_role.labrole",
            "module.my_lambdas.aws_lambda_function.this",
            "module.reserva.aws_api_gateway_method.options_lambda",
            "module.vpc.aws_subnet.private",
            "module.vpc.aws_vpc.this",
            "module.vpc.aws_vpc_ipv4_cidr_block_association.this"
          ],
          "create_before_destroy": true
        }
      ]
    },
    {
      "module": "module.reserva",
      "mode": "managed",
      "type": "aws_lambda_permission",
      "name": "api_gateway_permission",
      "provider": "provider[\"registry.terraform.io/hashicorp/aws\"]",
      "instances": [
        {
          "index_key": "DELETE",
          "schema_version": 0,
          "attributes": {
            "action": "lambda:InvokeFunction",
            "event_source_token": null,
            "function_name": "DeleteReservaLambda",
            "function_url_auth_type": null,
            "id": "AllowAPIGatewayInvokeReserva_DELETE",
            "principal": "apigateway.amazonaws.com",
            "principal_org_id": null,
            "qualifier": "",
            "source_account": null,
            "source_arn": "arn:aws:execute-api:us-east-1:600569660304:57154nnmp8/prod/DELETE/reservas",
            "statement_id": "AllowAPIGatewayInvokeReserva_DELETE",
            "statement_id_prefix": ""
          },
          "sensitive_attributes": [],
          "private": "bnVsbA==",
          "dependencies": [
            "aws_api_gateway_resource.reservas",
            "aws_api_gateway_rest_api.my_api",
            "aws_security_group.lambda_sg",
            "data.archive_file.admin_crear_mesa_zip",
            "data.archive_file.admin_crear_restaurant_zip",
            "data.archive_file.admin_obtener_reservas_zip",
            "data.archive_file.crear_reserva_zip",
            "data.archive_file.delete_reserva_zip",
            "data.archive_file.obtener_reservas_zip",
            "data.aws_iam_role.labrole",
            "module.my_lambdas.aws_lambda_function.this",
            "module.vpc.aws_subnet.private",
            "module.vpc.aws_vpc.this",
            "module.vpc.aws_vpc_ipv4_cidr_block_association.this"
          ],
          "create_before_destroy": true
        },
        {
          "index_key": "GET",
          "schema_version": 0,
          "attributes": {
            "action": "lambda:InvokeFunction",
            "event_source_token": null,
            "function_name": "ObtenerReservasLambda",
            "function_url_auth_type": null,
            "id": "AllowAPIGatewayInvokeReserva_GET",
            "principal": "apigateway.amazonaws.com",
            "principal_org_id": null,
            "qualifier": "",
            "source_account": null,
            "source_arn": "arn:aws:execute-api:us-east-1:600569660304:57154nnmp8/prod/GET/reservas",
            "statement_id": "AllowAPIGatewayInvokeReserva_GET",
            "statement_id_prefix": ""
          },
          "sensitive_attributes": [],
          "private": "bnVsbA==",
          "dependencies": [
            "aws_api_gateway_resource.reservas",
            "aws_api_gateway_rest_api.my_api",
            "aws_security_group.lambda_sg",
            "data.archive_file.admin_crear_mesa_zip",
            "data.archive_file.admin_crear_restaurant_zip",
            "data.archive_file.admin_obtener_reservas_zip",
            "data.archive_file.crear_reserva_zip",
            "data.archive_file.delete_reserva_zip",
            "data.archive_file.obtener_reservas_zip",
            "data.aws_iam_role.labrole",
            "module.my_lambdas.aws_lambda_function.this",
            "module.vpc.aws_subnet.private",
            "module.vpc.aws_vpc.this",
            "module.vpc.aws_vpc_ipv4_cidr_block_association.this"
          ],
          "create_before_destroy": true
        },
        {
          "index_key": "POST",
          "schema_version": 0,
          "attributes": {
            "action": "lambda:InvokeFunction",
            "event_source_token": null,
            "function_name": "CrearReservaLambda",
            "function_url_auth_type": null,
            "id": "AllowAPIGatewayInvokeReserva_POST",
            "principal": "apigateway.amazonaws.com",
            "principal_org_id": null,
            "qualifier": "",
            "source_account": null,
            "source_arn": "arn:aws:execute-api:us-east-1:600569660304:57154nnmp8/prod/POST/reservas",
            "statement_id": "AllowAPIGatewayInvokeReserva_POST",
            "statement_id_prefix": ""
          },
          "sensitive_attributes": [],
          "private": "bnVsbA==",
          "dependencies": [
            "aws_api_gateway_resource.reservas",
            "aws_api_gateway_rest_api.my_api",
            "aws_security_group.lambda_sg",
            "data.archive_file.admin_crear_mesa_zip",
            "data.archive_file.admin_crear_restaurant_zip",
            "data.archive_file.admin_obtener_reservas_zip",
            "data.archive_file.crear_reserva_zip",
            "data.archive_file.delete_reserva_zip",
            "data.archive_file.obtener_reservas_zip",
            "data.aws_iam_role.labrole",
            "module.my_lambdas.aws_lambda_function.this",
            "module.vpc.aws_subnet.private",
            "module.vpc.aws_vpc.this",
            "module.vpc.aws_vpc_ipv4_cidr_block_association.this"
          ],
          "create_before_destroy": true
        }
      ]
    },
    {
      "module": "module.vpc",
      "mode": "managed",
      "type": "aws_default_network_acl",
      "name": "this",
      "provider": "provider[\"registry.terraform.io/hashicorp/aws\"]",
      "instances": [
        {
          "index_key": 0,
          "schema_version": 0,
          "attributes": {
            "arn": "arn:aws:ec2:us-east-1:600569660304:network-acl/acl-09635a8347d2263c9",
            "default_network_acl_id": "acl-09635a8347d2263c9",
            "egress": [
              {
                "action": "allow",
                "cidr_block": "",
                "from_port": 0,
                "icmp_code": 0,
                "icmp_type": 0,
                "ipv6_cidr_block": "::/0",
                "protocol": "-1",
                "rule_no": 101,
                "to_port": 0
              },
              {
                "action": "allow",
                "cidr_block": "0.0.0.0/0",
                "from_port": 0,
                "icmp_code": 0,
                "icmp_type": 0,
                "ipv6_cidr_block": "",
                "protocol": "-1",
                "rule_no": 100,
                "to_port": 0
              }
            ],
            "id": "acl-09635a8347d2263c9",
            "ingress": [
              {
                "action": "allow",
                "cidr_block": "",
                "from_port": 0,
                "icmp_code": 0,
                "icmp_type": 0,
                "ipv6_cidr_block": "::/0",
                "protocol": "-1",
                "rule_no": 101,
                "to_port": 0
              },
              {
                "action": "allow",
                "cidr_block": "0.0.0.0/0",
                "from_port": 0,
                "icmp_code": 0,
                "icmp_type": 0,
                "ipv6_cidr_block": "",
                "protocol": "-1",
                "rule_no": 100,
                "to_port": 0
              }
            ],
            "owner_id": "600569660304",
            "subnet_ids": [
              "subnet-08aaa816b6202b66c",
              "subnet-0bcaf9c5128968c93"
            ],
            "tags": {
              "Environment": "dev",
              "Name": "my-vpc-default",
              "Terraform": "true"
            },
            "tags_all": {
              "Environment": "dev",
              "Name": "my-vpc-default",
              "Terraform": "true"
            },
            "vpc_id": "vpc-05aa686c53ab15070"
          },
          "sensitive_attributes": [],
          "private": "bnVsbA==",
          "dependencies": [
            "module.vpc.aws_vpc.this"
          ]
        }
      ]
    },
    {
      "module": "module.vpc",
      "mode": "managed",
      "type": "aws_default_route_table",
      "name": "default",
      "provider": "provider[\"registry.terraform.io/hashicorp/aws\"]",
      "instances": [
        {
          "index_key": 0,
          "schema_version": 0,
          "attributes": {
            "arn": "arn:aws:ec2:us-east-1:600569660304:route-table/rtb-0eef9d8dfe7192248",
            "default_route_table_id": "rtb-0eef9d8dfe7192248",
            "id": "rtb-0eef9d8dfe7192248",
            "owner_id": "600569660304",
            "propagating_vgws": [],
            "route": [],
            "tags": {
              "Environment": "dev",
              "Name": "my-vpc-default",
              "Terraform": "true"
            },
            "tags_all": {
              "Environment": "dev",
              "Name": "my-vpc-default",
              "Terraform": "true"
            },
            "timeouts": {
              "create": "5m",
              "update": "5m"
            },
            "vpc_id": "vpc-05aa686c53ab15070"
          },
          "sensitive_attributes": [],
          "private": "eyJlMmJmYjczMC1lY2FhLTExZTYtOGY4OC0zNDM2M2JjN2M0YzAiOnsiY3JlYXRlIjozMDAwMDAwMDAwMDAsInVwZGF0ZSI6MzAwMDAwMDAwMDAwfX0=",
          "dependencies": [
            "module.vpc.aws_vpc.this"
          ]
        }
      ]
    },
    {
      "module": "module.vpc",
      "mode": "managed",
      "type": "aws_default_security_group",
      "name": "this",
      "provider": "provider[\"registry.terraform.io/hashicorp/aws\"]",
      "instances": [
        {
          "index_key": 0,
          "schema_version": 1,
          "attributes": {
            "arn": "arn:aws:ec2:us-east-1:600569660304:security-group/sg-0fc38f24f83aa4239",
            "description": "default VPC security group",
            "egress": [],
            "id": "sg-0fc38f24f83aa4239",
            "ingress": [],
            "name": "default",
            "name_prefix": "",
            "owner_id": "600569660304",
            "revoke_rules_on_delete": false,
            "tags": {
              "Environment": "dev",
              "Name": "my-vpc-default",
              "Terraform": "true"
            },
            "tags_all": {
              "Environment": "dev",
              "Name": "my-vpc-default",
              "Terraform": "true"
            },
            "vpc_id": "vpc-05aa686c53ab15070"
          },
          "sensitive_attributes": [],
          "private": "eyJzY2hlbWFfdmVyc2lvbiI6IjEifQ==",
          "dependencies": [
            "module.vpc.aws_vpc.this"
          ]
        }
      ]
    },
    {
      "module": "module.vpc",
      "mode": "managed",
      "type": "aws_route_table",
      "name": "private",
      "provider": "provider[\"registry.terraform.io/hashicorp/aws\"]",
      "instances": [
        {
          "index_key": 0,
          "schema_version": 0,
          "attributes": {
            "arn": "arn:aws:ec2:us-east-1:600569660304:route-table/rtb-08029b79e4cb5f07d",
            "id": "rtb-08029b79e4cb5f07d",
            "owner_id": "600569660304",
            "propagating_vgws": [],
            "route": [],
            "tags": {
              "Environment": "dev",
              "Name": "my-vpc-private-us-east-1a",
              "Terraform": "true"
            },
            "tags_all": {
              "Environment": "dev",
              "Name": "my-vpc-private-us-east-1a",
              "Terraform": "true"
            },
            "timeouts": null,
            "vpc_id": "vpc-05aa686c53ab15070"
          },
          "sensitive_attributes": [],
          "private": "eyJlMmJmYjczMC1lY2FhLTExZTYtOGY4OC0zNDM2M2JjN2M0YzAiOnsiY3JlYXRlIjozMDAwMDAwMDAwMDAsImRlbGV0ZSI6MzAwMDAwMDAwMDAwLCJ1cGRhdGUiOjEyMDAwMDAwMDAwMH19",
          "dependencies": [
            "module.vpc.aws_vpc.this",
            "module.vpc.aws_vpc_ipv4_cidr_block_association.this"
          ]
        },
        {
          "index_key": 1,
          "schema_version": 0,
          "attributes": {
            "arn": "arn:aws:ec2:us-east-1:600569660304:route-table/rtb-0cfbeb7fd56180d07",
            "id": "rtb-0cfbeb7fd56180d07",
            "owner_id": "600569660304",
            "propagating_vgws": [],
            "route": [],
            "tags": {
              "Environment": "dev",
              "Name": "my-vpc-private-us-east-1b",
              "Terraform": "true"
            },
            "tags_all": {
              "Environment": "dev",
              "Name": "my-vpc-private-us-east-1b",
              "Terraform": "true"
            },
            "timeouts": null,
            "vpc_id": "vpc-05aa686c53ab15070"
          },
          "sensitive_attributes": [],
          "private": "eyJlMmJmYjczMC1lY2FhLTExZTYtOGY4OC0zNDM2M2JjN2M0YzAiOnsiY3JlYXRlIjozMDAwMDAwMDAwMDAsImRlbGV0ZSI6MzAwMDAwMDAwMDAwLCJ1cGRhdGUiOjEyMDAwMDAwMDAwMH19",
          "dependencies": [
            "module.vpc.aws_vpc.this",
            "module.vpc.aws_vpc_ipv4_cidr_block_association.this"
          ]
        }
      ]
    },
    {
      "module": "module.vpc",
      "mode": "managed",
      "type": "aws_route_table_association",
      "name": "private",
      "provider": "provider[\"registry.terraform.io/hashicorp/aws\"]",
      "instances": [
        {
          "index_key": 0,
          "schema_version": 0,
          "attributes": {
            "gateway_id": "",
            "id": "rtbassoc-06dbd66d4a05d771e",
            "route_table_id": "rtb-08029b79e4cb5f07d",
            "subnet_id": "subnet-0bcaf9c5128968c93",
            "timeouts": null
          },
          "sensitive_attributes": [],
          "private": "eyJlMmJmYjczMC1lY2FhLTExZTYtOGY4OC0zNDM2M2JjN2M0YzAiOnsiY3JlYXRlIjozMDAwMDAwMDAwMDAsImRlbGV0ZSI6MzAwMDAwMDAwMDAwLCJ1cGRhdGUiOjEyMDAwMDAwMDAwMH19",
          "dependencies": [
            "module.vpc.aws_route_table.private",
            "module.vpc.aws_subnet.private",
            "module.vpc.aws_vpc.this",
            "module.vpc.aws_vpc_ipv4_cidr_block_association.this"
          ]
        },
        {
          "index_key": 1,
          "schema_version": 0,
          "attributes": {
            "gateway_id": "",
            "id": "rtbassoc-0abbfc2004771e0d3",
            "route_table_id": "rtb-0cfbeb7fd56180d07",
            "subnet_id": "subnet-08aaa816b6202b66c",
            "timeouts": null
          },
          "sensitive_attributes": [],
          "private": "eyJlMmJmYjczMC1lY2FhLTExZTYtOGY4OC0zNDM2M2JjN2M0YzAiOnsiY3JlYXRlIjozMDAwMDAwMDAwMDAsImRlbGV0ZSI6MzAwMDAwMDAwMDAwLCJ1cGRhdGUiOjEyMDAwMDAwMDAwMH19",
          "dependencies": [
            "module.vpc.aws_route_table.private",
            "module.vpc.aws_subnet.private",
            "module.vpc.aws_vpc.this",
            "module.vpc.aws_vpc_ipv4_cidr_block_association.this"
          ]
        }
      ]
    },
    {
      "module": "module.vpc",
      "mode": "managed",
      "type": "aws_subnet",
      "name": "private",
      "provider": "provider[\"registry.terraform.io/hashicorp/aws\"]",
      "instances": [
        {
          "index_key": 0,
          "schema_version": 1,
          "attributes": {
            "arn": "arn:aws:ec2:us-east-1:600569660304:subnet/subnet-0bcaf9c5128968c93",
            "assign_ipv6_address_on_creation": false,
            "availability_zone": "us-east-1a",
            "availability_zone_id": "use1-az4",
            "cidr_block": "10.0.1.0/24",
            "customer_owned_ipv4_pool": "",
            "enable_dns64": false,
            "enable_lni_at_device_index": 0,
            "enable_resource_name_dns_a_record_on_launch": false,
            "enable_resource_name_dns_aaaa_record_on_launch": false,
            "id": "subnet-0bcaf9c5128968c93",
            "ipv6_cidr_block": "",
            "ipv6_cidr_block_association_id": "",
            "ipv6_native": false,
            "map_customer_owned_ip_on_launch": false,
            "map_public_ip_on_launch": false,
            "outpost_arn": "",
            "owner_id": "600569660304",
            "private_dns_hostname_type_on_launch": "ip-name",
            "tags": {
              "Environment": "dev",
              "Name": "my-vpc-private-us-east-1a",
              "Terraform": "true"
            },
            "tags_all": {
              "Environment": "dev",
              "Name": "my-vpc-private-us-east-1a",
              "Terraform": "true"
            },
            "timeouts": null,
            "vpc_id": "vpc-05aa686c53ab15070"
          },
          "sensitive_attributes": [],
          "private": "eyJlMmJmYjczMC1lY2FhLTExZTYtOGY4OC0zNDM2M2JjN2M0YzAiOnsiY3JlYXRlIjo2MDAwMDAwMDAwMDAsImRlbGV0ZSI6MTIwMDAwMDAwMDAwMH0sInNjaGVtYV92ZXJzaW9uIjoiMSJ9",
          "dependencies": [
            "module.vpc.aws_vpc.this",
            "module.vpc.aws_vpc_ipv4_cidr_block_association.this"
          ],
          "create_before_destroy": true
        },
        {
          "index_key": 1,
          "schema_version": 1,
          "attributes": {
            "arn": "arn:aws:ec2:us-east-1:600569660304:subnet/subnet-08aaa816b6202b66c",
            "assign_ipv6_address_on_creation": false,
            "availability_zone": "us-east-1b",
            "availability_zone_id": "use1-az6",
            "cidr_block": "10.0.2.0/24",
            "customer_owned_ipv4_pool": "",
            "enable_dns64": false,
            "enable_lni_at_device_index": 0,
            "enable_resource_name_dns_a_record_on_launch": false,
            "enable_resource_name_dns_aaaa_record_on_launch": false,
            "id": "subnet-08aaa816b6202b66c",
            "ipv6_cidr_block": "",
            "ipv6_cidr_block_association_id": "",
            "ipv6_native": false,
            "map_customer_owned_ip_on_launch": false,
            "map_public_ip_on_launch": false,
            "outpost_arn": "",
            "owner_id": "600569660304",
            "private_dns_hostname_type_on_launch": "ip-name",
            "tags": {
              "Environment": "dev",
              "Name": "my-vpc-private-us-east-1b",
              "Terraform": "true"
            },
            "tags_all": {
              "Environment": "dev",
              "Name": "my-vpc-private-us-east-1b",
              "Terraform": "true"
            },
            "timeouts": null,
            "vpc_id": "vpc-05aa686c53ab15070"
          },
          "sensitive_attributes": [],
          "private": "eyJlMmJmYjczMC1lY2FhLTExZTYtOGY4OC0zNDM2M2JjN2M0YzAiOnsiY3JlYXRlIjo2MDAwMDAwMDAwMDAsImRlbGV0ZSI6MTIwMDAwMDAwMDAwMH0sInNjaGVtYV92ZXJzaW9uIjoiMSJ9",
          "dependencies": [
            "module.vpc.aws_vpc.this",
            "module.vpc.aws_vpc_ipv4_cidr_block_association.this"
          ],
          "create_before_destroy": true
        }
      ]
    },
    {
      "module": "module.vpc",
      "mode": "managed",
      "type": "aws_vpc",
      "name": "this",
      "provider": "provider[\"registry.terraform.io/hashicorp/aws\"]",
      "instances": [
        {
          "index_key": 0,
          "schema_version": 1,
          "attributes": {
            "arn": "arn:aws:ec2:us-east-1:600569660304:vpc/vpc-05aa686c53ab15070",
            "assign_generated_ipv6_cidr_block": false,
            "cidr_block": "10.0.0.0/16",
            "default_network_acl_id": "acl-09635a8347d2263c9",
            "default_route_table_id": "rtb-0eef9d8dfe7192248",
            "default_security_group_id": "sg-0fc38f24f83aa4239",
            "dhcp_options_id": "dopt-050a94f61c2c0e08d",
            "enable_dns_hostnames": true,
            "enable_dns_support": true,
            "enable_network_address_usage_metrics": false,
            "id": "vpc-05aa686c53ab15070",
            "instance_tenancy": "default",
            "ipv4_ipam_pool_id": null,
            "ipv4_netmask_length": null,
            "ipv6_association_id": "",
            "ipv6_cidr_block": "",
            "ipv6_cidr_block_network_border_group": "",
            "ipv6_ipam_pool_id": "",
            "ipv6_netmask_length": 0,
            "main_route_table_id": "rtb-0eef9d8dfe7192248",
            "owner_id": "600569660304",
            "tags": {
              "Environment": "dev",
              "Name": "my-vpc",
              "Terraform": "true"
            },
            "tags_all": {
              "Environment": "dev",
              "Name": "my-vpc",
              "Terraform": "true"
            }
          },
          "sensitive_attributes": [],
          "private": "eyJzY2hlbWFfdmVyc2lvbiI6IjEifQ==",
          "create_before_destroy": true
        }
      ]
    }
  ],
  "check_results": null
}
