{
  "version": 4,
  "terraform_version": "1.9.7",
  "serial": 75,
  "lineage": "bf219df5-f4be-0a06-303e-d10848d57114",
  "outputs": {
    "api_gateway_url": {
      "value": "https://id95l3w72m.execute-api.us-east-1.amazonaws.com/prod",
      "type": "string"
    },
    "s3_bucket_name": {
      "value": "frontend-bucket-cloudbooktable-marcos",
      "type": "string"
    },
    "website_endpoint": {
      "value": "frontend-bucket-cloudbooktable-marcos.s3-website-us-east-1.amazonaws.com",
      "type": "string"
    }
  },
  "resources": [
    {
      "mode": "data",
      "type": "archive_file",
      "name": "admin_crear_mesa_zip",
      "provider": "provider[\"registry.terraform.io/hashicorp/archive\"]",
      "instances": [
        {
          "schema_version": 0,
          "attributes": {
            "exclude_symlink_directories": null,
            "excludes": null,
            "id": "25a804d71cd8bd9cd8e080572fe2b6b66a60c7eb",
            "output_base64sha256": "yBzygAVqbOtFrqRZbIVajznRPH+xZfbLX/N7SEMkygU=",
            "output_base64sha512": "i8Faan6tASUQIXiCu8vdhzDMVwmC8wc1KC+nVUr1nPh+Ww6k62G/LaQKniB9IawtTLYJnK8xzWIuuLnPd/u+gQ==",
            "output_file_mode": null,
            "output_md5": "f6f5845a0bcbf791c7a0eba6901a40fc",
            "output_path": "./../backend/admin-crear-mesa/admin_crear_mesa.zip",
            "output_sha": "25a804d71cd8bd9cd8e080572fe2b6b66a60c7eb",
            "output_sha256": "c81cf280056a6ceb45aea4596c855a8f39d13c7fb165f6cb5ff37b484324ca05",
            "output_sha512": "8bc15a6a7ead012510217882bbcbdd8730cc570982f30735282fa7554af59cf87e5b0ea4eb61bf2da40a9e207d21ac2d4cb6099caf31cd622eb8b9cf77fbbe81",
            "output_size": 1438,
            "source": [],
            "source_content": null,
            "source_content_filename": null,
            "source_dir": "./../backend/admin-crear-mesa",
            "source_file": null,
            "type": "zip"
          },
          "sensitive_attributes": []
        }
      ]
    },
    {
      "mode": "data",
      "type": "archive_file",
      "name": "admin_crear_restaurant_zip",
      "provider": "provider[\"registry.terraform.io/hashicorp/archive\"]",
      "instances": [
        {
          "schema_version": 0,
          "attributes": {
            "exclude_symlink_directories": null,
            "excludes": null,
            "id": "5af385879a5ff8f56f3340ce451f3b2b101be70c",
            "output_base64sha256": "OKKdaCkKY17S52QqQAq3tmitW9klDBh8sYyHjd00EGY=",
            "output_base64sha512": "WVaH9GMveW84QxD5vuNpBau27yqtfxjxcJ7csHRhLgGXmdJEEqvUIKe+FVILN/39+nswyaf7FywBwdw8JCTnSA==",
            "output_file_mode": null,
            "output_md5": "728cc434da7a16530009e1f4c71b2c23",
            "output_path": "./../backend/admin-crear-restaurant/admin_crear_restaurant.zip",
            "output_sha": "5af385879a5ff8f56f3340ce451f3b2b101be70c",
            "output_sha256": "38a29d68290a635ed2e7642a400ab7b668ad5bd9250c187cb18c878ddd341066",
            "output_sha512": "595687f4632f796f384310f9bee36905abb6ef2aad7f18f1709edcb074612e019799d24412abd420a7be15520b37fdfdfa7b30c9a7fb172c01c1dc3c2424e748",
            "output_size": 2149,
            "source": [],
            "source_content": null,
            "source_content_filename": null,
            "source_dir": "./../backend/admin-crear-restaurant",
            "source_file": null,
            "type": "zip"
          },
          "sensitive_attributes": []
        }
      ]
    },
    {
      "mode": "data",
      "type": "archive_file",
      "name": "admin_obtener_reservas_zip",
      "provider": "provider[\"registry.terraform.io/hashicorp/archive\"]",
      "instances": [
        {
          "schema_version": 0,
          "attributes": {
            "exclude_symlink_directories": null,
            "excludes": null,
            "id": "6cf8dbd3b7adf8f3926a62ec2c2cdafe5a83bd45",
            "output_base64sha256": "EXxzIbzal/hgnghBbMUBd4LmBq4pEnlslACNQ8Z0Oms=",
            "output_base64sha512": "4LXV+VT5Rshxdn4iWILMAqsLHKwqLtoOiRWEJxkrTQhTkiHv0P9069UhlhWWGm54tl2nhLzUGhiUTEb/pp3ZBw==",
            "output_file_mode": null,
            "output_md5": "415f6824d853a1a1f271e7875e32fc48",
            "output_path": "./../backend/admin-obtener-reservas/admin_obtener_reservas.zip",
            "output_sha": "6cf8dbd3b7adf8f3926a62ec2c2cdafe5a83bd45",
            "output_sha256": "117c7321bcda97f8609e08416cc5017782e606ae2912796c94008d43c6743a6b",
            "output_sha512": "e0b5d5f954f946c871767e225882cc02ab0b1cac2a2eda0e89158427192b4d08539221efd0ff74ebd5219615961a6e78b65da784bcd41a18944c46ffa69dd907",
            "output_size": 1318,
            "source": [],
            "source_content": null,
            "source_content_filename": null,
            "source_dir": "./../backend/admin-obtener-reservas",
            "source_file": null,
            "type": "zip"
          },
          "sensitive_attributes": []
        }
      ]
    },
    {
      "mode": "data",
      "type": "archive_file",
      "name": "crear_reserva_zip",
      "provider": "provider[\"registry.terraform.io/hashicorp/archive\"]",
      "instances": [
        {
          "schema_version": 0,
          "attributes": {
            "exclude_symlink_directories": null,
            "excludes": null,
            "id": "11c530de7b34116ce29cb9f5abbb328043d7170c",
            "output_base64sha256": "9DuSM7d3wT+NDnj0Ly6WSLbvvhyW/tjKXIP7vqS6iVU=",
            "output_base64sha512": "BJeZeGKcjmiXk/ZXEgJ18Nb8z0h5mxi2gzoQbN5V7MVZor3PBKuWALxz/saJW5KVbpw1ZzYz9gF2BWWx6b2TBw==",
            "output_file_mode": null,
            "output_md5": "72c9adc79bb816f071a89e5248afa82d",
            "output_path": "./../backend/crear-reserva/crear_reserva.zip",
            "output_sha": "11c530de7b34116ce29cb9f5abbb328043d7170c",
            "output_sha256": "f43b9233b777c13f8d0e78f42f2e9648b6efbe1c96fed8ca5c83fbbea4ba8955",
            "output_sha512": "04979978629c8e689793f657120275f0d6fccf48799b18b6833a106cde55ecc559a2bdcf04ab9600bc73fec6895b92956e9c35673633f601760565b1e9bd9307",
            "output_size": 2252,
            "source": [],
            "source_content": null,
            "source_content_filename": null,
            "source_dir": "./../backend/crear-reserva",
            "source_file": null,
            "type": "zip"
          },
          "sensitive_attributes": []
        }
      ]
    },
    {
      "mode": "data",
      "type": "archive_file",
      "name": "delete_reserva_zip",
      "provider": "provider[\"registry.terraform.io/hashicorp/archive\"]",
      "instances": [
        {
          "schema_version": 0,
          "attributes": {
            "exclude_symlink_directories": null,
            "excludes": null,
            "id": "bc8dfc38dd6426a7f00e5c5558f2d6cdaad2b0af",
            "output_base64sha256": "0A/49FvIAnYLJQ10eXDUFMxBfaB1gIRhXBK8BM0UsII=",
            "output_base64sha512": "EuJsc4CPGnOU+yQrYeUykHWRzQx9pIKwEoe2qcJ/jB+Qy50GM62UpVQjLWCkKOz1xPr+vjB7vAnKquvdzqycOQ==",
            "output_file_mode": null,
            "output_md5": "ce3078dd9bf64dd1f768672922ec2393",
            "output_path": "./../backend/delete-reserva/delete_reserva.zip",
            "output_sha": "bc8dfc38dd6426a7f00e5c5558f2d6cdaad2b0af",
            "output_sha256": "d00ff8f45bc802760b250d747970d414cc417da0758084615c12bc04cd14b082",
            "output_sha512": "12e26c73808f1a7394fb242b61e532907591cd0c7da482b01287b6a9c27f8c1f90cb9d0633ad94a554232d60a428ecf5c4fafebe307bbc09caaaebddceac9c39",
            "output_size": 1558,
            "source": [],
            "source_content": null,
            "source_content_filename": null,
            "source_dir": "./../backend/delete-reserva",
            "source_file": null,
            "type": "zip"
          },
          "sensitive_attributes": []
        }
      ]
    },
    {
      "mode": "data",
      "type": "archive_file",
      "name": "frontend",
      "provider": "provider[\"registry.terraform.io/hashicorp/archive\"]",
      "instances": [
        {
          "schema_version": 0,
          "attributes": {
            "exclude_symlink_directories": null,
            "excludes": null,
            "id": "176b08cd22fc599d3ca97c29ebdbc7a28ef02016",
            "output_base64sha256": "C5Bvf1+Lv39dXJyj43r5MMGPkb8LuMJ25LNsY3eMVCs=",
            "output_base64sha512": "/4SMHO+7Mi1WTwqIzrp+ztByKm8mouE9HeaY2xc54bDk0MdDY6kvH6VCkg21ihSm6j/6DzCm0mx3RjxgL5wVeg==",
            "output_file_mode": null,
            "output_md5": "0980cf1f3cf486a116790a771521f26a",
            "output_path": "./../frontend/frontend.zip",
            "output_sha": "176b08cd22fc599d3ca97c29ebdbc7a28ef02016",
            "output_sha256": "0b906f7f5f8bbf7f5d5c9ca3e37af930c18f91bf0bb8c276e4b36c63778c542b",
            "output_sha512": "ff848c1cefbb322d564f0a88ceba7eced0722a6f26a2e13d1de698db1739e1b0e4d0c74363a92f1fa542920db58a14a6ea3ffa0f30a6d26c77463c602f9c157a",
            "output_size": 274728143,
            "source": [],
            "source_content": null,
            "source_content_filename": null,
            "source_dir": "./../frontend",
            "source_file": null,
            "type": "zip"
          },
          "sensitive_attributes": []
        }
      ]
    },
    {
      "mode": "data",
      "type": "archive_file",
      "name": "obtener_reservas_zip",
      "provider": "provider[\"registry.terraform.io/hashicorp/archive\"]",
      "instances": [
        {
          "schema_version": 0,
          "attributes": {
            "exclude_symlink_directories": null,
            "excludes": null,
            "id": "0d47ced6113ee04a22c7a5e76bde8bb1b006d4b9",
            "output_base64sha256": "9pSvNYI1mDvJgOdit985bUmLDYtAcm3j1551KvtDMLs=",
            "output_base64sha512": "ektbPxRbczKFBR9THT66fxbK0DcDhqNWQB/gaOPV0Fhi5nakBfuLY6dJDqCU9XpMrigd2bR86G2f5mkBWDUcog==",
            "output_file_mode": null,
            "output_md5": "238c1c6559443fb5896a3f694dd02057",
            "output_path": "./../backend/obtener-reservas/obtener_reservas.zip",
            "output_sha": "0d47ced6113ee04a22c7a5e76bde8bb1b006d4b9",
            "output_sha256": "f694af358235983bc980e762b7df396d498b0d8b40726de3d79e752afb4330bb",
            "output_sha512": "7a4b5b3f145b733285051f531d3eba7f16cad0370386a356401fe068e3d5d05862e676a405fb8b63a7490ea094f57a4cae281dd9b47ce86d9fe6690158351ca2",
            "output_size": 1130,
            "source": [],
            "source_content": null,
            "source_content_filename": null,
            "source_dir": "./../backend/obtener-reservas",
            "source_file": null,
            "type": "zip"
          },
          "sensitive_attributes": []
        }
      ]
    },
    {
      "mode": "data",
      "type": "aws_iam_role",
      "name": "labrole",
      "provider": "provider[\"registry.terraform.io/hashicorp/aws\"]",
      "instances": [
        {
          "schema_version": 0,
          "attributes": {
            "arn": "arn:aws:iam::557988741594:role/LabRole",
            "assume_role_policy": "{\"Version\":\"2012-10-17\",\"Statement\":[{\"Effect\":\"Allow\",\"Principal\":{\"AWS\":\"arn:aws:iam::557988741594:role/LabRole\",\"Service\":[\"cloudtrail.amazonaws.com\",\"ec2.amazonaws.com\",\"glue.amazonaws.com\",\"credentials.iot.amazonaws.com\",\"eks.amazonaws.com\",\"elasticloadbalancing.amazonaws.com\",\"iot.amazonaws.com\",\"elasticfilesystem.amazonaws.com\",\"rekognition.amazonaws.com\",\"sqs.amazonaws.com\",\"lambda.amazonaws.com\",\"logs.amazonaws.com\",\"codecommit.amazonaws.com\",\"iotevents.amazonaws.com\",\"redshift.amazonaws.com\",\"ecs.amazonaws.com\",\"dynamodb.amazonaws.com\",\"ssm.amazonaws.com\",\"codedeploy.amazonaws.com\",\"application-autoscaling.amazonaws.com\",\"kinesisanalytics.amazonaws.com\",\"iotanalytics.amazonaws.com\",\"cloudformation.amazonaws.com\",\"sns.amazonaws.com\",\"kinesis.amazonaws.com\",\"kms.amazonaws.com\",\"sagemaker.amazonaws.com\",\"databrew.amazonaws.com\",\"secretsmanager.amazonaws.com\",\"s3.amazonaws.com\",\"eks-fargate-pods.amazonaws.com\",\"apigateway.amazonaws.com\",\"cognito-idp.amazonaws.com\",\"forecast.amazonaws.com\",\"states.amazonaws.com\",\"deepracer.amazonaws.com\",\"ec2.application-autoscaling.amazonaws.com\",\"elasticmapreduce.amazonaws.com\",\"events.amazonaws.com\",\"firehose.amazonaws.com\",\"athena.amazonaws.com\",\"elasticbeanstalk.amazonaws.com\",\"rds.amazonaws.com\",\"codewhisperer.amazonaws.com\",\"backup.amazonaws.com\",\"pipes.amazonaws.com\",\"ecs-tasks.amazonaws.com\",\"resource-groups.amazonaws.com\",\"servicecatalog.amazonaws.com\",\"batch.amazonaws.com\",\"scheduler.amazonaws.com\",\"autoscaling.amazonaws.com\",\"cloud9.amazonaws.com\"]},\"Action\":\"sts:AssumeRole\"}]}",
            "create_date": "2024-10-22T17:34:36Z",
            "description": "",
            "id": "LabRole",
            "max_session_duration": 3600,
            "name": "LabRole",
            "path": "/",
            "permissions_boundary": "",
            "role_last_used": [
              {
                "last_used_date": "",
                "region": ""
              }
            ],
            "tags": {
              "cloudlab": "c129256a3275283l7988677t1w557988741594"
            },
            "unique_id": "AROAYD2VYQHNNT4ZRFWDM"
          },
          "sensitive_attributes": []
        }
      ]
    },
    {
      "mode": "managed",
      "type": "aws_api_gateway_deployment",
      "name": "my_api_deployment",
      "provider": "provider[\"registry.terraform.io/hashicorp/aws\"]",
      "instances": [
        {
          "schema_version": 0,
          "attributes": {
            "canary_settings": [],
            "created_date": "2024-10-22T18:23:02Z",
            "description": "",
            "execution_arn": "arn:aws:execute-api:us-east-1:557988741594:id95l3w72m/prod",
            "id": "iw6srf",
            "invoke_url": "https://id95l3w72m.execute-api.us-east-1.amazonaws.com/prod",
            "rest_api_id": "id95l3w72m",
            "stage_description": null,
            "stage_name": "prod",
            "triggers": {
              "redeployment": "a24c1d70a0ade62fc740e1be316fb38eda33b9a6"
            },
            "variables": null
          },
          "sensitive_attributes": [],
          "private": "bnVsbA==",
          "dependencies": [
            "aws_api_gateway_resource.admin",
            "aws_api_gateway_resource.admin_mesas",
            "aws_api_gateway_resource.admin_reservas",
            "aws_api_gateway_resource.admin_restaurant",
            "aws_api_gateway_resource.reservas",
            "aws_api_gateway_rest_api.my_api",
            "aws_security_group.lambda_sg",
            "data.archive_file.admin_crear_mesa_zip",
            "data.archive_file.admin_crear_restaurant_zip",
            "data.archive_file.admin_obtener_reservas_zip",
            "data.archive_file.crear_reserva_zip",
            "data.archive_file.delete_reserva_zip",
            "data.archive_file.obtener_reservas_zip",
            "data.aws_iam_role.labrole",
            "module.admin_mesas.aws_api_gateway_integration.lambda_integration",
            "module.admin_mesas.aws_api_gateway_integration.options_integration_lambda",
            "module.admin_mesas.aws_api_gateway_integration_response.options_integration_response",
            "module.admin_mesas.aws_api_gateway_method.options_lambda",
            "module.admin_mesas.aws_api_gateway_method.resource_method",
            "module.admin_mesas.aws_api_gateway_method_response.cors_method_response_200",
            "module.admin_mesas.aws_api_gateway_method_response.options_method_response",
            "module.admin_mesas.aws_lambda_permission.api_gateway_permission",
            "module.admin_reservas.aws_api_gateway_integration.lambda_integration",
            "module.admin_reservas.aws_api_gateway_integration.options_integration_lambda",
            "module.admin_reservas.aws_api_gateway_integration_response.options_integration_response",
            "module.admin_reservas.aws_api_gateway_method.options_lambda",
            "module.admin_reservas.aws_api_gateway_method.resource_method",
            "module.admin_reservas.aws_api_gateway_method_response.cors_method_response_200",
            "module.admin_reservas.aws_api_gateway_method_response.options_method_response",
            "module.admin_reservas.aws_lambda_permission.api_gateway_permission",
            "module.admin_restaurant.aws_api_gateway_integration.lambda_integration",
            "module.admin_restaurant.aws_api_gateway_integration.options_integration_lambda",
            "module.admin_restaurant.aws_api_gateway_integration_response.options_integration_response",
            "module.admin_restaurant.aws_api_gateway_method.options_lambda",
            "module.admin_restaurant.aws_api_gateway_method.resource_method",
            "module.admin_restaurant.aws_api_gateway_method_response.cors_method_response_200",
            "module.admin_restaurant.aws_api_gateway_method_response.options_method_response",
            "module.admin_restaurant.aws_lambda_permission.api_gateway_permission",
            "module.my_lambdas.aws_lambda_function.this",
            "module.reserva.aws_api_gateway_integration.lambda_integration",
            "module.reserva.aws_api_gateway_integration.options_integration_lambda",
            "module.reserva.aws_api_gateway_integration_response.options_integration_response",
            "module.reserva.aws_api_gateway_method.options_lambda",
            "module.reserva.aws_api_gateway_method.resource_method",
            "module.reserva.aws_api_gateway_method_response.cors_method_response_200",
            "module.reserva.aws_api_gateway_method_response.options_method_response",
            "module.reserva.aws_lambda_permission.api_gateway_permission",
            "module.vpc.aws_subnet.private",
            "module.vpc.aws_vpc.this",
            "module.vpc.aws_vpc_ipv4_cidr_block_association.this"
          ],
          "create_before_destroy": true
        }
      ]
    },
    {
      "mode": "managed",
      "type": "aws_api_gateway_resource",
      "name": "admin",
      "provider": "provider[\"registry.terraform.io/hashicorp/aws\"]",
      "instances": [
        {
          "schema_version": 0,
          "attributes": {
            "id": "4lbnys",
            "parent_id": "y1g9vdlr17",
            "path": "/admin",
            "path_part": "admin",
            "rest_api_id": "id95l3w72m"
          },
          "sensitive_attributes": [],
          "private": "bnVsbA==",
          "dependencies": [
            "aws_api_gateway_rest_api.my_api"
          ],
          "create_before_destroy": true
        }
      ]
    },
    {
      "mode": "managed",
      "type": "aws_api_gateway_resource",
      "name": "admin_mesas",
      "provider": "provider[\"registry.terraform.io/hashicorp/aws\"]",
      "instances": [
        {
          "schema_version": 0,
          "attributes": {
            "id": "nsupp6",
            "parent_id": "4lbnys",
            "path": "/admin/mesas",
            "path_part": "mesas",
            "rest_api_id": "id95l3w72m"
          },
          "sensitive_attributes": [],
          "private": "bnVsbA==",
          "dependencies": [
            "aws_api_gateway_resource.admin",
            "aws_api_gateway_rest_api.my_api"
          ],
          "create_before_destroy": true
        }
      ]
    },
    {
      "mode": "managed",
      "type": "aws_api_gateway_resource",
      "name": "admin_reservas",
      "provider": "provider[\"registry.terraform.io/hashicorp/aws\"]",
      "instances": [
        {
          "schema_version": 0,
          "attributes": {
            "id": "hk3889",
            "parent_id": "4lbnys",
            "path": "/admin/reservas",
            "path_part": "reservas",
            "rest_api_id": "id95l3w72m"
          },
          "sensitive_attributes": [],
          "private": "bnVsbA==",
          "dependencies": [
            "aws_api_gateway_resource.admin",
            "aws_api_gateway_rest_api.my_api"
          ],
          "create_before_destroy": true
        }
      ]
    },
    {
      "mode": "managed",
      "type": "aws_api_gateway_resource",
      "name": "admin_restaurant",
      "provider": "provider[\"registry.terraform.io/hashicorp/aws\"]",
      "instances": [
        {
          "schema_version": 0,
          "attributes": {
            "id": "52rczf",
            "parent_id": "4lbnys",
            "path": "/admin/restaurant",
            "path_part": "restaurant",
            "rest_api_id": "id95l3w72m"
          },
          "sensitive_attributes": [],
          "private": "bnVsbA==",
          "dependencies": [
            "aws_api_gateway_resource.admin",
            "aws_api_gateway_rest_api.my_api"
          ],
          "create_before_destroy": true
        }
      ]
    },
    {
      "mode": "managed",
      "type": "aws_api_gateway_resource",
      "name": "reservas",
      "provider": "provider[\"registry.terraform.io/hashicorp/aws\"]",
      "instances": [
        {
          "schema_version": 0,
          "attributes": {
            "id": "1n92a1",
            "parent_id": "y1g9vdlr17",
            "path": "/reservas",
            "path_part": "reservas",
            "rest_api_id": "id95l3w72m"
          },
          "sensitive_attributes": [],
          "private": "bnVsbA==",
          "dependencies": [
            "aws_api_gateway_rest_api.my_api"
          ],
          "create_before_destroy": true
        }
      ]
    },
    {
      "mode": "managed",
      "type": "aws_api_gateway_rest_api",
      "name": "my_api",
      "provider": "provider[\"registry.terraform.io/hashicorp/aws\"]",
      "instances": [
        {
          "schema_version": 0,
          "attributes": {
            "api_key_source": "HEADER",
            "arn": "arn:aws:apigateway:us-east-1::/restapis/id95l3w72m",
            "binary_media_types": [],
            "body": null,
            "created_date": "2024-10-22T18:18:17Z",
            "description": "API Gateway para mi aplicación",
            "disable_execute_api_endpoint": false,
            "endpoint_configuration": [
              {
                "types": [
                  "EDGE"
                ],
                "vpc_endpoint_ids": []
              }
            ],
            "execution_arn": "arn:aws:execute-api:us-east-1:557988741594:id95l3w72m",
            "fail_on_warnings": null,
            "id": "id95l3w72m",
            "minimum_compression_size": "",
            "name": "MiAPI",
            "parameters": null,
            "policy": "",
            "put_rest_api_mode": null,
            "root_resource_id": "y1g9vdlr17",
            "tags": null,
            "tags_all": {}
          },
          "sensitive_attributes": [],
          "private": "bnVsbA==",
          "create_before_destroy": true
        }
      ]
    },
    {
      "mode": "managed",
      "type": "aws_s3_bucket",
      "name": "frontend_bucket",
      "provider": "provider[\"registry.terraform.io/hashicorp/aws\"]",
      "instances": [
        {
          "schema_version": 0,
          "attributes": {
            "acceleration_status": "",
            "acl": null,
            "arn": "arn:aws:s3:::frontend-bucket-cloudbooktable-marcos",
            "bucket": "frontend-bucket-cloudbooktable-marcos",
            "bucket_domain_name": "frontend-bucket-cloudbooktable-marcos.s3.amazonaws.com",
            "bucket_prefix": "",
            "bucket_regional_domain_name": "frontend-bucket-cloudbooktable-marcos.s3.us-east-1.amazonaws.com",
            "cors_rule": [],
            "force_destroy": false,
            "grant": [
              {
                "id": "00092c3c77e50d3f3742d0abc58f9a2c424e74a2d258ae2d3a6e262ad755a422",
                "permissions": [
                  "FULL_CONTROL"
                ],
                "type": "CanonicalUser",
                "uri": ""
              }
            ],
            "hosted_zone_id": "Z3AQBSTGFYJSTF",
            "id": "frontend-bucket-cloudbooktable-marcos",
            "lifecycle_rule": [],
            "logging": [],
            "object_lock_configuration": [],
            "object_lock_enabled": false,
            "policy": "",
            "region": "us-east-1",
            "replication_configuration": [],
            "request_payer": "BucketOwner",
            "server_side_encryption_configuration": [
              {
                "rule": [
                  {
                    "apply_server_side_encryption_by_default": [
                      {
                        "kms_master_key_id": "",
                        "sse_algorithm": "AES256"
                      }
                    ],
                    "bucket_key_enabled": false
                  }
                ]
              }
            ],
            "tags": {
              "Environment": "Dev",
              "Name": "Frontend Bucket"
            },
            "tags_all": {
              "Environment": "Dev",
              "Name": "Frontend Bucket"
            },
            "timeouts": null,
            "versioning": [
              {
                "enabled": false,
                "mfa_delete": false
              }
            ],
            "website": [],
            "website_domain": null,
            "website_endpoint": null
          },
          "sensitive_attributes": [],
          "private": "eyJlMmJmYjczMC1lY2FhLTExZTYtOGY4OC0zNDM2M2JjN2M0YzAiOnsiY3JlYXRlIjoxMjAwMDAwMDAwMDAwLCJkZWxldGUiOjM2MDAwMDAwMDAwMDAsInJlYWQiOjEyMDAwMDAwMDAwMDAsInVwZGF0ZSI6MTIwMDAwMDAwMDAwMH19"
        }
      ]
    },
    {
      "mode": "managed",
      "type": "aws_s3_bucket_policy",
      "name": "frontend_bucket_policy",
      "provider": "provider[\"registry.terraform.io/hashicorp/aws\"]",
      "instances": [
        {
          "schema_version": 0,
          "attributes": {
            "bucket": "frontend-bucket-cloudbooktable-marcos",
            "id": "frontend-bucket-cloudbooktable-marcos",
            "policy": "{\"Statement\":[{\"Action\":\"s3:GetObject\",\"Effect\":\"Allow\",\"Principal\":\"*\",\"Resource\":\"arn:aws:s3:::frontend-bucket-cloudbooktable-marcos/*\",\"Sid\":\"PublicReadGetObject\"}],\"Version\":\"2012-10-17\"}"
          },
          "sensitive_attributes": [],
          "private": "bnVsbA==",
          "dependencies": [
            "aws_s3_bucket.frontend_bucket",
            "aws_s3_bucket_public_access_block.frontend_bucket_public_access"
          ]
        }
      ]
    },
    {
      "mode": "managed",
      "type": "aws_s3_bucket_public_access_block",
      "name": "frontend_bucket_public_access",
      "provider": "provider[\"registry.terraform.io/hashicorp/aws\"]",
      "instances": [
        {
          "schema_version": 0,
          "attributes": {
            "block_public_acls": false,
            "block_public_policy": false,
            "bucket": "frontend-bucket-cloudbooktable-marcos",
            "id": "frontend-bucket-cloudbooktable-marcos",
            "ignore_public_acls": false,
            "restrict_public_buckets": false
          },
          "sensitive_attributes": [],
          "private": "bnVsbA==",
          "dependencies": [
            "aws_s3_bucket.frontend_bucket"
          ]
        }
      ]
    },
    {
      "mode": "managed",
      "type": "aws_s3_bucket_website_configuration",
      "name": "frontend_bucket",
      "provider": "provider[\"registry.terraform.io/hashicorp/aws\"]",
      "instances": [
        {
          "schema_version": 0,
          "attributes": {
            "bucket": "frontend-bucket-cloudbooktable-marcos",
            "error_document": [
              {
                "key": "error.html"
              }
            ],
            "expected_bucket_owner": "",
            "id": "frontend-bucket-cloudbooktable-marcos",
            "index_document": [
              {
                "suffix": "index.html"
              }
            ],
            "redirect_all_requests_to": [],
            "routing_rule": [],
            "routing_rules": "",
            "website_domain": "s3-website-us-east-1.amazonaws.com",
            "website_endpoint": "frontend-bucket-cloudbooktable-marcos.s3-website-us-east-1.amazonaws.com"
          },
          "sensitive_attributes": [],
          "private": "bnVsbA==",
          "dependencies": [
            "aws_s3_bucket.frontend_bucket"
          ]
        }
      ]
    },
    {
      "mode": "managed",
      "type": "aws_security_group",
      "name": "lambda_sg",
      "provider": "provider[\"registry.terraform.io/hashicorp/aws\"]",
      "instances": [
        {
          "schema_version": 1,
          "attributes": {
            "arn": "arn:aws:ec2:us-east-1:557988741594:security-group/sg-072c9d38f15f73325",
            "description": "Security group for Lambda functions",
            "egress": [
              {
                "cidr_blocks": [
                  "0.0.0.0/0"
                ],
                "description": "",
                "from_port": 0,
                "ipv6_cidr_blocks": [],
                "prefix_list_ids": [],
                "protocol": "tcp",
                "security_groups": [],
                "self": false,
                "to_port": 443
              }
            ],
            "id": "sg-072c9d38f15f73325",
            "ingress": [
              {
                "cidr_blocks": [
                  "10.0.0.0/16"
                ],
                "description": "",
                "from_port": 0,
                "ipv6_cidr_blocks": [],
                "prefix_list_ids": [],
                "protocol": "-1",
                "security_groups": [],
                "self": false,
                "to_port": 0
              }
            ],
            "name": "lambda_sg",
            "name_prefix": "",
            "owner_id": "557988741594",
            "revoke_rules_on_delete": false,
            "tags": {
              "Name": "Lambda Security Group"
            },
            "tags_all": {
              "Name": "Lambda Security Group"
            },
            "timeouts": null,
            "vpc_id": "vpc-0d492fec5f2247c58"
          },
          "sensitive_attributes": [],
          "private": "eyJlMmJmYjczMC1lY2FhLTExZTYtOGY4OC0zNDM2M2JjN2M0YzAiOnsiY3JlYXRlIjo2MDAwMDAwMDAwMDAsImRlbGV0ZSI6OTAwMDAwMDAwMDAwfSwic2NoZW1hX3ZlcnNpb24iOiIxIn0=",
          "dependencies": [
            "module.vpc.aws_vpc.this"
          ],
          "create_before_destroy": true
        }
      ]
    },
    {
      "mode": "managed",
      "type": "aws_vpc_endpoint",
      "name": "dynamodb",
      "provider": "provider[\"registry.terraform.io/hashicorp/aws\"]",
      "instances": [
        {
          "schema_version": 0,
          "attributes": {
            "arn": "arn:aws:ec2:us-east-1:557988741594:vpc-endpoint/vpce-02e473c8f2daa01c4",
            "auto_accept": null,
            "cidr_blocks": [
              "35.71.70.0/24",
              "3.218.182.0/24",
              "3.218.180.0/23",
              "35.71.68.0/23",
              "52.94.0.0/22",
              "52.119.224.0/20"
            ],
            "dns_entry": [],
            "dns_options": [],
            "id": "vpce-02e473c8f2daa01c4",
            "ip_address_type": "",
            "network_interface_ids": [],
            "owner_id": "557988741594",
            "policy": "{\"Statement\":[{\"Action\":\"*\",\"Effect\":\"Allow\",\"Principal\":\"*\",\"Resource\":\"*\"}],\"Version\":\"2008-10-17\"}",
            "prefix_list_id": "pl-02cd2c6b",
            "private_dns_enabled": false,
            "requester_managed": false,
            "route_table_ids": [
              "rtb-079f0116e79e5c460",
              "rtb-08aa7e8d230690bf9"
            ],
            "security_group_ids": [],
            "service_name": "com.amazonaws.us-east-1.dynamodb",
            "state": "available",
            "subnet_configuration": [],
            "subnet_ids": [],
            "tags": {
              "Name": "DynamoDB VPC Endpoint"
            },
            "tags_all": {
              "Name": "DynamoDB VPC Endpoint"
            },
            "timeouts": null,
            "vpc_endpoint_type": "Gateway",
            "vpc_id": "vpc-0d492fec5f2247c58"
          },
          "sensitive_attributes": [],
          "private": "eyJlMmJmYjczMC1lY2FhLTExZTYtOGY4OC0zNDM2M2JjN2M0YzAiOnsiY3JlYXRlIjo2MDAwMDAwMDAwMDAsImRlbGV0ZSI6NjAwMDAwMDAwMDAwLCJ1cGRhdGUiOjYwMDAwMDAwMDAwMH19",
          "dependencies": [
            "module.vpc.aws_route_table.private",
            "module.vpc.aws_vpc.this",
            "module.vpc.aws_vpc_ipv4_cidr_block_association.this"
          ]
        }
      ]
    },
    {
      "mode": "managed",
      "type": "null_resource",
      "name": "frontend_deployment",
      "provider": "provider[\"registry.terraform.io/hashicorp/null\"]",
      "instances": [
        {
          "schema_version": 0,
          "attributes": {
            "id": "4312596612038768466",
            "triggers": {
              "api_gateway_url": "https://id95l3w72m.execute-api.us-east-1.amazonaws.com/prod",
              "file_hash": "C5Bvf1+Lv39dXJyj43r5MMGPkb8LuMJ25LNsY3eMVCs="
            }
          },
          "sensitive_attributes": [],
          "dependencies": [
            "aws_api_gateway_deployment.my_api_deployment",
            "aws_api_gateway_resource.admin",
            "aws_api_gateway_resource.admin_mesas",
            "aws_api_gateway_resource.admin_reservas",
            "aws_api_gateway_resource.admin_restaurant",
            "aws_api_gateway_resource.reservas",
            "aws_api_gateway_rest_api.my_api",
            "aws_s3_bucket.frontend_bucket",
            "aws_s3_bucket_policy.frontend_bucket_policy",
            "aws_s3_bucket_public_access_block.frontend_bucket_public_access",
            "aws_security_group.lambda_sg",
            "data.archive_file.admin_crear_mesa_zip",
            "data.archive_file.admin_crear_restaurant_zip",
            "data.archive_file.admin_obtener_reservas_zip",
            "data.archive_file.crear_reserva_zip",
            "data.archive_file.delete_reserva_zip",
            "data.archive_file.frontend",
            "data.archive_file.obtener_reservas_zip",
            "data.aws_iam_role.labrole",
            "module.admin_mesas.aws_api_gateway_integration.lambda_integration",
            "module.admin_mesas.aws_api_gateway_integration.options_integration_lambda",
            "module.admin_mesas.aws_api_gateway_integration_response.options_integration_response",
            "module.admin_mesas.aws_api_gateway_method.options_lambda",
            "module.admin_mesas.aws_api_gateway_method.resource_method",
            "module.admin_mesas.aws_api_gateway_method_response.cors_method_response_200",
            "module.admin_mesas.aws_api_gateway_method_response.options_method_response",
            "module.admin_mesas.aws_lambda_permission.api_gateway_permission",
            "module.admin_reservas.aws_api_gateway_integration.lambda_integration",
            "module.admin_reservas.aws_api_gateway_integration.options_integration_lambda",
            "module.admin_reservas.aws_api_gateway_integration_response.options_integration_response",
            "module.admin_reservas.aws_api_gateway_method.options_lambda",
            "module.admin_reservas.aws_api_gateway_method.resource_method",
            "module.admin_reservas.aws_api_gateway_method_response.cors_method_response_200",
            "module.admin_reservas.aws_api_gateway_method_response.options_method_response",
            "module.admin_reservas.aws_lambda_permission.api_gateway_permission",
            "module.admin_restaurant.aws_api_gateway_integration.lambda_integration",
            "module.admin_restaurant.aws_api_gateway_integration.options_integration_lambda",
            "module.admin_restaurant.aws_api_gateway_integration_response.options_integration_response",
            "module.admin_restaurant.aws_api_gateway_method.options_lambda",
            "module.admin_restaurant.aws_api_gateway_method.resource_method",
            "module.admin_restaurant.aws_api_gateway_method_response.cors_method_response_200",
            "module.admin_restaurant.aws_api_gateway_method_response.options_method_response",
            "module.admin_restaurant.aws_lambda_permission.api_gateway_permission",
            "module.my_lambdas.aws_lambda_function.this",
            "module.reserva.aws_api_gateway_integration.lambda_integration",
            "module.reserva.aws_api_gateway_integration.options_integration_lambda",
            "module.reserva.aws_api_gateway_integration_response.options_integration_response",
            "module.reserva.aws_api_gateway_method.options_lambda",
            "module.reserva.aws_api_gateway_method.resource_method",
            "module.reserva.aws_api_gateway_method_response.cors_method_response_200",
            "module.reserva.aws_api_gateway_method_response.options_method_response",
            "module.reserva.aws_lambda_permission.api_gateway_permission",
            "module.vpc.aws_subnet.private",
            "module.vpc.aws_vpc.this",
            "module.vpc.aws_vpc_ipv4_cidr_block_association.this"
          ]
        }
      ]
    },
    {
      "module": "module.admin_mesas",
      "mode": "managed",
      "type": "aws_api_gateway_integration",
      "name": "lambda_integration",
      "provider": "provider[\"registry.terraform.io/hashicorp/aws\"]",
      "instances": [
        {
          "index_key": "POST",
          "schema_version": 0,
          "attributes": {
            "cache_key_parameters": null,
            "cache_namespace": "nsupp6",
            "connection_id": "",
            "connection_type": "INTERNET",
            "content_handling": "",
            "credentials": "",
            "http_method": "POST",
            "id": "agi-id95l3w72m-nsupp6-POST",
            "integration_http_method": "POST",
            "passthrough_behavior": "WHEN_NO_MATCH",
            "request_parameters": null,
            "request_templates": null,
            "resource_id": "nsupp6",
            "rest_api_id": "id95l3w72m",
            "timeout_milliseconds": 29000,
            "tls_config": [],
            "type": "AWS_PROXY",
            "uri": "arn:aws:apigateway:us-east-1:lambda:path/2015-03-31/functions/arn:aws:lambda:us-east-1:557988741594:function:CrearMesaLambda/invocations"
          },
          "sensitive_attributes": [],
          "private": "bnVsbA==",
          "dependencies": [
            "aws_api_gateway_resource.admin",
            "aws_api_gateway_resource.admin_mesas",
            "aws_api_gateway_rest_api.my_api",
            "aws_security_group.lambda_sg",
            "data.archive_file.admin_crear_mesa_zip",
            "data.archive_file.admin_crear_restaurant_zip",
            "data.archive_file.admin_obtener_reservas_zip",
            "data.archive_file.crear_reserva_zip",
            "data.archive_file.delete_reserva_zip",
            "data.archive_file.obtener_reservas_zip",
            "data.aws_iam_role.labrole",
            "module.admin_mesas.aws_api_gateway_method.resource_method",
            "module.my_lambdas.aws_lambda_function.this",
            "module.vpc.aws_subnet.private",
            "module.vpc.aws_vpc.this",
            "module.vpc.aws_vpc_ipv4_cidr_block_association.this"
          ],
          "create_before_destroy": true
        }
      ]
    },
    {
      "module": "module.admin_mesas",
      "mode": "managed",
      "type": "aws_api_gateway_integration",
      "name": "options_integration_lambda",
      "provider": "provider[\"registry.terraform.io/hashicorp/aws\"]",
      "instances": [
        {
          "schema_version": 0,
          "attributes": {
            "cache_key_parameters": null,
            "cache_namespace": "nsupp6",
            "connection_id": "",
            "connection_type": "INTERNET",
            "content_handling": "",
            "credentials": "",
            "http_method": "OPTIONS",
            "id": "agi-id95l3w72m-nsupp6-OPTIONS",
            "integration_http_method": "",
            "passthrough_behavior": "WHEN_NO_MATCH",
            "request_parameters": null,
            "request_templates": {
              "application/json": "{\"statusCode\": 200}"
            },
            "resource_id": "nsupp6",
            "rest_api_id": "id95l3w72m",
            "timeout_milliseconds": 29000,
            "tls_config": [],
            "type": "MOCK",
            "uri": ""
          },
          "sensitive_attributes": [],
          "private": "bnVsbA==",
          "dependencies": [
            "aws_api_gateway_resource.admin",
            "aws_api_gateway_resource.admin_mesas",
            "aws_api_gateway_rest_api.my_api",
            "aws_security_group.lambda_sg",
            "data.archive_file.admin_crear_mesa_zip",
            "data.archive_file.admin_crear_restaurant_zip",
            "data.archive_file.admin_obtener_reservas_zip",
            "data.archive_file.crear_reserva_zip",
            "data.archive_file.delete_reserva_zip",
            "data.archive_file.obtener_reservas_zip",
            "data.aws_iam_role.labrole",
            "module.admin_mesas.aws_api_gateway_method.options_lambda",
            "module.my_lambdas.aws_lambda_function.this",
            "module.vpc.aws_subnet.private",
            "module.vpc.aws_vpc.this",
            "module.vpc.aws_vpc_ipv4_cidr_block_association.this"
          ],
          "create_before_destroy": true
        }
      ]
    },
    {
      "module": "module.admin_mesas",
      "mode": "managed",
      "type": "aws_api_gateway_integration_response",
      "name": "options_integration_response",
      "provider": "provider[\"registry.terraform.io/hashicorp/aws\"]",
      "instances": [
        {
          "schema_version": 0,
          "attributes": {
            "content_handling": "",
            "http_method": "OPTIONS",
            "id": "agir-id95l3w72m-nsupp6-OPTIONS-200",
            "resource_id": "nsupp6",
            "response_parameters": {
              "method.response.header.Access-Control-Allow-Headers": "'Content-Type,X-Amz-Date,Authorization,X-Api-Key,X-Amz-Security-Token'",
              "method.response.header.Access-Control-Allow-Methods": "'POST,OPTIONS'",
              "method.response.header.Access-Control-Allow-Origin": "'*'"
            },
            "response_templates": null,
            "rest_api_id": "id95l3w72m",
            "selection_pattern": "",
            "status_code": "200"
          },
          "sensitive_attributes": [],
          "private": "bnVsbA==",
          "dependencies": [
            "aws_api_gateway_resource.admin",
            "aws_api_gateway_resource.admin_mesas",
            "aws_api_gateway_rest_api.my_api",
            "aws_security_group.lambda_sg",
            "data.archive_file.admin_crear_mesa_zip",
            "data.archive_file.admin_crear_restaurant_zip",
            "data.archive_file.admin_obtener_reservas_zip",
            "data.archive_file.crear_reserva_zip",
            "data.archive_file.delete_reserva_zip",
            "data.archive_file.obtener_reservas_zip",
            "data.aws_iam_role.labrole",
            "module.admin_mesas.aws_api_gateway_method.options_lambda",
            "module.admin_mesas.aws_api_gateway_method_response.options_method_response",
            "module.my_lambdas.aws_lambda_function.this",
            "module.vpc.aws_subnet.private",
            "module.vpc.aws_vpc.this",
            "module.vpc.aws_vpc_ipv4_cidr_block_association.this"
          ],
          "create_before_destroy": true
        }
      ]
    },
    {
      "module": "module.admin_mesas",
      "mode": "managed",
      "type": "aws_api_gateway_method",
      "name": "options_lambda",
      "provider": "provider[\"registry.terraform.io/hashicorp/aws\"]",
      "instances": [
        {
          "schema_version": 0,
          "attributes": {
            "api_key_required": false,
            "authorization": "NONE",
            "authorization_scopes": null,
            "authorizer_id": null,
            "http_method": "OPTIONS",
            "id": "agm-id95l3w72m-nsupp6-OPTIONS",
            "operation_name": null,
            "request_models": null,
            "request_parameters": null,
            "request_validator_id": null,
            "resource_id": "nsupp6",
            "rest_api_id": "id95l3w72m"
          },
          "sensitive_attributes": [],
          "private": "bnVsbA==",
          "dependencies": [
            "aws_api_gateway_resource.admin",
            "aws_api_gateway_resource.admin_mesas",
            "aws_api_gateway_rest_api.my_api",
            "aws_security_group.lambda_sg",
            "data.archive_file.admin_crear_mesa_zip",
            "data.archive_file.admin_crear_restaurant_zip",
            "data.archive_file.admin_obtener_reservas_zip",
            "data.archive_file.crear_reserva_zip",
            "data.archive_file.delete_reserva_zip",
            "data.archive_file.obtener_reservas_zip",
            "data.aws_iam_role.labrole",
            "module.my_lambdas.aws_lambda_function.this",
            "module.vpc.aws_subnet.private",
            "module.vpc.aws_vpc.this",
            "module.vpc.aws_vpc_ipv4_cidr_block_association.this"
          ],
          "create_before_destroy": true
        }
      ]
    },
    {
      "module": "module.admin_mesas",
      "mode": "managed",
      "type": "aws_api_gateway_method",
      "name": "resource_method",
      "provider": "provider[\"registry.terraform.io/hashicorp/aws\"]",
      "instances": [
        {
          "index_key": "POST",
          "schema_version": 0,
          "attributes": {
            "api_key_required": false,
            "authorization": "NONE",
            "authorization_scopes": null,
            "authorizer_id": null,
            "http_method": "POST",
            "id": "agm-id95l3w72m-nsupp6-POST",
            "operation_name": null,
            "request_models": null,
            "request_parameters": null,
            "request_validator_id": null,
            "resource_id": "nsupp6",
            "rest_api_id": "id95l3w72m"
          },
          "sensitive_attributes": [],
          "private": "bnVsbA==",
          "dependencies": [
            "aws_api_gateway_resource.admin",
            "aws_api_gateway_resource.admin_mesas",
            "aws_api_gateway_rest_api.my_api",
            "aws_security_group.lambda_sg",
            "data.archive_file.admin_crear_mesa_zip",
            "data.archive_file.admin_crear_restaurant_zip",
            "data.archive_file.admin_obtener_reservas_zip",
            "data.archive_file.crear_reserva_zip",
            "data.archive_file.delete_reserva_zip",
            "data.archive_file.obtener_reservas_zip",
            "data.aws_iam_role.labrole",
            "module.my_lambdas.aws_lambda_function.this",
            "module.vpc.aws_subnet.private",
            "module.vpc.aws_vpc.this",
            "module.vpc.aws_vpc_ipv4_cidr_block_association.this"
          ],
          "create_before_destroy": true
        }
      ]
    },
    {
      "module": "module.admin_mesas",
      "mode": "managed",
      "type": "aws_api_gateway_method_response",
      "name": "cors_method_response_200",
      "provider": "provider[\"registry.terraform.io/hashicorp/aws\"]",
      "instances": [
        {
          "index_key": "POST",
          "schema_version": 0,
          "attributes": {
            "http_method": "POST",
            "id": "agmr-id95l3w72m-nsupp6-POST-200",
            "resource_id": "nsupp6",
            "response_models": null,
            "response_parameters": {
              "method.response.header.Access-Control-Allow-Origin": true
            },
            "rest_api_id": "id95l3w72m",
            "status_code": "200"
          },
          "sensitive_attributes": [],
          "private": "bnVsbA==",
          "dependencies": [
            "aws_api_gateway_resource.admin",
            "aws_api_gateway_resource.admin_mesas",
            "aws_api_gateway_rest_api.my_api",
            "aws_security_group.lambda_sg",
            "data.archive_file.admin_crear_mesa_zip",
            "data.archive_file.admin_crear_restaurant_zip",
            "data.archive_file.admin_obtener_reservas_zip",
            "data.archive_file.crear_reserva_zip",
            "data.archive_file.delete_reserva_zip",
            "data.archive_file.obtener_reservas_zip",
            "data.aws_iam_role.labrole",
            "module.admin_mesas.aws_api_gateway_method.resource_method",
            "module.my_lambdas.aws_lambda_function.this",
            "module.vpc.aws_subnet.private",
            "module.vpc.aws_vpc.this",
            "module.vpc.aws_vpc_ipv4_cidr_block_association.this"
          ],
          "create_before_destroy": true
        }
      ]
    },
    {
      "module": "module.admin_mesas",
      "mode": "managed",
      "type": "aws_api_gateway_method_response",
      "name": "options_method_response",
      "provider": "provider[\"registry.terraform.io/hashicorp/aws\"]",
      "instances": [
        {
          "schema_version": 0,
          "attributes": {
            "http_method": "OPTIONS",
            "id": "agmr-id95l3w72m-nsupp6-OPTIONS-200",
            "resource_id": "nsupp6",
            "response_models": {
              "application/json": "Empty"
            },
            "response_parameters": {
              "method.response.header.Access-Control-Allow-Headers": true,
              "method.response.header.Access-Control-Allow-Methods": true,
              "method.response.header.Access-Control-Allow-Origin": true
            },
            "rest_api_id": "id95l3w72m",
            "status_code": "200"
          },
          "sensitive_attributes": [],
          "private": "bnVsbA==",
          "dependencies": [
            "aws_api_gateway_resource.admin",
            "aws_api_gateway_resource.admin_mesas",
            "aws_api_gateway_rest_api.my_api",
            "aws_security_group.lambda_sg",
            "data.archive_file.admin_crear_mesa_zip",
            "data.archive_file.admin_crear_restaurant_zip",
            "data.archive_file.admin_obtener_reservas_zip",
            "data.archive_file.crear_reserva_zip",
            "data.archive_file.delete_reserva_zip",
            "data.archive_file.obtener_reservas_zip",
            "data.aws_iam_role.labrole",
            "module.admin_mesas.aws_api_gateway_method.options_lambda",
            "module.my_lambdas.aws_lambda_function.this",
            "module.vpc.aws_subnet.private",
            "module.vpc.aws_vpc.this",
            "module.vpc.aws_vpc_ipv4_cidr_block_association.this"
          ],
          "create_before_destroy": true
        }
      ]
    },
    {
      "module": "module.admin_mesas",
      "mode": "managed",
      "type": "aws_lambda_permission",
      "name": "api_gateway_permission",
      "provider": "provider[\"registry.terraform.io/hashicorp/aws\"]",
      "instances": [
        {
          "index_key": "POST",
          "schema_version": 0,
          "attributes": {
            "action": "lambda:InvokeFunction",
            "event_source_token": null,
            "function_name": "CrearMesaLambda",
            "function_url_auth_type": null,
            "id": "AllowAPIGatewayInvokeCrearMesa_POST",
            "principal": "apigateway.amazonaws.com",
            "principal_org_id": null,
            "qualifier": "",
            "source_account": null,
            "source_arn": "arn:aws:execute-api:us-east-1:557988741594:id95l3w72m/prod/POST/admin/mesas",
            "statement_id": "AllowAPIGatewayInvokeCrearMesa_POST",
            "statement_id_prefix": ""
          },
          "sensitive_attributes": [],
          "private": "bnVsbA==",
          "dependencies": [
            "aws_api_gateway_resource.admin",
            "aws_api_gateway_resource.admin_mesas",
            "aws_api_gateway_rest_api.my_api",
            "aws_security_group.lambda_sg",
            "data.archive_file.admin_crear_mesa_zip",
            "data.archive_file.admin_crear_restaurant_zip",
            "data.archive_file.admin_obtener_reservas_zip",
            "data.archive_file.crear_reserva_zip",
            "data.archive_file.delete_reserva_zip",
            "data.archive_file.obtener_reservas_zip",
            "data.aws_iam_role.labrole",
            "module.my_lambdas.aws_lambda_function.this",
            "module.vpc.aws_subnet.private",
            "module.vpc.aws_vpc.this",
            "module.vpc.aws_vpc_ipv4_cidr_block_association.this"
          ],
          "create_before_destroy": true
        }
      ]
    },
    {
      "module": "module.admin_reservas",
      "mode": "managed",
      "type": "aws_api_gateway_integration",
      "name": "lambda_integration",
      "provider": "provider[\"registry.terraform.io/hashicorp/aws\"]",
      "instances": [
        {
          "index_key": "GET",
          "schema_version": 0,
          "attributes": {
            "cache_key_parameters": null,
            "cache_namespace": "hk3889",
            "connection_id": "",
            "connection_type": "INTERNET",
            "content_handling": "",
            "credentials": "",
            "http_method": "GET",
            "id": "agi-id95l3w72m-hk3889-GET",
            "integration_http_method": "POST",
            "passthrough_behavior": "WHEN_NO_MATCH",
            "request_parameters": null,
            "request_templates": null,
            "resource_id": "hk3889",
            "rest_api_id": "id95l3w72m",
            "timeout_milliseconds": 29000,
            "tls_config": [],
            "type": "AWS_PROXY",
            "uri": "arn:aws:apigateway:us-east-1:lambda:path/2015-03-31/functions/arn:aws:lambda:us-east-1:557988741594:function:AdminObtenerReservasLambda/invocations"
          },
          "sensitive_attributes": [],
          "private": "bnVsbA==",
          "dependencies": [
            "aws_api_gateway_resource.admin",
            "aws_api_gateway_resource.admin_reservas",
            "aws_api_gateway_rest_api.my_api",
            "aws_security_group.lambda_sg",
            "data.archive_file.admin_crear_mesa_zip",
            "data.archive_file.admin_crear_restaurant_zip",
            "data.archive_file.admin_obtener_reservas_zip",
            "data.archive_file.crear_reserva_zip",
            "data.archive_file.delete_reserva_zip",
            "data.archive_file.obtener_reservas_zip",
            "data.aws_iam_role.labrole",
            "module.admin_reservas.aws_api_gateway_method.resource_method",
            "module.my_lambdas.aws_lambda_function.this",
            "module.vpc.aws_subnet.private",
            "module.vpc.aws_vpc.this",
            "module.vpc.aws_vpc_ipv4_cidr_block_association.this"
          ],
          "create_before_destroy": true
        }
      ]
    },
    {
      "module": "module.admin_reservas",
      "mode": "managed",
      "type": "aws_api_gateway_integration",
      "name": "options_integration_lambda",
      "provider": "provider[\"registry.terraform.io/hashicorp/aws\"]",
      "instances": [
        {
          "schema_version": 0,
          "attributes": {
            "cache_key_parameters": null,
            "cache_namespace": "hk3889",
            "connection_id": "",
            "connection_type": "INTERNET",
            "content_handling": "",
            "credentials": "",
            "http_method": "OPTIONS",
            "id": "agi-id95l3w72m-hk3889-OPTIONS",
            "integration_http_method": "",
            "passthrough_behavior": "WHEN_NO_MATCH",
            "request_parameters": null,
            "request_templates": {
              "application/json": "{\"statusCode\": 200}"
            },
            "resource_id": "hk3889",
            "rest_api_id": "id95l3w72m",
            "timeout_milliseconds": 29000,
            "tls_config": [],
            "type": "MOCK",
            "uri": ""
          },
          "sensitive_attributes": [],
          "private": "bnVsbA==",
          "dependencies": [
            "aws_api_gateway_resource.admin",
            "aws_api_gateway_resource.admin_reservas",
            "aws_api_gateway_rest_api.my_api",
            "aws_security_group.lambda_sg",
            "data.archive_file.admin_crear_mesa_zip",
            "data.archive_file.admin_crear_restaurant_zip",
            "data.archive_file.admin_obtener_reservas_zip",
            "data.archive_file.crear_reserva_zip",
            "data.archive_file.delete_reserva_zip",
            "data.archive_file.obtener_reservas_zip",
            "data.aws_iam_role.labrole",
            "module.admin_reservas.aws_api_gateway_method.options_lambda",
            "module.my_lambdas.aws_lambda_function.this",
            "module.vpc.aws_subnet.private",
            "module.vpc.aws_vpc.this",
            "module.vpc.aws_vpc_ipv4_cidr_block_association.this"
          ],
          "create_before_destroy": true
        }
      ]
    },
    {
      "module": "module.admin_reservas",
      "mode": "managed",
      "type": "aws_api_gateway_integration_response",
      "name": "options_integration_response",
      "provider": "provider[\"registry.terraform.io/hashicorp/aws\"]",
      "instances": [
        {
          "schema_version": 0,
          "attributes": {
            "content_handling": "",
            "http_method": "OPTIONS",
            "id": "agir-id95l3w72m-hk3889-OPTIONS-200",
            "resource_id": "hk3889",
            "response_parameters": {
              "method.response.header.Access-Control-Allow-Headers": "'Content-Type,X-Amz-Date,Authorization,X-Api-Key,X-Amz-Security-Token'",
              "method.response.header.Access-Control-Allow-Methods": "'GET,OPTIONS'",
              "method.response.header.Access-Control-Allow-Origin": "'*'"
            },
            "response_templates": null,
            "rest_api_id": "id95l3w72m",
            "selection_pattern": "",
            "status_code": "200"
          },
          "sensitive_attributes": [],
          "private": "bnVsbA==",
          "dependencies": [
            "aws_api_gateway_resource.admin",
            "aws_api_gateway_resource.admin_reservas",
            "aws_api_gateway_rest_api.my_api",
            "aws_security_group.lambda_sg",
            "data.archive_file.admin_crear_mesa_zip",
            "data.archive_file.admin_crear_restaurant_zip",
            "data.archive_file.admin_obtener_reservas_zip",
            "data.archive_file.crear_reserva_zip",
            "data.archive_file.delete_reserva_zip",
            "data.archive_file.obtener_reservas_zip",
            "data.aws_iam_role.labrole",
            "module.admin_reservas.aws_api_gateway_method.options_lambda",
            "module.admin_reservas.aws_api_gateway_method_response.options_method_response",
            "module.my_lambdas.aws_lambda_function.this",
            "module.vpc.aws_subnet.private",
            "module.vpc.aws_vpc.this",
            "module.vpc.aws_vpc_ipv4_cidr_block_association.this"
          ],
          "create_before_destroy": true
        }
      ]
    },
    {
      "module": "module.admin_reservas",
      "mode": "managed",
      "type": "aws_api_gateway_method",
      "name": "options_lambda",
      "provider": "provider[\"registry.terraform.io/hashicorp/aws\"]",
      "instances": [
        {
          "schema_version": 0,
          "attributes": {
            "api_key_required": false,
            "authorization": "NONE",
            "authorization_scopes": null,
            "authorizer_id": null,
            "http_method": "OPTIONS",
            "id": "agm-id95l3w72m-hk3889-OPTIONS",
            "operation_name": null,
            "request_models": null,
            "request_parameters": null,
            "request_validator_id": null,
            "resource_id": "hk3889",
            "rest_api_id": "id95l3w72m"
          },
          "sensitive_attributes": [],
          "private": "bnVsbA==",
          "dependencies": [
            "aws_api_gateway_resource.admin",
            "aws_api_gateway_resource.admin_reservas",
            "aws_api_gateway_rest_api.my_api",
            "aws_security_group.lambda_sg",
            "data.archive_file.admin_crear_mesa_zip",
            "data.archive_file.admin_crear_restaurant_zip",
            "data.archive_file.admin_obtener_reservas_zip",
            "data.archive_file.crear_reserva_zip",
            "data.archive_file.delete_reserva_zip",
            "data.archive_file.obtener_reservas_zip",
            "data.aws_iam_role.labrole",
            "module.my_lambdas.aws_lambda_function.this",
            "module.vpc.aws_subnet.private",
            "module.vpc.aws_vpc.this",
            "module.vpc.aws_vpc_ipv4_cidr_block_association.this"
          ],
          "create_before_destroy": true
        }
      ]
    },
    {
      "module": "module.admin_reservas",
      "mode": "managed",
      "type": "aws_api_gateway_method",
      "name": "resource_method",
      "provider": "provider[\"registry.terraform.io/hashicorp/aws\"]",
      "instances": [
        {
          "index_key": "GET",
          "schema_version": 0,
          "attributes": {
            "api_key_required": false,
            "authorization": "NONE",
            "authorization_scopes": null,
            "authorizer_id": null,
            "http_method": "GET",
            "id": "agm-id95l3w72m-hk3889-GET",
            "operation_name": null,
            "request_models": null,
            "request_parameters": null,
            "request_validator_id": null,
            "resource_id": "hk3889",
            "rest_api_id": "id95l3w72m"
          },
          "sensitive_attributes": [],
          "private": "bnVsbA==",
          "dependencies": [
            "aws_api_gateway_resource.admin",
            "aws_api_gateway_resource.admin_reservas",
            "aws_api_gateway_rest_api.my_api",
            "aws_security_group.lambda_sg",
            "data.archive_file.admin_crear_mesa_zip",
            "data.archive_file.admin_crear_restaurant_zip",
            "data.archive_file.admin_obtener_reservas_zip",
            "data.archive_file.crear_reserva_zip",
            "data.archive_file.delete_reserva_zip",
            "data.archive_file.obtener_reservas_zip",
            "data.aws_iam_role.labrole",
            "module.my_lambdas.aws_lambda_function.this",
            "module.vpc.aws_subnet.private",
            "module.vpc.aws_vpc.this",
            "module.vpc.aws_vpc_ipv4_cidr_block_association.this"
          ],
          "create_before_destroy": true
        }
      ]
    },
    {
      "module": "module.admin_reservas",
      "mode": "managed",
      "type": "aws_api_gateway_method_response",
      "name": "cors_method_response_200",
      "provider": "provider[\"registry.terraform.io/hashicorp/aws\"]",
      "instances": [
        {
          "index_key": "GET",
          "schema_version": 0,
          "attributes": {
            "http_method": "GET",
            "id": "agmr-id95l3w72m-hk3889-GET-200",
            "resource_id": "hk3889",
            "response_models": null,
            "response_parameters": {
              "method.response.header.Access-Control-Allow-Origin": true
            },
            "rest_api_id": "id95l3w72m",
            "status_code": "200"
          },
          "sensitive_attributes": [],
          "private": "bnVsbA==",
          "dependencies": [
            "aws_api_gateway_resource.admin",
            "aws_api_gateway_resource.admin_reservas",
            "aws_api_gateway_rest_api.my_api",
            "aws_security_group.lambda_sg",
            "data.archive_file.admin_crear_mesa_zip",
            "data.archive_file.admin_crear_restaurant_zip",
            "data.archive_file.admin_obtener_reservas_zip",
            "data.archive_file.crear_reserva_zip",
            "data.archive_file.delete_reserva_zip",
            "data.archive_file.obtener_reservas_zip",
            "data.aws_iam_role.labrole",
            "module.admin_reservas.aws_api_gateway_method.resource_method",
            "module.my_lambdas.aws_lambda_function.this",
            "module.vpc.aws_subnet.private",
            "module.vpc.aws_vpc.this",
            "module.vpc.aws_vpc_ipv4_cidr_block_association.this"
          ],
          "create_before_destroy": true
        }
      ]
    },
    {
      "module": "module.admin_reservas",
      "mode": "managed",
      "type": "aws_api_gateway_method_response",
      "name": "options_method_response",
      "provider": "provider[\"registry.terraform.io/hashicorp/aws\"]",
      "instances": [
        {
          "schema_version": 0,
          "attributes": {
            "http_method": "OPTIONS",
            "id": "agmr-id95l3w72m-hk3889-OPTIONS-200",
            "resource_id": "hk3889",
            "response_models": {
              "application/json": "Empty"
            },
            "response_parameters": {
              "method.response.header.Access-Control-Allow-Headers": true,
              "method.response.header.Access-Control-Allow-Methods": true,
              "method.response.header.Access-Control-Allow-Origin": true
            },
            "rest_api_id": "id95l3w72m",
            "status_code": "200"
          },
          "sensitive_attributes": [],
          "private": "bnVsbA==",
          "dependencies": [
            "aws_api_gateway_resource.admin",
            "aws_api_gateway_resource.admin_reservas",
            "aws_api_gateway_rest_api.my_api",
            "aws_security_group.lambda_sg",
            "data.archive_file.admin_crear_mesa_zip",
            "data.archive_file.admin_crear_restaurant_zip",
            "data.archive_file.admin_obtener_reservas_zip",
            "data.archive_file.crear_reserva_zip",
            "data.archive_file.delete_reserva_zip",
            "data.archive_file.obtener_reservas_zip",
            "data.aws_iam_role.labrole",
            "module.admin_reservas.aws_api_gateway_method.options_lambda",
            "module.my_lambdas.aws_lambda_function.this",
            "module.vpc.aws_subnet.private",
            "module.vpc.aws_vpc.this",
            "module.vpc.aws_vpc_ipv4_cidr_block_association.this"
          ],
          "create_before_destroy": true
        }
      ]
    },
    {
      "module": "module.admin_reservas",
      "mode": "managed",
      "type": "aws_lambda_permission",
      "name": "api_gateway_permission",
      "provider": "provider[\"registry.terraform.io/hashicorp/aws\"]",
      "instances": [
        {
          "index_key": "GET",
          "schema_version": 0,
          "attributes": {
            "action": "lambda:InvokeFunction",
            "event_source_token": null,
            "function_name": "AdminObtenerReservasLambda",
            "function_url_auth_type": null,
            "id": "AllowAPIGatewayInvokeAdminObtenerReservas_GET",
            "principal": "apigateway.amazonaws.com",
            "principal_org_id": null,
            "qualifier": "",
            "source_account": null,
            "source_arn": "arn:aws:execute-api:us-east-1:557988741594:id95l3w72m/prod/GET/admin/reservas",
            "statement_id": "AllowAPIGatewayInvokeAdminObtenerReservas_GET",
            "statement_id_prefix": ""
          },
          "sensitive_attributes": [],
          "private": "bnVsbA==",
          "dependencies": [
            "aws_api_gateway_resource.admin",
            "aws_api_gateway_resource.admin_reservas",
            "aws_api_gateway_rest_api.my_api",
            "aws_security_group.lambda_sg",
            "data.archive_file.admin_crear_mesa_zip",
            "data.archive_file.admin_crear_restaurant_zip",
            "data.archive_file.admin_obtener_reservas_zip",
            "data.archive_file.crear_reserva_zip",
            "data.archive_file.delete_reserva_zip",
            "data.archive_file.obtener_reservas_zip",
            "data.aws_iam_role.labrole",
            "module.my_lambdas.aws_lambda_function.this",
            "module.vpc.aws_subnet.private",
            "module.vpc.aws_vpc.this",
            "module.vpc.aws_vpc_ipv4_cidr_block_association.this"
          ],
          "create_before_destroy": true
        }
      ]
    },
    {
      "module": "module.admin_restaurant",
      "mode": "managed",
      "type": "aws_api_gateway_integration",
      "name": "lambda_integration",
      "provider": "provider[\"registry.terraform.io/hashicorp/aws\"]",
      "instances": [
        {
          "index_key": "POST",
          "schema_version": 0,
          "attributes": {
            "cache_key_parameters": null,
            "cache_namespace": "52rczf",
            "connection_id": "",
            "connection_type": "INTERNET",
            "content_handling": "",
            "credentials": "",
            "http_method": "POST",
            "id": "agi-id95l3w72m-52rczf-POST",
            "integration_http_method": "POST",
            "passthrough_behavior": "WHEN_NO_MATCH",
            "request_parameters": null,
            "request_templates": null,
            "resource_id": "52rczf",
            "rest_api_id": "id95l3w72m",
            "timeout_milliseconds": 29000,
            "tls_config": [],
            "type": "AWS_PROXY",
            "uri": "arn:aws:apigateway:us-east-1:lambda:path/2015-03-31/functions/arn:aws:lambda:us-east-1:557988741594:function:CrearRestaurantLambda/invocations"
          },
          "sensitive_attributes": [],
          "private": "bnVsbA==",
          "dependencies": [
            "aws_api_gateway_resource.admin",
            "aws_api_gateway_resource.admin_restaurant",
            "aws_api_gateway_rest_api.my_api",
            "aws_security_group.lambda_sg",
            "data.archive_file.admin_crear_mesa_zip",
            "data.archive_file.admin_crear_restaurant_zip",
            "data.archive_file.admin_obtener_reservas_zip",
            "data.archive_file.crear_reserva_zip",
            "data.archive_file.delete_reserva_zip",
            "data.archive_file.obtener_reservas_zip",
            "data.aws_iam_role.labrole",
            "module.admin_restaurant.aws_api_gateway_method.resource_method",
            "module.my_lambdas.aws_lambda_function.this",
            "module.vpc.aws_subnet.private",
            "module.vpc.aws_vpc.this",
            "module.vpc.aws_vpc_ipv4_cidr_block_association.this"
          ],
          "create_before_destroy": true
        }
      ]
    },
    {
      "module": "module.admin_restaurant",
      "mode": "managed",
      "type": "aws_api_gateway_integration",
      "name": "options_integration_lambda",
      "provider": "provider[\"registry.terraform.io/hashicorp/aws\"]",
      "instances": [
        {
          "schema_version": 0,
          "attributes": {
            "cache_key_parameters": null,
            "cache_namespace": "52rczf",
            "connection_id": "",
            "connection_type": "INTERNET",
            "content_handling": "",
            "credentials": "",
            "http_method": "OPTIONS",
            "id": "agi-id95l3w72m-52rczf-OPTIONS",
            "integration_http_method": "",
            "passthrough_behavior": "WHEN_NO_MATCH",
            "request_parameters": null,
            "request_templates": {
              "application/json": "{\"statusCode\": 200}"
            },
            "resource_id": "52rczf",
            "rest_api_id": "id95l3w72m",
            "timeout_milliseconds": 29000,
            "tls_config": [],
            "type": "MOCK",
            "uri": ""
          },
          "sensitive_attributes": [],
          "private": "bnVsbA==",
          "dependencies": [
            "aws_api_gateway_resource.admin",
            "aws_api_gateway_resource.admin_restaurant",
            "aws_api_gateway_rest_api.my_api",
            "aws_security_group.lambda_sg",
            "data.archive_file.admin_crear_mesa_zip",
            "data.archive_file.admin_crear_restaurant_zip",
            "data.archive_file.admin_obtener_reservas_zip",
            "data.archive_file.crear_reserva_zip",
            "data.archive_file.delete_reserva_zip",
            "data.archive_file.obtener_reservas_zip",
            "data.aws_iam_role.labrole",
            "module.admin_restaurant.aws_api_gateway_method.options_lambda",
            "module.my_lambdas.aws_lambda_function.this",
            "module.vpc.aws_subnet.private",
            "module.vpc.aws_vpc.this",
            "module.vpc.aws_vpc_ipv4_cidr_block_association.this"
          ],
          "create_before_destroy": true
        }
      ]
    },
    {
      "module": "module.admin_restaurant",
      "mode": "managed",
      "type": "aws_api_gateway_integration_response",
      "name": "options_integration_response",
      "provider": "provider[\"registry.terraform.io/hashicorp/aws\"]",
      "instances": [
        {
          "schema_version": 0,
          "attributes": {
            "content_handling": "",
            "http_method": "OPTIONS",
            "id": "agir-id95l3w72m-52rczf-OPTIONS-200",
            "resource_id": "52rczf",
            "response_parameters": {
              "method.response.header.Access-Control-Allow-Headers": "'Content-Type,X-Amz-Date,Authorization,X-Api-Key,X-Amz-Security-Token'",
              "method.response.header.Access-Control-Allow-Methods": "'POST,OPTIONS'",
              "method.response.header.Access-Control-Allow-Origin": "'*'"
            },
            "response_templates": null,
            "rest_api_id": "id95l3w72m",
            "selection_pattern": "",
            "status_code": "200"
          },
          "sensitive_attributes": [],
          "private": "bnVsbA==",
          "dependencies": [
            "aws_api_gateway_resource.admin",
            "aws_api_gateway_resource.admin_restaurant",
            "aws_api_gateway_rest_api.my_api",
            "aws_security_group.lambda_sg",
            "data.archive_file.admin_crear_mesa_zip",
            "data.archive_file.admin_crear_restaurant_zip",
            "data.archive_file.admin_obtener_reservas_zip",
            "data.archive_file.crear_reserva_zip",
            "data.archive_file.delete_reserva_zip",
            "data.archive_file.obtener_reservas_zip",
            "data.aws_iam_role.labrole",
            "module.admin_restaurant.aws_api_gateway_method.options_lambda",
            "module.admin_restaurant.aws_api_gateway_method_response.options_method_response",
            "module.my_lambdas.aws_lambda_function.this",
            "module.vpc.aws_subnet.private",
            "module.vpc.aws_vpc.this",
            "module.vpc.aws_vpc_ipv4_cidr_block_association.this"
          ],
          "create_before_destroy": true
        }
      ]
    },
    {
      "module": "module.admin_restaurant",
      "mode": "managed",
      "type": "aws_api_gateway_method",
      "name": "options_lambda",
      "provider": "provider[\"registry.terraform.io/hashicorp/aws\"]",
      "instances": [
        {
          "schema_version": 0,
          "attributes": {
            "api_key_required": false,
            "authorization": "NONE",
            "authorization_scopes": null,
            "authorizer_id": null,
            "http_method": "OPTIONS",
            "id": "agm-id95l3w72m-52rczf-OPTIONS",
            "operation_name": null,
            "request_models": null,
            "request_parameters": null,
            "request_validator_id": null,
            "resource_id": "52rczf",
            "rest_api_id": "id95l3w72m"
          },
          "sensitive_attributes": [],
          "private": "bnVsbA==",
          "dependencies": [
            "aws_api_gateway_resource.admin",
            "aws_api_gateway_resource.admin_restaurant",
            "aws_api_gateway_rest_api.my_api",
            "aws_security_group.lambda_sg",
            "data.archive_file.admin_crear_mesa_zip",
            "data.archive_file.admin_crear_restaurant_zip",
            "data.archive_file.admin_obtener_reservas_zip",
            "data.archive_file.crear_reserva_zip",
            "data.archive_file.delete_reserva_zip",
            "data.archive_file.obtener_reservas_zip",
            "data.aws_iam_role.labrole",
            "module.my_lambdas.aws_lambda_function.this",
            "module.vpc.aws_subnet.private",
            "module.vpc.aws_vpc.this",
            "module.vpc.aws_vpc_ipv4_cidr_block_association.this"
          ],
          "create_before_destroy": true
        }
      ]
    },
    {
      "module": "module.admin_restaurant",
      "mode": "managed",
      "type": "aws_api_gateway_method",
      "name": "resource_method",
      "provider": "provider[\"registry.terraform.io/hashicorp/aws\"]",
      "instances": [
        {
          "index_key": "POST",
          "schema_version": 0,
          "attributes": {
            "api_key_required": false,
            "authorization": "NONE",
            "authorization_scopes": null,
            "authorizer_id": null,
            "http_method": "POST",
            "id": "agm-id95l3w72m-52rczf-POST",
            "operation_name": null,
            "request_models": null,
            "request_parameters": null,
            "request_validator_id": null,
            "resource_id": "52rczf",
            "rest_api_id": "id95l3w72m"
          },
          "sensitive_attributes": [],
          "private": "bnVsbA==",
          "dependencies": [
            "aws_api_gateway_resource.admin",
            "aws_api_gateway_resource.admin_restaurant",
            "aws_api_gateway_rest_api.my_api",
            "aws_security_group.lambda_sg",
            "data.archive_file.admin_crear_mesa_zip",
            "data.archive_file.admin_crear_restaurant_zip",
            "data.archive_file.admin_obtener_reservas_zip",
            "data.archive_file.crear_reserva_zip",
            "data.archive_file.delete_reserva_zip",
            "data.archive_file.obtener_reservas_zip",
            "data.aws_iam_role.labrole",
            "module.my_lambdas.aws_lambda_function.this",
            "module.vpc.aws_subnet.private",
            "module.vpc.aws_vpc.this",
            "module.vpc.aws_vpc_ipv4_cidr_block_association.this"
          ],
          "create_before_destroy": true
        }
      ]
    },
    {
      "module": "module.admin_restaurant",
      "mode": "managed",
      "type": "aws_api_gateway_method_response",
      "name": "cors_method_response_200",
      "provider": "provider[\"registry.terraform.io/hashicorp/aws\"]",
      "instances": [
        {
          "index_key": "POST",
          "schema_version": 0,
          "attributes": {
            "http_method": "POST",
            "id": "agmr-id95l3w72m-52rczf-POST-200",
            "resource_id": "52rczf",
            "response_models": null,
            "response_parameters": {
              "method.response.header.Access-Control-Allow-Origin": true
            },
            "rest_api_id": "id95l3w72m",
            "status_code": "200"
          },
          "sensitive_attributes": [],
          "private": "bnVsbA==",
          "dependencies": [
            "aws_api_gateway_resource.admin",
            "aws_api_gateway_resource.admin_restaurant",
            "aws_api_gateway_rest_api.my_api",
            "aws_security_group.lambda_sg",
            "data.archive_file.admin_crear_mesa_zip",
            "data.archive_file.admin_crear_restaurant_zip",
            "data.archive_file.admin_obtener_reservas_zip",
            "data.archive_file.crear_reserva_zip",
            "data.archive_file.delete_reserva_zip",
            "data.archive_file.obtener_reservas_zip",
            "data.aws_iam_role.labrole",
            "module.admin_restaurant.aws_api_gateway_method.resource_method",
            "module.my_lambdas.aws_lambda_function.this",
            "module.vpc.aws_subnet.private",
            "module.vpc.aws_vpc.this",
            "module.vpc.aws_vpc_ipv4_cidr_block_association.this"
          ],
          "create_before_destroy": true
        }
      ]
    },
    {
      "module": "module.admin_restaurant",
      "mode": "managed",
      "type": "aws_api_gateway_method_response",
      "name": "options_method_response",
      "provider": "provider[\"registry.terraform.io/hashicorp/aws\"]",
      "instances": [
        {
          "schema_version": 0,
          "attributes": {
            "http_method": "OPTIONS",
            "id": "agmr-id95l3w72m-52rczf-OPTIONS-200",
            "resource_id": "52rczf",
            "response_models": {
              "application/json": "Empty"
            },
            "response_parameters": {
              "method.response.header.Access-Control-Allow-Headers": true,
              "method.response.header.Access-Control-Allow-Methods": true,
              "method.response.header.Access-Control-Allow-Origin": true
            },
            "rest_api_id": "id95l3w72m",
            "status_code": "200"
          },
          "sensitive_attributes": [],
          "private": "bnVsbA==",
          "dependencies": [
            "aws_api_gateway_resource.admin",
            "aws_api_gateway_resource.admin_restaurant",
            "aws_api_gateway_rest_api.my_api",
            "aws_security_group.lambda_sg",
            "data.archive_file.admin_crear_mesa_zip",
            "data.archive_file.admin_crear_restaurant_zip",
            "data.archive_file.admin_obtener_reservas_zip",
            "data.archive_file.crear_reserva_zip",
            "data.archive_file.delete_reserva_zip",
            "data.archive_file.obtener_reservas_zip",
            "data.aws_iam_role.labrole",
            "module.admin_restaurant.aws_api_gateway_method.options_lambda",
            "module.my_lambdas.aws_lambda_function.this",
            "module.vpc.aws_subnet.private",
            "module.vpc.aws_vpc.this",
            "module.vpc.aws_vpc_ipv4_cidr_block_association.this"
          ],
          "create_before_destroy": true
        }
      ]
    },
    {
      "module": "module.admin_restaurant",
      "mode": "managed",
      "type": "aws_lambda_permission",
      "name": "api_gateway_permission",
      "provider": "provider[\"registry.terraform.io/hashicorp/aws\"]",
      "instances": [
        {
          "index_key": "POST",
          "schema_version": 0,
          "attributes": {
            "action": "lambda:InvokeFunction",
            "event_source_token": null,
            "function_name": "CrearRestaurantLambda",
            "function_url_auth_type": null,
            "id": "AllowAPIGatewayInvokeCrearRestaurant_POST",
            "principal": "apigateway.amazonaws.com",
            "principal_org_id": null,
            "qualifier": "",
            "source_account": null,
            "source_arn": "arn:aws:execute-api:us-east-1:557988741594:id95l3w72m/prod/POST/admin/restaurant",
            "statement_id": "AllowAPIGatewayInvokeCrearRestaurant_POST",
            "statement_id_prefix": ""
          },
          "sensitive_attributes": [],
          "private": "bnVsbA==",
          "dependencies": [
            "aws_api_gateway_resource.admin",
            "aws_api_gateway_resource.admin_restaurant",
            "aws_api_gateway_rest_api.my_api",
            "aws_security_group.lambda_sg",
            "data.archive_file.admin_crear_mesa_zip",
            "data.archive_file.admin_crear_restaurant_zip",
            "data.archive_file.admin_obtener_reservas_zip",
            "data.archive_file.crear_reserva_zip",
            "data.archive_file.delete_reserva_zip",
            "data.archive_file.obtener_reservas_zip",
            "data.aws_iam_role.labrole",
            "module.my_lambdas.aws_lambda_function.this",
            "module.vpc.aws_subnet.private",
            "module.vpc.aws_vpc.this",
            "module.vpc.aws_vpc_ipv4_cidr_block_association.this"
          ],
          "create_before_destroy": true
        }
      ]
    },
    {
      "module": "module.dynamodb_tables",
      "mode": "managed",
      "type": "aws_dynamodb_table",
      "name": "tables",
      "provider": "provider[\"registry.terraform.io/hashicorp/aws\"]",
      "instances": [
        {
          "index_key": "MESAS",
          "schema_version": 1,
          "attributes": {
            "arn": "arn:aws:dynamodb:us-east-1:557988741594:table/MESAS",
            "attribute": [
              {
                "name": "ID_Mesa",
                "type": "S"
              },
              {
                "name": "Localidad#Categoria#Nombre_restaurant",
                "type": "S"
              }
            ],
            "billing_mode": "PAY_PER_REQUEST",
            "deletion_protection_enabled": false,
            "global_secondary_index": [],
            "hash_key": "Localidad#Categoria#Nombre_restaurant",
            "id": "MESAS",
            "import_table": [],
            "local_secondary_index": [],
            "name": "MESAS",
            "on_demand_throughput": [],
            "point_in_time_recovery": [
              {
                "enabled": false
              }
            ],
            "range_key": "ID_Mesa",
            "read_capacity": 0,
            "replica": [],
            "restore_date_time": null,
            "restore_source_name": null,
            "restore_source_table_arn": null,
            "restore_to_latest_time": null,
            "server_side_encryption": [],
            "stream_arn": "",
            "stream_enabled": false,
            "stream_label": "",
            "stream_view_type": "",
            "table_class": "STANDARD",
            "tags": null,
            "tags_all": {},
            "timeouts": null,
            "ttl": [
              {
                "attribute_name": "",
                "enabled": false
              }
            ],
            "write_capacity": 0
          },
          "sensitive_attributes": [],
          "private": "eyJlMmJmYjczMC1lY2FhLTExZTYtOGY4OC0zNDM2M2JjN2M0YzAiOnsiY3JlYXRlIjoxODAwMDAwMDAwMDAwLCJkZWxldGUiOjYwMDAwMDAwMDAwMCwidXBkYXRlIjozNjAwMDAwMDAwMDAwfSwic2NoZW1hX3ZlcnNpb24iOiIxIn0="
        },
        {
          "index_key": "RESERVAS",
          "schema_version": 1,
          "attributes": {
            "arn": "arn:aws:dynamodb:us-east-1:557988741594:table/RESERVAS",
            "attribute": [
              {
                "name": "Fecha_hora#ID_Mesa",
                "type": "S"
              },
              {
                "name": "Localidad#Categoria#Nombre_restaurant",
                "type": "S"
              }
            ],
            "billing_mode": "PAY_PER_REQUEST",
            "deletion_protection_enabled": false,
            "global_secondary_index": [],
            "hash_key": "Localidad#Categoria#Nombre_restaurant",
            "id": "RESERVAS",
            "import_table": [],
            "local_secondary_index": [],
            "name": "RESERVAS",
            "on_demand_throughput": [],
            "point_in_time_recovery": [
              {
                "enabled": false
              }
            ],
            "range_key": "Fecha_hora#ID_Mesa",
            "read_capacity": 0,
            "replica": [],
            "restore_date_time": null,
            "restore_source_name": null,
            "restore_source_table_arn": null,
            "restore_to_latest_time": null,
            "server_side_encryption": [],
            "stream_arn": "",
            "stream_enabled": false,
            "stream_label": "",
            "stream_view_type": "",
            "table_class": "STANDARD",
            "tags": null,
            "tags_all": {},
            "timeouts": null,
            "ttl": [
              {
                "attribute_name": "",
                "enabled": false
              }
            ],
            "write_capacity": 0
          },
          "sensitive_attributes": [],
          "private": "eyJlMmJmYjczMC1lY2FhLTExZTYtOGY4OC0zNDM2M2JjN2M0YzAiOnsiY3JlYXRlIjoxODAwMDAwMDAwMDAwLCJkZWxldGUiOjYwMDAwMDAwMDAwMCwidXBkYXRlIjozNjAwMDAwMDAwMDAwfSwic2NoZW1hX3ZlcnNpb24iOiIxIn0="
        },
        {
          "index_key": "RESTAURANTES",
          "schema_version": 1,
          "attributes": {
            "arn": "arn:aws:dynamodb:us-east-1:557988741594:table/RESTAURANTES",
            "attribute": [
              {
                "name": "Categoria#Nombre_restaurant",
                "type": "S"
              },
              {
                "name": "Localidad",
                "type": "S"
              }
            ],
            "billing_mode": "PAY_PER_REQUEST",
            "deletion_protection_enabled": false,
            "global_secondary_index": [],
            "hash_key": "Localidad",
            "id": "RESTAURANTES",
            "import_table": [],
            "local_secondary_index": [],
            "name": "RESTAURANTES",
            "on_demand_throughput": [],
            "point_in_time_recovery": [
              {
                "enabled": false
              }
            ],
            "range_key": "Categoria#Nombre_restaurant",
            "read_capacity": 0,
            "replica": [],
            "restore_date_time": null,
            "restore_source_name": null,
            "restore_source_table_arn": null,
            "restore_to_latest_time": null,
            "server_side_encryption": [],
            "stream_arn": "",
            "stream_enabled": false,
            "stream_label": "",
            "stream_view_type": "",
            "table_class": "STANDARD",
            "tags": null,
            "tags_all": {},
            "timeouts": null,
            "ttl": [
              {
                "attribute_name": "",
                "enabled": false
              }
            ],
            "write_capacity": 0
          },
          "sensitive_attributes": [],
          "private": "eyJlMmJmYjczMC1lY2FhLTExZTYtOGY4OC0zNDM2M2JjN2M0YzAiOnsiY3JlYXRlIjoxODAwMDAwMDAwMDAwLCJkZWxldGUiOjYwMDAwMDAwMDAwMCwidXBkYXRlIjozNjAwMDAwMDAwMDAwfSwic2NoZW1hX3ZlcnNpb24iOiIxIn0="
        },
        {
          "index_key": "USUARIOS",
          "schema_version": 1,
          "attributes": {
            "arn": "arn:aws:dynamodb:us-east-1:557988741594:table/USUARIOS",
            "attribute": [
              {
                "name": "Fecha_hora",
                "type": "N"
              },
              {
                "name": "ID_Usuario",
                "type": "S"
              }
            ],
            "billing_mode": "PAY_PER_REQUEST",
            "deletion_protection_enabled": false,
            "global_secondary_index": [],
            "hash_key": "ID_Usuario",
            "id": "USUARIOS",
            "import_table": [],
            "local_secondary_index": [],
            "name": "USUARIOS",
            "on_demand_throughput": [],
            "point_in_time_recovery": [
              {
                "enabled": false
              }
            ],
            "range_key": "Fecha_hora",
            "read_capacity": 0,
            "replica": [],
            "restore_date_time": null,
            "restore_source_name": null,
            "restore_source_table_arn": null,
            "restore_to_latest_time": null,
            "server_side_encryption": [],
            "stream_arn": "",
            "stream_enabled": false,
            "stream_label": "",
            "stream_view_type": "",
            "table_class": "STANDARD",
            "tags": null,
            "tags_all": {},
            "timeouts": null,
            "ttl": [
              {
                "attribute_name": "",
                "enabled": false
              }
            ],
            "write_capacity": 0
          },
          "sensitive_attributes": [],
          "private": "eyJlMmJmYjczMC1lY2FhLTExZTYtOGY4OC0zNDM2M2JjN2M0YzAiOnsiY3JlYXRlIjoxODAwMDAwMDAwMDAwLCJkZWxldGUiOjYwMDAwMDAwMDAwMCwidXBkYXRlIjozNjAwMDAwMDAwMDAwfSwic2NoZW1hX3ZlcnNpb24iOiIxIn0="
        }
      ]
    },
    {
      "module": "module.my_lambdas",
      "mode": "managed",
      "type": "aws_lambda_function",
      "name": "this",
      "provider": "provider[\"registry.terraform.io/hashicorp/aws\"]",
      "instances": [
        {
          "index_key": "admin_crear_mesa",
          "schema_version": 0,
          "attributes": {
            "architectures": [
              "x86_64"
            ],
            "arn": "arn:aws:lambda:us-east-1:557988741594:function:CrearMesaLambda",
            "code_sha256": "yBzygAVqbOtFrqRZbIVajznRPH+xZfbLX/N7SEMkygU=",
            "code_signing_config_arn": "",
            "dead_letter_config": [],
            "description": "",
            "environment": [],
            "ephemeral_storage": [
              {
                "size": 512
              }
            ],
            "file_system_config": [],
            "filename": "./../backend/admin-crear-mesa/admin_crear_mesa.zip",
            "function_name": "CrearMesaLambda",
            "handler": "admin_crear_mesa.admin_crear_mesa",
            "id": "CrearMesaLambda",
            "image_config": [],
            "image_uri": "",
            "invoke_arn": "arn:aws:apigateway:us-east-1:lambda:path/2015-03-31/functions/arn:aws:lambda:us-east-1:557988741594:function:CrearMesaLambda/invocations",
            "kms_key_arn": "",
            "last_modified": "2024-10-22T18:22:51.890+0000",
            "layers": null,
            "logging_config": [
              {
                "application_log_level": "",
                "log_format": "Text",
                "log_group": "/aws/lambda/CrearMesaLambda",
                "system_log_level": ""
              }
            ],
            "memory_size": 128,
            "package_type": "Zip",
            "publish": false,
            "qualified_arn": "arn:aws:lambda:us-east-1:557988741594:function:CrearMesaLambda:$LATEST",
            "qualified_invoke_arn": "arn:aws:apigateway:us-east-1:lambda:path/2015-03-31/functions/arn:aws:lambda:us-east-1:557988741594:function:CrearMesaLambda:$LATEST/invocations",
            "replace_security_groups_on_destroy": null,
            "replacement_security_group_ids": null,
            "reserved_concurrent_executions": -1,
            "role": "arn:aws:iam::557988741594:role/LabRole",
            "runtime": "python3.12",
            "s3_bucket": null,
            "s3_key": null,
            "s3_object_version": null,
            "signing_job_arn": "",
            "signing_profile_version_arn": "",
            "skip_destroy": false,
            "snap_start": [],
            "source_code_hash": "yBzygAVqbOtFrqRZbIVajznRPH+xZfbLX/N7SEMkygU=",
            "source_code_size": 1438,
            "tags": null,
            "tags_all": {},
            "timeout": 3,
            "timeouts": null,
            "tracing_config": [
              {
                "mode": "PassThrough"
              }
            ],
            "version": "$LATEST",
            "vpc_config": [
              {
                "ipv6_allowed_for_dual_stack": false,
                "security_group_ids": [
                  "sg-072c9d38f15f73325"
                ],
                "subnet_ids": [
                  "subnet-081b4bbdb0b375f05",
                  "subnet-08510fb040ef8c61a"
                ],
                "vpc_id": "vpc-0d492fec5f2247c58"
              }
            ]
          },
          "sensitive_attributes": [],
          "private": "eyJlMmJmYjczMC1lY2FhLTExZTYtOGY4OC0zNDM2M2JjN2M0YzAiOnsiY3JlYXRlIjo2MDAwMDAwMDAwMDAsImRlbGV0ZSI6NjAwMDAwMDAwMDAwLCJ1cGRhdGUiOjYwMDAwMDAwMDAwMH19",
          "dependencies": [
            "aws_security_group.lambda_sg",
            "data.archive_file.admin_crear_mesa_zip",
            "data.archive_file.admin_crear_restaurant_zip",
            "data.archive_file.admin_obtener_reservas_zip",
            "data.archive_file.crear_reserva_zip",
            "data.archive_file.delete_reserva_zip",
            "data.archive_file.obtener_reservas_zip",
            "data.aws_iam_role.labrole",
            "module.vpc.aws_subnet.private",
            "module.vpc.aws_vpc.this",
            "module.vpc.aws_vpc_ipv4_cidr_block_association.this"
          ],
          "create_before_destroy": true
        },
        {
          "index_key": "admin_crear_restaurant",
          "schema_version": 0,
          "attributes": {
            "architectures": [
              "x86_64"
            ],
            "arn": "arn:aws:lambda:us-east-1:557988741594:function:CrearRestaurantLambda",
            "code_sha256": "OKKdaCkKY17S52QqQAq3tmitW9klDBh8sYyHjd00EGY=",
            "code_signing_config_arn": "",
            "dead_letter_config": [],
            "description": "",
            "environment": [],
            "ephemeral_storage": [
              {
                "size": 512
              }
            ],
            "file_system_config": [],
            "filename": "./../backend/admin-crear-restaurant/admin_crear_restaurant.zip",
            "function_name": "CrearRestaurantLambda",
            "handler": "admin_crear_restaurant.admin_crear_restaurant",
            "id": "CrearRestaurantLambda",
            "image_config": [],
            "image_uri": "",
            "invoke_arn": "arn:aws:apigateway:us-east-1:lambda:path/2015-03-31/functions/arn:aws:lambda:us-east-1:557988741594:function:CrearRestaurantLambda/invocations",
            "kms_key_arn": "",
            "last_modified": "2024-10-22T18:22:30.000+0000",
            "layers": null,
            "logging_config": [
              {
                "application_log_level": "",
                "log_format": "Text",
                "log_group": "/aws/lambda/CrearRestaurantLambda",
                "system_log_level": ""
              }
            ],
            "memory_size": 128,
            "package_type": "Zip",
            "publish": false,
            "qualified_arn": "arn:aws:lambda:us-east-1:557988741594:function:CrearRestaurantLambda:$LATEST",
            "qualified_invoke_arn": "arn:aws:apigateway:us-east-1:lambda:path/2015-03-31/functions/arn:aws:lambda:us-east-1:557988741594:function:CrearRestaurantLambda:$LATEST/invocations",
            "replace_security_groups_on_destroy": null,
            "replacement_security_group_ids": null,
            "reserved_concurrent_executions": -1,
            "role": "arn:aws:iam::557988741594:role/LabRole",
            "runtime": "python3.12",
            "s3_bucket": null,
            "s3_key": null,
            "s3_object_version": null,
            "signing_job_arn": "",
            "signing_profile_version_arn": "",
            "skip_destroy": false,
            "snap_start": [],
            "source_code_hash": "OKKdaCkKY17S52QqQAq3tmitW9klDBh8sYyHjd00EGY=",
            "source_code_size": 2149,
            "tags": null,
            "tags_all": {},
            "timeout": 3,
            "timeouts": null,
            "tracing_config": [
              {
                "mode": "PassThrough"
              }
            ],
            "version": "$LATEST",
            "vpc_config": [
              {
                "ipv6_allowed_for_dual_stack": false,
                "security_group_ids": [
                  "sg-072c9d38f15f73325"
                ],
                "subnet_ids": [
                  "subnet-081b4bbdb0b375f05",
                  "subnet-08510fb040ef8c61a"
                ],
                "vpc_id": "vpc-0d492fec5f2247c58"
              }
            ]
          },
          "sensitive_attributes": [],
          "private": "eyJlMmJmYjczMC1lY2FhLTExZTYtOGY4OC0zNDM2M2JjN2M0YzAiOnsiY3JlYXRlIjo2MDAwMDAwMDAwMDAsImRlbGV0ZSI6NjAwMDAwMDAwMDAwLCJ1cGRhdGUiOjYwMDAwMDAwMDAwMH19",
          "dependencies": [
            "aws_security_group.lambda_sg",
            "data.archive_file.admin_crear_mesa_zip",
            "data.archive_file.admin_crear_restaurant_zip",
            "data.archive_file.admin_obtener_reservas_zip",
            "data.archive_file.crear_reserva_zip",
            "data.archive_file.delete_reserva_zip",
            "data.archive_file.obtener_reservas_zip",
            "data.aws_iam_role.labrole",
            "module.vpc.aws_subnet.private",
            "module.vpc.aws_vpc.this",
            "module.vpc.aws_vpc_ipv4_cidr_block_association.this"
          ],
          "create_before_destroy": true
        },
        {
          "index_key": "admin_obtener_reservas",
          "schema_version": 0,
          "attributes": {
            "architectures": [
              "x86_64"
            ],
            "arn": "arn:aws:lambda:us-east-1:557988741594:function:AdminObtenerReservasLambda",
            "code_sha256": "EXxzIbzal/hgnghBbMUBd4LmBq4pEnlslACNQ8Z0Oms=",
            "code_signing_config_arn": "",
            "dead_letter_config": [],
            "description": "",
            "environment": [],
            "ephemeral_storage": [
              {
                "size": 512
              }
            ],
            "file_system_config": [],
            "filename": "./../backend/admin-obtener-reservas/admin_obtener_reservas.zip",
            "function_name": "AdminObtenerReservasLambda",
            "handler": "admin_obtener_reservas.admin_obtener_reservas",
            "id": "AdminObtenerReservasLambda",
            "image_config": [],
            "image_uri": "",
            "invoke_arn": "arn:aws:apigateway:us-east-1:lambda:path/2015-03-31/functions/arn:aws:lambda:us-east-1:557988741594:function:AdminObtenerReservasLambda/invocations",
            "kms_key_arn": "",
            "last_modified": "2024-10-22T18:22:22.542+0000",
            "layers": null,
            "logging_config": [
              {
                "application_log_level": "",
                "log_format": "Text",
                "log_group": "/aws/lambda/AdminObtenerReservasLambda",
                "system_log_level": ""
              }
            ],
            "memory_size": 128,
            "package_type": "Zip",
            "publish": false,
            "qualified_arn": "arn:aws:lambda:us-east-1:557988741594:function:AdminObtenerReservasLambda:$LATEST",
            "qualified_invoke_arn": "arn:aws:apigateway:us-east-1:lambda:path/2015-03-31/functions/arn:aws:lambda:us-east-1:557988741594:function:AdminObtenerReservasLambda:$LATEST/invocations",
            "replace_security_groups_on_destroy": null,
            "replacement_security_group_ids": null,
            "reserved_concurrent_executions": -1,
            "role": "arn:aws:iam::557988741594:role/LabRole",
            "runtime": "python3.12",
            "s3_bucket": null,
            "s3_key": null,
            "s3_object_version": null,
            "signing_job_arn": "",
            "signing_profile_version_arn": "",
            "skip_destroy": false,
            "snap_start": [],
            "source_code_hash": "EXxzIbzal/hgnghBbMUBd4LmBq4pEnlslACNQ8Z0Oms=",
            "source_code_size": 1318,
            "tags": null,
            "tags_all": {},
            "timeout": 3,
            "timeouts": null,
            "tracing_config": [
              {
                "mode": "PassThrough"
              }
            ],
            "version": "$LATEST",
            "vpc_config": [
              {
                "ipv6_allowed_for_dual_stack": false,
                "security_group_ids": [
                  "sg-072c9d38f15f73325"
                ],
                "subnet_ids": [
                  "subnet-081b4bbdb0b375f05",
                  "subnet-08510fb040ef8c61a"
                ],
                "vpc_id": "vpc-0d492fec5f2247c58"
              }
            ]
          },
          "sensitive_attributes": [],
          "private": "eyJlMmJmYjczMC1lY2FhLTExZTYtOGY4OC0zNDM2M2JjN2M0YzAiOnsiY3JlYXRlIjo2MDAwMDAwMDAwMDAsImRlbGV0ZSI6NjAwMDAwMDAwMDAwLCJ1cGRhdGUiOjYwMDAwMDAwMDAwMH19",
          "dependencies": [
            "aws_security_group.lambda_sg",
            "data.archive_file.admin_crear_mesa_zip",
            "data.archive_file.admin_crear_restaurant_zip",
            "data.archive_file.admin_obtener_reservas_zip",
            "data.archive_file.crear_reserva_zip",
            "data.archive_file.delete_reserva_zip",
            "data.archive_file.obtener_reservas_zip",
            "data.aws_iam_role.labrole",
            "module.vpc.aws_subnet.private",
            "module.vpc.aws_vpc.this",
            "module.vpc.aws_vpc_ipv4_cidr_block_association.this"
          ],
          "create_before_destroy": true
        },
        {
          "index_key": "crear_reserva",
          "schema_version": 0,
          "attributes": {
            "architectures": [
              "x86_64"
            ],
            "arn": "arn:aws:lambda:us-east-1:557988741594:function:CrearReservaLambda",
            "code_sha256": "9DuSM7d3wT+NDnj0Ly6WSLbvvhyW/tjKXIP7vqS6iVU=",
            "code_signing_config_arn": "",
            "dead_letter_config": [],
            "description": "",
            "environment": [],
            "ephemeral_storage": [
              {
                "size": 512
              }
            ],
            "file_system_config": [],
            "filename": "./../backend/crear-reserva/crear_reserva.zip",
            "function_name": "CrearReservaLambda",
            "handler": "crear_reserva.crear_reserva",
            "id": "CrearReservaLambda",
            "image_config": [],
            "image_uri": "",
            "invoke_arn": "arn:aws:apigateway:us-east-1:lambda:path/2015-03-31/functions/arn:aws:lambda:us-east-1:557988741594:function:CrearReservaLambda/invocations",
            "kms_key_arn": "",
            "last_modified": "2024-10-22T18:22:37.318+0000",
            "layers": null,
            "logging_config": [
              {
                "application_log_level": "",
                "log_format": "Text",
                "log_group": "/aws/lambda/CrearReservaLambda",
                "system_log_level": ""
              }
            ],
            "memory_size": 128,
            "package_type": "Zip",
            "publish": false,
            "qualified_arn": "arn:aws:lambda:us-east-1:557988741594:function:CrearReservaLambda:$LATEST",
            "qualified_invoke_arn": "arn:aws:apigateway:us-east-1:lambda:path/2015-03-31/functions/arn:aws:lambda:us-east-1:557988741594:function:CrearReservaLambda:$LATEST/invocations",
            "replace_security_groups_on_destroy": null,
            "replacement_security_group_ids": null,
            "reserved_concurrent_executions": -1,
            "role": "arn:aws:iam::557988741594:role/LabRole",
            "runtime": "python3.12",
            "s3_bucket": null,
            "s3_key": null,
            "s3_object_version": null,
            "signing_job_arn": "",
            "signing_profile_version_arn": "",
            "skip_destroy": false,
            "snap_start": [],
            "source_code_hash": "9DuSM7d3wT+NDnj0Ly6WSLbvvhyW/tjKXIP7vqS6iVU=",
            "source_code_size": 2252,
            "tags": null,
            "tags_all": {},
            "timeout": 3,
            "timeouts": null,
            "tracing_config": [
              {
                "mode": "PassThrough"
              }
            ],
            "version": "$LATEST",
            "vpc_config": [
              {
                "ipv6_allowed_for_dual_stack": false,
                "security_group_ids": [
                  "sg-072c9d38f15f73325"
                ],
                "subnet_ids": [
                  "subnet-081b4bbdb0b375f05",
                  "subnet-08510fb040ef8c61a"
                ],
                "vpc_id": "vpc-0d492fec5f2247c58"
              }
            ]
          },
          "sensitive_attributes": [],
          "private": "eyJlMmJmYjczMC1lY2FhLTExZTYtOGY4OC0zNDM2M2JjN2M0YzAiOnsiY3JlYXRlIjo2MDAwMDAwMDAwMDAsImRlbGV0ZSI6NjAwMDAwMDAwMDAwLCJ1cGRhdGUiOjYwMDAwMDAwMDAwMH19",
          "dependencies": [
            "aws_security_group.lambda_sg",
            "data.archive_file.admin_crear_mesa_zip",
            "data.archive_file.admin_crear_restaurant_zip",
            "data.archive_file.admin_obtener_reservas_zip",
            "data.archive_file.crear_reserva_zip",
            "data.archive_file.delete_reserva_zip",
            "data.archive_file.obtener_reservas_zip",
            "data.aws_iam_role.labrole",
            "module.vpc.aws_subnet.private",
            "module.vpc.aws_vpc.this",
            "module.vpc.aws_vpc_ipv4_cidr_block_association.this"
          ],
          "create_before_destroy": true
        },
        {
          "index_key": "delete_reserva",
          "schema_version": 0,
          "attributes": {
            "architectures": [
              "x86_64"
            ],
            "arn": "arn:aws:lambda:us-east-1:557988741594:function:DeleteReservaLambda",
            "code_sha256": "0A/49FvIAnYLJQ10eXDUFMxBfaB1gIRhXBK8BM0UsII=",
            "code_signing_config_arn": "",
            "dead_letter_config": [],
            "description": "",
            "environment": [],
            "ephemeral_storage": [
              {
                "size": 512
              }
            ],
            "file_system_config": [],
            "filename": "./../backend/delete-reserva/delete_reserva.zip",
            "function_name": "DeleteReservaLambda",
            "handler": "delete_reserva.delete_reserva",
            "id": "DeleteReservaLambda",
            "image_config": [],
            "image_uri": "",
            "invoke_arn": "arn:aws:apigateway:us-east-1:lambda:path/2015-03-31/functions/arn:aws:lambda:us-east-1:557988741594:function:DeleteReservaLambda/invocations",
            "kms_key_arn": "",
            "last_modified": "2024-10-22T18:18:36.493+0000",
            "layers": null,
            "logging_config": [
              {
                "application_log_level": "",
                "log_format": "Text",
                "log_group": "/aws/lambda/DeleteReservaLambda",
                "system_log_level": ""
              }
            ],
            "memory_size": 128,
            "package_type": "Zip",
            "publish": false,
            "qualified_arn": "arn:aws:lambda:us-east-1:557988741594:function:DeleteReservaLambda:$LATEST",
            "qualified_invoke_arn": "arn:aws:apigateway:us-east-1:lambda:path/2015-03-31/functions/arn:aws:lambda:us-east-1:557988741594:function:DeleteReservaLambda:$LATEST/invocations",
            "replace_security_groups_on_destroy": null,
            "replacement_security_group_ids": null,
            "reserved_concurrent_executions": -1,
            "role": "arn:aws:iam::557988741594:role/LabRole",
            "runtime": "python3.12",
            "s3_bucket": null,
            "s3_key": null,
            "s3_object_version": null,
            "signing_job_arn": "",
            "signing_profile_version_arn": "",
            "skip_destroy": false,
            "snap_start": [],
            "source_code_hash": "0A/49FvIAnYLJQ10eXDUFMxBfaB1gIRhXBK8BM0UsII=",
            "source_code_size": 1558,
            "tags": null,
            "tags_all": {},
            "timeout": 3,
            "timeouts": null,
            "tracing_config": [
              {
                "mode": "PassThrough"
              }
            ],
            "version": "$LATEST",
            "vpc_config": [
              {
                "ipv6_allowed_for_dual_stack": false,
                "security_group_ids": [
                  "sg-072c9d38f15f73325"
                ],
                "subnet_ids": [
                  "subnet-081b4bbdb0b375f05",
                  "subnet-08510fb040ef8c61a"
                ],
                "vpc_id": "vpc-0d492fec5f2247c58"
              }
            ]
          },
          "sensitive_attributes": [],
          "private": "eyJlMmJmYjczMC1lY2FhLTExZTYtOGY4OC0zNDM2M2JjN2M0YzAiOnsiY3JlYXRlIjo2MDAwMDAwMDAwMDAsImRlbGV0ZSI6NjAwMDAwMDAwMDAwLCJ1cGRhdGUiOjYwMDAwMDAwMDAwMH19",
          "dependencies": [
            "aws_security_group.lambda_sg",
            "data.archive_file.admin_crear_mesa_zip",
            "data.archive_file.admin_crear_restaurant_zip",
            "data.archive_file.admin_obtener_reservas_zip",
            "data.archive_file.crear_reserva_zip",
            "data.archive_file.delete_reserva_zip",
            "data.archive_file.obtener_reservas_zip",
            "data.aws_iam_role.labrole",
            "module.vpc.aws_subnet.private",
            "module.vpc.aws_vpc.this",
            "module.vpc.aws_vpc_ipv4_cidr_block_association.this"
          ],
          "create_before_destroy": true
        },
        {
          "index_key": "obtener_reservas",
          "schema_version": 0,
          "attributes": {
            "architectures": [
              "x86_64"
            ],
            "arn": "arn:aws:lambda:us-east-1:557988741594:function:ObtenerReservasLambda",
            "code_sha256": "9pSvNYI1mDvJgOdit985bUmLDYtAcm3j1551KvtDMLs=",
            "code_signing_config_arn": "",
            "dead_letter_config": [],
            "description": "",
            "environment": [],
            "ephemeral_storage": [
              {
                "size": 512
              }
            ],
            "file_system_config": [],
            "filename": "./../backend/obtener-reservas/obtener_reservas.zip",
            "function_name": "ObtenerReservasLambda",
            "handler": "obtener_reservas.obtener_reservas",
            "id": "ObtenerReservasLambda",
            "image_config": [],
            "image_uri": "",
            "invoke_arn": "arn:aws:apigateway:us-east-1:lambda:path/2015-03-31/functions/arn:aws:lambda:us-east-1:557988741594:function:ObtenerReservasLambda/invocations",
            "kms_key_arn": "",
            "last_modified": "2024-10-22T18:22:44.487+0000",
            "layers": null,
            "logging_config": [
              {
                "application_log_level": "",
                "log_format": "Text",
                "log_group": "/aws/lambda/ObtenerReservasLambda",
                "system_log_level": ""
              }
            ],
            "memory_size": 128,
            "package_type": "Zip",
            "publish": false,
            "qualified_arn": "arn:aws:lambda:us-east-1:557988741594:function:ObtenerReservasLambda:$LATEST",
            "qualified_invoke_arn": "arn:aws:apigateway:us-east-1:lambda:path/2015-03-31/functions/arn:aws:lambda:us-east-1:557988741594:function:ObtenerReservasLambda:$LATEST/invocations",
            "replace_security_groups_on_destroy": null,
            "replacement_security_group_ids": null,
            "reserved_concurrent_executions": -1,
            "role": "arn:aws:iam::557988741594:role/LabRole",
            "runtime": "python3.12",
            "s3_bucket": null,
            "s3_key": null,
            "s3_object_version": null,
            "signing_job_arn": "",
            "signing_profile_version_arn": "",
            "skip_destroy": false,
            "snap_start": [],
            "source_code_hash": "9pSvNYI1mDvJgOdit985bUmLDYtAcm3j1551KvtDMLs=",
            "source_code_size": 1130,
            "tags": null,
            "tags_all": {},
            "timeout": 3,
            "timeouts": null,
            "tracing_config": [
              {
                "mode": "PassThrough"
              }
            ],
            "version": "$LATEST",
            "vpc_config": [
              {
                "ipv6_allowed_for_dual_stack": false,
                "security_group_ids": [
                  "sg-072c9d38f15f73325"
                ],
                "subnet_ids": [
                  "subnet-081b4bbdb0b375f05",
                  "subnet-08510fb040ef8c61a"
                ],
                "vpc_id": "vpc-0d492fec5f2247c58"
              }
            ]
          },
          "sensitive_attributes": [],
          "private": "eyJlMmJmYjczMC1lY2FhLTExZTYtOGY4OC0zNDM2M2JjN2M0YzAiOnsiY3JlYXRlIjo2MDAwMDAwMDAwMDAsImRlbGV0ZSI6NjAwMDAwMDAwMDAwLCJ1cGRhdGUiOjYwMDAwMDAwMDAwMH19",
          "dependencies": [
            "aws_security_group.lambda_sg",
            "data.archive_file.admin_crear_mesa_zip",
            "data.archive_file.admin_crear_restaurant_zip",
            "data.archive_file.admin_obtener_reservas_zip",
            "data.archive_file.crear_reserva_zip",
            "data.archive_file.delete_reserva_zip",
            "data.archive_file.obtener_reservas_zip",
            "data.aws_iam_role.labrole",
            "module.vpc.aws_subnet.private",
            "module.vpc.aws_vpc.this",
            "module.vpc.aws_vpc_ipv4_cidr_block_association.this"
          ],
          "create_before_destroy": true
        }
      ]
    },
    {
      "module": "module.reserva",
      "mode": "managed",
      "type": "aws_api_gateway_integration",
      "name": "lambda_integration",
      "provider": "provider[\"registry.terraform.io/hashicorp/aws\"]",
      "instances": [
        {
          "index_key": "DELETE",
          "schema_version": 0,
          "attributes": {
            "cache_key_parameters": null,
            "cache_namespace": "1n92a1",
            "connection_id": "",
            "connection_type": "INTERNET",
            "content_handling": "",
            "credentials": "",
            "http_method": "DELETE",
            "id": "agi-id95l3w72m-1n92a1-DELETE",
            "integration_http_method": "POST",
            "passthrough_behavior": "WHEN_NO_MATCH",
            "request_parameters": null,
            "request_templates": null,
            "resource_id": "1n92a1",
            "rest_api_id": "id95l3w72m",
            "timeout_milliseconds": 29000,
            "tls_config": [],
            "type": "AWS_PROXY",
            "uri": "arn:aws:apigateway:us-east-1:lambda:path/2015-03-31/functions/arn:aws:lambda:us-east-1:557988741594:function:DeleteReservaLambda/invocations"
          },
          "sensitive_attributes": [],
          "private": "bnVsbA==",
          "dependencies": [
            "aws_api_gateway_resource.reservas",
            "aws_api_gateway_rest_api.my_api",
            "aws_security_group.lambda_sg",
            "data.archive_file.admin_crear_mesa_zip",
            "data.archive_file.admin_crear_restaurant_zip",
            "data.archive_file.admin_obtener_reservas_zip",
            "data.archive_file.crear_reserva_zip",
            "data.archive_file.delete_reserva_zip",
            "data.archive_file.obtener_reservas_zip",
            "data.aws_iam_role.labrole",
            "module.my_lambdas.aws_lambda_function.this",
            "module.reserva.aws_api_gateway_method.resource_method",
            "module.vpc.aws_subnet.private",
            "module.vpc.aws_vpc.this",
            "module.vpc.aws_vpc_ipv4_cidr_block_association.this"
          ],
          "create_before_destroy": true
        },
        {
          "index_key": "GET",
          "schema_version": 0,
          "attributes": {
            "cache_key_parameters": null,
            "cache_namespace": "1n92a1",
            "connection_id": "",
            "connection_type": "INTERNET",
            "content_handling": "",
            "credentials": "",
            "http_method": "GET",
            "id": "agi-id95l3w72m-1n92a1-GET",
            "integration_http_method": "POST",
            "passthrough_behavior": "WHEN_NO_MATCH",
            "request_parameters": null,
            "request_templates": null,
            "resource_id": "1n92a1",
            "rest_api_id": "id95l3w72m",
            "timeout_milliseconds": 29000,
            "tls_config": [],
            "type": "AWS_PROXY",
            "uri": "arn:aws:apigateway:us-east-1:lambda:path/2015-03-31/functions/arn:aws:lambda:us-east-1:557988741594:function:ObtenerReservasLambda/invocations"
          },
          "sensitive_attributes": [],
          "private": "bnVsbA==",
          "dependencies": [
            "aws_api_gateway_resource.reservas",
            "aws_api_gateway_rest_api.my_api",
            "aws_security_group.lambda_sg",
            "data.archive_file.admin_crear_mesa_zip",
            "data.archive_file.admin_crear_restaurant_zip",
            "data.archive_file.admin_obtener_reservas_zip",
            "data.archive_file.crear_reserva_zip",
            "data.archive_file.delete_reserva_zip",
            "data.archive_file.obtener_reservas_zip",
            "data.aws_iam_role.labrole",
            "module.my_lambdas.aws_lambda_function.this",
            "module.reserva.aws_api_gateway_method.resource_method",
            "module.vpc.aws_subnet.private",
            "module.vpc.aws_vpc.this",
            "module.vpc.aws_vpc_ipv4_cidr_block_association.this"
          ],
          "create_before_destroy": true
        },
        {
          "index_key": "POST",
          "schema_version": 0,
          "attributes": {
            "cache_key_parameters": null,
            "cache_namespace": "1n92a1",
            "connection_id": "",
            "connection_type": "INTERNET",
            "content_handling": "",
            "credentials": "",
            "http_method": "POST",
            "id": "agi-id95l3w72m-1n92a1-POST",
            "integration_http_method": "POST",
            "passthrough_behavior": "WHEN_NO_MATCH",
            "request_parameters": null,
            "request_templates": null,
            "resource_id": "1n92a1",
            "rest_api_id": "id95l3w72m",
            "timeout_milliseconds": 29000,
            "tls_config": [],
            "type": "AWS_PROXY",
            "uri": "arn:aws:apigateway:us-east-1:lambda:path/2015-03-31/functions/arn:aws:lambda:us-east-1:557988741594:function:CrearReservaLambda/invocations"
          },
          "sensitive_attributes": [],
          "private": "bnVsbA==",
          "dependencies": [
            "aws_api_gateway_resource.reservas",
            "aws_api_gateway_rest_api.my_api",
            "aws_security_group.lambda_sg",
            "data.archive_file.admin_crear_mesa_zip",
            "data.archive_file.admin_crear_restaurant_zip",
            "data.archive_file.admin_obtener_reservas_zip",
            "data.archive_file.crear_reserva_zip",
            "data.archive_file.delete_reserva_zip",
            "data.archive_file.obtener_reservas_zip",
            "data.aws_iam_role.labrole",
            "module.my_lambdas.aws_lambda_function.this",
            "module.reserva.aws_api_gateway_method.resource_method",
            "module.vpc.aws_subnet.private",
            "module.vpc.aws_vpc.this",
            "module.vpc.aws_vpc_ipv4_cidr_block_association.this"
          ],
          "create_before_destroy": true
        }
      ]
    },
    {
      "module": "module.reserva",
      "mode": "managed",
      "type": "aws_api_gateway_integration",
      "name": "options_integration_lambda",
      "provider": "provider[\"registry.terraform.io/hashicorp/aws\"]",
      "instances": [
        {
          "schema_version": 0,
          "attributes": {
            "cache_key_parameters": null,
            "cache_namespace": "1n92a1",
            "connection_id": "",
            "connection_type": "INTERNET",
            "content_handling": "",
            "credentials": "",
            "http_method": "OPTIONS",
            "id": "agi-id95l3w72m-1n92a1-OPTIONS",
            "integration_http_method": "",
            "passthrough_behavior": "WHEN_NO_MATCH",
            "request_parameters": null,
            "request_templates": {
              "application/json": "{\"statusCode\": 200}"
            },
            "resource_id": "1n92a1",
            "rest_api_id": "id95l3w72m",
            "timeout_milliseconds": 29000,
            "tls_config": [],
            "type": "MOCK",
            "uri": ""
          },
          "sensitive_attributes": [],
          "private": "bnVsbA==",
          "dependencies": [
            "aws_api_gateway_resource.reservas",
            "aws_api_gateway_rest_api.my_api",
            "aws_security_group.lambda_sg",
            "data.archive_file.admin_crear_mesa_zip",
            "data.archive_file.admin_crear_restaurant_zip",
            "data.archive_file.admin_obtener_reservas_zip",
            "data.archive_file.crear_reserva_zip",
            "data.archive_file.delete_reserva_zip",
            "data.archive_file.obtener_reservas_zip",
            "data.aws_iam_role.labrole",
            "module.my_lambdas.aws_lambda_function.this",
            "module.reserva.aws_api_gateway_method.options_lambda",
            "module.vpc.aws_subnet.private",
            "module.vpc.aws_vpc.this",
            "module.vpc.aws_vpc_ipv4_cidr_block_association.this"
          ],
          "create_before_destroy": true
        }
      ]
    },
    {
      "module": "module.reserva",
      "mode": "managed",
      "type": "aws_api_gateway_integration_response",
      "name": "options_integration_response",
      "provider": "provider[\"registry.terraform.io/hashicorp/aws\"]",
      "instances": [
        {
          "schema_version": 0,
          "attributes": {
            "content_handling": "",
            "http_method": "OPTIONS",
            "id": "agir-id95l3w72m-1n92a1-OPTIONS-200",
            "resource_id": "1n92a1",
            "response_parameters": {
              "method.response.header.Access-Control-Allow-Headers": "'Content-Type,X-Amz-Date,Authorization,X-Api-Key,X-Amz-Security-Token'",
              "method.response.header.Access-Control-Allow-Methods": "'DELETE,GET,POST,OPTIONS'",
              "method.response.header.Access-Control-Allow-Origin": "'*'"
            },
            "response_templates": null,
            "rest_api_id": "id95l3w72m",
            "selection_pattern": "",
            "status_code": "200"
          },
          "sensitive_attributes": [],
          "private": "bnVsbA==",
          "dependencies": [
            "aws_api_gateway_resource.reservas",
            "aws_api_gateway_rest_api.my_api",
            "aws_security_group.lambda_sg",
            "data.archive_file.admin_crear_mesa_zip",
            "data.archive_file.admin_crear_restaurant_zip",
            "data.archive_file.admin_obtener_reservas_zip",
            "data.archive_file.crear_reserva_zip",
            "data.archive_file.delete_reserva_zip",
            "data.archive_file.obtener_reservas_zip",
            "data.aws_iam_role.labrole",
            "module.my_lambdas.aws_lambda_function.this",
            "module.reserva.aws_api_gateway_method.options_lambda",
            "module.reserva.aws_api_gateway_method_response.options_method_response",
            "module.vpc.aws_subnet.private",
            "module.vpc.aws_vpc.this",
            "module.vpc.aws_vpc_ipv4_cidr_block_association.this"
          ],
          "create_before_destroy": true
        }
      ]
    },
    {
      "module": "module.reserva",
      "mode": "managed",
      "type": "aws_api_gateway_method",
      "name": "options_lambda",
      "provider": "provider[\"registry.terraform.io/hashicorp/aws\"]",
      "instances": [
        {
          "schema_version": 0,
          "attributes": {
            "api_key_required": false,
            "authorization": "NONE",
            "authorization_scopes": null,
            "authorizer_id": null,
            "http_method": "OPTIONS",
            "id": "agm-id95l3w72m-1n92a1-OPTIONS",
            "operation_name": null,
            "request_models": null,
            "request_parameters": null,
            "request_validator_id": null,
            "resource_id": "1n92a1",
            "rest_api_id": "id95l3w72m"
          },
          "sensitive_attributes": [],
          "private": "bnVsbA==",
          "dependencies": [
            "aws_api_gateway_resource.reservas",
            "aws_api_gateway_rest_api.my_api",
            "aws_security_group.lambda_sg",
            "data.archive_file.admin_crear_mesa_zip",
            "data.archive_file.admin_crear_restaurant_zip",
            "data.archive_file.admin_obtener_reservas_zip",
            "data.archive_file.crear_reserva_zip",
            "data.archive_file.delete_reserva_zip",
            "data.archive_file.obtener_reservas_zip",
            "data.aws_iam_role.labrole",
            "module.my_lambdas.aws_lambda_function.this",
            "module.vpc.aws_subnet.private",
            "module.vpc.aws_vpc.this",
            "module.vpc.aws_vpc_ipv4_cidr_block_association.this"
          ],
          "create_before_destroy": true
        }
      ]
    },
    {
      "module": "module.reserva",
      "mode": "managed",
      "type": "aws_api_gateway_method",
      "name": "resource_method",
      "provider": "provider[\"registry.terraform.io/hashicorp/aws\"]",
      "instances": [
        {
          "index_key": "DELETE",
          "schema_version": 0,
          "attributes": {
            "api_key_required": false,
            "authorization": "NONE",
            "authorization_scopes": null,
            "authorizer_id": null,
            "http_method": "DELETE",
            "id": "agm-id95l3w72m-1n92a1-DELETE",
            "operation_name": null,
            "request_models": null,
            "request_parameters": null,
            "request_validator_id": null,
            "resource_id": "1n92a1",
            "rest_api_id": "id95l3w72m"
          },
          "sensitive_attributes": [],
          "private": "bnVsbA==",
          "dependencies": [
            "aws_api_gateway_resource.reservas",
            "aws_api_gateway_rest_api.my_api",
            "aws_security_group.lambda_sg",
            "data.archive_file.admin_crear_mesa_zip",
            "data.archive_file.admin_crear_restaurant_zip",
            "data.archive_file.admin_obtener_reservas_zip",
            "data.archive_file.crear_reserva_zip",
            "data.archive_file.delete_reserva_zip",
            "data.archive_file.obtener_reservas_zip",
            "data.aws_iam_role.labrole",
            "module.my_lambdas.aws_lambda_function.this",
            "module.vpc.aws_subnet.private",
            "module.vpc.aws_vpc.this",
            "module.vpc.aws_vpc_ipv4_cidr_block_association.this"
          ],
          "create_before_destroy": true
        },
        {
          "index_key": "GET",
          "schema_version": 0,
          "attributes": {
            "api_key_required": false,
            "authorization": "NONE",
            "authorization_scopes": null,
            "authorizer_id": null,
            "http_method": "GET",
            "id": "agm-id95l3w72m-1n92a1-GET",
            "operation_name": null,
            "request_models": null,
            "request_parameters": null,
            "request_validator_id": null,
            "resource_id": "1n92a1",
            "rest_api_id": "id95l3w72m"
          },
          "sensitive_attributes": [],
          "private": "bnVsbA==",
          "dependencies": [
            "aws_api_gateway_resource.reservas",
            "aws_api_gateway_rest_api.my_api",
            "aws_security_group.lambda_sg",
            "data.archive_file.admin_crear_mesa_zip",
            "data.archive_file.admin_crear_restaurant_zip",
            "data.archive_file.admin_obtener_reservas_zip",
            "data.archive_file.crear_reserva_zip",
            "data.archive_file.delete_reserva_zip",
            "data.archive_file.obtener_reservas_zip",
            "data.aws_iam_role.labrole",
            "module.my_lambdas.aws_lambda_function.this",
            "module.vpc.aws_subnet.private",
            "module.vpc.aws_vpc.this",
            "module.vpc.aws_vpc_ipv4_cidr_block_association.this"
          ],
          "create_before_destroy": true
        },
        {
          "index_key": "POST",
          "schema_version": 0,
          "attributes": {
            "api_key_required": false,
            "authorization": "NONE",
            "authorization_scopes": null,
            "authorizer_id": null,
            "http_method": "POST",
            "id": "agm-id95l3w72m-1n92a1-POST",
            "operation_name": null,
            "request_models": null,
            "request_parameters": null,
            "request_validator_id": null,
            "resource_id": "1n92a1",
            "rest_api_id": "id95l3w72m"
          },
          "sensitive_attributes": [],
          "private": "bnVsbA==",
          "dependencies": [
            "aws_api_gateway_resource.reservas",
            "aws_api_gateway_rest_api.my_api",
            "aws_security_group.lambda_sg",
            "data.archive_file.admin_crear_mesa_zip",
            "data.archive_file.admin_crear_restaurant_zip",
            "data.archive_file.admin_obtener_reservas_zip",
            "data.archive_file.crear_reserva_zip",
            "data.archive_file.delete_reserva_zip",
            "data.archive_file.obtener_reservas_zip",
            "data.aws_iam_role.labrole",
            "module.my_lambdas.aws_lambda_function.this",
            "module.vpc.aws_subnet.private",
            "module.vpc.aws_vpc.this",
            "module.vpc.aws_vpc_ipv4_cidr_block_association.this"
          ],
          "create_before_destroy": true
        }
      ]
    },
    {
      "module": "module.reserva",
      "mode": "managed",
      "type": "aws_api_gateway_method_response",
      "name": "cors_method_response_200",
      "provider": "provider[\"registry.terraform.io/hashicorp/aws\"]",
      "instances": [
        {
          "index_key": "DELETE",
          "schema_version": 0,
          "attributes": {
            "http_method": "DELETE",
            "id": "agmr-id95l3w72m-1n92a1-DELETE-200",
            "resource_id": "1n92a1",
            "response_models": null,
            "response_parameters": {
              "method.response.header.Access-Control-Allow-Origin": true
            },
            "rest_api_id": "id95l3w72m",
            "status_code": "200"
          },
          "sensitive_attributes": [],
          "private": "bnVsbA==",
          "dependencies": [
            "aws_api_gateway_resource.reservas",
            "aws_api_gateway_rest_api.my_api",
            "aws_security_group.lambda_sg",
            "data.archive_file.admin_crear_mesa_zip",
            "data.archive_file.admin_crear_restaurant_zip",
            "data.archive_file.admin_obtener_reservas_zip",
            "data.archive_file.crear_reserva_zip",
            "data.archive_file.delete_reserva_zip",
            "data.archive_file.obtener_reservas_zip",
            "data.aws_iam_role.labrole",
            "module.my_lambdas.aws_lambda_function.this",
            "module.reserva.aws_api_gateway_method.resource_method",
            "module.vpc.aws_subnet.private",
            "module.vpc.aws_vpc.this",
            "module.vpc.aws_vpc_ipv4_cidr_block_association.this"
          ],
          "create_before_destroy": true
        },
        {
          "index_key": "GET",
          "schema_version": 0,
          "attributes": {
            "http_method": "GET",
            "id": "agmr-id95l3w72m-1n92a1-GET-200",
            "resource_id": "1n92a1",
            "response_models": null,
            "response_parameters": {
              "method.response.header.Access-Control-Allow-Origin": true
            },
            "rest_api_id": "id95l3w72m",
            "status_code": "200"
          },
          "sensitive_attributes": [],
          "private": "bnVsbA==",
          "dependencies": [
            "aws_api_gateway_resource.reservas",
            "aws_api_gateway_rest_api.my_api",
            "aws_security_group.lambda_sg",
            "data.archive_file.admin_crear_mesa_zip",
            "data.archive_file.admin_crear_restaurant_zip",
            "data.archive_file.admin_obtener_reservas_zip",
            "data.archive_file.crear_reserva_zip",
            "data.archive_file.delete_reserva_zip",
            "data.archive_file.obtener_reservas_zip",
            "data.aws_iam_role.labrole",
            "module.my_lambdas.aws_lambda_function.this",
            "module.reserva.aws_api_gateway_method.resource_method",
            "module.vpc.aws_subnet.private",
            "module.vpc.aws_vpc.this",
            "module.vpc.aws_vpc_ipv4_cidr_block_association.this"
          ],
          "create_before_destroy": true
        },
        {
          "index_key": "POST",
          "schema_version": 0,
          "attributes": {
            "http_method": "POST",
            "id": "agmr-id95l3w72m-1n92a1-POST-200",
            "resource_id": "1n92a1",
            "response_models": null,
            "response_parameters": {
              "method.response.header.Access-Control-Allow-Origin": true
            },
            "rest_api_id": "id95l3w72m",
            "status_code": "200"
          },
          "sensitive_attributes": [],
          "private": "bnVsbA==",
          "dependencies": [
            "aws_api_gateway_resource.reservas",
            "aws_api_gateway_rest_api.my_api",
            "aws_security_group.lambda_sg",
            "data.archive_file.admin_crear_mesa_zip",
            "data.archive_file.admin_crear_restaurant_zip",
            "data.archive_file.admin_obtener_reservas_zip",
            "data.archive_file.crear_reserva_zip",
            "data.archive_file.delete_reserva_zip",
            "data.archive_file.obtener_reservas_zip",
            "data.aws_iam_role.labrole",
            "module.my_lambdas.aws_lambda_function.this",
            "module.reserva.aws_api_gateway_method.resource_method",
            "module.vpc.aws_subnet.private",
            "module.vpc.aws_vpc.this",
            "module.vpc.aws_vpc_ipv4_cidr_block_association.this"
          ],
          "create_before_destroy": true
        }
      ]
    },
    {
      "module": "module.reserva",
      "mode": "managed",
      "type": "aws_api_gateway_method_response",
      "name": "options_method_response",
      "provider": "provider[\"registry.terraform.io/hashicorp/aws\"]",
      "instances": [
        {
          "schema_version": 0,
          "attributes": {
            "http_method": "OPTIONS",
            "id": "agmr-id95l3w72m-1n92a1-OPTIONS-200",
            "resource_id": "1n92a1",
            "response_models": {
              "application/json": "Empty"
            },
            "response_parameters": {
              "method.response.header.Access-Control-Allow-Headers": true,
              "method.response.header.Access-Control-Allow-Methods": true,
              "method.response.header.Access-Control-Allow-Origin": true
            },
            "rest_api_id": "id95l3w72m",
            "status_code": "200"
          },
          "sensitive_attributes": [],
          "private": "bnVsbA==",
          "dependencies": [
            "aws_api_gateway_resource.reservas",
            "aws_api_gateway_rest_api.my_api",
            "aws_security_group.lambda_sg",
            "data.archive_file.admin_crear_mesa_zip",
            "data.archive_file.admin_crear_restaurant_zip",
            "data.archive_file.admin_obtener_reservas_zip",
            "data.archive_file.crear_reserva_zip",
            "data.archive_file.delete_reserva_zip",
            "data.archive_file.obtener_reservas_zip",
            "data.aws_iam_role.labrole",
            "module.my_lambdas.aws_lambda_function.this",
            "module.reserva.aws_api_gateway_method.options_lambda",
            "module.vpc.aws_subnet.private",
            "module.vpc.aws_vpc.this",
            "module.vpc.aws_vpc_ipv4_cidr_block_association.this"
          ],
          "create_before_destroy": true
        }
      ]
    },
    {
      "module": "module.reserva",
      "mode": "managed",
      "type": "aws_lambda_permission",
      "name": "api_gateway_permission",
      "provider": "provider[\"registry.terraform.io/hashicorp/aws\"]",
      "instances": [
        {
          "index_key": "DELETE",
          "schema_version": 0,
          "attributes": {
            "action": "lambda:InvokeFunction",
            "event_source_token": null,
            "function_name": "DeleteReservaLambda",
            "function_url_auth_type": null,
            "id": "AllowAPIGatewayInvokeReserva_DELETE",
            "principal": "apigateway.amazonaws.com",
            "principal_org_id": null,
            "qualifier": "",
            "source_account": null,
            "source_arn": "arn:aws:execute-api:us-east-1:557988741594:id95l3w72m/prod/DELETE/reservas",
            "statement_id": "AllowAPIGatewayInvokeReserva_DELETE",
            "statement_id_prefix": ""
          },
          "sensitive_attributes": [],
          "private": "bnVsbA==",
          "dependencies": [
            "aws_api_gateway_resource.reservas",
            "aws_api_gateway_rest_api.my_api",
            "aws_security_group.lambda_sg",
            "data.archive_file.admin_crear_mesa_zip",
            "data.archive_file.admin_crear_restaurant_zip",
            "data.archive_file.admin_obtener_reservas_zip",
            "data.archive_file.crear_reserva_zip",
            "data.archive_file.delete_reserva_zip",
            "data.archive_file.obtener_reservas_zip",
            "data.aws_iam_role.labrole",
            "module.my_lambdas.aws_lambda_function.this",
            "module.vpc.aws_subnet.private",
            "module.vpc.aws_vpc.this",
            "module.vpc.aws_vpc_ipv4_cidr_block_association.this"
          ],
          "create_before_destroy": true
        },
        {
          "index_key": "GET",
          "schema_version": 0,
          "attributes": {
            "action": "lambda:InvokeFunction",
            "event_source_token": null,
            "function_name": "ObtenerReservasLambda",
            "function_url_auth_type": null,
            "id": "AllowAPIGatewayInvokeReserva_GET",
            "principal": "apigateway.amazonaws.com",
            "principal_org_id": null,
            "qualifier": "",
            "source_account": null,
            "source_arn": "arn:aws:execute-api:us-east-1:557988741594:id95l3w72m/prod/GET/reservas",
            "statement_id": "AllowAPIGatewayInvokeReserva_GET",
            "statement_id_prefix": ""
          },
          "sensitive_attributes": [],
          "private": "bnVsbA==",
          "dependencies": [
            "aws_api_gateway_resource.reservas",
            "aws_api_gateway_rest_api.my_api",
            "aws_security_group.lambda_sg",
            "data.archive_file.admin_crear_mesa_zip",
            "data.archive_file.admin_crear_restaurant_zip",
            "data.archive_file.admin_obtener_reservas_zip",
            "data.archive_file.crear_reserva_zip",
            "data.archive_file.delete_reserva_zip",
            "data.archive_file.obtener_reservas_zip",
            "data.aws_iam_role.labrole",
            "module.my_lambdas.aws_lambda_function.this",
            "module.vpc.aws_subnet.private",
            "module.vpc.aws_vpc.this",
            "module.vpc.aws_vpc_ipv4_cidr_block_association.this"
          ],
          "create_before_destroy": true
        },
        {
          "index_key": "POST",
          "schema_version": 0,
          "attributes": {
            "action": "lambda:InvokeFunction",
            "event_source_token": null,
            "function_name": "CrearReservaLambda",
            "function_url_auth_type": null,
            "id": "AllowAPIGatewayInvokeReserva_POST",
            "principal": "apigateway.amazonaws.com",
            "principal_org_id": null,
            "qualifier": "",
            "source_account": null,
            "source_arn": "arn:aws:execute-api:us-east-1:557988741594:id95l3w72m/prod/POST/reservas",
            "statement_id": "AllowAPIGatewayInvokeReserva_POST",
            "statement_id_prefix": ""
          },
          "sensitive_attributes": [],
          "private": "bnVsbA==",
          "dependencies": [
            "aws_api_gateway_resource.reservas",
            "aws_api_gateway_rest_api.my_api",
            "aws_security_group.lambda_sg",
            "data.archive_file.admin_crear_mesa_zip",
            "data.archive_file.admin_crear_restaurant_zip",
            "data.archive_file.admin_obtener_reservas_zip",
            "data.archive_file.crear_reserva_zip",
            "data.archive_file.delete_reserva_zip",
            "data.archive_file.obtener_reservas_zip",
            "data.aws_iam_role.labrole",
            "module.my_lambdas.aws_lambda_function.this",
            "module.vpc.aws_subnet.private",
            "module.vpc.aws_vpc.this",
            "module.vpc.aws_vpc_ipv4_cidr_block_association.this"
          ],
          "create_before_destroy": true
        }
      ]
    },
    {
      "module": "module.vpc",
      "mode": "managed",
      "type": "aws_default_network_acl",
      "name": "this",
      "provider": "provider[\"registry.terraform.io/hashicorp/aws\"]",
      "instances": [
        {
          "index_key": 0,
          "schema_version": 0,
          "attributes": {
            "arn": "arn:aws:ec2:us-east-1:557988741594:network-acl/acl-04a6e0dd44b3a0d8c",
            "default_network_acl_id": "acl-04a6e0dd44b3a0d8c",
            "egress": [
              {
                "action": "allow",
                "cidr_block": "",
                "from_port": 0,
                "icmp_code": null,
                "icmp_type": null,
                "ipv6_cidr_block": "::/0",
                "protocol": "-1",
                "rule_no": 101,
                "to_port": 0
              },
              {
                "action": "allow",
                "cidr_block": "0.0.0.0/0",
                "from_port": 0,
                "icmp_code": null,
                "icmp_type": null,
                "ipv6_cidr_block": "",
                "protocol": "-1",
                "rule_no": 100,
                "to_port": 0
              }
            ],
            "id": "acl-04a6e0dd44b3a0d8c",
            "ingress": [
              {
                "action": "allow",
                "cidr_block": "",
                "from_port": 0,
                "icmp_code": null,
                "icmp_type": null,
                "ipv6_cidr_block": "::/0",
                "protocol": "-1",
                "rule_no": 101,
                "to_port": 0
              },
              {
                "action": "allow",
                "cidr_block": "0.0.0.0/0",
                "from_port": 0,
                "icmp_code": null,
                "icmp_type": null,
                "ipv6_cidr_block": "",
                "protocol": "-1",
                "rule_no": 100,
                "to_port": 0
              }
            ],
            "owner_id": "557988741594",
            "subnet_ids": [
              "subnet-081b4bbdb0b375f05",
              "subnet-08510fb040ef8c61a"
            ],
            "tags": {
              "Environment": "dev",
              "Name": "my-vpc-default",
              "Terraform": "true"
            },
            "tags_all": {
              "Environment": "dev",
              "Name": "my-vpc-default",
              "Terraform": "true"
            },
            "vpc_id": "vpc-0d492fec5f2247c58"
          },
          "sensitive_attributes": [],
          "private": "bnVsbA==",
          "dependencies": [
            "module.vpc.aws_vpc.this"
          ]
        }
      ]
    },
    {
      "module": "module.vpc",
      "mode": "managed",
      "type": "aws_default_route_table",
      "name": "default",
      "provider": "provider[\"registry.terraform.io/hashicorp/aws\"]",
      "instances": [
        {
          "index_key": 0,
          "schema_version": 0,
          "attributes": {
            "arn": "arn:aws:ec2:us-east-1:557988741594:route-table/rtb-019d7b4c3a62c32c8",
            "default_route_table_id": "rtb-019d7b4c3a62c32c8",
            "id": "rtb-019d7b4c3a62c32c8",
            "owner_id": "557988741594",
            "propagating_vgws": null,
            "route": [],
            "tags": {
              "Environment": "dev",
              "Name": "my-vpc-default",
              "Terraform": "true"
            },
            "tags_all": {
              "Environment": "dev",
              "Name": "my-vpc-default",
              "Terraform": "true"
            },
            "timeouts": {
              "create": "5m",
              "update": "5m"
            },
            "vpc_id": "vpc-0d492fec5f2247c58"
          },
          "sensitive_attributes": [],
          "private": "eyJlMmJmYjczMC1lY2FhLTExZTYtOGY4OC0zNDM2M2JjN2M0YzAiOnsiY3JlYXRlIjozMDAwMDAwMDAwMDAsInVwZGF0ZSI6MzAwMDAwMDAwMDAwfX0=",
          "dependencies": [
            "module.vpc.aws_vpc.this"
          ]
        }
      ]
    },
    {
      "module": "module.vpc",
      "mode": "managed",
      "type": "aws_default_security_group",
      "name": "this",
      "provider": "provider[\"registry.terraform.io/hashicorp/aws\"]",
      "instances": [
        {
          "index_key": 0,
          "schema_version": 1,
          "attributes": {
            "arn": "arn:aws:ec2:us-east-1:557988741594:security-group/sg-090b5c3a093f467b5",
            "description": "default VPC security group",
            "egress": [],
            "id": "sg-090b5c3a093f467b5",
            "ingress": [],
            "name": "default",
            "name_prefix": "",
            "owner_id": "557988741594",
            "revoke_rules_on_delete": false,
            "tags": {
              "Environment": "dev",
              "Name": "my-vpc-default",
              "Terraform": "true"
            },
            "tags_all": {
              "Environment": "dev",
              "Name": "my-vpc-default",
              "Terraform": "true"
            },
            "vpc_id": "vpc-0d492fec5f2247c58"
          },
          "sensitive_attributes": [],
          "private": "eyJzY2hlbWFfdmVyc2lvbiI6IjEifQ==",
          "dependencies": [
            "module.vpc.aws_vpc.this"
          ]
        }
      ]
    },
    {
      "module": "module.vpc",
      "mode": "managed",
      "type": "aws_route_table",
      "name": "private",
      "provider": "provider[\"registry.terraform.io/hashicorp/aws\"]",
      "instances": [
        {
          "index_key": 0,
          "schema_version": 0,
          "attributes": {
            "arn": "arn:aws:ec2:us-east-1:557988741594:route-table/rtb-08aa7e8d230690bf9",
            "id": "rtb-08aa7e8d230690bf9",
            "owner_id": "557988741594",
            "propagating_vgws": [],
            "route": [],
            "tags": {
              "Environment": "dev",
              "Name": "my-vpc-private-us-east-1a",
              "Terraform": "true"
            },
            "tags_all": {
              "Environment": "dev",
              "Name": "my-vpc-private-us-east-1a",
              "Terraform": "true"
            },
            "timeouts": null,
            "vpc_id": "vpc-0d492fec5f2247c58"
          },
          "sensitive_attributes": [],
          "private": "eyJlMmJmYjczMC1lY2FhLTExZTYtOGY4OC0zNDM2M2JjN2M0YzAiOnsiY3JlYXRlIjozMDAwMDAwMDAwMDAsImRlbGV0ZSI6MzAwMDAwMDAwMDAwLCJ1cGRhdGUiOjEyMDAwMDAwMDAwMH19",
          "dependencies": [
            "module.vpc.aws_vpc.this",
            "module.vpc.aws_vpc_ipv4_cidr_block_association.this"
          ]
        },
        {
          "index_key": 1,
          "schema_version": 0,
          "attributes": {
            "arn": "arn:aws:ec2:us-east-1:557988741594:route-table/rtb-079f0116e79e5c460",
            "id": "rtb-079f0116e79e5c460",
            "owner_id": "557988741594",
            "propagating_vgws": [],
            "route": [],
            "tags": {
              "Environment": "dev",
              "Name": "my-vpc-private-us-east-1b",
              "Terraform": "true"
            },
            "tags_all": {
              "Environment": "dev",
              "Name": "my-vpc-private-us-east-1b",
              "Terraform": "true"
            },
            "timeouts": null,
            "vpc_id": "vpc-0d492fec5f2247c58"
          },
          "sensitive_attributes": [],
          "private": "eyJlMmJmYjczMC1lY2FhLTExZTYtOGY4OC0zNDM2M2JjN2M0YzAiOnsiY3JlYXRlIjozMDAwMDAwMDAwMDAsImRlbGV0ZSI6MzAwMDAwMDAwMDAwLCJ1cGRhdGUiOjEyMDAwMDAwMDAwMH19",
          "dependencies": [
            "module.vpc.aws_vpc.this",
            "module.vpc.aws_vpc_ipv4_cidr_block_association.this"
          ]
        }
      ]
    },
    {
      "module": "module.vpc",
      "mode": "managed",
      "type": "aws_route_table_association",
      "name": "private",
      "provider": "provider[\"registry.terraform.io/hashicorp/aws\"]",
      "instances": [
        {
          "index_key": 0,
          "schema_version": 0,
          "attributes": {
            "gateway_id": "",
            "id": "rtbassoc-02222708345a58eb2",
            "route_table_id": "rtb-08aa7e8d230690bf9",
            "subnet_id": "subnet-08510fb040ef8c61a",
            "timeouts": null
          },
          "sensitive_attributes": [],
          "private": "eyJlMmJmYjczMC1lY2FhLTExZTYtOGY4OC0zNDM2M2JjN2M0YzAiOnsiY3JlYXRlIjozMDAwMDAwMDAwMDAsImRlbGV0ZSI6MzAwMDAwMDAwMDAwLCJ1cGRhdGUiOjEyMDAwMDAwMDAwMH19",
          "dependencies": [
            "module.vpc.aws_route_table.private",
            "module.vpc.aws_subnet.private",
            "module.vpc.aws_vpc.this",
            "module.vpc.aws_vpc_ipv4_cidr_block_association.this"
          ]
        },
        {
          "index_key": 1,
          "schema_version": 0,
          "attributes": {
            "gateway_id": "",
            "id": "rtbassoc-0e138f0214e09dac1",
            "route_table_id": "rtb-079f0116e79e5c460",
            "subnet_id": "subnet-081b4bbdb0b375f05",
            "timeouts": null
          },
          "sensitive_attributes": [],
          "private": "eyJlMmJmYjczMC1lY2FhLTExZTYtOGY4OC0zNDM2M2JjN2M0YzAiOnsiY3JlYXRlIjozMDAwMDAwMDAwMDAsImRlbGV0ZSI6MzAwMDAwMDAwMDAwLCJ1cGRhdGUiOjEyMDAwMDAwMDAwMH19",
          "dependencies": [
            "module.vpc.aws_route_table.private",
            "module.vpc.aws_subnet.private",
            "module.vpc.aws_vpc.this",
            "module.vpc.aws_vpc_ipv4_cidr_block_association.this"
          ]
        }
      ]
    },
    {
      "module": "module.vpc",
      "mode": "managed",
      "type": "aws_subnet",
      "name": "private",
      "provider": "provider[\"registry.terraform.io/hashicorp/aws\"]",
      "instances": [
        {
          "index_key": 0,
          "schema_version": 1,
          "attributes": {
            "arn": "arn:aws:ec2:us-east-1:557988741594:subnet/subnet-08510fb040ef8c61a",
            "assign_ipv6_address_on_creation": false,
            "availability_zone": "us-east-1a",
            "availability_zone_id": "use1-az4",
            "cidr_block": "10.0.1.0/24",
            "customer_owned_ipv4_pool": "",
            "enable_dns64": false,
            "enable_lni_at_device_index": 0,
            "enable_resource_name_dns_a_record_on_launch": false,
            "enable_resource_name_dns_aaaa_record_on_launch": false,
            "id": "subnet-08510fb040ef8c61a",
            "ipv6_cidr_block": "",
            "ipv6_cidr_block_association_id": "",
            "ipv6_native": false,
            "map_customer_owned_ip_on_launch": false,
            "map_public_ip_on_launch": false,
            "outpost_arn": "",
            "owner_id": "557988741594",
            "private_dns_hostname_type_on_launch": "ip-name",
            "tags": {
              "Environment": "dev",
              "Name": "my-vpc-private-us-east-1a",
              "Terraform": "true"
            },
            "tags_all": {
              "Environment": "dev",
              "Name": "my-vpc-private-us-east-1a",
              "Terraform": "true"
            },
            "timeouts": null,
            "vpc_id": "vpc-0d492fec5f2247c58"
          },
          "sensitive_attributes": [],
          "private": "eyJlMmJmYjczMC1lY2FhLTExZTYtOGY4OC0zNDM2M2JjN2M0YzAiOnsiY3JlYXRlIjo2MDAwMDAwMDAwMDAsImRlbGV0ZSI6MTIwMDAwMDAwMDAwMH0sInNjaGVtYV92ZXJzaW9uIjoiMSJ9",
          "dependencies": [
            "module.vpc.aws_vpc.this",
            "module.vpc.aws_vpc_ipv4_cidr_block_association.this"
          ],
          "create_before_destroy": true
        },
        {
          "index_key": 1,
          "schema_version": 1,
          "attributes": {
            "arn": "arn:aws:ec2:us-east-1:557988741594:subnet/subnet-081b4bbdb0b375f05",
            "assign_ipv6_address_on_creation": false,
            "availability_zone": "us-east-1b",
            "availability_zone_id": "use1-az6",
            "cidr_block": "10.0.2.0/24",
            "customer_owned_ipv4_pool": "",
            "enable_dns64": false,
            "enable_lni_at_device_index": 0,
            "enable_resource_name_dns_a_record_on_launch": false,
            "enable_resource_name_dns_aaaa_record_on_launch": false,
            "id": "subnet-081b4bbdb0b375f05",
            "ipv6_cidr_block": "",
            "ipv6_cidr_block_association_id": "",
            "ipv6_native": false,
            "map_customer_owned_ip_on_launch": false,
            "map_public_ip_on_launch": false,
            "outpost_arn": "",
            "owner_id": "557988741594",
            "private_dns_hostname_type_on_launch": "ip-name",
            "tags": {
              "Environment": "dev",
              "Name": "my-vpc-private-us-east-1b",
              "Terraform": "true"
            },
            "tags_all": {
              "Environment": "dev",
              "Name": "my-vpc-private-us-east-1b",
              "Terraform": "true"
            },
            "timeouts": null,
            "vpc_id": "vpc-0d492fec5f2247c58"
          },
          "sensitive_attributes": [],
          "private": "eyJlMmJmYjczMC1lY2FhLTExZTYtOGY4OC0zNDM2M2JjN2M0YzAiOnsiY3JlYXRlIjo2MDAwMDAwMDAwMDAsImRlbGV0ZSI6MTIwMDAwMDAwMDAwMH0sInNjaGVtYV92ZXJzaW9uIjoiMSJ9",
          "dependencies": [
            "module.vpc.aws_vpc.this",
            "module.vpc.aws_vpc_ipv4_cidr_block_association.this"
          ],
          "create_before_destroy": true
        }
      ]
    },
    {
      "module": "module.vpc",
      "mode": "managed",
      "type": "aws_vpc",
      "name": "this",
      "provider": "provider[\"registry.terraform.io/hashicorp/aws\"]",
      "instances": [
        {
          "index_key": 0,
          "schema_version": 1,
          "attributes": {
            "arn": "arn:aws:ec2:us-east-1:557988741594:vpc/vpc-0d492fec5f2247c58",
            "assign_generated_ipv6_cidr_block": false,
            "cidr_block": "10.0.0.0/16",
            "default_network_acl_id": "acl-04a6e0dd44b3a0d8c",
            "default_route_table_id": "rtb-019d7b4c3a62c32c8",
            "default_security_group_id": "sg-090b5c3a093f467b5",
            "dhcp_options_id": "dopt-0148acc3dbf04d95a",
            "enable_dns_hostnames": true,
            "enable_dns_support": true,
            "enable_network_address_usage_metrics": false,
            "id": "vpc-0d492fec5f2247c58",
            "instance_tenancy": "default",
            "ipv4_ipam_pool_id": null,
            "ipv4_netmask_length": null,
            "ipv6_association_id": "",
            "ipv6_cidr_block": "",
            "ipv6_cidr_block_network_border_group": "",
            "ipv6_ipam_pool_id": "",
            "ipv6_netmask_length": 0,
            "main_route_table_id": "rtb-019d7b4c3a62c32c8",
            "owner_id": "557988741594",
            "tags": {
              "Environment": "dev",
              "Name": "my-vpc",
              "Terraform": "true"
            },
            "tags_all": {
              "Environment": "dev",
              "Name": "my-vpc",
              "Terraform": "true"
            }
          },
          "sensitive_attributes": [],
          "private": "eyJzY2hlbWFfdmVyc2lvbiI6IjEifQ==",
          "create_before_destroy": true
        }
      ]
    }
  ],
  "check_results": null
}
